{
  "version": 4,
  "terraform_version": "1.13.4",
  "serial": 1851,
  "lineage": "54e0dab0-de8a-dfcf-abdc-1b3e8317fae0",
  "outputs": {
    "instance_fixed_ip_deploy_external": {
      "value": "172.20.0.80",
      "type": "string"
    },
    "instance_fixed_ip_deploy_internal": {
      "value": "100.65.3.219",
      "type": "string"
    },
    "instance_ips_jumpblue": {
      "value": {
        "jumpblue1": {
          "external_ip": "100.65.6.247",
          "internal_ip": "172.20.0.41"
        },
        "jumpblue10": {
          "external_ip": "100.65.2.107",
          "internal_ip": "172.20.0.40"
        },
        "jumpblue2": {
          "external_ip": "100.65.6.186",
          "internal_ip": "172.20.0.42"
        },
        "jumpblue3": {
          "external_ip": "100.65.7.94",
          "internal_ip": "172.20.0.43"
        },
        "jumpblue4": {
          "external_ip": "100.65.6.185",
          "internal_ip": "172.20.0.44"
        },
        "jumpblue5": {
          "external_ip": "100.65.7.205",
          "internal_ip": "172.20.0.45"
        },
        "jumpblue6": {
          "external_ip": "100.65.3.191",
          "internal_ip": "172.20.0.46"
        },
        "jumpblue7": {
          "external_ip": "100.65.6.2",
          "internal_ip": "172.20.0.47"
        },
        "jumpblue8": {
          "external_ip": "100.65.3.215",
          "internal_ip": "172.20.0.48"
        },
        "jumpblue9": {
          "external_ip": "100.65.8.6",
          "internal_ip": "172.20.0.49"
        }
      },
      "type": [
        "object",
        {
          "jumpblue1": [
            "object",
            {
              "external_ip": "string",
              "internal_ip": "string"
            }
          ],
          "jumpblue10": [
            "object",
            {
              "external_ip": "string",
              "internal_ip": "string"
            }
          ],
          "jumpblue2": [
            "object",
            {
              "external_ip": "string",
              "internal_ip": "string"
            }
          ],
          "jumpblue3": [
            "object",
            {
              "external_ip": "string",
              "internal_ip": "string"
            }
          ],
          "jumpblue4": [
            "object",
            {
              "external_ip": "string",
              "internal_ip": "string"
            }
          ],
          "jumpblue5": [
            "object",
            {
              "external_ip": "string",
              "internal_ip": "string"
            }
          ],
          "jumpblue6": [
            "object",
            {
              "external_ip": "string",
              "internal_ip": "string"
            }
          ],
          "jumpblue7": [
            "object",
            {
              "external_ip": "string",
              "internal_ip": "string"
            }
          ],
          "jumpblue8": [
            "object",
            {
              "external_ip": "string",
              "internal_ip": "string"
            }
          ],
          "jumpblue9": [
            "object",
            {
              "external_ip": "string",
              "internal_ip": "string"
            }
          ]
        }
      ]
    },
    "instance_ips_jumpgrey": {
      "value": {
        "jumpgrey1": {
          "external_ip": "100.65.7.139",
          "internal_ip": "172.20.0.71"
        },
        "jumpgrey10": {
          "external_ip": "100.65.3.7",
          "internal_ip": "172.20.0.70"
        },
        "jumpgrey2": {
          "external_ip": "100.65.8.30",
          "internal_ip": "172.20.0.72"
        },
        "jumpgrey3": {
          "external_ip": "100.65.3.41",
          "internal_ip": "172.20.0.73"
        },
        "jumpgrey4": {
          "external_ip": "100.65.5.37",
          "internal_ip": "172.20.0.74"
        },
        "jumpgrey5": {
          "external_ip": "100.65.5.177",
          "internal_ip": "172.20.0.75"
        },
        "jumpgrey6": {
          "external_ip": "100.65.6.170",
          "internal_ip": "172.20.0.76"
        },
        "jumpgrey7": {
          "external_ip": "100.65.4.178",
          "internal_ip": "172.20.0.77"
        },
        "jumpgrey8": {
          "external_ip": "100.65.6.246",
          "internal_ip": "172.20.0.78"
        },
        "jumpgrey9": {
          "external_ip": "100.65.7.62",
          "internal_ip": "172.20.0.79"
        }
      },
      "type": [
        "object",
        {
          "jumpgrey1": [
            "object",
            {
              "external_ip": "string",
              "internal_ip": "string"
            }
          ],
          "jumpgrey10": [
            "object",
            {
              "external_ip": "string",
              "internal_ip": "string"
            }
          ],
          "jumpgrey2": [
            "object",
            {
              "external_ip": "string",
              "internal_ip": "string"
            }
          ],
          "jumpgrey3": [
            "object",
            {
              "external_ip": "string",
              "internal_ip": "string"
            }
          ],
          "jumpgrey4": [
            "object",
            {
              "external_ip": "string",
              "internal_ip": "string"
            }
          ],
          "jumpgrey5": [
            "object",
            {
              "external_ip": "string",
              "internal_ip": "string"
            }
          ],
          "jumpgrey6": [
            "object",
            {
              "external_ip": "string",
              "internal_ip": "string"
            }
          ],
          "jumpgrey7": [
            "object",
            {
              "external_ip": "string",
              "internal_ip": "string"
            }
          ],
          "jumpgrey8": [
            "object",
            {
              "external_ip": "string",
              "internal_ip": "string"
            }
          ],
          "jumpgrey9": [
            "object",
            {
              "external_ip": "string",
              "internal_ip": "string"
            }
          ]
        }
      ]
    }
  },
  "resources": [
    {
      "mode": "managed",
      "type": "openstack_compute_instance_v2",
      "name": "crystal-empire",
      "provider": "provider[\"registry.terraform.io/terraform-provider-openstack/openstack\"]",
      "instances": [
        {
          "schema_version": 0,
          "attributes": {
            "access_ip_v4": "10.0.10.6",
            "access_ip_v6": "",
            "admin_pass": null,
            "all_metadata": {},
            "all_tags": [],
            "availability_zone": "nova",
            "availability_zone_hints": null,
            "block_device": [
              {
                "boot_index": 0,
                "delete_on_termination": true,
                "destination_type": "volume",
                "device_type": "",
                "disk_bus": "",
                "guest_format": "",
                "multiattach": false,
                "source_type": "image",
                "uuid": "1cde3ec3-03d3-4c17-a512-d3799ae92dad",
                "volume_size": 40,
                "volume_type": ""
              }
            ],
            "config_drive": null,
            "created": "2026-02-09 21:00:43 +0000 UTC",
            "flavor_id": "6f4e2f56-5576-4705-9889-2d828c9758a0",
            "flavor_name": "medium",
            "floating_ip": null,
            "force_delete": false,
            "id": "5917bb7a-eca3-4fb1-8e6a-74df29a26abf",
            "image_id": "Attempt to boot from volume - no image supplied",
            "image_name": null,
            "key_pair": "cdt",
            "metadata": null,
            "name": "crystal-empire",
            "network": [
              {
                "access_network": false,
                "fixed_ip_v4": "10.0.10.6",
                "fixed_ip_v6": "",
                "floating_ip": "",
                "mac": "fa:16:3e:3d:ea:e0",
                "name": "network_core",
                "port": "",
                "uuid": "e37fa546-ce27-47fb-be16-49953b01d5a4"
              }
            ],
            "network_mode": null,
            "personality": [],
            "power_state": "active",
            "region": "CyberRange",
            "scheduler_hints": [],
            "security_groups": [
              "secgroup_blue"
            ],
            "stop_before_destroy": false,
            "tags": [],
            "timeouts": null,
            "updated": "2026-02-09 21:01:23 +0000 UTC",
            "user_data": "59a9ee23b8e171e8ac11f8db679554885ac9df10",
            "vendor_options": [],
            "volume": []
          },
          "sensitive_attributes": [
            [
              {
                "type": "get_attr",
                "value": "admin_pass"
              }
            ]
          ],
          "identity_schema_version": 0,
          "private": "eyJlMmJmYjczMC1lY2FhLTExZTYtOGY4OC0zNDM2M2JjN2M0YzAiOnsiY3JlYXRlIjoxODAwMDAwMDAwMDAwLCJkZWxldGUiOjE4MDAwMDAwMDAwMDAsInVwZGF0ZSI6MTgwMDAwMDAwMDAwMH19",
          "dependencies": [
            "openstack_networking_network_v2.network_core",
            "openstack_networking_secgroup_v2.secgroup_blue"
          ]
        }
      ]
    },
    {
      "mode": "managed",
      "type": "openstack_compute_instance_v2",
      "name": "deb13",
      "provider": "provider[\"registry.terraform.io/terraform-provider-openstack/openstack\"]",
      "instances": [
        {
          "index_key": "apache2",
          "schema_version": 0,
          "attributes": {
            "access_ip_v4": "10.0.10.3",
            "access_ip_v6": "",
            "admin_pass": null,
            "all_metadata": {},
            "all_tags": [],
            "availability_zone": "nova",
            "availability_zone_hints": null,
            "block_device": [
              {
                "boot_index": 0,
                "delete_on_termination": true,
                "destination_type": "volume",
                "device_type": "",
                "disk_bus": "",
                "guest_format": "",
                "multiattach": false,
                "source_type": "image",
                "uuid": "70de79be-69be-45dc-b956-f15dbe194ccd",
                "volume_size": 40,
                "volume_type": ""
              }
            ],
            "config_drive": null,
            "created": "2026-02-09 21:01:13 +0000 UTC",
            "flavor_id": "6f4e2f56-5576-4705-9889-2d828c9758a0",
            "flavor_name": "medium",
            "floating_ip": null,
            "force_delete": false,
            "id": "2413441b-7b4b-4503-85ed-23fb779949ed",
            "image_id": "Attempt to boot from volume - no image supplied",
            "image_name": null,
            "key_pair": "cdt",
            "metadata": null,
            "name": "ponyville",
            "network": [
              {
                "access_network": false,
                "fixed_ip_v4": "10.0.10.3",
                "fixed_ip_v6": "",
                "floating_ip": "",
                "mac": "fa:16:3e:c8:74:1f",
                "name": "network_core",
                "port": "",
                "uuid": "e37fa546-ce27-47fb-be16-49953b01d5a4"
              }
            ],
            "network_mode": null,
            "personality": [],
            "power_state": "active",
            "region": "CyberRange",
            "scheduler_hints": [],
            "security_groups": [
              "secgroup_blue"
            ],
            "stop_before_destroy": false,
            "tags": [],
            "timeouts": null,
            "updated": "2026-02-09 21:01:36 +0000 UTC",
            "user_data": "f72d9cdacaab36c9d8ea582c2535a649e99dd300",
            "vendor_options": [],
            "volume": []
          },
          "sensitive_attributes": [
            [
              {
                "type": "get_attr",
                "value": "admin_pass"
              }
            ]
          ],
          "identity_schema_version": 0,
          "private": "eyJlMmJmYjczMC1lY2FhLTExZTYtOGY4OC0zNDM2M2JjN2M0YzAiOnsiY3JlYXRlIjoxODAwMDAwMDAwMDAwLCJkZWxldGUiOjE4MDAwMDAwMDAwMDAsInVwZGF0ZSI6MTgwMDAwMDAwMDAwMH19",
          "dependencies": [
            "openstack_networking_network_v2.network_core",
            "openstack_networking_network_v2.network_dmz",
            "openstack_networking_network_v2.network_internal",
            "openstack_networking_secgroup_v2.secgroup_blue"
          ]
        },
        {
          "index_key": "cups",
          "schema_version": 0,
          "attributes": {
            "access_ip_v4": "10.0.10.5",
            "access_ip_v6": "",
            "admin_pass": null,
            "all_metadata": {},
            "all_tags": [],
            "availability_zone": "nova",
            "availability_zone_hints": null,
            "block_device": [
              {
                "boot_index": 0,
                "delete_on_termination": true,
                "destination_type": "volume",
                "device_type": "",
                "disk_bus": "",
                "guest_format": "",
                "multiattach": false,
                "source_type": "image",
                "uuid": "70de79be-69be-45dc-b956-f15dbe194ccd",
                "volume_size": 40,
                "volume_type": ""
              }
            ],
            "config_drive": null,
            "created": "2026-02-09 21:01:13 +0000 UTC",
            "flavor_id": "6f4e2f56-5576-4705-9889-2d828c9758a0",
            "flavor_name": "medium",
            "floating_ip": null,
            "force_delete": false,
            "id": "d8a5a901-aa26-4299-a0da-2b5dea6a02d5",
            "image_id": "Attempt to boot from volume - no image supplied",
            "image_name": null,
            "key_pair": "cdt",
            "metadata": null,
            "name": "trotsylvania",
            "network": [
              {
                "access_network": false,
                "fixed_ip_v4": "10.0.10.5",
                "fixed_ip_v6": "",
                "floating_ip": "",
                "mac": "fa:16:3e:1c:95:c3",
                "name": "network_core",
                "port": "",
                "uuid": "e37fa546-ce27-47fb-be16-49953b01d5a4"
              }
            ],
            "network_mode": null,
            "personality": [],
            "power_state": "active",
            "region": "CyberRange",
            "scheduler_hints": [],
            "security_groups": [
              "secgroup_blue"
            ],
            "stop_before_destroy": false,
            "tags": [],
            "timeouts": null,
            "updated": "2026-02-09 21:01:39 +0000 UTC",
            "user_data": "f72d9cdacaab36c9d8ea582c2535a649e99dd300",
            "vendor_options": [],
            "volume": []
          },
          "sensitive_attributes": [
            [
              {
                "type": "get_attr",
                "value": "admin_pass"
              }
            ]
          ],
          "identity_schema_version": 0,
          "private": "eyJlMmJmYjczMC1lY2FhLTExZTYtOGY4OC0zNDM2M2JjN2M0YzAiOnsiY3JlYXRlIjoxODAwMDAwMDAwMDAwLCJkZWxldGUiOjE4MDAwMDAwMDAwMDAsInVwZGF0ZSI6MTgwMDAwMDAwMDAwMH19",
          "dependencies": [
            "openstack_networking_network_v2.network_core",
            "openstack_networking_network_v2.network_dmz",
            "openstack_networking_network_v2.network_internal",
            "openstack_networking_secgroup_v2.secgroup_blue"
          ]
        },
        {
          "index_key": "irc",
          "schema_version": 0,
          "attributes": {
            "access_ip_v4": "10.0.20.3",
            "access_ip_v6": "",
            "admin_pass": null,
            "all_metadata": {},
            "all_tags": [],
            "availability_zone": "nova",
            "availability_zone_hints": null,
            "block_device": [
              {
                "boot_index": 0,
                "delete_on_termination": true,
                "destination_type": "volume",
                "device_type": "",
                "disk_bus": "",
                "guest_format": "",
                "multiattach": false,
                "source_type": "image",
                "uuid": "70de79be-69be-45dc-b956-f15dbe194ccd",
                "volume_size": 40,
                "volume_type": ""
              }
            ],
            "config_drive": null,
            "created": "2026-02-09 21:01:23 +0000 UTC",
            "flavor_id": "6f4e2f56-5576-4705-9889-2d828c9758a0",
            "flavor_name": "medium",
            "floating_ip": null,
            "force_delete": false,
            "id": "db2d3062-40fb-4ca6-8188-a2da19ad9f7e",
            "image_id": "Attempt to boot from volume - no image supplied",
            "image_name": null,
            "key_pair": "cdt",
            "metadata": null,
            "name": "everfree-forest",
            "network": [
              {
                "access_network": false,
                "fixed_ip_v4": "10.0.20.3",
                "fixed_ip_v6": "",
                "floating_ip": "",
                "mac": "fa:16:3e:81:70:db",
                "name": "network_dmz",
                "port": "",
                "uuid": "e88beef8-349e-4ed8-94b9-7b95663dc20a"
              }
            ],
            "network_mode": null,
            "personality": [],
            "power_state": "active",
            "region": "CyberRange",
            "scheduler_hints": [],
            "security_groups": [
              "secgroup_blue"
            ],
            "stop_before_destroy": false,
            "tags": [],
            "timeouts": null,
            "updated": "2026-02-09 21:01:45 +0000 UTC",
            "user_data": "f72d9cdacaab36c9d8ea582c2535a649e99dd300",
            "vendor_options": [],
            "volume": []
          },
          "sensitive_attributes": [
            [
              {
                "type": "get_attr",
                "value": "admin_pass"
              }
            ]
          ],
          "identity_schema_version": 0,
          "private": "eyJlMmJmYjczMC1lY2FhLTExZTYtOGY4OC0zNDM2M2JjN2M0YzAiOnsiY3JlYXRlIjoxODAwMDAwMDAwMDAwLCJkZWxldGUiOjE4MDAwMDAwMDAwMDAsInVwZGF0ZSI6MTgwMDAwMDAwMDAwMH19",
          "dependencies": [
            "openstack_networking_network_v2.network_core",
            "openstack_networking_network_v2.network_dmz",
            "openstack_networking_network_v2.network_internal",
            "openstack_networking_secgroup_v2.secgroup_blue"
          ]
        },
        {
          "index_key": "mariadb",
          "schema_version": 0,
          "attributes": {
            "access_ip_v4": "10.0.10.4",
            "access_ip_v6": "",
            "admin_pass": null,
            "all_metadata": {},
            "all_tags": [],
            "availability_zone": "nova",
            "availability_zone_hints": null,
            "block_device": [
              {
                "boot_index": 0,
                "delete_on_termination": true,
                "destination_type": "volume",
                "device_type": "",
                "disk_bus": "",
                "guest_format": "",
                "multiattach": false,
                "source_type": "image",
                "uuid": "70de79be-69be-45dc-b956-f15dbe194ccd",
                "volume_size": 40,
                "volume_type": ""
              }
            ],
            "config_drive": null,
            "created": "2026-02-09 21:00:43 +0000 UTC",
            "flavor_id": "6f4e2f56-5576-4705-9889-2d828c9758a0",
            "flavor_name": "medium",
            "floating_ip": null,
            "force_delete": false,
            "id": "d1fa3009-d15c-4754-99de-27019c631a22",
            "image_id": "Attempt to boot from volume - no image supplied",
            "image_name": null,
            "key_pair": "cdt",
            "metadata": null,
            "name": "seaddle",
            "network": [
              {
                "access_network": false,
                "fixed_ip_v4": "10.0.10.4",
                "fixed_ip_v6": "",
                "floating_ip": "",
                "mac": "fa:16:3e:45:7c:93",
                "name": "network_core",
                "port": "",
                "uuid": "e37fa546-ce27-47fb-be16-49953b01d5a4"
              }
            ],
            "network_mode": null,
            "personality": [],
            "power_state": "active",
            "region": "CyberRange",
            "scheduler_hints": [],
            "security_groups": [
              "secgroup_blue"
            ],
            "stop_before_destroy": false,
            "tags": [],
            "timeouts": null,
            "updated": "2026-02-09 21:01:18 +0000 UTC",
            "user_data": "f72d9cdacaab36c9d8ea582c2535a649e99dd300",
            "vendor_options": [],
            "volume": []
          },
          "sensitive_attributes": [
            [
              {
                "type": "get_attr",
                "value": "admin_pass"
              }
            ]
          ],
          "identity_schema_version": 0,
          "private": "eyJlMmJmYjczMC1lY2FhLTExZTYtOGY4OC0zNDM2M2JjN2M0YzAiOnsiY3JlYXRlIjoxODAwMDAwMDAwMDAwLCJkZWxldGUiOjE4MDAwMDAwMDAwMDAsInVwZGF0ZSI6MTgwMDAwMDAwMDAwMH19",
          "dependencies": [
            "openstack_networking_network_v2.network_core",
            "openstack_networking_network_v2.network_dmz",
            "openstack_networking_network_v2.network_internal",
            "openstack_networking_secgroup_v2.secgroup_blue"
          ]
        },
        {
          "index_key": "nginx",
          "schema_version": 0,
          "attributes": {
            "access_ip_v4": "10.0.20.4",
            "access_ip_v6": "",
            "admin_pass": null,
            "all_metadata": {},
            "all_tags": [],
            "availability_zone": "nova",
            "availability_zone_hints": null,
            "block_device": [
              {
                "boot_index": 0,
                "delete_on_termination": true,
                "destination_type": "volume",
                "device_type": "",
                "disk_bus": "",
                "guest_format": "",
                "multiattach": false,
                "source_type": "image",
                "uuid": "70de79be-69be-45dc-b956-f15dbe194ccd",
                "volume_size": 40,
                "volume_type": ""
              }
            ],
            "config_drive": null,
            "created": "2026-02-09 21:01:23 +0000 UTC",
            "flavor_id": "6f4e2f56-5576-4705-9889-2d828c9758a0",
            "flavor_name": "medium",
            "floating_ip": null,
            "force_delete": false,
            "id": "7b6854e8-3eda-4b82-a6d1-cc57439025f5",
            "image_id": "Attempt to boot from volume - no image supplied",
            "image_name": null,
            "key_pair": "cdt",
            "metadata": null,
            "name": "griffonstone",
            "network": [
              {
                "access_network": false,
                "fixed_ip_v4": "10.0.20.4",
                "fixed_ip_v6": "",
                "floating_ip": "",
                "mac": "fa:16:3e:83:82:1a",
                "name": "network_dmz",
                "port": "",
                "uuid": "e88beef8-349e-4ed8-94b9-7b95663dc20a"
              }
            ],
            "network_mode": null,
            "personality": [],
            "power_state": "active",
            "region": "CyberRange",
            "scheduler_hints": [],
            "security_groups": [
              "secgroup_blue"
            ],
            "stop_before_destroy": false,
            "tags": [],
            "timeouts": null,
            "updated": "2026-02-09 21:01:42 +0000 UTC",
            "user_data": "f72d9cdacaab36c9d8ea582c2535a649e99dd300",
            "vendor_options": [],
            "volume": []
          },
          "sensitive_attributes": [
            [
              {
                "type": "get_attr",
                "value": "admin_pass"
              }
            ]
          ],
          "identity_schema_version": 0,
          "private": "eyJlMmJmYjczMC1lY2FhLTExZTYtOGY4OC0zNDM2M2JjN2M0YzAiOnsiY3JlYXRlIjoxODAwMDAwMDAwMDAwLCJkZWxldGUiOjE4MDAwMDAwMDAwMDAsInVwZGF0ZSI6MTgwMDAwMDAwMDAwMH19",
          "dependencies": [
            "openstack_networking_network_v2.network_core",
            "openstack_networking_network_v2.network_dmz",
            "openstack_networking_network_v2.network_internal",
            "openstack_networking_secgroup_v2.secgroup_blue"
          ]
        }
      ]
    },
    {
      "mode": "managed",
      "type": "openstack_compute_instance_v2",
      "name": "deploy",
      "provider": "provider[\"registry.terraform.io/terraform-provider-openstack/openstack\"]",
      "instances": [
        {
          "schema_version": 0,
          "attributes": {
            "access_ip_v4": "172.20.0.80",
            "access_ip_v6": "",
            "admin_pass": null,
            "all_metadata": {},
            "all_tags": [],
            "availability_zone": "nova",
            "availability_zone_hints": null,
            "block_device": [
              {
                "boot_index": 0,
                "delete_on_termination": true,
                "destination_type": "volume",
                "device_type": "",
                "disk_bus": "",
                "guest_format": "",
                "multiattach": false,
                "source_type": "image",
                "uuid": "70de79be-69be-45dc-b956-f15dbe194ccd",
                "volume_size": 75,
                "volume_type": ""
              }
            ],
            "config_drive": null,
            "created": "2026-02-04 22:19:09 +0000 UTC",
            "flavor_id": "3d619a1a-fc6e-4fd2-9a14-18da0587bb22",
            "flavor_name": "xlarge",
            "floating_ip": null,
            "force_delete": false,
            "id": "f88aa8df-9eab-441c-83f6-0df364a40e04",
            "image_id": "Attempt to boot from volume - no image supplied",
            "image_name": null,
            "key_pair": "cdt",
            "metadata": null,
            "name": "deploy",
            "network": [
              {
                "access_network": false,
                "fixed_ip_v4": "172.20.0.80",
                "fixed_ip_v6": "",
                "floating_ip": "",
                "mac": "fa:16:3e:2a:01:22",
                "name": "network_grey",
                "port": "",
                "uuid": "63f0c69f-6136-4d09-b3b2-360cfbe571bc"
              },
              {
                "access_network": false,
                "fixed_ip_v4": "100.65.3.219",
                "fixed_ip_v6": "",
                "floating_ip": "",
                "mac": "fa:16:3e:26:80:d7",
                "name": "MAIN-NAT",
                "port": "",
                "uuid": "2f96295c-34f6-49a2-b5cf-7f5b407be0c8"
              }
            ],
            "network_mode": null,
            "personality": [],
            "power_state": "active",
            "region": "CyberRange",
            "scheduler_hints": [],
            "security_groups": [
              "secgroup_grey"
            ],
            "stop_before_destroy": false,
            "tags": [],
            "timeouts": null,
            "updated": "2026-02-04 22:19:27 +0000 UTC",
            "user_data": "f72d9cdacaab36c9d8ea582c2535a649e99dd300",
            "vendor_options": [],
            "volume": []
          },
          "sensitive_attributes": [
            [
              {
                "type": "get_attr",
                "value": "admin_pass"
              }
            ]
          ],
          "identity_schema_version": 0,
          "private": "eyJlMmJmYjczMC1lY2FhLTExZTYtOGY4OC0zNDM2M2JjN2M0YzAiOnsiY3JlYXRlIjoxODAwMDAwMDAwMDAwLCJkZWxldGUiOjE4MDAwMDAwMDAwMDAsInVwZGF0ZSI6MTgwMDAwMDAwMDAwMH19",
          "dependencies": [
            "openstack_networking_network_v2.network_grey",
            "openstack_networking_secgroup_v2.secgroup_grey"
          ]
        }
      ]
    },
    {
      "mode": "managed",
      "type": "openstack_compute_instance_v2",
      "name": "fillydelphia",
      "provider": "provider[\"registry.terraform.io/terraform-provider-openstack/openstack\"]",
      "instances": [
        {
          "schema_version": 0,
          "attributes": {
            "access_ip_v4": "10.0.30.3",
            "access_ip_v6": "",
            "admin_pass": null,
            "all_metadata": {},
            "all_tags": [],
            "availability_zone": "nova",
            "availability_zone_hints": null,
            "block_device": [
              {
                "boot_index": 0,
                "delete_on_termination": true,
                "destination_type": "volume",
                "device_type": "",
                "disk_bus": "",
                "guest_format": "",
                "multiattach": false,
                "source_type": "image",
                "uuid": "d05fa605-c188-45b8-a3d4-5bb0fe4560fa",
                "volume_size": 60,
                "volume_type": ""
              }
            ],
            "config_drive": null,
            "created": "2026-02-11 20:09:54 +0000 UTC",
            "flavor_id": "99e6ce94-23fd-49aa-9d39-b87562583fcd",
            "flavor_name": "large",
            "floating_ip": null,
            "force_delete": false,
            "id": "77b66b7c-7870-4ddd-a05e-597c43b3b71b",
            "image_id": "Attempt to boot from volume - no image supplied",
            "image_name": null,
            "key_pair": "cdt",
            "metadata": null,
            "name": "fillydelphia",
            "network": [
              {
                "access_network": false,
                "fixed_ip_v4": "10.0.30.3",
                "fixed_ip_v6": "",
                "floating_ip": "",
                "mac": "fa:16:3e:23:e1:e2",
                "name": "network_internal",
                "port": "",
                "uuid": "6a9781ee-b184-453e-bbe0-a71a25cce80b"
              }
            ],
            "network_mode": null,
            "personality": [],
            "power_state": "active",
            "region": "CyberRange",
            "scheduler_hints": [],
            "security_groups": [
              "secgroup_blue"
            ],
            "stop_before_destroy": false,
            "tags": [],
            "timeouts": null,
            "updated": "2026-02-11 20:10:31 +0000 UTC",
            "user_data": "fadbcc20f776993db5de9fd91e9416f6f87800e8",
            "vendor_options": [],
            "volume": []
          },
          "sensitive_attributes": [
            [
              {
                "type": "get_attr",
                "value": "admin_pass"
              }
            ]
          ],
          "identity_schema_version": 0,
          "private": "eyJlMmJmYjczMC1lY2FhLTExZTYtOGY4OC0zNDM2M2JjN2M0YzAiOnsiY3JlYXRlIjoxODAwMDAwMDAwMDAwLCJkZWxldGUiOjE4MDAwMDAwMDAwMDAsInVwZGF0ZSI6MTgwMDAwMDAwMDAwMH19",
          "dependencies": [
            "openstack_networking_network_v2.network_internal",
            "openstack_networking_secgroup_v2.secgroup_blue"
          ]
        }
      ]
    },
    {
      "mode": "managed",
      "type": "openstack_compute_instance_v2",
      "name": "jumpblue",
      "provider": "provider[\"registry.terraform.io/terraform-provider-openstack/openstack\"]",
      "instances": [
        {
          "index_key": "jumpblue1",
          "schema_version": 0,
          "attributes": {
            "access_ip_v4": "172.20.0.41",
            "access_ip_v6": "",
            "admin_pass": null,
            "all_metadata": {},
            "all_tags": [],
            "availability_zone": "nova",
            "availability_zone_hints": null,
            "block_device": [
              {
                "boot_index": 0,
                "delete_on_termination": true,
                "destination_type": "volume",
                "device_type": "",
                "disk_bus": "",
                "guest_format": "",
                "multiattach": false,
                "source_type": "image",
                "uuid": "1cde3ec3-03d3-4c17-a512-d3799ae92dad",
                "volume_size": 40,
                "volume_type": ""
              }
            ],
            "config_drive": null,
            "created": "2026-02-14 01:49:34 +0000 UTC",
            "flavor_id": "6f4e2f56-5576-4705-9889-2d828c9758a0",
            "flavor_name": "medium",
            "floating_ip": null,
            "force_delete": false,
            "id": "d3a4fec1-bf3f-4dcc-8a82-8a658fde8c78",
            "image_id": "Attempt to boot from volume - no image supplied",
            "image_name": null,
            "key_pair": "cdt",
            "metadata": null,
            "name": "jumpblue1",
            "network": [
              {
                "access_network": false,
                "fixed_ip_v4": "172.20.0.41",
                "fixed_ip_v6": "",
                "floating_ip": "",
                "mac": "fa:16:3e:40:97:42",
                "name": "network_blue",
                "port": "",
                "uuid": "58c956b9-e665-4a35-8f00-6f0fa479217c"
              },
              {
                "access_network": false,
                "fixed_ip_v4": "100.65.6.247",
                "fixed_ip_v6": "",
                "floating_ip": "",
                "mac": "fa:16:3e:4b:61:d0",
                "name": "MAIN-NAT",
                "port": "",
                "uuid": "2f96295c-34f6-49a2-b5cf-7f5b407be0c8"
              }
            ],
            "network_mode": null,
            "personality": [],
            "power_state": "active",
            "region": "CyberRange",
            "scheduler_hints": [],
            "security_groups": [
              "secgroup_blue"
            ],
            "stop_before_destroy": false,
            "tags": [],
            "timeouts": null,
            "updated": "2026-02-14 01:49:56 +0000 UTC",
            "user_data": "59a9ee23b8e171e8ac11f8db679554885ac9df10",
            "vendor_options": [],
            "volume": []
          },
          "sensitive_attributes": [
            [
              {
                "type": "get_attr",
                "value": "admin_pass"
              }
            ]
          ],
          "identity_schema_version": 0,
          "private": "eyJlMmJmYjczMC1lY2FhLTExZTYtOGY4OC0zNDM2M2JjN2M0YzAiOnsiY3JlYXRlIjoxODAwMDAwMDAwMDAwLCJkZWxldGUiOjE4MDAwMDAwMDAwMDAsInVwZGF0ZSI6MTgwMDAwMDAwMDAwMH19",
          "dependencies": [
            "openstack_networking_network_v2.network_blue",
            "openstack_networking_secgroup_v2.secgroup_blue"
          ]
        },
        {
          "index_key": "jumpblue10",
          "schema_version": 0,
          "attributes": {
            "access_ip_v4": "172.20.0.40",
            "access_ip_v6": "",
            "admin_pass": null,
            "all_metadata": {},
            "all_tags": [],
            "availability_zone": "nova",
            "availability_zone_hints": null,
            "block_device": [
              {
                "boot_index": 0,
                "delete_on_termination": true,
                "destination_type": "volume",
                "device_type": "",
                "disk_bus": "",
                "guest_format": "",
                "multiattach": false,
                "source_type": "image",
                "uuid": "1cde3ec3-03d3-4c17-a512-d3799ae92dad",
                "volume_size": 40,
                "volume_type": ""
              }
            ],
            "config_drive": null,
            "created": "2026-02-14 01:49:34 +0000 UTC",
            "flavor_id": "6f4e2f56-5576-4705-9889-2d828c9758a0",
            "flavor_name": "medium",
            "floating_ip": null,
            "force_delete": false,
            "id": "f147821f-1f14-4717-a163-0255c50f7fd4",
            "image_id": "Attempt to boot from volume - no image supplied",
            "image_name": null,
            "key_pair": "cdt",
            "metadata": null,
            "name": "jumpblue10",
            "network": [
              {
                "access_network": false,
                "fixed_ip_v4": "172.20.0.40",
                "fixed_ip_v6": "",
                "floating_ip": "",
                "mac": "fa:16:3e:f5:f7:58",
                "name": "network_blue",
                "port": "",
                "uuid": "58c956b9-e665-4a35-8f00-6f0fa479217c"
              },
              {
                "access_network": false,
                "fixed_ip_v4": "100.65.2.107",
                "fixed_ip_v6": "",
                "floating_ip": "",
                "mac": "fa:16:3e:b9:88:22",
                "name": "MAIN-NAT",
                "port": "",
                "uuid": "2f96295c-34f6-49a2-b5cf-7f5b407be0c8"
              }
            ],
            "network_mode": null,
            "personality": [],
            "power_state": "active",
            "region": "CyberRange",
            "scheduler_hints": [],
            "security_groups": [
              "secgroup_blue"
            ],
            "stop_before_destroy": false,
            "tags": [],
            "timeouts": null,
            "updated": "2026-02-14 01:50:15 +0000 UTC",
            "user_data": "59a9ee23b8e171e8ac11f8db679554885ac9df10",
            "vendor_options": [],
            "volume": []
          },
          "sensitive_attributes": [
            [
              {
                "type": "get_attr",
                "value": "admin_pass"
              }
            ]
          ],
          "identity_schema_version": 0,
          "private": "eyJlMmJmYjczMC1lY2FhLTExZTYtOGY4OC0zNDM2M2JjN2M0YzAiOnsiY3JlYXRlIjoxODAwMDAwMDAwMDAwLCJkZWxldGUiOjE4MDAwMDAwMDAwMDAsInVwZGF0ZSI6MTgwMDAwMDAwMDAwMH19",
          "dependencies": [
            "openstack_networking_network_v2.network_blue",
            "openstack_networking_secgroup_v2.secgroup_blue"
          ]
        },
        {
          "index_key": "jumpblue2",
          "schema_version": 0,
          "attributes": {
            "access_ip_v4": "172.20.0.42",
            "access_ip_v6": "",
            "admin_pass": null,
            "all_metadata": {},
            "all_tags": [],
            "availability_zone": "nova",
            "availability_zone_hints": null,
            "block_device": [
              {
                "boot_index": 0,
                "delete_on_termination": true,
                "destination_type": "volume",
                "device_type": "",
                "disk_bus": "",
                "guest_format": "",
                "multiattach": false,
                "source_type": "image",
                "uuid": "1cde3ec3-03d3-4c17-a512-d3799ae92dad",
                "volume_size": 40,
                "volume_type": ""
              }
            ],
            "config_drive": null,
            "created": "2026-02-14 01:49:34 +0000 UTC",
            "flavor_id": "6f4e2f56-5576-4705-9889-2d828c9758a0",
            "flavor_name": "medium",
            "floating_ip": null,
            "force_delete": false,
            "id": "d3ac8fee-2ee5-408b-81c4-c52b85e85b94",
            "image_id": "Attempt to boot from volume - no image supplied",
            "image_name": null,
            "key_pair": "cdt",
            "metadata": null,
            "name": "jumpblue2",
            "network": [
              {
                "access_network": false,
                "fixed_ip_v4": "172.20.0.42",
                "fixed_ip_v6": "",
                "floating_ip": "",
                "mac": "fa:16:3e:a7:0b:c8",
                "name": "network_blue",
                "port": "",
                "uuid": "58c956b9-e665-4a35-8f00-6f0fa479217c"
              },
              {
                "access_network": false,
                "fixed_ip_v4": "100.65.6.186",
                "fixed_ip_v6": "",
                "floating_ip": "",
                "mac": "fa:16:3e:11:a0:98",
                "name": "MAIN-NAT",
                "port": "",
                "uuid": "2f96295c-34f6-49a2-b5cf-7f5b407be0c8"
              }
            ],
            "network_mode": null,
            "personality": [],
            "power_state": "active",
            "region": "CyberRange",
            "scheduler_hints": [],
            "security_groups": [
              "secgroup_blue"
            ],
            "stop_before_destroy": false,
            "tags": [],
            "timeouts": null,
            "updated": "2026-02-14 01:50:18 +0000 UTC",
            "user_data": "59a9ee23b8e171e8ac11f8db679554885ac9df10",
            "vendor_options": [],
            "volume": []
          },
          "sensitive_attributes": [
            [
              {
                "type": "get_attr",
                "value": "admin_pass"
              }
            ]
          ],
          "identity_schema_version": 0,
          "private": "eyJlMmJmYjczMC1lY2FhLTExZTYtOGY4OC0zNDM2M2JjN2M0YzAiOnsiY3JlYXRlIjoxODAwMDAwMDAwMDAwLCJkZWxldGUiOjE4MDAwMDAwMDAwMDAsInVwZGF0ZSI6MTgwMDAwMDAwMDAwMH19",
          "dependencies": [
            "openstack_networking_network_v2.network_blue",
            "openstack_networking_secgroup_v2.secgroup_blue"
          ]
        },
        {
          "index_key": "jumpblue3",
          "schema_version": 0,
          "attributes": {
            "access_ip_v4": "172.20.0.43",
            "access_ip_v6": "",
            "admin_pass": null,
            "all_metadata": {},
            "all_tags": [],
            "availability_zone": "nova",
            "availability_zone_hints": null,
            "block_device": [
              {
                "boot_index": 0,
                "delete_on_termination": true,
                "destination_type": "volume",
                "device_type": "",
                "disk_bus": "",
                "guest_format": "",
                "multiattach": false,
                "source_type": "image",
                "uuid": "1cde3ec3-03d3-4c17-a512-d3799ae92dad",
                "volume_size": 40,
                "volume_type": ""
              }
            ],
            "config_drive": null,
            "created": "2026-02-14 01:49:34 +0000 UTC",
            "flavor_id": "6f4e2f56-5576-4705-9889-2d828c9758a0",
            "flavor_name": "medium",
            "floating_ip": null,
            "force_delete": false,
            "id": "99e69ca0-c0f2-47d4-a07c-627e1de827eb",
            "image_id": "Attempt to boot from volume - no image supplied",
            "image_name": null,
            "key_pair": "cdt",
            "metadata": null,
            "name": "jumpblue3",
            "network": [
              {
                "access_network": false,
                "fixed_ip_v4": "172.20.0.43",
                "fixed_ip_v6": "",
                "floating_ip": "",
                "mac": "fa:16:3e:b5:1f:64",
                "name": "network_blue",
                "port": "",
                "uuid": "58c956b9-e665-4a35-8f00-6f0fa479217c"
              },
              {
                "access_network": false,
                "fixed_ip_v4": "100.65.7.94",
                "fixed_ip_v6": "",
                "floating_ip": "",
                "mac": "fa:16:3e:a2:b6:d4",
                "name": "MAIN-NAT",
                "port": "",
                "uuid": "2f96295c-34f6-49a2-b5cf-7f5b407be0c8"
              }
            ],
            "network_mode": null,
            "personality": [],
            "power_state": "active",
            "region": "CyberRange",
            "scheduler_hints": [],
            "security_groups": [
              "secgroup_blue"
            ],
            "stop_before_destroy": false,
            "tags": [],
            "timeouts": null,
            "updated": "2026-02-14 01:49:52 +0000 UTC",
            "user_data": "59a9ee23b8e171e8ac11f8db679554885ac9df10",
            "vendor_options": [],
            "volume": []
          },
          "sensitive_attributes": [
            [
              {
                "type": "get_attr",
                "value": "admin_pass"
              }
            ]
          ],
          "identity_schema_version": 0,
          "private": "eyJlMmJmYjczMC1lY2FhLTExZTYtOGY4OC0zNDM2M2JjN2M0YzAiOnsiY3JlYXRlIjoxODAwMDAwMDAwMDAwLCJkZWxldGUiOjE4MDAwMDAwMDAwMDAsInVwZGF0ZSI6MTgwMDAwMDAwMDAwMH19",
          "dependencies": [
            "openstack_networking_network_v2.network_blue",
            "openstack_networking_secgroup_v2.secgroup_blue"
          ]
        },
        {
          "index_key": "jumpblue4",
          "schema_version": 0,
          "attributes": {
            "access_ip_v4": "172.20.0.44",
            "access_ip_v6": "",
            "admin_pass": null,
            "all_metadata": {},
            "all_tags": [],
            "availability_zone": "nova",
            "availability_zone_hints": null,
            "block_device": [
              {
                "boot_index": 0,
                "delete_on_termination": true,
                "destination_type": "volume",
                "device_type": "",
                "disk_bus": "",
                "guest_format": "",
                "multiattach": false,
                "source_type": "image",
                "uuid": "1cde3ec3-03d3-4c17-a512-d3799ae92dad",
                "volume_size": 40,
                "volume_type": ""
              }
            ],
            "config_drive": null,
            "created": "2026-02-14 01:49:34 +0000 UTC",
            "flavor_id": "6f4e2f56-5576-4705-9889-2d828c9758a0",
            "flavor_name": "medium",
            "floating_ip": null,
            "force_delete": false,
            "id": "b4faa3aa-51c7-46ed-a154-140cb3322880",
            "image_id": "Attempt to boot from volume - no image supplied",
            "image_name": null,
            "key_pair": "cdt",
            "metadata": null,
            "name": "jumpblue4",
            "network": [
              {
                "access_network": false,
                "fixed_ip_v4": "172.20.0.44",
                "fixed_ip_v6": "",
                "floating_ip": "",
                "mac": "fa:16:3e:a0:20:57",
                "name": "network_blue",
                "port": "",
                "uuid": "58c956b9-e665-4a35-8f00-6f0fa479217c"
              },
              {
                "access_network": false,
                "fixed_ip_v4": "100.65.6.185",
                "fixed_ip_v6": "",
                "floating_ip": "",
                "mac": "fa:16:3e:06:e0:fd",
                "name": "MAIN-NAT",
                "port": "",
                "uuid": "2f96295c-34f6-49a2-b5cf-7f5b407be0c8"
              }
            ],
            "network_mode": null,
            "personality": [],
            "power_state": "active",
            "region": "CyberRange",
            "scheduler_hints": [],
            "security_groups": [
              "secgroup_blue"
            ],
            "stop_before_destroy": false,
            "tags": [],
            "timeouts": null,
            "updated": "2026-02-14 01:50:03 +0000 UTC",
            "user_data": "59a9ee23b8e171e8ac11f8db679554885ac9df10",
            "vendor_options": [],
            "volume": []
          },
          "sensitive_attributes": [
            [
              {
                "type": "get_attr",
                "value": "admin_pass"
              }
            ]
          ],
          "identity_schema_version": 0,
          "private": "eyJlMmJmYjczMC1lY2FhLTExZTYtOGY4OC0zNDM2M2JjN2M0YzAiOnsiY3JlYXRlIjoxODAwMDAwMDAwMDAwLCJkZWxldGUiOjE4MDAwMDAwMDAwMDAsInVwZGF0ZSI6MTgwMDAwMDAwMDAwMH19",
          "dependencies": [
            "openstack_networking_network_v2.network_blue",
            "openstack_networking_secgroup_v2.secgroup_blue"
          ]
        },
        {
          "index_key": "jumpblue5",
          "schema_version": 0,
          "attributes": {
            "access_ip_v4": "172.20.0.45",
            "access_ip_v6": "",
            "admin_pass": null,
            "all_metadata": {},
            "all_tags": [],
            "availability_zone": "nova",
            "availability_zone_hints": null,
            "block_device": [
              {
                "boot_index": 0,
                "delete_on_termination": true,
                "destination_type": "volume",
                "device_type": "",
                "disk_bus": "",
                "guest_format": "",
                "multiattach": false,
                "source_type": "image",
                "uuid": "1cde3ec3-03d3-4c17-a512-d3799ae92dad",
                "volume_size": 40,
                "volume_type": ""
              }
            ],
            "config_drive": null,
            "created": "2026-02-14 01:49:34 +0000 UTC",
            "flavor_id": "6f4e2f56-5576-4705-9889-2d828c9758a0",
            "flavor_name": "medium",
            "floating_ip": null,
            "force_delete": false,
            "id": "1d13b88d-873c-4637-80a8-2305327c19db",
            "image_id": "Attempt to boot from volume - no image supplied",
            "image_name": null,
            "key_pair": "cdt",
            "metadata": null,
            "name": "jumpblue5",
            "network": [
              {
                "access_network": false,
                "fixed_ip_v4": "172.20.0.45",
                "fixed_ip_v6": "",
                "floating_ip": "",
                "mac": "fa:16:3e:b2:f0:98",
                "name": "network_blue",
                "port": "",
                "uuid": "58c956b9-e665-4a35-8f00-6f0fa479217c"
              },
              {
                "access_network": false,
                "fixed_ip_v4": "100.65.7.205",
                "fixed_ip_v6": "",
                "floating_ip": "",
                "mac": "fa:16:3e:ab:aa:68",
                "name": "MAIN-NAT",
                "port": "",
                "uuid": "2f96295c-34f6-49a2-b5cf-7f5b407be0c8"
              }
            ],
            "network_mode": null,
            "personality": [],
            "power_state": "active",
            "region": "CyberRange",
            "scheduler_hints": [],
            "security_groups": [
              "secgroup_blue"
            ],
            "stop_before_destroy": false,
            "tags": [],
            "timeouts": null,
            "updated": "2026-02-14 01:50:22 +0000 UTC",
            "user_data": "59a9ee23b8e171e8ac11f8db679554885ac9df10",
            "vendor_options": [],
            "volume": []
          },
          "sensitive_attributes": [
            [
              {
                "type": "get_attr",
                "value": "admin_pass"
              }
            ]
          ],
          "identity_schema_version": 0,
          "private": "eyJlMmJmYjczMC1lY2FhLTExZTYtOGY4OC0zNDM2M2JjN2M0YzAiOnsiY3JlYXRlIjoxODAwMDAwMDAwMDAwLCJkZWxldGUiOjE4MDAwMDAwMDAwMDAsInVwZGF0ZSI6MTgwMDAwMDAwMDAwMH19",
          "dependencies": [
            "openstack_networking_network_v2.network_blue",
            "openstack_networking_secgroup_v2.secgroup_blue"
          ]
        },
        {
          "index_key": "jumpblue6",
          "schema_version": 0,
          "attributes": {
            "access_ip_v4": "172.20.0.46",
            "access_ip_v6": "",
            "admin_pass": null,
            "all_metadata": {},
            "all_tags": [],
            "availability_zone": "nova",
            "availability_zone_hints": null,
            "block_device": [
              {
                "boot_index": 0,
                "delete_on_termination": true,
                "destination_type": "volume",
                "device_type": "",
                "disk_bus": "",
                "guest_format": "",
                "multiattach": false,
                "source_type": "image",
                "uuid": "1cde3ec3-03d3-4c17-a512-d3799ae92dad",
                "volume_size": 40,
                "volume_type": ""
              }
            ],
            "config_drive": null,
            "created": "2026-02-14 01:49:34 +0000 UTC",
            "flavor_id": "6f4e2f56-5576-4705-9889-2d828c9758a0",
            "flavor_name": "medium",
            "floating_ip": null,
            "force_delete": false,
            "id": "2494add1-d2a8-44c1-bbe5-b8ba69c18054",
            "image_id": "Attempt to boot from volume - no image supplied",
            "image_name": null,
            "key_pair": "cdt",
            "metadata": null,
            "name": "jumpblue6",
            "network": [
              {
                "access_network": false,
                "fixed_ip_v4": "172.20.0.46",
                "fixed_ip_v6": "",
                "floating_ip": "",
                "mac": "fa:16:3e:66:fb:05",
                "name": "network_blue",
                "port": "",
                "uuid": "58c956b9-e665-4a35-8f00-6f0fa479217c"
              },
              {
                "access_network": false,
                "fixed_ip_v4": "100.65.3.191",
                "fixed_ip_v6": "",
                "floating_ip": "",
                "mac": "fa:16:3e:2c:b0:85",
                "name": "MAIN-NAT",
                "port": "",
                "uuid": "2f96295c-34f6-49a2-b5cf-7f5b407be0c8"
              }
            ],
            "network_mode": null,
            "personality": [],
            "power_state": "active",
            "region": "CyberRange",
            "scheduler_hints": [],
            "security_groups": [
              "secgroup_blue"
            ],
            "stop_before_destroy": false,
            "tags": [],
            "timeouts": null,
            "updated": "2026-02-14 01:50:08 +0000 UTC",
            "user_data": "59a9ee23b8e171e8ac11f8db679554885ac9df10",
            "vendor_options": [],
            "volume": []
          },
          "sensitive_attributes": [
            [
              {
                "type": "get_attr",
                "value": "admin_pass"
              }
            ]
          ],
          "identity_schema_version": 0,
          "private": "eyJlMmJmYjczMC1lY2FhLTExZTYtOGY4OC0zNDM2M2JjN2M0YzAiOnsiY3JlYXRlIjoxODAwMDAwMDAwMDAwLCJkZWxldGUiOjE4MDAwMDAwMDAwMDAsInVwZGF0ZSI6MTgwMDAwMDAwMDAwMH19",
          "dependencies": [
            "openstack_networking_network_v2.network_blue",
            "openstack_networking_secgroup_v2.secgroup_blue"
          ]
        },
        {
          "index_key": "jumpblue7",
          "schema_version": 0,
          "attributes": {
            "access_ip_v4": "172.20.0.47",
            "access_ip_v6": "",
            "admin_pass": null,
            "all_metadata": {},
            "all_tags": [],
            "availability_zone": "nova",
            "availability_zone_hints": null,
            "block_device": [
              {
                "boot_index": 0,
                "delete_on_termination": true,
                "destination_type": "volume",
                "device_type": "",
                "disk_bus": "",
                "guest_format": "",
                "multiattach": false,
                "source_type": "image",
                "uuid": "1cde3ec3-03d3-4c17-a512-d3799ae92dad",
                "volume_size": 40,
                "volume_type": ""
              }
            ],
            "config_drive": null,
            "created": "2026-02-14 01:49:34 +0000 UTC",
            "flavor_id": "6f4e2f56-5576-4705-9889-2d828c9758a0",
            "flavor_name": "medium",
            "floating_ip": null,
            "force_delete": false,
            "id": "ac3dab07-d794-418a-b5bd-b2d664840731",
            "image_id": "Attempt to boot from volume - no image supplied",
            "image_name": null,
            "key_pair": "cdt",
            "metadata": null,
            "name": "jumpblue7",
            "network": [
              {
                "access_network": false,
                "fixed_ip_v4": "172.20.0.47",
                "fixed_ip_v6": "",
                "floating_ip": "",
                "mac": "fa:16:3e:8a:51:e3",
                "name": "network_blue",
                "port": "",
                "uuid": "58c956b9-e665-4a35-8f00-6f0fa479217c"
              },
              {
                "access_network": false,
                "fixed_ip_v4": "100.65.6.2",
                "fixed_ip_v6": "",
                "floating_ip": "",
                "mac": "fa:16:3e:f1:bf:42",
                "name": "MAIN-NAT",
                "port": "",
                "uuid": "2f96295c-34f6-49a2-b5cf-7f5b407be0c8"
              }
            ],
            "network_mode": null,
            "personality": [],
            "power_state": "active",
            "region": "CyberRange",
            "scheduler_hints": [],
            "security_groups": [
              "secgroup_blue"
            ],
            "stop_before_destroy": false,
            "tags": [],
            "timeouts": null,
            "updated": "2026-02-14 01:50:00 +0000 UTC",
            "user_data": "59a9ee23b8e171e8ac11f8db679554885ac9df10",
            "vendor_options": [],
            "volume": []
          },
          "sensitive_attributes": [
            [
              {
                "type": "get_attr",
                "value": "admin_pass"
              }
            ]
          ],
          "identity_schema_version": 0,
          "private": "eyJlMmJmYjczMC1lY2FhLTExZTYtOGY4OC0zNDM2M2JjN2M0YzAiOnsiY3JlYXRlIjoxODAwMDAwMDAwMDAwLCJkZWxldGUiOjE4MDAwMDAwMDAwMDAsInVwZGF0ZSI6MTgwMDAwMDAwMDAwMH19",
          "dependencies": [
            "openstack_networking_network_v2.network_blue",
            "openstack_networking_secgroup_v2.secgroup_blue"
          ]
        },
        {
          "index_key": "jumpblue8",
          "schema_version": 0,
          "attributes": {
            "access_ip_v4": "172.20.0.48",
            "access_ip_v6": "",
            "admin_pass": null,
            "all_metadata": {},
            "all_tags": [],
            "availability_zone": "nova",
            "availability_zone_hints": null,
            "block_device": [
              {
                "boot_index": 0,
                "delete_on_termination": true,
                "destination_type": "volume",
                "device_type": "",
                "disk_bus": "",
                "guest_format": "",
                "multiattach": false,
                "source_type": "image",
                "uuid": "1cde3ec3-03d3-4c17-a512-d3799ae92dad",
                "volume_size": 40,
                "volume_type": ""
              }
            ],
            "config_drive": null,
            "created": "2026-02-14 01:49:34 +0000 UTC",
            "flavor_id": "6f4e2f56-5576-4705-9889-2d828c9758a0",
            "flavor_name": "medium",
            "floating_ip": null,
            "force_delete": false,
            "id": "88bb28b7-5a04-46e1-99e9-c738a1026f2a",
            "image_id": "Attempt to boot from volume - no image supplied",
            "image_name": null,
            "key_pair": "cdt",
            "metadata": null,
            "name": "jumpblue8",
            "network": [
              {
                "access_network": false,
                "fixed_ip_v4": "172.20.0.48",
                "fixed_ip_v6": "",
                "floating_ip": "",
                "mac": "fa:16:3e:2d:55:fa",
                "name": "network_blue",
                "port": "",
                "uuid": "58c956b9-e665-4a35-8f00-6f0fa479217c"
              },
              {
                "access_network": false,
                "fixed_ip_v4": "100.65.3.215",
                "fixed_ip_v6": "",
                "floating_ip": "",
                "mac": "fa:16:3e:97:cc:d8",
                "name": "MAIN-NAT",
                "port": "",
                "uuid": "2f96295c-34f6-49a2-b5cf-7f5b407be0c8"
              }
            ],
            "network_mode": null,
            "personality": [],
            "power_state": "active",
            "region": "CyberRange",
            "scheduler_hints": [],
            "security_groups": [
              "secgroup_blue"
            ],
            "stop_before_destroy": false,
            "tags": [],
            "timeouts": null,
            "updated": "2026-02-14 01:50:11 +0000 UTC",
            "user_data": "59a9ee23b8e171e8ac11f8db679554885ac9df10",
            "vendor_options": [],
            "volume": []
          },
          "sensitive_attributes": [
            [
              {
                "type": "get_attr",
                "value": "admin_pass"
              }
            ]
          ],
          "identity_schema_version": 0,
          "private": "eyJlMmJmYjczMC1lY2FhLTExZTYtOGY4OC0zNDM2M2JjN2M0YzAiOnsiY3JlYXRlIjoxODAwMDAwMDAwMDAwLCJkZWxldGUiOjE4MDAwMDAwMDAwMDAsInVwZGF0ZSI6MTgwMDAwMDAwMDAwMH19",
          "dependencies": [
            "openstack_networking_network_v2.network_blue",
            "openstack_networking_secgroup_v2.secgroup_blue"
          ]
        },
        {
          "index_key": "jumpblue9",
          "schema_version": 0,
          "attributes": {
            "access_ip_v4": "172.20.0.49",
            "access_ip_v6": "",
            "admin_pass": null,
            "all_metadata": {},
            "all_tags": [],
            "availability_zone": "nova",
            "availability_zone_hints": null,
            "block_device": [
              {
                "boot_index": 0,
                "delete_on_termination": true,
                "destination_type": "volume",
                "device_type": "",
                "disk_bus": "",
                "guest_format": "",
                "multiattach": false,
                "source_type": "image",
                "uuid": "1cde3ec3-03d3-4c17-a512-d3799ae92dad",
                "volume_size": 40,
                "volume_type": ""
              }
            ],
            "config_drive": null,
            "created": "2026-02-14 01:49:34 +0000 UTC",
            "flavor_id": "6f4e2f56-5576-4705-9889-2d828c9758a0",
            "flavor_name": "medium",
            "floating_ip": null,
            "force_delete": false,
            "id": "7979c57e-405e-49de-852a-dea87eb91d5c",
            "image_id": "Attempt to boot from volume - no image supplied",
            "image_name": null,
            "key_pair": "cdt",
            "metadata": null,
            "name": "jumpblue9",
            "network": [
              {
                "access_network": false,
                "fixed_ip_v4": "172.20.0.49",
                "fixed_ip_v6": "",
                "floating_ip": "",
                "mac": "fa:16:3e:09:dd:7f",
                "name": "network_blue",
                "port": "",
                "uuid": "58c956b9-e665-4a35-8f00-6f0fa479217c"
              },
              {
                "access_network": false,
                "fixed_ip_v4": "100.65.8.6",
                "fixed_ip_v6": "",
                "floating_ip": "",
                "mac": "fa:16:3e:32:17:44",
                "name": "MAIN-NAT",
                "port": "",
                "uuid": "2f96295c-34f6-49a2-b5cf-7f5b407be0c8"
              }
            ],
            "network_mode": null,
            "personality": [],
            "power_state": "active",
            "region": "CyberRange",
            "scheduler_hints": [],
            "security_groups": [
              "secgroup_blue"
            ],
            "stop_before_destroy": false,
            "tags": [],
            "timeouts": null,
            "updated": "2026-02-14 01:50:25 +0000 UTC",
            "user_data": "59a9ee23b8e171e8ac11f8db679554885ac9df10",
            "vendor_options": [],
            "volume": []
          },
          "sensitive_attributes": [
            [
              {
                "type": "get_attr",
                "value": "admin_pass"
              }
            ]
          ],
          "identity_schema_version": 0,
          "private": "eyJlMmJmYjczMC1lY2FhLTExZTYtOGY4OC0zNDM2M2JjN2M0YzAiOnsiY3JlYXRlIjoxODAwMDAwMDAwMDAwLCJkZWxldGUiOjE4MDAwMDAwMDAwMDAsInVwZGF0ZSI6MTgwMDAwMDAwMDAwMH19",
          "dependencies": [
            "openstack_networking_network_v2.network_blue",
            "openstack_networking_secgroup_v2.secgroup_blue"
          ]
        }
      ]
    },
    {
      "mode": "managed",
      "type": "openstack_compute_instance_v2",
      "name": "jumpgrey",
      "provider": "provider[\"registry.terraform.io/terraform-provider-openstack/openstack\"]",
      "instances": [
        {
          "index_key": "jumpgrey1",
          "schema_version": 0,
          "attributes": {
            "access_ip_v4": "172.20.0.71",
            "access_ip_v6": "",
            "admin_pass": null,
            "all_metadata": {},
            "all_tags": [],
            "availability_zone": "nova",
            "availability_zone_hints": null,
            "block_device": [
              {
                "boot_index": 0,
                "delete_on_termination": true,
                "destination_type": "volume",
                "device_type": "",
                "disk_bus": "",
                "guest_format": "",
                "multiattach": false,
                "source_type": "image",
                "uuid": "1cde3ec3-03d3-4c17-a512-d3799ae92dad",
                "volume_size": 25,
                "volume_type": ""
              }
            ],
            "config_drive": null,
            "created": "2026-02-14 01:50:25 +0000 UTC",
            "flavor_id": "6f4e2f56-5576-4705-9889-2d828c9758a0",
            "flavor_name": "medium",
            "floating_ip": null,
            "force_delete": false,
            "id": "e20f2bcf-4dad-4a56-a8e4-a361b7befa59",
            "image_id": "Attempt to boot from volume - no image supplied",
            "image_name": null,
            "key_pair": "cdt",
            "metadata": null,
            "name": "jumpgrey1",
            "network": [
              {
                "access_network": false,
                "fixed_ip_v4": "172.20.0.71",
                "fixed_ip_v6": "",
                "floating_ip": "",
                "mac": "fa:16:3e:91:32:e3",
                "name": "network_grey",
                "port": "",
                "uuid": "63f0c69f-6136-4d09-b3b2-360cfbe571bc"
              },
              {
                "access_network": false,
                "fixed_ip_v4": "100.65.7.139",
                "fixed_ip_v6": "",
                "floating_ip": "",
                "mac": "fa:16:3e:b2:18:33",
                "name": "MAIN-NAT",
                "port": "",
                "uuid": "2f96295c-34f6-49a2-b5cf-7f5b407be0c8"
              }
            ],
            "network_mode": null,
            "personality": [],
            "power_state": "active",
            "region": "CyberRange",
            "scheduler_hints": [],
            "security_groups": [
              "secgroup_grey"
            ],
            "stop_before_destroy": false,
            "tags": [],
            "timeouts": null,
            "updated": "2026-02-14 01:50:48 +0000 UTC",
            "user_data": "59a9ee23b8e171e8ac11f8db679554885ac9df10",
            "vendor_options": [],
            "volume": []
          },
          "sensitive_attributes": [
            [
              {
                "type": "get_attr",
                "value": "admin_pass"
              }
            ]
          ],
          "identity_schema_version": 0,
          "private": "eyJlMmJmYjczMC1lY2FhLTExZTYtOGY4OC0zNDM2M2JjN2M0YzAiOnsiY3JlYXRlIjoxODAwMDAwMDAwMDAwLCJkZWxldGUiOjE4MDAwMDAwMDAwMDAsInVwZGF0ZSI6MTgwMDAwMDAwMDAwMH19",
          "dependencies": [
            "openstack_networking_network_v2.network_grey",
            "openstack_networking_secgroup_v2.secgroup_grey"
          ]
        },
        {
          "index_key": "jumpgrey10",
          "schema_version": 0,
          "attributes": {
            "access_ip_v4": "172.20.0.70",
            "access_ip_v6": "",
            "admin_pass": null,
            "all_metadata": {},
            "all_tags": [],
            "availability_zone": "nova",
            "availability_zone_hints": null,
            "block_device": [
              {
                "boot_index": 0,
                "delete_on_termination": true,
                "destination_type": "volume",
                "device_type": "",
                "disk_bus": "",
                "guest_format": "",
                "multiattach": false,
                "source_type": "image",
                "uuid": "1cde3ec3-03d3-4c17-a512-d3799ae92dad",
                "volume_size": 25,
                "volume_type": ""
              }
            ],
            "config_drive": null,
            "created": "2026-02-14 01:50:15 +0000 UTC",
            "flavor_id": "6f4e2f56-5576-4705-9889-2d828c9758a0",
            "flavor_name": "medium",
            "floating_ip": null,
            "force_delete": false,
            "id": "5f9bcbb6-92b4-437f-aac5-68bff30907eb",
            "image_id": "Attempt to boot from volume - no image supplied",
            "image_name": null,
            "key_pair": "cdt",
            "metadata": null,
            "name": "jumpgrey10",
            "network": [
              {
                "access_network": false,
                "fixed_ip_v4": "172.20.0.70",
                "fixed_ip_v6": "",
                "floating_ip": "",
                "mac": "fa:16:3e:98:d5:cf",
                "name": "network_grey",
                "port": "",
                "uuid": "63f0c69f-6136-4d09-b3b2-360cfbe571bc"
              },
              {
                "access_network": false,
                "fixed_ip_v4": "100.65.3.7",
                "fixed_ip_v6": "",
                "floating_ip": "",
                "mac": "fa:16:3e:72:da:9f",
                "name": "MAIN-NAT",
                "port": "",
                "uuid": "2f96295c-34f6-49a2-b5cf-7f5b407be0c8"
              }
            ],
            "network_mode": null,
            "personality": [],
            "power_state": "active",
            "region": "CyberRange",
            "scheduler_hints": [],
            "security_groups": [
              "secgroup_grey"
            ],
            "stop_before_destroy": false,
            "tags": [],
            "timeouts": null,
            "updated": "2026-02-14 01:50:45 +0000 UTC",
            "user_data": "59a9ee23b8e171e8ac11f8db679554885ac9df10",
            "vendor_options": [],
            "volume": []
          },
          "sensitive_attributes": [
            [
              {
                "type": "get_attr",
                "value": "admin_pass"
              }
            ]
          ],
          "identity_schema_version": 0,
          "private": "eyJlMmJmYjczMC1lY2FhLTExZTYtOGY4OC0zNDM2M2JjN2M0YzAiOnsiY3JlYXRlIjoxODAwMDAwMDAwMDAwLCJkZWxldGUiOjE4MDAwMDAwMDAwMDAsInVwZGF0ZSI6MTgwMDAwMDAwMDAwMH19",
          "dependencies": [
            "openstack_networking_network_v2.network_grey",
            "openstack_networking_secgroup_v2.secgroup_grey"
          ]
        },
        {
          "index_key": "jumpgrey2",
          "schema_version": 0,
          "attributes": {
            "access_ip_v4": "172.20.0.72",
            "access_ip_v6": "",
            "admin_pass": null,
            "all_metadata": {},
            "all_tags": [],
            "availability_zone": "nova",
            "availability_zone_hints": null,
            "block_device": [
              {
                "boot_index": 0,
                "delete_on_termination": true,
                "destination_type": "volume",
                "device_type": "",
                "disk_bus": "",
                "guest_format": "",
                "multiattach": false,
                "source_type": "image",
                "uuid": "1cde3ec3-03d3-4c17-a512-d3799ae92dad",
                "volume_size": 25,
                "volume_type": ""
              }
            ],
            "config_drive": null,
            "created": "2026-02-14 01:50:15 +0000 UTC",
            "flavor_id": "6f4e2f56-5576-4705-9889-2d828c9758a0",
            "flavor_name": "medium",
            "floating_ip": null,
            "force_delete": false,
            "id": "189d39a6-0106-46c6-839d-094c51559e67",
            "image_id": "Attempt to boot from volume - no image supplied",
            "image_name": null,
            "key_pair": "cdt",
            "metadata": null,
            "name": "jumpgrey2",
            "network": [
              {
                "access_network": false,
                "fixed_ip_v4": "172.20.0.72",
                "fixed_ip_v6": "",
                "floating_ip": "",
                "mac": "fa:16:3e:09:68:e6",
                "name": "network_grey",
                "port": "",
                "uuid": "63f0c69f-6136-4d09-b3b2-360cfbe571bc"
              },
              {
                "access_network": false,
                "fixed_ip_v4": "100.65.8.30",
                "fixed_ip_v6": "",
                "floating_ip": "",
                "mac": "fa:16:3e:b3:a5:b4",
                "name": "MAIN-NAT",
                "port": "",
                "uuid": "2f96295c-34f6-49a2-b5cf-7f5b407be0c8"
              }
            ],
            "network_mode": null,
            "personality": [],
            "power_state": "active",
            "region": "CyberRange",
            "scheduler_hints": [],
            "security_groups": [
              "secgroup_grey"
            ],
            "stop_before_destroy": false,
            "tags": [],
            "timeouts": null,
            "updated": "2026-02-14 01:50:34 +0000 UTC",
            "user_data": "59a9ee23b8e171e8ac11f8db679554885ac9df10",
            "vendor_options": [],
            "volume": []
          },
          "sensitive_attributes": [
            [
              {
                "type": "get_attr",
                "value": "admin_pass"
              }
            ]
          ],
          "identity_schema_version": 0,
          "private": "eyJlMmJmYjczMC1lY2FhLTExZTYtOGY4OC0zNDM2M2JjN2M0YzAiOnsiY3JlYXRlIjoxODAwMDAwMDAwMDAwLCJkZWxldGUiOjE4MDAwMDAwMDAwMDAsInVwZGF0ZSI6MTgwMDAwMDAwMDAwMH19",
          "dependencies": [
            "openstack_networking_network_v2.network_grey",
            "openstack_networking_secgroup_v2.secgroup_grey"
          ]
        },
        {
          "index_key": "jumpgrey3",
          "schema_version": 0,
          "attributes": {
            "access_ip_v4": "172.20.0.73",
            "access_ip_v6": "",
            "admin_pass": null,
            "all_metadata": {},
            "all_tags": [],
            "availability_zone": "nova",
            "availability_zone_hints": null,
            "block_device": [
              {
                "boot_index": 0,
                "delete_on_termination": true,
                "destination_type": "volume",
                "device_type": "",
                "disk_bus": "",
                "guest_format": "",
                "multiattach": false,
                "source_type": "image",
                "uuid": "1cde3ec3-03d3-4c17-a512-d3799ae92dad",
                "volume_size": 25,
                "volume_type": ""
              }
            ],
            "config_drive": null,
            "created": "2026-02-14 01:50:05 +0000 UTC",
            "flavor_id": "6f4e2f56-5576-4705-9889-2d828c9758a0",
            "flavor_name": "medium",
            "floating_ip": null,
            "force_delete": false,
            "id": "7eac689c-7aa7-4537-be48-3b6314a24129",
            "image_id": "Attempt to boot from volume - no image supplied",
            "image_name": null,
            "key_pair": "cdt",
            "metadata": null,
            "name": "jumpgrey3",
            "network": [
              {
                "access_network": false,
                "fixed_ip_v4": "172.20.0.73",
                "fixed_ip_v6": "",
                "floating_ip": "",
                "mac": "fa:16:3e:ca:d2:eb",
                "name": "network_grey",
                "port": "",
                "uuid": "63f0c69f-6136-4d09-b3b2-360cfbe571bc"
              },
              {
                "access_network": false,
                "fixed_ip_v4": "100.65.3.41",
                "fixed_ip_v6": "",
                "floating_ip": "",
                "mac": "fa:16:3e:b5:8d:f2",
                "name": "MAIN-NAT",
                "port": "",
                "uuid": "2f96295c-34f6-49a2-b5cf-7f5b407be0c8"
              }
            ],
            "network_mode": null,
            "personality": [],
            "power_state": "active",
            "region": "CyberRange",
            "scheduler_hints": [],
            "security_groups": [
              "secgroup_grey"
            ],
            "stop_before_destroy": false,
            "tags": [],
            "timeouts": null,
            "updated": "2026-02-14 01:50:28 +0000 UTC",
            "user_data": "59a9ee23b8e171e8ac11f8db679554885ac9df10",
            "vendor_options": [],
            "volume": []
          },
          "sensitive_attributes": [
            [
              {
                "type": "get_attr",
                "value": "admin_pass"
              }
            ]
          ],
          "identity_schema_version": 0,
          "private": "eyJlMmJmYjczMC1lY2FhLTExZTYtOGY4OC0zNDM2M2JjN2M0YzAiOnsiY3JlYXRlIjoxODAwMDAwMDAwMDAwLCJkZWxldGUiOjE4MDAwMDAwMDAwMDAsInVwZGF0ZSI6MTgwMDAwMDAwMDAwMH19",
          "dependencies": [
            "openstack_networking_network_v2.network_grey",
            "openstack_networking_secgroup_v2.secgroup_grey"
          ]
        },
        {
          "index_key": "jumpgrey4",
          "schema_version": 0,
          "attributes": {
            "access_ip_v4": "172.20.0.74",
            "access_ip_v6": "",
            "admin_pass": null,
            "all_metadata": {},
            "all_tags": [],
            "availability_zone": "nova",
            "availability_zone_hints": null,
            "block_device": [
              {
                "boot_index": 0,
                "delete_on_termination": true,
                "destination_type": "volume",
                "device_type": "",
                "disk_bus": "",
                "guest_format": "",
                "multiattach": false,
                "source_type": "image",
                "uuid": "1cde3ec3-03d3-4c17-a512-d3799ae92dad",
                "volume_size": 25,
                "volume_type": ""
              }
            ],
            "config_drive": null,
            "created": "2026-02-14 01:50:25 +0000 UTC",
            "flavor_id": "6f4e2f56-5576-4705-9889-2d828c9758a0",
            "flavor_name": "medium",
            "floating_ip": null,
            "force_delete": false,
            "id": "7b017abd-039d-4e23-a77d-737ec6a9f1f7",
            "image_id": "Attempt to boot from volume - no image supplied",
            "image_name": null,
            "key_pair": "cdt",
            "metadata": null,
            "name": "jumpgrey4",
            "network": [
              {
                "access_network": false,
                "fixed_ip_v4": "172.20.0.74",
                "fixed_ip_v6": "",
                "floating_ip": "",
                "mac": "fa:16:3e:29:65:45",
                "name": "network_grey",
                "port": "",
                "uuid": "63f0c69f-6136-4d09-b3b2-360cfbe571bc"
              },
              {
                "access_network": false,
                "fixed_ip_v4": "100.65.5.37",
                "fixed_ip_v6": "",
                "floating_ip": "",
                "mac": "fa:16:3e:5e:d4:d1",
                "name": "MAIN-NAT",
                "port": "",
                "uuid": "2f96295c-34f6-49a2-b5cf-7f5b407be0c8"
              }
            ],
            "network_mode": null,
            "personality": [],
            "power_state": "active",
            "region": "CyberRange",
            "scheduler_hints": [],
            "security_groups": [
              "secgroup_grey"
            ],
            "stop_before_destroy": false,
            "tags": [],
            "timeouts": null,
            "updated": "2026-02-14 01:50:51 +0000 UTC",
            "user_data": "59a9ee23b8e171e8ac11f8db679554885ac9df10",
            "vendor_options": [],
            "volume": []
          },
          "sensitive_attributes": [
            [
              {
                "type": "get_attr",
                "value": "admin_pass"
              }
            ]
          ],
          "identity_schema_version": 0,
          "private": "eyJlMmJmYjczMC1lY2FhLTExZTYtOGY4OC0zNDM2M2JjN2M0YzAiOnsiY3JlYXRlIjoxODAwMDAwMDAwMDAwLCJkZWxldGUiOjE4MDAwMDAwMDAwMDAsInVwZGF0ZSI6MTgwMDAwMDAwMDAwMH19",
          "dependencies": [
            "openstack_networking_network_v2.network_grey",
            "openstack_networking_secgroup_v2.secgroup_grey"
          ]
        },
        {
          "index_key": "jumpgrey5",
          "schema_version": 0,
          "attributes": {
            "access_ip_v4": "172.20.0.75",
            "access_ip_v6": "",
            "admin_pass": null,
            "all_metadata": {},
            "all_tags": [],
            "availability_zone": "nova",
            "availability_zone_hints": null,
            "block_device": [
              {
                "boot_index": 0,
                "delete_on_termination": true,
                "destination_type": "volume",
                "device_type": "",
                "disk_bus": "",
                "guest_format": "",
                "multiattach": false,
                "source_type": "image",
                "uuid": "1cde3ec3-03d3-4c17-a512-d3799ae92dad",
                "volume_size": 25,
                "volume_type": ""
              }
            ],
            "config_drive": null,
            "created": "2026-02-14 01:50:15 +0000 UTC",
            "flavor_id": "6f4e2f56-5576-4705-9889-2d828c9758a0",
            "flavor_name": "medium",
            "floating_ip": null,
            "force_delete": false,
            "id": "364a7a76-4c7a-45e1-ac45-bba1a37fd4d7",
            "image_id": "Attempt to boot from volume - no image supplied",
            "image_name": null,
            "key_pair": "cdt",
            "metadata": null,
            "name": "jumpgrey5",
            "network": [
              {
                "access_network": false,
                "fixed_ip_v4": "172.20.0.75",
                "fixed_ip_v6": "",
                "floating_ip": "",
                "mac": "fa:16:3e:bc:40:4d",
                "name": "network_grey",
                "port": "",
                "uuid": "63f0c69f-6136-4d09-b3b2-360cfbe571bc"
              },
              {
                "access_network": false,
                "fixed_ip_v4": "100.65.5.177",
                "fixed_ip_v6": "",
                "floating_ip": "",
                "mac": "fa:16:3e:65:2d:5b",
                "name": "MAIN-NAT",
                "port": "",
                "uuid": "2f96295c-34f6-49a2-b5cf-7f5b407be0c8"
              }
            ],
            "network_mode": null,
            "personality": [],
            "power_state": "active",
            "region": "CyberRange",
            "scheduler_hints": [],
            "security_groups": [
              "secgroup_grey"
            ],
            "stop_before_destroy": false,
            "tags": [],
            "timeouts": null,
            "updated": "2026-02-14 01:50:42 +0000 UTC",
            "user_data": "59a9ee23b8e171e8ac11f8db679554885ac9df10",
            "vendor_options": [],
            "volume": []
          },
          "sensitive_attributes": [
            [
              {
                "type": "get_attr",
                "value": "admin_pass"
              }
            ]
          ],
          "identity_schema_version": 0,
          "private": "eyJlMmJmYjczMC1lY2FhLTExZTYtOGY4OC0zNDM2M2JjN2M0YzAiOnsiY3JlYXRlIjoxODAwMDAwMDAwMDAwLCJkZWxldGUiOjE4MDAwMDAwMDAwMDAsInVwZGF0ZSI6MTgwMDAwMDAwMDAwMH19",
          "dependencies": [
            "openstack_networking_network_v2.network_grey",
            "openstack_networking_secgroup_v2.secgroup_grey"
          ]
        },
        {
          "index_key": "jumpgrey6",
          "schema_version": 0,
          "attributes": {
            "access_ip_v4": "172.20.0.76",
            "access_ip_v6": "",
            "admin_pass": null,
            "all_metadata": {},
            "all_tags": [],
            "availability_zone": "nova",
            "availability_zone_hints": null,
            "block_device": [
              {
                "boot_index": 0,
                "delete_on_termination": true,
                "destination_type": "volume",
                "device_type": "",
                "disk_bus": "",
                "guest_format": "",
                "multiattach": false,
                "source_type": "image",
                "uuid": "1cde3ec3-03d3-4c17-a512-d3799ae92dad",
                "volume_size": 25,
                "volume_type": ""
              }
            ],
            "config_drive": null,
            "created": "2026-02-14 01:50:15 +0000 UTC",
            "flavor_id": "6f4e2f56-5576-4705-9889-2d828c9758a0",
            "flavor_name": "medium",
            "floating_ip": null,
            "force_delete": false,
            "id": "eaf7cf01-f051-4953-9683-520f7f93893b",
            "image_id": "Attempt to boot from volume - no image supplied",
            "image_name": null,
            "key_pair": "cdt",
            "metadata": null,
            "name": "jumpgrey6",
            "network": [
              {
                "access_network": false,
                "fixed_ip_v4": "172.20.0.76",
                "fixed_ip_v6": "",
                "floating_ip": "",
                "mac": "fa:16:3e:91:c2:0f",
                "name": "network_grey",
                "port": "",
                "uuid": "63f0c69f-6136-4d09-b3b2-360cfbe571bc"
              },
              {
                "access_network": false,
                "fixed_ip_v4": "100.65.6.170",
                "fixed_ip_v6": "",
                "floating_ip": "",
                "mac": "fa:16:3e:0f:df:82",
                "name": "MAIN-NAT",
                "port": "",
                "uuid": "2f96295c-34f6-49a2-b5cf-7f5b407be0c8"
              }
            ],
            "network_mode": null,
            "personality": [],
            "power_state": "active",
            "region": "CyberRange",
            "scheduler_hints": [],
            "security_groups": [
              "secgroup_grey"
            ],
            "stop_before_destroy": false,
            "tags": [],
            "timeouts": null,
            "updated": "2026-02-14 01:50:38 +0000 UTC",
            "user_data": "59a9ee23b8e171e8ac11f8db679554885ac9df10",
            "vendor_options": [],
            "volume": []
          },
          "sensitive_attributes": [
            [
              {
                "type": "get_attr",
                "value": "admin_pass"
              }
            ]
          ],
          "identity_schema_version": 0,
          "private": "eyJlMmJmYjczMC1lY2FhLTExZTYtOGY4OC0zNDM2M2JjN2M0YzAiOnsiY3JlYXRlIjoxODAwMDAwMDAwMDAwLCJkZWxldGUiOjE4MDAwMDAwMDAwMDAsInVwZGF0ZSI6MTgwMDAwMDAwMDAwMH19",
          "dependencies": [
            "openstack_networking_network_v2.network_grey",
            "openstack_networking_secgroup_v2.secgroup_grey"
          ]
        },
        {
          "index_key": "jumpgrey7",
          "schema_version": 0,
          "attributes": {
            "access_ip_v4": "172.20.0.77",
            "access_ip_v6": "",
            "admin_pass": null,
            "all_metadata": {},
            "all_tags": [],
            "availability_zone": "nova",
            "availability_zone_hints": null,
            "block_device": [
              {
                "boot_index": 0,
                "delete_on_termination": true,
                "destination_type": "volume",
                "device_type": "",
                "disk_bus": "",
                "guest_format": "",
                "multiattach": false,
                "source_type": "image",
                "uuid": "1cde3ec3-03d3-4c17-a512-d3799ae92dad",
                "volume_size": 25,
                "volume_type": ""
              }
            ],
            "config_drive": null,
            "created": "2026-02-14 01:49:54 +0000 UTC",
            "flavor_id": "6f4e2f56-5576-4705-9889-2d828c9758a0",
            "flavor_name": "medium",
            "floating_ip": null,
            "force_delete": false,
            "id": "587fb2af-56bd-4108-a8e5-28dc028dca28",
            "image_id": "Attempt to boot from volume - no image supplied",
            "image_name": null,
            "key_pair": "cdt",
            "metadata": null,
            "name": "jumpgrey7",
            "network": [
              {
                "access_network": false,
                "fixed_ip_v4": "172.20.0.77",
                "fixed_ip_v6": "",
                "floating_ip": "",
                "mac": "fa:16:3e:c9:eb:b2",
                "name": "network_grey",
                "port": "",
                "uuid": "63f0c69f-6136-4d09-b3b2-360cfbe571bc"
              },
              {
                "access_network": false,
                "fixed_ip_v4": "100.65.4.178",
                "fixed_ip_v6": "",
                "floating_ip": "",
                "mac": "fa:16:3e:8f:fc:63",
                "name": "MAIN-NAT",
                "port": "",
                "uuid": "2f96295c-34f6-49a2-b5cf-7f5b407be0c8"
              }
            ],
            "network_mode": null,
            "personality": [],
            "power_state": "active",
            "region": "CyberRange",
            "scheduler_hints": [],
            "security_groups": [
              "secgroup_grey"
            ],
            "stop_before_destroy": false,
            "tags": [],
            "timeouts": null,
            "updated": "2026-02-14 01:50:13 +0000 UTC",
            "user_data": "59a9ee23b8e171e8ac11f8db679554885ac9df10",
            "vendor_options": [],
            "volume": []
          },
          "sensitive_attributes": [
            [
              {
                "type": "get_attr",
                "value": "admin_pass"
              }
            ]
          ],
          "identity_schema_version": 0,
          "private": "eyJlMmJmYjczMC1lY2FhLTExZTYtOGY4OC0zNDM2M2JjN2M0YzAiOnsiY3JlYXRlIjoxODAwMDAwMDAwMDAwLCJkZWxldGUiOjE4MDAwMDAwMDAwMDAsInVwZGF0ZSI6MTgwMDAwMDAwMDAwMH19",
          "dependencies": [
            "openstack_networking_network_v2.network_grey",
            "openstack_networking_secgroup_v2.secgroup_grey"
          ]
        },
        {
          "index_key": "jumpgrey8",
          "schema_version": 0,
          "attributes": {
            "access_ip_v4": "172.20.0.78",
            "access_ip_v6": "",
            "admin_pass": null,
            "all_metadata": {},
            "all_tags": [],
            "availability_zone": "nova",
            "availability_zone_hints": null,
            "block_device": [
              {
                "boot_index": 0,
                "delete_on_termination": true,
                "destination_type": "volume",
                "device_type": "",
                "disk_bus": "",
                "guest_format": "",
                "multiattach": false,
                "source_type": "image",
                "uuid": "1cde3ec3-03d3-4c17-a512-d3799ae92dad",
                "volume_size": 25,
                "volume_type": ""
              }
            ],
            "config_drive": null,
            "created": "2026-02-14 01:50:04 +0000 UTC",
            "flavor_id": "6f4e2f56-5576-4705-9889-2d828c9758a0",
            "flavor_name": "medium",
            "floating_ip": null,
            "force_delete": false,
            "id": "face0d18-c8ed-4815-a630-29a6f542819a",
            "image_id": "Attempt to boot from volume - no image supplied",
            "image_name": null,
            "key_pair": "cdt",
            "metadata": null,
            "name": "jumpgrey8",
            "network": [
              {
                "access_network": false,
                "fixed_ip_v4": "172.20.0.78",
                "fixed_ip_v6": "",
                "floating_ip": "",
                "mac": "fa:16:3e:f0:2f:e4",
                "name": "network_grey",
                "port": "",
                "uuid": "63f0c69f-6136-4d09-b3b2-360cfbe571bc"
              },
              {
                "access_network": false,
                "fixed_ip_v4": "100.65.6.246",
                "fixed_ip_v6": "",
                "floating_ip": "",
                "mac": "fa:16:3e:78:52:9d",
                "name": "MAIN-NAT",
                "port": "",
                "uuid": "2f96295c-34f6-49a2-b5cf-7f5b407be0c8"
              }
            ],
            "network_mode": null,
            "personality": [],
            "power_state": "active",
            "region": "CyberRange",
            "scheduler_hints": [],
            "security_groups": [
              "secgroup_grey"
            ],
            "stop_before_destroy": false,
            "tags": [],
            "timeouts": null,
            "updated": "2026-02-14 01:50:23 +0000 UTC",
            "user_data": "59a9ee23b8e171e8ac11f8db679554885ac9df10",
            "vendor_options": [],
            "volume": []
          },
          "sensitive_attributes": [
            [
              {
                "type": "get_attr",
                "value": "admin_pass"
              }
            ]
          ],
          "identity_schema_version": 0,
          "private": "eyJlMmJmYjczMC1lY2FhLTExZTYtOGY4OC0zNDM2M2JjN2M0YzAiOnsiY3JlYXRlIjoxODAwMDAwMDAwMDAwLCJkZWxldGUiOjE4MDAwMDAwMDAwMDAsInVwZGF0ZSI6MTgwMDAwMDAwMDAwMH19",
          "dependencies": [
            "openstack_networking_network_v2.network_grey",
            "openstack_networking_secgroup_v2.secgroup_grey"
          ]
        },
        {
          "index_key": "jumpgrey9",
          "schema_version": 0,
          "attributes": {
            "access_ip_v4": "172.20.0.79",
            "access_ip_v6": "",
            "admin_pass": null,
            "all_metadata": {},
            "all_tags": [],
            "availability_zone": "nova",
            "availability_zone_hints": null,
            "block_device": [
              {
                "boot_index": 0,
                "delete_on_termination": true,
                "destination_type": "volume",
                "device_type": "",
                "disk_bus": "",
                "guest_format": "",
                "multiattach": false,
                "source_type": "image",
                "uuid": "1cde3ec3-03d3-4c17-a512-d3799ae92dad",
                "volume_size": 25,
                "volume_type": ""
              }
            ],
            "config_drive": null,
            "created": "2026-02-14 01:50:25 +0000 UTC",
            "flavor_id": "6f4e2f56-5576-4705-9889-2d828c9758a0",
            "flavor_name": "medium",
            "floating_ip": null,
            "force_delete": false,
            "id": "5fb46b30-1841-45a6-afa0-2a62f5b63dac",
            "image_id": "Attempt to boot from volume - no image supplied",
            "image_name": null,
            "key_pair": "cdt",
            "metadata": null,
            "name": "jumpgrey9",
            "network": [
              {
                "access_network": false,
                "fixed_ip_v4": "172.20.0.79",
                "fixed_ip_v6": "",
                "floating_ip": "",
                "mac": "fa:16:3e:46:82:57",
                "name": "network_grey",
                "port": "",
                "uuid": "63f0c69f-6136-4d09-b3b2-360cfbe571bc"
              },
              {
                "access_network": false,
                "fixed_ip_v4": "100.65.7.62",
                "fixed_ip_v6": "",
                "floating_ip": "",
                "mac": "fa:16:3e:d7:b3:2c",
                "name": "MAIN-NAT",
                "port": "",
                "uuid": "2f96295c-34f6-49a2-b5cf-7f5b407be0c8"
              }
            ],
            "network_mode": null,
            "personality": [],
            "power_state": "active",
            "region": "CyberRange",
            "scheduler_hints": [],
            "security_groups": [
              "secgroup_grey"
            ],
            "stop_before_destroy": false,
            "tags": [],
            "timeouts": null,
            "updated": "2026-02-14 01:50:44 +0000 UTC",
            "user_data": "59a9ee23b8e171e8ac11f8db679554885ac9df10",
            "vendor_options": [],
            "volume": []
          },
          "sensitive_attributes": [
            [
              {
                "type": "get_attr",
                "value": "admin_pass"
              }
            ]
          ],
          "identity_schema_version": 0,
          "private": "eyJlMmJmYjczMC1lY2FhLTExZTYtOGY4OC0zNDM2M2JjN2M0YzAiOnsiY3JlYXRlIjoxODAwMDAwMDAwMDAwLCJkZWxldGUiOjE4MDAwMDAwMDAwMDAsInVwZGF0ZSI6MTgwMDAwMDAwMDAwMH19",
          "dependencies": [
            "openstack_networking_network_v2.network_grey",
            "openstack_networking_secgroup_v2.secgroup_grey"
          ]
        }
      ]
    },
    {
      "mode": "managed",
      "type": "openstack_compute_instance_v2",
      "name": "scoring",
      "provider": "provider[\"registry.terraform.io/terraform-provider-openstack/openstack\"]",
      "instances": [
        {
          "schema_version": 0,
          "attributes": {
            "access_ip_v4": "172.20.0.100",
            "access_ip_v6": "",
            "admin_pass": null,
            "all_metadata": {},
            "all_tags": [],
            "availability_zone": "nova",
            "availability_zone_hints": null,
            "block_device": [
              {
                "boot_index": 0,
                "delete_on_termination": true,
                "destination_type": "volume",
                "device_type": "",
                "disk_bus": "",
                "guest_format": "",
                "multiattach": false,
                "source_type": "image",
                "uuid": "70de79be-69be-45dc-b956-f15dbe194ccd",
                "volume_size": 100,
                "volume_type": ""
              }
            ],
            "config_drive": null,
            "created": "2026-02-09 17:02:34 +0000 UTC",
            "flavor_id": "99e6ce94-23fd-49aa-9d39-b87562583fcd",
            "flavor_name": "large",
            "floating_ip": null,
            "force_delete": false,
            "id": "bf97a8c9-8d52-4b15-8f44-f0f31be666ff",
            "image_id": "Attempt to boot from volume - no image supplied",
            "image_name": null,
            "key_pair": "cdt",
            "metadata": null,
            "name": "scoring",
            "network": [
              {
                "access_network": false,
                "fixed_ip_v4": "172.20.0.100",
                "fixed_ip_v6": "",
                "floating_ip": "",
                "mac": "fa:16:3e:ee:fe:f0",
                "name": "network_grey",
                "port": "",
                "uuid": "63f0c69f-6136-4d09-b3b2-360cfbe571bc"
              }
            ],
            "network_mode": null,
            "personality": [],
            "power_state": "active",
            "region": "CyberRange",
            "scheduler_hints": [],
            "security_groups": [
              "secgroup_grey"
            ],
            "stop_before_destroy": false,
            "tags": [],
            "timeouts": null,
            "updated": "2026-02-09 17:03:17 +0000 UTC",
            "user_data": "f72d9cdacaab36c9d8ea582c2535a649e99dd300",
            "vendor_options": [],
            "volume": []
          },
          "sensitive_attributes": [
            [
              {
                "type": "get_attr",
                "value": "admin_pass"
              }
            ]
          ],
          "identity_schema_version": 0,
          "private": "eyJlMmJmYjczMC1lY2FhLTExZTYtOGY4OC0zNDM2M2JjN2M0YzAiOnsiY3JlYXRlIjoxODAwMDAwMDAwMDAwLCJkZWxldGUiOjE4MDAwMDAwMDAwMDAsInVwZGF0ZSI6MTgwMDAwMDAwMDAwMH19",
          "dependencies": [
            "openstack_networking_network_v2.network_grey",
            "openstack_networking_secgroup_v2.secgroup_grey"
          ]
        }
      ]
    },
    {
      "mode": "managed",
      "type": "openstack_compute_instance_v2",
      "name": "scoringworker",
      "provider": "provider[\"registry.terraform.io/terraform-provider-openstack/openstack\"]",
      "instances": [
        {
          "index_key": "scoring1",
          "schema_version": 0,
          "attributes": {
            "access_ip_v4": "172.20.0.67",
            "access_ip_v6": "",
            "admin_pass": null,
            "all_metadata": {},
            "all_tags": [],
            "availability_zone": "nova",
            "availability_zone_hints": null,
            "block_device": [
              {
                "boot_index": 0,
                "delete_on_termination": true,
                "destination_type": "volume",
                "device_type": "",
                "disk_bus": "",
                "guest_format": "",
                "multiattach": false,
                "source_type": "image",
                "uuid": "70de79be-69be-45dc-b956-f15dbe194ccd",
                "volume_size": 30,
                "volume_type": ""
              }
            ],
            "config_drive": null,
            "created": "2026-02-09 17:02:34 +0000 UTC",
            "flavor_id": "6f4e2f56-5576-4705-9889-2d828c9758a0",
            "flavor_name": "medium",
            "floating_ip": null,
            "force_delete": false,
            "id": "4ce200ce-4bbe-482c-9da0-7b977c232a39",
            "image_id": "Attempt to boot from volume - no image supplied",
            "image_name": null,
            "key_pair": "cdt",
            "metadata": null,
            "name": "scoring1",
            "network": [
              {
                "access_network": false,
                "fixed_ip_v4": "172.20.0.67",
                "fixed_ip_v6": "",
                "floating_ip": "",
                "mac": "fa:16:3e:6f:1f:bf",
                "name": "network_grey",
                "port": "",
                "uuid": "63f0c69f-6136-4d09-b3b2-360cfbe571bc"
              }
            ],
            "network_mode": null,
            "personality": [],
            "power_state": "active",
            "region": "CyberRange",
            "scheduler_hints": [],
            "security_groups": [
              "secgroup_grey"
            ],
            "stop_before_destroy": false,
            "tags": [],
            "timeouts": null,
            "updated": "2026-02-09 17:03:06 +0000 UTC",
            "user_data": "f72d9cdacaab36c9d8ea582c2535a649e99dd300",
            "vendor_options": [],
            "volume": []
          },
          "sensitive_attributes": [
            [
              {
                "type": "get_attr",
                "value": "admin_pass"
              }
            ]
          ],
          "identity_schema_version": 0,
          "private": "eyJlMmJmYjczMC1lY2FhLTExZTYtOGY4OC0zNDM2M2JjN2M0YzAiOnsiY3JlYXRlIjoxODAwMDAwMDAwMDAwLCJkZWxldGUiOjE4MDAwMDAwMDAwMDAsInVwZGF0ZSI6MTgwMDAwMDAwMDAwMH19",
          "dependencies": [
            "openstack_networking_network_v2.network_grey",
            "openstack_networking_secgroup_v2.secgroup_grey"
          ]
        },
        {
          "index_key": "scoring2",
          "schema_version": 0,
          "attributes": {
            "access_ip_v4": "172.20.0.82",
            "access_ip_v6": "",
            "admin_pass": null,
            "all_metadata": {},
            "all_tags": [],
            "availability_zone": "nova",
            "availability_zone_hints": null,
            "block_device": [
              {
                "boot_index": 0,
                "delete_on_termination": true,
                "destination_type": "volume",
                "device_type": "",
                "disk_bus": "",
                "guest_format": "",
                "multiattach": false,
                "source_type": "image",
                "uuid": "70de79be-69be-45dc-b956-f15dbe194ccd",
                "volume_size": 30,
                "volume_type": ""
              }
            ],
            "config_drive": null,
            "created": "2026-02-09 17:02:34 +0000 UTC",
            "flavor_id": "6f4e2f56-5576-4705-9889-2d828c9758a0",
            "flavor_name": "medium",
            "floating_ip": null,
            "force_delete": false,
            "id": "08cc0b90-49d9-40ae-b3e3-ecae9caf3ecb",
            "image_id": "Attempt to boot from volume - no image supplied",
            "image_name": null,
            "key_pair": "cdt",
            "metadata": null,
            "name": "scoring2",
            "network": [
              {
                "access_network": false,
                "fixed_ip_v4": "172.20.0.82",
                "fixed_ip_v6": "",
                "floating_ip": "",
                "mac": "fa:16:3e:b3:93:1a",
                "name": "network_grey",
                "port": "",
                "uuid": "63f0c69f-6136-4d09-b3b2-360cfbe571bc"
              }
            ],
            "network_mode": null,
            "personality": [],
            "power_state": "active",
            "region": "CyberRange",
            "scheduler_hints": [],
            "security_groups": [
              "secgroup_grey"
            ],
            "stop_before_destroy": false,
            "tags": [],
            "timeouts": null,
            "updated": "2026-02-09 17:03:03 +0000 UTC",
            "user_data": "f72d9cdacaab36c9d8ea582c2535a649e99dd300",
            "vendor_options": [],
            "volume": []
          },
          "sensitive_attributes": [
            [
              {
                "type": "get_attr",
                "value": "admin_pass"
              }
            ]
          ],
          "identity_schema_version": 0,
          "private": "eyJlMmJmYjczMC1lY2FhLTExZTYtOGY4OC0zNDM2M2JjN2M0YzAiOnsiY3JlYXRlIjoxODAwMDAwMDAwMDAwLCJkZWxldGUiOjE4MDAwMDAwMDAwMDAsInVwZGF0ZSI6MTgwMDAwMDAwMDAwMH19",
          "dependencies": [
            "openstack_networking_network_v2.network_grey",
            "openstack_networking_secgroup_v2.secgroup_grey"
          ]
        },
        {
          "index_key": "scoring3",
          "schema_version": 0,
          "attributes": {
            "access_ip_v4": "172.20.0.90",
            "access_ip_v6": "",
            "admin_pass": null,
            "all_metadata": {},
            "all_tags": [],
            "availability_zone": "nova",
            "availability_zone_hints": null,
            "block_device": [
              {
                "boot_index": 0,
                "delete_on_termination": true,
                "destination_type": "volume",
                "device_type": "",
                "disk_bus": "",
                "guest_format": "",
                "multiattach": false,
                "source_type": "image",
                "uuid": "70de79be-69be-45dc-b956-f15dbe194ccd",
                "volume_size": 30,
                "volume_type": ""
              }
            ],
            "config_drive": null,
            "created": "2026-02-09 17:02:34 +0000 UTC",
            "flavor_id": "6f4e2f56-5576-4705-9889-2d828c9758a0",
            "flavor_name": "medium",
            "floating_ip": null,
            "force_delete": false,
            "id": "171faa6e-b6d9-4dc9-8559-41de469389e4",
            "image_id": "Attempt to boot from volume - no image supplied",
            "image_name": null,
            "key_pair": "cdt",
            "metadata": null,
            "name": "scoring3",
            "network": [
              {
                "access_network": false,
                "fixed_ip_v4": "172.20.0.90",
                "fixed_ip_v6": "",
                "floating_ip": "",
                "mac": "fa:16:3e:0c:41:94",
                "name": "network_grey",
                "port": "",
                "uuid": "63f0c69f-6136-4d09-b3b2-360cfbe571bc"
              }
            ],
            "network_mode": null,
            "personality": [],
            "power_state": "active",
            "region": "CyberRange",
            "scheduler_hints": [],
            "security_groups": [
              "secgroup_grey"
            ],
            "stop_before_destroy": false,
            "tags": [],
            "timeouts": null,
            "updated": "2026-02-09 17:02:59 +0000 UTC",
            "user_data": "f72d9cdacaab36c9d8ea582c2535a649e99dd300",
            "vendor_options": [],
            "volume": []
          },
          "sensitive_attributes": [
            [
              {
                "type": "get_attr",
                "value": "admin_pass"
              }
            ]
          ],
          "identity_schema_version": 0,
          "private": "eyJlMmJmYjczMC1lY2FhLTExZTYtOGY4OC0zNDM2M2JjN2M0YzAiOnsiY3JlYXRlIjoxODAwMDAwMDAwMDAwLCJkZWxldGUiOjE4MDAwMDAwMDAwMDAsInVwZGF0ZSI6MTgwMDAwMDAwMDAwMH19",
          "dependencies": [
            "openstack_networking_network_v2.network_grey",
            "openstack_networking_secgroup_v2.secgroup_grey"
          ]
        },
        {
          "index_key": "scoring4",
          "schema_version": 0,
          "attributes": {
            "access_ip_v4": "172.20.0.106",
            "access_ip_v6": "",
            "admin_pass": null,
            "all_metadata": {},
            "all_tags": [],
            "availability_zone": "nova",
            "availability_zone_hints": null,
            "block_device": [
              {
                "boot_index": 0,
                "delete_on_termination": true,
                "destination_type": "volume",
                "device_type": "",
                "disk_bus": "",
                "guest_format": "",
                "multiattach": false,
                "source_type": "image",
                "uuid": "70de79be-69be-45dc-b956-f15dbe194ccd",
                "volume_size": 30,
                "volume_type": ""
              }
            ],
            "config_drive": null,
            "created": "2026-02-09 17:02:34 +0000 UTC",
            "flavor_id": "6f4e2f56-5576-4705-9889-2d828c9758a0",
            "flavor_name": "medium",
            "floating_ip": null,
            "force_delete": false,
            "id": "e8f10b5c-9aa8-49e1-b526-6d9fe44cbdbf",
            "image_id": "Attempt to boot from volume - no image supplied",
            "image_name": null,
            "key_pair": "cdt",
            "metadata": null,
            "name": "scoring4",
            "network": [
              {
                "access_network": false,
                "fixed_ip_v4": "172.20.0.106",
                "fixed_ip_v6": "",
                "floating_ip": "",
                "mac": "fa:16:3e:d0:62:f1",
                "name": "network_grey",
                "port": "",
                "uuid": "63f0c69f-6136-4d09-b3b2-360cfbe571bc"
              }
            ],
            "network_mode": null,
            "personality": [],
            "power_state": "active",
            "region": "CyberRange",
            "scheduler_hints": [],
            "security_groups": [
              "secgroup_grey"
            ],
            "stop_before_destroy": false,
            "tags": [],
            "timeouts": null,
            "updated": "2026-02-09 17:03:27 +0000 UTC",
            "user_data": "f72d9cdacaab36c9d8ea582c2535a649e99dd300",
            "vendor_options": [],
            "volume": []
          },
          "sensitive_attributes": [
            [
              {
                "type": "get_attr",
                "value": "admin_pass"
              }
            ]
          ],
          "identity_schema_version": 0,
          "private": "eyJlMmJmYjczMC1lY2FhLTExZTYtOGY4OC0zNDM2M2JjN2M0YzAiOnsiY3JlYXRlIjoxODAwMDAwMDAwMDAwLCJkZWxldGUiOjE4MDAwMDAwMDAwMDAsInVwZGF0ZSI6MTgwMDAwMDAwMDAwMH19",
          "dependencies": [
            "openstack_networking_network_v2.network_grey",
            "openstack_networking_secgroup_v2.secgroup_grey"
          ]
        },
        {
          "index_key": "scoring5",
          "schema_version": 0,
          "attributes": {
            "access_ip_v4": "172.20.0.115",
            "access_ip_v6": "",
            "admin_pass": null,
            "all_metadata": {},
            "all_tags": [],
            "availability_zone": "nova",
            "availability_zone_hints": null,
            "block_device": [
              {
                "boot_index": 0,
                "delete_on_termination": true,
                "destination_type": "volume",
                "device_type": "",
                "disk_bus": "",
                "guest_format": "",
                "multiattach": false,
                "source_type": "image",
                "uuid": "70de79be-69be-45dc-b956-f15dbe194ccd",
                "volume_size": 30,
                "volume_type": ""
              }
            ],
            "config_drive": null,
            "created": "2026-02-09 17:02:34 +0000 UTC",
            "flavor_id": "6f4e2f56-5576-4705-9889-2d828c9758a0",
            "flavor_name": "medium",
            "floating_ip": null,
            "force_delete": false,
            "id": "c68d6091-da6c-4096-87b0-60e13b59d74a",
            "image_id": "Attempt to boot from volume - no image supplied",
            "image_name": null,
            "key_pair": "cdt",
            "metadata": null,
            "name": "scoring5",
            "network": [
              {
                "access_network": false,
                "fixed_ip_v4": "172.20.0.115",
                "fixed_ip_v6": "",
                "floating_ip": "",
                "mac": "fa:16:3e:2f:a3:69",
                "name": "network_grey",
                "port": "",
                "uuid": "63f0c69f-6136-4d09-b3b2-360cfbe571bc"
              }
            ],
            "network_mode": null,
            "personality": [],
            "power_state": "active",
            "region": "CyberRange",
            "scheduler_hints": [],
            "security_groups": [
              "secgroup_grey"
            ],
            "stop_before_destroy": false,
            "tags": [],
            "timeouts": null,
            "updated": "2026-02-09 17:03:24 +0000 UTC",
            "user_data": "f72d9cdacaab36c9d8ea582c2535a649e99dd300",
            "vendor_options": [],
            "volume": []
          },
          "sensitive_attributes": [
            [
              {
                "type": "get_attr",
                "value": "admin_pass"
              }
            ]
          ],
          "identity_schema_version": 0,
          "private": "eyJlMmJmYjczMC1lY2FhLTExZTYtOGY4OC0zNDM2M2JjN2M0YzAiOnsiY3JlYXRlIjoxODAwMDAwMDAwMDAwLCJkZWxldGUiOjE4MDAwMDAwMDAwMDAsInVwZGF0ZSI6MTgwMDAwMDAwMDAwMH19",
          "dependencies": [
            "openstack_networking_network_v2.network_grey",
            "openstack_networking_secgroup_v2.secgroup_grey"
          ]
        }
      ]
    },
    {
      "mode": "managed",
      "type": "openstack_compute_instance_v2",
      "name": "ubun24",
      "provider": "provider[\"registry.terraform.io/terraform-provider-openstack/openstack\"]",
      "instances": [
        {
          "index_key": "linux_wkst1",
          "schema_version": 0,
          "attributes": {
            "access_ip_v4": "10.0.30.4",
            "access_ip_v6": "",
            "admin_pass": null,
            "all_metadata": {},
            "all_tags": [],
            "availability_zone": "nova",
            "availability_zone_hints": null,
            "block_device": [
              {
                "boot_index": 0,
                "delete_on_termination": true,
                "destination_type": "volume",
                "device_type": "",
                "disk_bus": "",
                "guest_format": "",
                "multiattach": false,
                "source_type": "image",
                "uuid": "1cde3ec3-03d3-4c17-a512-d3799ae92dad",
                "volume_size": 40,
                "volume_type": ""
              }
            ],
            "config_drive": null,
            "created": "2026-02-11 20:04:33 +0000 UTC",
            "flavor_id": "6f4e2f56-5576-4705-9889-2d828c9758a0",
            "flavor_name": "medium",
            "floating_ip": null,
            "force_delete": false,
            "id": "b7cd6a9f-c380-40f0-8f39-5649640cb57c",
            "image_id": "Attempt to boot from volume - no image supplied",
            "image_name": null,
            "key_pair": "cdt",
            "metadata": null,
            "name": "cloudsdale",
            "network": [
              {
                "access_network": false,
                "fixed_ip_v4": "10.0.30.4",
                "fixed_ip_v6": "",
                "floating_ip": "",
                "mac": "fa:16:3e:f0:77:8f",
                "name": "network_internal",
                "port": "",
                "uuid": "6a9781ee-b184-453e-bbe0-a71a25cce80b"
              }
            ],
            "network_mode": null,
            "personality": [],
            "power_state": "active",
            "region": "CyberRange",
            "scheduler_hints": [],
            "security_groups": [
              "secgroup_blue"
            ],
            "stop_before_destroy": false,
            "tags": [],
            "timeouts": null,
            "updated": "2026-02-11 20:05:03 +0000 UTC",
            "user_data": "59a9ee23b8e171e8ac11f8db679554885ac9df10",
            "vendor_options": [],
            "volume": []
          },
          "sensitive_attributes": [
            [
              {
                "type": "get_attr",
                "value": "admin_pass"
              }
            ]
          ],
          "identity_schema_version": 0,
          "private": "eyJlMmJmYjczMC1lY2FhLTExZTYtOGY4OC0zNDM2M2JjN2M0YzAiOnsiY3JlYXRlIjoxODAwMDAwMDAwMDAwLCJkZWxldGUiOjE4MDAwMDAwMDAwMDAsInVwZGF0ZSI6MTgwMDAwMDAwMDAwMH19",
          "dependencies": [
            "openstack_networking_network_v2.network_core",
            "openstack_networking_network_v2.network_dmz",
            "openstack_networking_network_v2.network_internal",
            "openstack_networking_secgroup_v2.secgroup_blue"
          ]
        },
        {
          "index_key": "linux_wkst2",
          "schema_version": 0,
          "attributes": {
            "access_ip_v4": "10.0.30.5",
            "access_ip_v6": "",
            "admin_pass": null,
            "all_metadata": {},
            "all_tags": [],
            "availability_zone": "nova",
            "availability_zone_hints": null,
            "block_device": [
              {
                "boot_index": 0,
                "delete_on_termination": true,
                "destination_type": "volume",
                "device_type": "",
                "disk_bus": "",
                "guest_format": "",
                "multiattach": false,
                "source_type": "image",
                "uuid": "1cde3ec3-03d3-4c17-a512-d3799ae92dad",
                "volume_size": 40,
                "volume_type": ""
              }
            ],
            "config_drive": null,
            "created": "2026-02-11 20:04:33 +0000 UTC",
            "flavor_id": "6f4e2f56-5576-4705-9889-2d828c9758a0",
            "flavor_name": "medium",
            "floating_ip": null,
            "force_delete": false,
            "id": "d68c2bd3-f583-4a32-b8e4-f238e39da84a",
            "image_id": "Attempt to boot from volume - no image supplied",
            "image_name": null,
            "key_pair": "cdt",
            "metadata": null,
            "name": "vanhoover",
            "network": [
              {
                "access_network": false,
                "fixed_ip_v4": "10.0.30.5",
                "fixed_ip_v6": "",
                "floating_ip": "",
                "mac": "fa:16:3e:3a:ef:cd",
                "name": "network_internal",
                "port": "",
                "uuid": "6a9781ee-b184-453e-bbe0-a71a25cce80b"
              }
            ],
            "network_mode": null,
            "personality": [],
            "power_state": "active",
            "region": "CyberRange",
            "scheduler_hints": [],
            "security_groups": [
              "secgroup_blue"
            ],
            "stop_before_destroy": false,
            "tags": [],
            "timeouts": null,
            "updated": "2026-02-11 20:05:00 +0000 UTC",
            "user_data": "59a9ee23b8e171e8ac11f8db679554885ac9df10",
            "vendor_options": [],
            "volume": []
          },
          "sensitive_attributes": [
            [
              {
                "type": "get_attr",
                "value": "admin_pass"
              }
            ]
          ],
          "identity_schema_version": 0,
          "private": "eyJlMmJmYjczMC1lY2FhLTExZTYtOGY4OC0zNDM2M2JjN2M0YzAiOnsiY3JlYXRlIjoxODAwMDAwMDAwMDAwLCJkZWxldGUiOjE4MDAwMDAwMDAwMDAsInVwZGF0ZSI6MTgwMDAwMDAwMDAwMH19",
          "dependencies": [
            "openstack_networking_network_v2.network_core",
            "openstack_networking_network_v2.network_dmz",
            "openstack_networking_network_v2.network_internal",
            "openstack_networking_secgroup_v2.secgroup_blue"
          ]
        }
      ]
    },
    {
      "mode": "managed",
      "type": "openstack_compute_instance_v2",
      "name": "whinnyapolis",
      "provider": "provider[\"registry.terraform.io/terraform-provider-openstack/openstack\"]",
      "instances": [
        {
          "schema_version": 0,
          "attributes": {
            "access_ip_v4": "10.0.30.6",
            "access_ip_v6": "",
            "admin_pass": null,
            "all_metadata": {},
            "all_tags": [],
            "availability_zone": "nova",
            "availability_zone_hints": null,
            "block_device": [
              {
                "boot_index": 0,
                "delete_on_termination": true,
                "destination_type": "volume",
                "device_type": "",
                "disk_bus": "",
                "guest_format": "",
                "multiattach": false,
                "source_type": "image",
                "uuid": "1cde3ec3-03d3-4c17-a512-d3799ae92dad",
                "volume_size": 40,
                "volume_type": ""
              }
            ],
            "config_drive": null,
            "created": "2026-02-11 20:04:33 +0000 UTC",
            "flavor_id": "6f4e2f56-5576-4705-9889-2d828c9758a0",
            "flavor_name": "medium",
            "floating_ip": null,
            "force_delete": false,
            "id": "c252b6a6-bf5e-4455-af75-7a04a0838f81",
            "image_id": "Attempt to boot from volume - no image supplied",
            "image_name": null,
            "key_pair": "cdt",
            "metadata": null,
            "name": "whinnyapolis",
            "network": [
              {
                "access_network": false,
                "fixed_ip_v4": "10.0.30.6",
                "fixed_ip_v6": "",
                "floating_ip": "",
                "mac": "fa:16:3e:4c:f6:27",
                "name": "network_internal",
                "port": "",
                "uuid": "6a9781ee-b184-453e-bbe0-a71a25cce80b"
              }
            ],
            "network_mode": null,
            "personality": [],
            "power_state": "active",
            "region": "CyberRange",
            "scheduler_hints": [],
            "security_groups": [
              "secgroup_blue"
            ],
            "stop_before_destroy": false,
            "tags": [],
            "timeouts": null,
            "updated": "2026-02-11 20:05:07 +0000 UTC",
            "user_data": "59a9ee23b8e171e8ac11f8db679554885ac9df10",
            "vendor_options": [],
            "volume": []
          },
          "sensitive_attributes": [
            [
              {
                "type": "get_attr",
                "value": "admin_pass"
              }
            ]
          ],
          "identity_schema_version": 0,
          "private": "eyJlMmJmYjczMC1lY2FhLTExZTYtOGY4OC0zNDM2M2JjN2M0YzAiOnsiY3JlYXRlIjoxODAwMDAwMDAwMDAwLCJkZWxldGUiOjE4MDAwMDAwMDAwMDAsInVwZGF0ZSI6MTgwMDAwMDAwMDAwMH19",
          "dependencies": [
            "openstack_networking_network_v2.network_internal",
            "openstack_networking_secgroup_v2.secgroup_blue"
          ]
        }
      ]
    },
    {
      "mode": "managed",
      "type": "openstack_compute_instance_v2",
      "name": "win10",
      "provider": "provider[\"registry.terraform.io/terraform-provider-openstack/openstack\"]",
      "instances": [
        {
          "index_key": "windows_wkst1",
          "schema_version": 0,
          "attributes": {
            "access_ip_v4": "10.0.30.1",
            "access_ip_v6": "",
            "admin_pass": null,
            "all_metadata": {},
            "all_tags": [],
            "availability_zone": "nova",
            "availability_zone_hints": null,
            "block_device": [
              {
                "boot_index": 0,
                "delete_on_termination": true,
                "destination_type": "volume",
                "device_type": "",
                "disk_bus": "",
                "guest_format": "",
                "multiattach": false,
                "source_type": "image",
                "uuid": "f848941a-64d7-41b4-9c3d-bbddf657ef51",
                "volume_size": 60,
                "volume_type": ""
              }
            ],
            "config_drive": null,
            "created": "2026-02-11 20:09:54 +0000 UTC",
            "flavor_id": "6f4e2f56-5576-4705-9889-2d828c9758a0",
            "flavor_name": "medium",
            "floating_ip": null,
            "force_delete": false,
            "id": "35cd0699-8c23-4aad-afee-5ff402811d6f",
            "image_id": "Attempt to boot from volume - no image supplied",
            "image_name": null,
            "key_pair": "cdt",
            "metadata": null,
            "name": "baltamare",
            "network": [
              {
                "access_network": false,
                "fixed_ip_v4": "10.0.30.1",
                "fixed_ip_v6": "",
                "floating_ip": "",
                "mac": "fa:16:3e:ca:31:73",
                "name": "network_internal",
                "port": "",
                "uuid": "6a9781ee-b184-453e-bbe0-a71a25cce80b"
              }
            ],
            "network_mode": null,
            "personality": [],
            "power_state": "active",
            "region": "CyberRange",
            "scheduler_hints": [],
            "security_groups": [
              "secgroup_inscope"
            ],
            "stop_before_destroy": false,
            "tags": [],
            "timeouts": null,
            "updated": "2026-02-11 20:10:24 +0000 UTC",
            "user_data": "fadbcc20f776993db5de9fd91e9416f6f87800e8",
            "vendor_options": [],
            "volume": []
          },
          "sensitive_attributes": [
            [
              {
                "type": "get_attr",
                "value": "admin_pass"
              }
            ]
          ],
          "identity_schema_version": 0,
          "private": "eyJlMmJmYjczMC1lY2FhLTExZTYtOGY4OC0zNDM2M2JjN2M0YzAiOnsiY3JlYXRlIjoxODAwMDAwMDAwMDAwLCJkZWxldGUiOjE4MDAwMDAwMDAwMDAsInVwZGF0ZSI6MTgwMDAwMDAwMDAwMH19",
          "dependencies": [
            "openstack_networking_network_v2.network_core",
            "openstack_networking_network_v2.network_dmz",
            "openstack_networking_network_v2.network_internal",
            "openstack_networking_secgroup_v2.secgroup_inscope"
          ]
        },
        {
          "index_key": "windows_wkst2",
          "schema_version": 0,
          "attributes": {
            "access_ip_v4": "10.0.30.2",
            "access_ip_v6": "",
            "admin_pass": null,
            "all_metadata": {},
            "all_tags": [],
            "availability_zone": "nova",
            "availability_zone_hints": null,
            "block_device": [
              {
                "boot_index": 0,
                "delete_on_termination": true,
                "destination_type": "volume",
                "device_type": "",
                "disk_bus": "",
                "guest_format": "",
                "multiattach": false,
                "source_type": "image",
                "uuid": "f848941a-64d7-41b4-9c3d-bbddf657ef51",
                "volume_size": 60,
                "volume_type": ""
              }
            ],
            "config_drive": null,
            "created": "2026-02-11 20:09:54 +0000 UTC",
            "flavor_id": "6f4e2f56-5576-4705-9889-2d828c9758a0",
            "flavor_name": "medium",
            "floating_ip": null,
            "force_delete": false,
            "id": "de2d84c5-f1b8-40b9-9637-d178c3230832",
            "image_id": "Attempt to boot from volume - no image supplied",
            "image_name": null,
            "key_pair": "cdt",
            "metadata": null,
            "name": "neighara-falls",
            "network": [
              {
                "access_network": false,
                "fixed_ip_v4": "10.0.30.2",
                "fixed_ip_v6": "",
                "floating_ip": "",
                "mac": "fa:16:3e:de:a9:c0",
                "name": "network_internal",
                "port": "",
                "uuid": "6a9781ee-b184-453e-bbe0-a71a25cce80b"
              }
            ],
            "network_mode": null,
            "personality": [],
            "power_state": "active",
            "region": "CyberRange",
            "scheduler_hints": [],
            "security_groups": [
              "secgroup_inscope"
            ],
            "stop_before_destroy": false,
            "tags": [],
            "timeouts": null,
            "updated": "2026-02-11 20:10:34 +0000 UTC",
            "user_data": "fadbcc20f776993db5de9fd91e9416f6f87800e8",
            "vendor_options": [],
            "volume": []
          },
          "sensitive_attributes": [
            [
              {
                "type": "get_attr",
                "value": "admin_pass"
              }
            ]
          ],
          "identity_schema_version": 0,
          "private": "eyJlMmJmYjczMC1lY2FhLTExZTYtOGY4OC0zNDM2M2JjN2M0YzAiOnsiY3JlYXRlIjoxODAwMDAwMDAwMDAwLCJkZWxldGUiOjE4MDAwMDAwMDAwMDAsInVwZGF0ZSI6MTgwMDAwMDAwMDAwMH19",
          "dependencies": [
            "openstack_networking_network_v2.network_core",
            "openstack_networking_network_v2.network_dmz",
            "openstack_networking_network_v2.network_internal",
            "openstack_networking_secgroup_v2.secgroup_inscope"
          ]
        }
      ]
    },
    {
      "mode": "managed",
      "type": "openstack_compute_instance_v2",
      "name": "winserv22",
      "provider": "provider[\"registry.terraform.io/terraform-provider-openstack/openstack\"]",
      "instances": [
        {
          "index_key": "dc",
          "schema_version": 0,
          "attributes": {
            "access_ip_v4": "10.0.10.1",
            "access_ip_v6": "",
            "admin_pass": null,
            "all_metadata": {},
            "all_tags": [],
            "availability_zone": "nova",
            "availability_zone_hints": null,
            "block_device": [
              {
                "boot_index": 0,
                "delete_on_termination": true,
                "destination_type": "volume",
                "device_type": "",
                "disk_bus": "",
                "guest_format": "",
                "multiattach": false,
                "source_type": "image",
                "uuid": "d05fa605-c188-45b8-a3d4-5bb0fe4560fa",
                "volume_size": 60,
                "volume_type": ""
              }
            ],
            "config_drive": null,
            "created": "2026-02-11 20:09:54 +0000 UTC",
            "flavor_id": "99e6ce94-23fd-49aa-9d39-b87562583fcd",
            "flavor_name": "large",
            "floating_ip": null,
            "force_delete": false,
            "id": "14531dcc-17d1-4297-9aff-3d726488838b",
            "image_id": "Attempt to boot from volume - no image supplied",
            "image_name": null,
            "key_pair": "cdt",
            "metadata": null,
            "name": "canterlot",
            "network": [
              {
                "access_network": false,
                "fixed_ip_v4": "10.0.10.1",
                "fixed_ip_v6": "",
                "floating_ip": "",
                "mac": "fa:16:3e:68:45:6c",
                "name": "network_core",
                "port": "",
                "uuid": "e37fa546-ce27-47fb-be16-49953b01d5a4"
              }
            ],
            "network_mode": null,
            "personality": [],
            "power_state": "active",
            "region": "CyberRange",
            "scheduler_hints": [],
            "security_groups": [
              "secgroup_inscope"
            ],
            "stop_before_destroy": false,
            "tags": [],
            "timeouts": null,
            "updated": "2026-02-11 20:10:13 +0000 UTC",
            "user_data": "fadbcc20f776993db5de9fd91e9416f6f87800e8",
            "vendor_options": [],
            "volume": []
          },
          "sensitive_attributes": [
            [
              {
                "type": "get_attr",
                "value": "admin_pass"
              }
            ]
          ],
          "identity_schema_version": 0,
          "private": "eyJlMmJmYjczMC1lY2FhLTExZTYtOGY4OC0zNDM2M2JjN2M0YzAiOnsiY3JlYXRlIjoxODAwMDAwMDAwMDAwLCJkZWxldGUiOjE4MDAwMDAwMDAwMDAsInVwZGF0ZSI6MTgwMDAwMDAwMDAwMH19",
          "dependencies": [
            "openstack_networking_network_v2.network_core",
            "openstack_networking_network_v2.network_dmz",
            "openstack_networking_network_v2.network_internal",
            "openstack_networking_secgroup_v2.secgroup_inscope"
          ]
        },
        {
          "index_key": "iis",
          "schema_version": 0,
          "attributes": {
            "access_ip_v4": "10.0.20.1",
            "access_ip_v6": "",
            "admin_pass": null,
            "all_metadata": {},
            "all_tags": [],
            "availability_zone": "nova",
            "availability_zone_hints": null,
            "block_device": [
              {
                "boot_index": 0,
                "delete_on_termination": true,
                "destination_type": "volume",
                "device_type": "",
                "disk_bus": "",
                "guest_format": "",
                "multiattach": false,
                "source_type": "image",
                "uuid": "d05fa605-c188-45b8-a3d4-5bb0fe4560fa",
                "volume_size": 60,
                "volume_type": ""
              }
            ],
            "config_drive": null,
            "created": "2026-02-11 20:09:54 +0000 UTC",
            "flavor_id": "99e6ce94-23fd-49aa-9d39-b87562583fcd",
            "flavor_name": "large",
            "floating_ip": null,
            "force_delete": false,
            "id": "4520a8b0-08d8-4f8c-ad47-47ae7059de84",
            "image_id": "Attempt to boot from volume - no image supplied",
            "image_name": null,
            "key_pair": "cdt",
            "metadata": null,
            "name": "las-pegasus",
            "network": [
              {
                "access_network": false,
                "fixed_ip_v4": "10.0.20.1",
                "fixed_ip_v6": "",
                "floating_ip": "",
                "mac": "fa:16:3e:42:18:30",
                "name": "network_dmz",
                "port": "",
                "uuid": "e88beef8-349e-4ed8-94b9-7b95663dc20a"
              }
            ],
            "network_mode": null,
            "personality": [],
            "power_state": "active",
            "region": "CyberRange",
            "scheduler_hints": [],
            "security_groups": [
              "secgroup_inscope"
            ],
            "stop_before_destroy": false,
            "tags": [],
            "timeouts": null,
            "updated": "2026-02-11 20:10:21 +0000 UTC",
            "user_data": "fadbcc20f776993db5de9fd91e9416f6f87800e8",
            "vendor_options": [],
            "volume": []
          },
          "sensitive_attributes": [
            [
              {
                "type": "get_attr",
                "value": "admin_pass"
              }
            ]
          ],
          "identity_schema_version": 0,
          "private": "eyJlMmJmYjczMC1lY2FhLTExZTYtOGY4OC0zNDM2M2JjN2M0YzAiOnsiY3JlYXRlIjoxODAwMDAwMDAwMDAwLCJkZWxldGUiOjE4MDAwMDAwMDAwMDAsInVwZGF0ZSI6MTgwMDAwMDAwMDAwMH19",
          "dependencies": [
            "openstack_networking_network_v2.network_core",
            "openstack_networking_network_v2.network_dmz",
            "openstack_networking_network_v2.network_internal",
            "openstack_networking_secgroup_v2.secgroup_inscope"
          ]
        },
        {
          "index_key": "mssql",
          "schema_version": 0,
          "attributes": {
            "access_ip_v4": "10.0.10.2",
            "access_ip_v6": "",
            "admin_pass": null,
            "all_metadata": {},
            "all_tags": [],
            "availability_zone": "nova",
            "availability_zone_hints": null,
            "block_device": [
              {
                "boot_index": 0,
                "delete_on_termination": true,
                "destination_type": "volume",
                "device_type": "",
                "disk_bus": "",
                "guest_format": "",
                "multiattach": false,
                "source_type": "image",
                "uuid": "d05fa605-c188-45b8-a3d4-5bb0fe4560fa",
                "volume_size": 60,
                "volume_type": ""
              }
            ],
            "config_drive": null,
            "created": "2026-02-11 20:09:54 +0000 UTC",
            "flavor_id": "99e6ce94-23fd-49aa-9d39-b87562583fcd",
            "flavor_name": "large",
            "floating_ip": null,
            "force_delete": false,
            "id": "e6aada32-3c49-40c1-b1b6-9c21c1bc0468",
            "image_id": "Attempt to boot from volume - no image supplied",
            "image_name": null,
            "key_pair": "cdt",
            "metadata": null,
            "name": "manehatten",
            "network": [
              {
                "access_network": false,
                "fixed_ip_v4": "10.0.10.2",
                "fixed_ip_v6": "",
                "floating_ip": "",
                "mac": "fa:16:3e:33:7a:94",
                "name": "network_core",
                "port": "",
                "uuid": "e37fa546-ce27-47fb-be16-49953b01d5a4"
              }
            ],
            "network_mode": null,
            "personality": [],
            "power_state": "active",
            "region": "CyberRange",
            "scheduler_hints": [],
            "security_groups": [
              "secgroup_inscope"
            ],
            "stop_before_destroy": false,
            "tags": [],
            "timeouts": null,
            "updated": "2026-02-11 20:10:16 +0000 UTC",
            "user_data": "fadbcc20f776993db5de9fd91e9416f6f87800e8",
            "vendor_options": [],
            "volume": []
          },
          "sensitive_attributes": [
            [
              {
                "type": "get_attr",
                "value": "admin_pass"
              }
            ]
          ],
          "identity_schema_version": 0,
          "private": "eyJlMmJmYjczMC1lY2FhLTExZTYtOGY4OC0zNDM2M2JjN2M0YzAiOnsiY3JlYXRlIjoxODAwMDAwMDAwMDAwLCJkZWxldGUiOjE4MDAwMDAwMDAwMDAsInVwZGF0ZSI6MTgwMDAwMDAwMDAwMH19",
          "dependencies": [
            "openstack_networking_network_v2.network_core",
            "openstack_networking_network_v2.network_dmz",
            "openstack_networking_network_v2.network_internal",
            "openstack_networking_secgroup_v2.secgroup_inscope"
          ]
        },
        {
          "index_key": "smb",
          "schema_version": 0,
          "attributes": {
            "access_ip_v4": "10.0.20.2",
            "access_ip_v6": "",
            "admin_pass": null,
            "all_metadata": {},
            "all_tags": [],
            "availability_zone": "nova",
            "availability_zone_hints": null,
            "block_device": [
              {
                "boot_index": 0,
                "delete_on_termination": true,
                "destination_type": "volume",
                "device_type": "",
                "disk_bus": "",
                "guest_format": "",
                "multiattach": false,
                "source_type": "image",
                "uuid": "d05fa605-c188-45b8-a3d4-5bb0fe4560fa",
                "volume_size": 60,
                "volume_type": ""
              }
            ],
            "config_drive": null,
            "created": "2026-02-11 20:09:54 +0000 UTC",
            "flavor_id": "99e6ce94-23fd-49aa-9d39-b87562583fcd",
            "flavor_name": "large",
            "floating_ip": null,
            "force_delete": false,
            "id": "d5f4f05c-f272-44a1-b3f6-e19d3c436306",
            "image_id": "Attempt to boot from volume - no image supplied",
            "image_name": null,
            "key_pair": "cdt",
            "metadata": null,
            "name": "appleloosa",
            "network": [
              {
                "access_network": false,
                "fixed_ip_v4": "10.0.20.2",
                "fixed_ip_v6": "",
                "floating_ip": "",
                "mac": "fa:16:3e:b6:8c:6b",
                "name": "network_dmz",
                "port": "",
                "uuid": "e88beef8-349e-4ed8-94b9-7b95663dc20a"
              }
            ],
            "network_mode": null,
            "personality": [],
            "power_state": "active",
            "region": "CyberRange",
            "scheduler_hints": [],
            "security_groups": [
              "secgroup_inscope"
            ],
            "stop_before_destroy": false,
            "tags": [],
            "timeouts": null,
            "updated": "2026-02-11 20:10:27 +0000 UTC",
            "user_data": "fadbcc20f776993db5de9fd91e9416f6f87800e8",
            "vendor_options": [],
            "volume": []
          },
          "sensitive_attributes": [
            [
              {
                "type": "get_attr",
                "value": "admin_pass"
              }
            ]
          ],
          "identity_schema_version": 0,
          "private": "eyJlMmJmYjczMC1lY2FhLTExZTYtOGY4OC0zNDM2M2JjN2M0YzAiOnsiY3JlYXRlIjoxODAwMDAwMDAwMDAwLCJkZWxldGUiOjE4MDAwMDAwMDAwMDAsInVwZGF0ZSI6MTgwMDAwMDAwMDAwMH19",
          "dependencies": [
            "openstack_networking_network_v2.network_core",
            "openstack_networking_network_v2.network_dmz",
            "openstack_networking_network_v2.network_internal",
            "openstack_networking_secgroup_v2.secgroup_inscope"
          ]
        }
      ]
    },
    {
      "mode": "managed",
      "type": "openstack_networking_network_v2",
      "name": "network_blue",
      "provider": "provider[\"registry.terraform.io/terraform-provider-openstack/openstack\"]",
      "instances": [
        {
          "schema_version": 0,
          "attributes": {
            "admin_state_up": true,
            "all_tags": [],
            "availability_zone_hints": [],
            "description": "",
            "dns_domain": "",
            "external": false,
            "id": "58c956b9-e665-4a35-8f00-6f0fa479217c",
            "mtu": 1500,
            "name": "network_blue",
            "port_security_enabled": true,
            "qos_policy_id": "",
            "region": "CyberRange",
            "segments": [],
            "shared": false,
            "tags": [],
            "tenant_id": "04846fb2e027424d8898953062787b16",
            "timeouts": null,
            "transparent_vlan": false,
            "value_specs": null
          },
          "sensitive_attributes": [],
          "identity_schema_version": 0,
          "private": "eyJlMmJmYjczMC1lY2FhLTExZTYtOGY4OC0zNDM2M2JjN2M0YzAiOnsiY3JlYXRlIjo2MDAwMDAwMDAwMDAsImRlbGV0ZSI6NjAwMDAwMDAwMDAwfX0="
        }
      ]
    },
    {
      "mode": "managed",
      "type": "openstack_networking_network_v2",
      "name": "network_core",
      "provider": "provider[\"registry.terraform.io/terraform-provider-openstack/openstack\"]",
      "instances": [
        {
          "schema_version": 0,
          "attributes": {
            "admin_state_up": true,
            "all_tags": [],
            "availability_zone_hints": [],
            "description": "",
            "dns_domain": "",
            "external": false,
            "id": "e37fa546-ce27-47fb-be16-49953b01d5a4",
            "mtu": 1500,
            "name": "network_core",
            "port_security_enabled": true,
            "qos_policy_id": "",
            "region": "CyberRange",
            "segments": [],
            "shared": false,
            "tags": [],
            "tenant_id": "04846fb2e027424d8898953062787b16",
            "timeouts": null,
            "transparent_vlan": false,
            "value_specs": null
          },
          "sensitive_attributes": [],
          "identity_schema_version": 0,
          "private": "eyJlMmJmYjczMC1lY2FhLTExZTYtOGY4OC0zNDM2M2JjN2M0YzAiOnsiY3JlYXRlIjo2MDAwMDAwMDAwMDAsImRlbGV0ZSI6NjAwMDAwMDAwMDAwfX0="
        }
      ]
    },
    {
      "mode": "managed",
      "type": "openstack_networking_network_v2",
      "name": "network_dmz",
      "provider": "provider[\"registry.terraform.io/terraform-provider-openstack/openstack\"]",
      "instances": [
        {
          "schema_version": 0,
          "attributes": {
            "admin_state_up": true,
            "all_tags": [],
            "availability_zone_hints": [],
            "description": "",
            "dns_domain": "",
            "external": false,
            "id": "e88beef8-349e-4ed8-94b9-7b95663dc20a",
            "mtu": 1500,
            "name": "network_dmz",
            "port_security_enabled": true,
            "qos_policy_id": "",
            "region": "CyberRange",
            "segments": [],
            "shared": false,
            "tags": [],
            "tenant_id": "04846fb2e027424d8898953062787b16",
            "timeouts": null,
            "transparent_vlan": false,
            "value_specs": null
          },
          "sensitive_attributes": [],
          "identity_schema_version": 0,
          "private": "eyJlMmJmYjczMC1lY2FhLTExZTYtOGY4OC0zNDM2M2JjN2M0YzAiOnsiY3JlYXRlIjo2MDAwMDAwMDAwMDAsImRlbGV0ZSI6NjAwMDAwMDAwMDAwfX0="
        }
      ]
    },
    {
      "mode": "managed",
      "type": "openstack_networking_network_v2",
      "name": "network_grey",
      "provider": "provider[\"registry.terraform.io/terraform-provider-openstack/openstack\"]",
      "instances": [
        {
          "schema_version": 0,
          "attributes": {
            "admin_state_up": true,
            "all_tags": [],
            "availability_zone_hints": [],
            "description": "",
            "dns_domain": "",
            "external": false,
            "id": "63f0c69f-6136-4d09-b3b2-360cfbe571bc",
            "mtu": 1500,
            "name": "network_grey",
            "port_security_enabled": true,
            "qos_policy_id": "",
            "region": "CyberRange",
            "segments": [],
            "shared": false,
            "tags": [],
            "tenant_id": "04846fb2e027424d8898953062787b16",
            "timeouts": null,
            "transparent_vlan": false,
            "value_specs": null
          },
          "sensitive_attributes": [],
          "identity_schema_version": 0,
          "private": "eyJlMmJmYjczMC1lY2FhLTExZTYtOGY4OC0zNDM2M2JjN2M0YzAiOnsiY3JlYXRlIjo2MDAwMDAwMDAwMDAsImRlbGV0ZSI6NjAwMDAwMDAwMDAwfX0="
        }
      ]
    },
    {
      "mode": "managed",
      "type": "openstack_networking_network_v2",
      "name": "network_internal",
      "provider": "provider[\"registry.terraform.io/terraform-provider-openstack/openstack\"]",
      "instances": [
        {
          "schema_version": 0,
          "attributes": {
            "admin_state_up": true,
            "all_tags": [],
            "availability_zone_hints": [],
            "description": "",
            "dns_domain": "",
            "external": false,
            "id": "6a9781ee-b184-453e-bbe0-a71a25cce80b",
            "mtu": 1500,
            "name": "network_internal",
            "port_security_enabled": true,
            "qos_policy_id": "",
            "region": "CyberRange",
            "segments": [],
            "shared": false,
            "tags": [],
            "tenant_id": "04846fb2e027424d8898953062787b16",
            "timeouts": null,
            "transparent_vlan": false,
            "value_specs": null
          },
          "sensitive_attributes": [],
          "identity_schema_version": 0,
          "private": "eyJlMmJmYjczMC1lY2FhLTExZTYtOGY4OC0zNDM2M2JjN2M0YzAiOnsiY3JlYXRlIjo2MDAwMDAwMDAwMDAsImRlbGV0ZSI6NjAwMDAwMDAwMDAwfX0="
        }
      ]
    },
    {
      "mode": "managed",
      "type": "openstack_networking_router_interface_v2",
      "name": "router_int_blue",
      "provider": "provider[\"registry.terraform.io/terraform-provider-openstack/openstack\"]",
      "instances": [
        {
          "schema_version": 0,
          "attributes": {
            "force_destroy": false,
            "id": "f8727279-4704-4d64-8a76-77dceaaec4ce",
            "port_id": "f8727279-4704-4d64-8a76-77dceaaec4ce",
            "region": "CyberRange",
            "router_id": "a89fdb7c-ab4c-4649-9763-62dc5f796a09",
            "subnet_id": "3c63e4ca-e75f-4907-9ed5-1d2599acc701",
            "timeouts": null
          },
          "sensitive_attributes": [],
          "identity_schema_version": 0,
          "private": "eyJlMmJmYjczMC1lY2FhLTExZTYtOGY4OC0zNDM2M2JjN2M0YzAiOnsiY3JlYXRlIjo2MDAwMDAwMDAwMDAsImRlbGV0ZSI6NjAwMDAwMDAwMDAwfX0=",
          "dependencies": [
            "openstack_networking_network_v2.network_blue",
            "openstack_networking_router_v2.router_main",
            "openstack_networking_subnet_v2.subnet_blue"
          ]
        }
      ]
    },
    {
      "mode": "managed",
      "type": "openstack_networking_router_interface_v2",
      "name": "router_int_core",
      "provider": "provider[\"registry.terraform.io/terraform-provider-openstack/openstack\"]",
      "instances": [
        {
          "schema_version": 0,
          "attributes": {
            "force_destroy": false,
            "id": "372a5ca8-17c3-4fd5-a9fd-bb3510d95f75",
            "port_id": "372a5ca8-17c3-4fd5-a9fd-bb3510d95f75",
            "region": "CyberRange",
            "router_id": "a89fdb7c-ab4c-4649-9763-62dc5f796a09",
            "subnet_id": "4ce745bc-77a6-4b82-a61d-5d01a11deb05",
            "timeouts": null
          },
          "sensitive_attributes": [],
          "identity_schema_version": 0,
          "private": "eyJlMmJmYjczMC1lY2FhLTExZTYtOGY4OC0zNDM2M2JjN2M0YzAiOnsiY3JlYXRlIjo2MDAwMDAwMDAwMDAsImRlbGV0ZSI6NjAwMDAwMDAwMDAwfX0=",
          "dependencies": [
            "openstack_networking_network_v2.network_core",
            "openstack_networking_router_v2.router_main",
            "openstack_networking_subnet_v2.subnet_core"
          ]
        }
      ]
    },
    {
      "mode": "managed",
      "type": "openstack_networking_router_interface_v2",
      "name": "router_int_dmz",
      "provider": "provider[\"registry.terraform.io/terraform-provider-openstack/openstack\"]",
      "instances": [
        {
          "schema_version": 0,
          "attributes": {
            "force_destroy": false,
            "id": "d352f342-8382-4e86-b3af-f0b97ce7e01d",
            "port_id": "d352f342-8382-4e86-b3af-f0b97ce7e01d",
            "region": "CyberRange",
            "router_id": "a89fdb7c-ab4c-4649-9763-62dc5f796a09",
            "subnet_id": "9614bf8d-8d92-4b81-acbe-98ae5d6c3c41",
            "timeouts": null
          },
          "sensitive_attributes": [],
          "identity_schema_version": 0,
          "private": "eyJlMmJmYjczMC1lY2FhLTExZTYtOGY4OC0zNDM2M2JjN2M0YzAiOnsiY3JlYXRlIjo2MDAwMDAwMDAwMDAsImRlbGV0ZSI6NjAwMDAwMDAwMDAwfX0=",
          "dependencies": [
            "openstack_networking_network_v2.network_dmz",
            "openstack_networking_router_v2.router_main",
            "openstack_networking_subnet_v2.subnet_dmz"
          ]
        }
      ]
    },
    {
      "mode": "managed",
      "type": "openstack_networking_router_interface_v2",
      "name": "router_int_grey",
      "provider": "provider[\"registry.terraform.io/terraform-provider-openstack/openstack\"]",
      "instances": [
        {
          "schema_version": 0,
          "attributes": {
            "force_destroy": false,
            "id": "759f5a52-8475-4d20-98d8-6be8514f56cd",
            "port_id": "759f5a52-8475-4d20-98d8-6be8514f56cd",
            "region": "CyberRange",
            "router_id": "a89fdb7c-ab4c-4649-9763-62dc5f796a09",
            "subnet_id": "c75e1168-3402-4ed0-a5dc-251ec41b244f",
            "timeouts": null
          },
          "sensitive_attributes": [],
          "identity_schema_version": 0,
          "private": "eyJlMmJmYjczMC1lY2FhLTExZTYtOGY4OC0zNDM2M2JjN2M0YzAiOnsiY3JlYXRlIjo2MDAwMDAwMDAwMDAsImRlbGV0ZSI6NjAwMDAwMDAwMDAwfX0=",
          "dependencies": [
            "openstack_networking_network_v2.network_grey",
            "openstack_networking_router_v2.router_main",
            "openstack_networking_subnet_v2.subnet_grey"
          ]
        }
      ]
    },
    {
      "mode": "managed",
      "type": "openstack_networking_router_interface_v2",
      "name": "router_int_internal",
      "provider": "provider[\"registry.terraform.io/terraform-provider-openstack/openstack\"]",
      "instances": [
        {
          "schema_version": 0,
          "attributes": {
            "force_destroy": false,
            "id": "4d8e7165-bc84-4083-9182-1241b1252ed9",
            "port_id": "4d8e7165-bc84-4083-9182-1241b1252ed9",
            "region": "CyberRange",
            "router_id": "a89fdb7c-ab4c-4649-9763-62dc5f796a09",
            "subnet_id": "f9f12cdf-8547-4fef-8b11-56d276411f32",
            "timeouts": null
          },
          "sensitive_attributes": [],
          "identity_schema_version": 0,
          "private": "eyJlMmJmYjczMC1lY2FhLTExZTYtOGY4OC0zNDM2M2JjN2M0YzAiOnsiY3JlYXRlIjo2MDAwMDAwMDAwMDAsImRlbGV0ZSI6NjAwMDAwMDAwMDAwfX0=",
          "dependencies": [
            "openstack_networking_network_v2.network_internal",
            "openstack_networking_router_v2.router_main",
            "openstack_networking_subnet_v2.subnet_internal"
          ]
        }
      ]
    },
    {
      "mode": "managed",
      "type": "openstack_networking_router_v2",
      "name": "router_main",
      "provider": "provider[\"registry.terraform.io/terraform-provider-openstack/openstack\"]",
      "instances": [
        {
          "schema_version": 0,
          "attributes": {
            "admin_state_up": true,
            "all_tags": [],
            "availability_zone_hints": [],
            "description": "",
            "distributed": false,
            "enable_snat": true,
            "external_fixed_ip": [
              {
                "ip_address": "100.65.2.180",
                "subnet_id": "fbf166e0-4b80-420b-b346-521e5a06ad0e"
              }
            ],
            "external_gateway": "2f96295c-34f6-49a2-b5cf-7f5b407be0c8",
            "external_network_id": "2f96295c-34f6-49a2-b5cf-7f5b407be0c8",
            "external_subnet_ids": null,
            "id": "a89fdb7c-ab4c-4649-9763-62dc5f796a09",
            "name": "router_main",
            "region": "CyberRange",
            "tags": [],
            "tenant_id": "04846fb2e027424d8898953062787b16",
            "timeouts": null,
            "value_specs": null,
            "vendor_options": []
          },
          "sensitive_attributes": [],
          "identity_schema_version": 0,
          "private": "eyJlMmJmYjczMC1lY2FhLTExZTYtOGY4OC0zNDM2M2JjN2M0YzAiOnsiY3JlYXRlIjo2MDAwMDAwMDAwMDAsImRlbGV0ZSI6NjAwMDAwMDAwMDAwfX0="
        }
      ]
    },
    {
      "mode": "managed",
      "type": "openstack_networking_secgroup_rule_v2",
      "name": "secgroup_blue_rule_1",
      "provider": "provider[\"registry.terraform.io/terraform-provider-openstack/openstack\"]",
      "instances": [
        {
          "schema_version": 0,
          "attributes": {
            "description": "",
            "direction": "ingress",
            "ethertype": "IPv4",
            "id": "4167e403-f84e-41c6-a584-4b7a3decefb3",
            "port_range_max": 0,
            "port_range_min": 0,
            "protocol": "",
            "region": "CyberRange",
            "remote_group_id": "",
            "remote_ip_prefix": "",
            "security_group_id": "251444c5-67ae-4757-8c94-7cccd11c0218",
            "tenant_id": "04846fb2e027424d8898953062787b16",
            "timeouts": null
          },
          "sensitive_attributes": [],
          "identity_schema_version": 0,
          "private": "eyJlMmJmYjczMC1lY2FhLTExZTYtOGY4OC0zNDM2M2JjN2M0YzAiOnsiZGVsZXRlIjo2MDAwMDAwMDAwMDB9fQ==",
          "dependencies": [
            "openstack_networking_secgroup_v2.secgroup_blue"
          ]
        }
      ]
    },
    {
      "mode": "managed",
      "type": "openstack_networking_secgroup_rule_v2",
      "name": "secgroup_blue_rule_2",
      "provider": "provider[\"registry.terraform.io/terraform-provider-openstack/openstack\"]",
      "instances": [
        {
          "schema_version": 0,
          "attributes": {
            "description": "",
            "direction": "ingress",
            "ethertype": "IPv6",
            "id": "221ea01f-c819-4345-830f-37d6aeda3ea3",
            "port_range_max": 0,
            "port_range_min": 0,
            "protocol": "",
            "region": "CyberRange",
            "remote_group_id": "",
            "remote_ip_prefix": "",
            "security_group_id": "251444c5-67ae-4757-8c94-7cccd11c0218",
            "tenant_id": "04846fb2e027424d8898953062787b16",
            "timeouts": null
          },
          "sensitive_attributes": [],
          "identity_schema_version": 0,
          "private": "eyJlMmJmYjczMC1lY2FhLTExZTYtOGY4OC0zNDM2M2JjN2M0YzAiOnsiZGVsZXRlIjo2MDAwMDAwMDAwMDB9fQ==",
          "dependencies": [
            "openstack_networking_secgroup_v2.secgroup_blue"
          ]
        }
      ]
    },
    {
      "mode": "managed",
      "type": "openstack_networking_secgroup_rule_v2",
      "name": "secgroup_grey_rule_1",
      "provider": "provider[\"registry.terraform.io/terraform-provider-openstack/openstack\"]",
      "instances": [
        {
          "schema_version": 0,
          "attributes": {
            "description": "",
            "direction": "ingress",
            "ethertype": "IPv4",
            "id": "18ec24ef-4879-4e0e-94e0-1976f29ae868",
            "port_range_max": 0,
            "port_range_min": 0,
            "protocol": "",
            "region": "CyberRange",
            "remote_group_id": "",
            "remote_ip_prefix": "",
            "security_group_id": "632a1539-2c64-40e0-8e7b-15a70442a3ea",
            "tenant_id": "04846fb2e027424d8898953062787b16",
            "timeouts": null
          },
          "sensitive_attributes": [],
          "identity_schema_version": 0,
          "private": "eyJlMmJmYjczMC1lY2FhLTExZTYtOGY4OC0zNDM2M2JjN2M0YzAiOnsiZGVsZXRlIjo2MDAwMDAwMDAwMDB9fQ==",
          "dependencies": [
            "openstack_networking_secgroup_v2.secgroup_grey"
          ]
        }
      ]
    },
    {
      "mode": "managed",
      "type": "openstack_networking_secgroup_rule_v2",
      "name": "secgroup_grey_rule_2",
      "provider": "provider[\"registry.terraform.io/terraform-provider-openstack/openstack\"]",
      "instances": [
        {
          "schema_version": 0,
          "attributes": {
            "description": "",
            "direction": "ingress",
            "ethertype": "IPv6",
            "id": "25e65594-0db7-493a-9ba3-afab6dfc0088",
            "port_range_max": 0,
            "port_range_min": 0,
            "protocol": "",
            "region": "CyberRange",
            "remote_group_id": "",
            "remote_ip_prefix": "",
            "security_group_id": "632a1539-2c64-40e0-8e7b-15a70442a3ea",
            "tenant_id": "04846fb2e027424d8898953062787b16",
            "timeouts": null
          },
          "sensitive_attributes": [],
          "identity_schema_version": 0,
          "private": "eyJlMmJmYjczMC1lY2FhLTExZTYtOGY4OC0zNDM2M2JjN2M0YzAiOnsiZGVsZXRlIjo2MDAwMDAwMDAwMDB9fQ==",
          "dependencies": [
            "openstack_networking_secgroup_v2.secgroup_grey"
          ]
        }
      ]
    },
    {
      "mode": "managed",
      "type": "openstack_networking_secgroup_rule_v2",
      "name": "secgroup_inscope_rule_1",
      "provider": "provider[\"registry.terraform.io/terraform-provider-openstack/openstack\"]",
      "instances": [
        {
          "schema_version": 0,
          "attributes": {
            "description": "",
            "direction": "ingress",
            "ethertype": "IPv4",
            "id": "9bf5558c-b898-45bb-9ebc-cb1dfbc43337",
            "port_range_max": 0,
            "port_range_min": 0,
            "protocol": "",
            "region": "CyberRange",
            "remote_group_id": "",
            "remote_ip_prefix": "",
            "security_group_id": "6b1c6286-622b-4326-91e8-574d0043db29",
            "tenant_id": "04846fb2e027424d8898953062787b16",
            "timeouts": null
          },
          "sensitive_attributes": [],
          "identity_schema_version": 0,
          "private": "eyJlMmJmYjczMC1lY2FhLTExZTYtOGY4OC0zNDM2M2JjN2M0YzAiOnsiZGVsZXRlIjo2MDAwMDAwMDAwMDB9fQ==",
          "dependencies": [
            "openstack_networking_secgroup_v2.secgroup_inscope"
          ]
        }
      ]
    },
    {
      "mode": "managed",
      "type": "openstack_networking_secgroup_rule_v2",
      "name": "secgroup_inscope_rule_2",
      "provider": "provider[\"registry.terraform.io/terraform-provider-openstack/openstack\"]",
      "instances": [
        {
          "schema_version": 0,
          "attributes": {
            "description": "",
            "direction": "ingress",
            "ethertype": "IPv6",
            "id": "51a75c4c-b76d-465f-bc26-4dcb2482339e",
            "port_range_max": 0,
            "port_range_min": 0,
            "protocol": "",
            "region": "CyberRange",
            "remote_group_id": "",
            "remote_ip_prefix": "",
            "security_group_id": "6b1c6286-622b-4326-91e8-574d0043db29",
            "tenant_id": "04846fb2e027424d8898953062787b16",
            "timeouts": null
          },
          "sensitive_attributes": [],
          "identity_schema_version": 0,
          "private": "eyJlMmJmYjczMC1lY2FhLTExZTYtOGY4OC0zNDM2M2JjN2M0YzAiOnsiZGVsZXRlIjo2MDAwMDAwMDAwMDB9fQ==",
          "dependencies": [
            "openstack_networking_secgroup_v2.secgroup_inscope"
          ]
        }
      ]
    },
    {
      "mode": "managed",
      "type": "openstack_networking_secgroup_rule_v2",
      "name": "secgroup_red_rule_1",
      "provider": "provider[\"registry.terraform.io/terraform-provider-openstack/openstack\"]",
      "instances": [
        {
          "schema_version": 0,
          "attributes": {
            "description": "",
            "direction": "ingress",
            "ethertype": "IPv4",
            "id": "b3c31d29-cb72-441f-a1d7-c31872d035f2",
            "port_range_max": 0,
            "port_range_min": 0,
            "protocol": "",
            "region": "CyberRange",
            "remote_group_id": "",
            "remote_ip_prefix": "",
            "security_group_id": "ba2ac3ee-32b5-4749-9bac-9e791ea0217a",
            "tenant_id": "04846fb2e027424d8898953062787b16",
            "timeouts": null
          },
          "sensitive_attributes": [],
          "identity_schema_version": 0,
          "private": "eyJlMmJmYjczMC1lY2FhLTExZTYtOGY4OC0zNDM2M2JjN2M0YzAiOnsiZGVsZXRlIjo2MDAwMDAwMDAwMDB9fQ==",
          "dependencies": [
            "openstack_networking_secgroup_v2.secgroup_red"
          ]
        }
      ]
    },
    {
      "mode": "managed",
      "type": "openstack_networking_secgroup_rule_v2",
      "name": "secgroup_red_rule_2",
      "provider": "provider[\"registry.terraform.io/terraform-provider-openstack/openstack\"]",
      "instances": [
        {
          "schema_version": 0,
          "attributes": {
            "description": "",
            "direction": "ingress",
            "ethertype": "IPv6",
            "id": "fea08a00-f37f-4e26-985f-8cc81b728652",
            "port_range_max": 0,
            "port_range_min": 0,
            "protocol": "",
            "region": "CyberRange",
            "remote_group_id": "",
            "remote_ip_prefix": "",
            "security_group_id": "ba2ac3ee-32b5-4749-9bac-9e791ea0217a",
            "tenant_id": "04846fb2e027424d8898953062787b16",
            "timeouts": null
          },
          "sensitive_attributes": [],
          "identity_schema_version": 0,
          "private": "eyJlMmJmYjczMC1lY2FhLTExZTYtOGY4OC0zNDM2M2JjN2M0YzAiOnsiZGVsZXRlIjo2MDAwMDAwMDAwMDB9fQ==",
          "dependencies": [
            "openstack_networking_secgroup_v2.secgroup_red"
          ]
        }
      ]
    },
    {
      "mode": "managed",
      "type": "openstack_networking_secgroup_v2",
      "name": "secgroup_blue",
      "provider": "provider[\"registry.terraform.io/terraform-provider-openstack/openstack\"]",
      "instances": [
        {
          "schema_version": 0,
          "attributes": {
            "all_tags": [],
            "delete_default_rules": null,
            "description": "",
            "id": "251444c5-67ae-4757-8c94-7cccd11c0218",
            "name": "secgroup_blue",
            "region": "CyberRange",
            "tags": [],
            "tenant_id": "04846fb2e027424d8898953062787b16",
            "timeouts": null
          },
          "sensitive_attributes": [],
          "identity_schema_version": 0,
          "private": "eyJlMmJmYjczMC1lY2FhLTExZTYtOGY4OC0zNDM2M2JjN2M0YzAiOnsiZGVsZXRlIjo2MDAwMDAwMDAwMDB9fQ=="
        }
      ]
    },
    {
      "mode": "managed",
      "type": "openstack_networking_secgroup_v2",
      "name": "secgroup_grey",
      "provider": "provider[\"registry.terraform.io/terraform-provider-openstack/openstack\"]",
      "instances": [
        {
          "schema_version": 0,
          "attributes": {
            "all_tags": [],
            "delete_default_rules": null,
            "description": "",
            "id": "632a1539-2c64-40e0-8e7b-15a70442a3ea",
            "name": "secgroup_grey",
            "region": "CyberRange",
            "tags": [],
            "tenant_id": "04846fb2e027424d8898953062787b16",
            "timeouts": null
          },
          "sensitive_attributes": [],
          "identity_schema_version": 0,
          "private": "eyJlMmJmYjczMC1lY2FhLTExZTYtOGY4OC0zNDM2M2JjN2M0YzAiOnsiZGVsZXRlIjo2MDAwMDAwMDAwMDB9fQ=="
        }
      ]
    },
    {
      "mode": "managed",
      "type": "openstack_networking_secgroup_v2",
      "name": "secgroup_inscope",
      "provider": "provider[\"registry.terraform.io/terraform-provider-openstack/openstack\"]",
      "instances": [
        {
          "schema_version": 0,
          "attributes": {
            "all_tags": [],
            "delete_default_rules": null,
            "description": "",
            "id": "6b1c6286-622b-4326-91e8-574d0043db29",
            "name": "secgroup_inscope",
            "region": "CyberRange",
            "tags": [],
            "tenant_id": "04846fb2e027424d8898953062787b16",
            "timeouts": null
          },
          "sensitive_attributes": [],
          "identity_schema_version": 0,
          "private": "eyJlMmJmYjczMC1lY2FhLTExZTYtOGY4OC0zNDM2M2JjN2M0YzAiOnsiZGVsZXRlIjo2MDAwMDAwMDAwMDB9fQ=="
        }
      ]
    },
    {
      "mode": "managed",
      "type": "openstack_networking_secgroup_v2",
      "name": "secgroup_red",
      "provider": "provider[\"registry.terraform.io/terraform-provider-openstack/openstack\"]",
      "instances": [
        {
          "schema_version": 0,
          "attributes": {
            "all_tags": [],
            "delete_default_rules": null,
            "description": "",
            "id": "ba2ac3ee-32b5-4749-9bac-9e791ea0217a",
            "name": "secgroup_red",
            "region": "CyberRange",
            "tags": [],
            "tenant_id": "04846fb2e027424d8898953062787b16",
            "timeouts": null
          },
          "sensitive_attributes": [],
          "identity_schema_version": 0,
          "private": "eyJlMmJmYjczMC1lY2FhLTExZTYtOGY4OC0zNDM2M2JjN2M0YzAiOnsiZGVsZXRlIjo2MDAwMDAwMDAwMDB9fQ=="
        }
      ]
    },
    {
      "mode": "managed",
      "type": "openstack_networking_subnet_v2",
      "name": "subnet_blue",
      "provider": "provider[\"registry.terraform.io/terraform-provider-openstack/openstack\"]",
      "instances": [
        {
          "schema_version": 0,
          "attributes": {
            "all_tags": [],
            "allocation_pool": [
              {
                "end": "172.20.0.61",
                "start": "172.20.0.33"
              }
            ],
            "allocation_pools": [
              {
                "end": "172.20.0.61",
                "start": "172.20.0.33"
              }
            ],
            "cidr": "172.20.0.32/27",
            "description": "",
            "dns_nameservers": [
              "129.21.3.17",
              "8.8.8.8"
            ],
            "enable_dhcp": false,
            "gateway_ip": "172.20.0.62",
            "host_routes": [],
            "id": "3c63e4ca-e75f-4907-9ed5-1d2599acc701",
            "ip_version": 4,
            "ipv6_address_mode": "",
            "ipv6_ra_mode": "",
            "name": "subnet_blue",
            "network_id": "58c956b9-e665-4a35-8f00-6f0fa479217c",
            "no_gateway": false,
            "prefix_length": null,
            "region": "CyberRange",
            "service_types": [],
            "subnetpool_id": "",
            "tags": [],
            "tenant_id": "04846fb2e027424d8898953062787b16",
            "timeouts": null,
            "value_specs": null
          },
          "sensitive_attributes": [],
          "identity_schema_version": 0,
          "private": "eyJlMmJmYjczMC1lY2FhLTExZTYtOGY4OC0zNDM2M2JjN2M0YzAiOnsiY3JlYXRlIjo2MDAwMDAwMDAwMDAsImRlbGV0ZSI6NjAwMDAwMDAwMDAwfX0=",
          "dependencies": [
            "openstack_networking_network_v2.network_blue"
          ]
        }
      ]
    },
    {
      "mode": "managed",
      "type": "openstack_networking_subnet_v2",
      "name": "subnet_core",
      "provider": "provider[\"registry.terraform.io/terraform-provider-openstack/openstack\"]",
      "instances": [
        {
          "schema_version": 0,
          "attributes": {
            "all_tags": [],
            "allocation_pool": [
              {
                "end": "10.0.10.253",
                "start": "10.0.10.1"
              }
            ],
            "allocation_pools": [
              {
                "end": "10.0.10.253",
                "start": "10.0.10.1"
              }
            ],
            "cidr": "10.0.10.0/24",
            "description": "",
            "dns_nameservers": [
              "129.21.3.17",
              "8.8.8.8"
            ],
            "enable_dhcp": false,
            "gateway_ip": "10.0.10.254",
            "host_routes": [],
            "id": "4ce745bc-77a6-4b82-a61d-5d01a11deb05",
            "ip_version": 4,
            "ipv6_address_mode": "",
            "ipv6_ra_mode": "",
            "name": "subnet_core",
            "network_id": "e37fa546-ce27-47fb-be16-49953b01d5a4",
            "no_gateway": false,
            "prefix_length": null,
            "region": "CyberRange",
            "service_types": [],
            "subnetpool_id": "",
            "tags": [],
            "tenant_id": "04846fb2e027424d8898953062787b16",
            "timeouts": null,
            "value_specs": null
          },
          "sensitive_attributes": [],
          "identity_schema_version": 0,
          "private": "eyJlMmJmYjczMC1lY2FhLTExZTYtOGY4OC0zNDM2M2JjN2M0YzAiOnsiY3JlYXRlIjo2MDAwMDAwMDAwMDAsImRlbGV0ZSI6NjAwMDAwMDAwMDAwfX0=",
          "dependencies": [
            "openstack_networking_network_v2.network_core"
          ]
        }
      ]
    },
    {
      "mode": "managed",
      "type": "openstack_networking_subnet_v2",
      "name": "subnet_dmz",
      "provider": "provider[\"registry.terraform.io/terraform-provider-openstack/openstack\"]",
      "instances": [
        {
          "schema_version": 0,
          "attributes": {
            "all_tags": [],
            "allocation_pool": [
              {
                "end": "10.0.20.253",
                "start": "10.0.20.1"
              }
            ],
            "allocation_pools": [
              {
                "end": "10.0.20.253",
                "start": "10.0.20.1"
              }
            ],
            "cidr": "10.0.20.0/24",
            "description": "",
            "dns_nameservers": [
              "129.21.3.17",
              "8.8.8.8"
            ],
            "enable_dhcp": false,
            "gateway_ip": "10.0.20.254",
            "host_routes": [],
            "id": "9614bf8d-8d92-4b81-acbe-98ae5d6c3c41",
            "ip_version": 4,
            "ipv6_address_mode": "",
            "ipv6_ra_mode": "",
            "name": "subnet_dmz",
            "network_id": "e88beef8-349e-4ed8-94b9-7b95663dc20a",
            "no_gateway": false,
            "prefix_length": null,
            "region": "CyberRange",
            "service_types": [],
            "subnetpool_id": "",
            "tags": [],
            "tenant_id": "04846fb2e027424d8898953062787b16",
            "timeouts": null,
            "value_specs": null
          },
          "sensitive_attributes": [],
          "identity_schema_version": 0,
          "private": "eyJlMmJmYjczMC1lY2FhLTExZTYtOGY4OC0zNDM2M2JjN2M0YzAiOnsiY3JlYXRlIjo2MDAwMDAwMDAwMDAsImRlbGV0ZSI6NjAwMDAwMDAwMDAwfX0=",
          "dependencies": [
            "openstack_networking_network_v2.network_dmz"
          ]
        }
      ]
    },
    {
      "mode": "managed",
      "type": "openstack_networking_subnet_v2",
      "name": "subnet_grey",
      "provider": "provider[\"registry.terraform.io/terraform-provider-openstack/openstack\"]",
      "instances": [
        {
          "schema_version": 0,
          "attributes": {
            "all_tags": [],
            "allocation_pool": [
              {
                "end": "172.20.0.125",
                "start": "172.20.0.65"
              }
            ],
            "allocation_pools": [
              {
                "end": "172.20.0.125",
                "start": "172.20.0.65"
              }
            ],
            "cidr": "172.20.0.64/26",
            "description": "",
            "dns_nameservers": [
              "129.21.3.17",
              "8.8.8.8"
            ],
            "enable_dhcp": false,
            "gateway_ip": "172.20.0.126",
            "host_routes": [],
            "id": "c75e1168-3402-4ed0-a5dc-251ec41b244f",
            "ip_version": 4,
            "ipv6_address_mode": "",
            "ipv6_ra_mode": "",
            "name": "subnet_grey",
            "network_id": "63f0c69f-6136-4d09-b3b2-360cfbe571bc",
            "no_gateway": false,
            "prefix_length": null,
            "region": "CyberRange",
            "service_types": [],
            "subnetpool_id": "",
            "tags": [],
            "tenant_id": "04846fb2e027424d8898953062787b16",
            "timeouts": null,
            "value_specs": null
          },
          "sensitive_attributes": [],
          "identity_schema_version": 0,
          "private": "eyJlMmJmYjczMC1lY2FhLTExZTYtOGY4OC0zNDM2M2JjN2M0YzAiOnsiY3JlYXRlIjo2MDAwMDAwMDAwMDAsImRlbGV0ZSI6NjAwMDAwMDAwMDAwfX0=",
          "dependencies": [
            "openstack_networking_network_v2.network_grey"
          ]
        }
      ]
    },
    {
      "mode": "managed",
      "type": "openstack_networking_subnet_v2",
      "name": "subnet_internal",
      "provider": "provider[\"registry.terraform.io/terraform-provider-openstack/openstack\"]",
      "instances": [
        {
          "schema_version": 0,
          "attributes": {
            "all_tags": [],
            "allocation_pool": [
              {
                "end": "10.0.30.253",
                "start": "10.0.30.1"
              }
            ],
            "allocation_pools": [
              {
                "end": "10.0.30.253",
                "start": "10.0.30.1"
              }
            ],
            "cidr": "10.0.30.0/24",
            "description": "",
            "dns_nameservers": [
              "129.21.3.17",
              "8.8.8.8"
            ],
            "enable_dhcp": false,
            "gateway_ip": "10.0.30.254",
            "host_routes": [],
            "id": "f9f12cdf-8547-4fef-8b11-56d276411f32",
            "ip_version": 4,
            "ipv6_address_mode": "",
            "ipv6_ra_mode": "",
            "name": "subnet_internal",
            "network_id": "6a9781ee-b184-453e-bbe0-a71a25cce80b",
            "no_gateway": false,
            "prefix_length": null,
            "region": "CyberRange",
            "service_types": [],
            "subnetpool_id": "",
            "tags": [],
            "tenant_id": "04846fb2e027424d8898953062787b16",
            "timeouts": null,
            "value_specs": null
          },
          "sensitive_attributes": [],
          "identity_schema_version": 0,
          "private": "eyJlMmJmYjczMC1lY2FhLTExZTYtOGY4OC0zNDM2M2JjN2M0YzAiOnsiY3JlYXRlIjo2MDAwMDAwMDAwMDAsImRlbGV0ZSI6NjAwMDAwMDAwMDAwfX0=",
          "dependencies": [
            "openstack_networking_network_v2.network_internal"
          ]
        }
      ]
    }
  ],
  "check_results": null
}
