{
  "version": 4,
  "terraform_version": "1.13.4",
  "serial": 1430,
  "lineage": "54e0dab0-de8a-dfcf-abdc-1b3e8317fae0",
  "outputs": {
    "instance_fixed_ip_deploy_external": {
      "value": "100.65.4.25",
      "type": "string"
    },
    "instance_fixed_ip_deploy_internal": {
      "value": "172.20.0.80",
      "type": "string"
    },
    "instance_ips_jumpblue": {
      "value": {
        "jumpblue1": {
          "external_ip": "100.65.3.247",
          "internal_ip": "172.20.0.41"
        },
        "jumpblue10": {
          "external_ip": "100.65.2.128",
          "internal_ip": "172.20.0.40"
        },
        "jumpblue2": {
          "external_ip": "100.65.7.250",
          "internal_ip": "172.20.0.42"
        },
        "jumpblue3": {
          "external_ip": "100.65.7.145",
          "internal_ip": "172.20.0.43"
        },
        "jumpblue4": {
          "external_ip": "100.65.3.40",
          "internal_ip": "172.20.0.44"
        },
        "jumpblue5": {
          "external_ip": "100.65.7.168",
          "internal_ip": "172.20.0.45"
        },
        "jumpblue6": {
          "external_ip": "100.65.7.63",
          "internal_ip": "172.20.0.46"
        },
        "jumpblue7": {
          "external_ip": "100.65.5.94",
          "internal_ip": "172.20.0.47"
        },
        "jumpblue8": {
          "external_ip": "100.65.7.222",
          "internal_ip": "172.20.0.48"
        },
        "jumpblue9": {
          "external_ip": "100.65.5.245",
          "internal_ip": "172.20.0.49"
        }
      },
      "type": [
        "object",
        {
          "jumpblue1": [
            "object",
            {
              "external_ip": "string",
              "internal_ip": "string"
            }
          ],
          "jumpblue10": [
            "object",
            {
              "external_ip": "string",
              "internal_ip": "string"
            }
          ],
          "jumpblue2": [
            "object",
            {
              "external_ip": "string",
              "internal_ip": "string"
            }
          ],
          "jumpblue3": [
            "object",
            {
              "external_ip": "string",
              "internal_ip": "string"
            }
          ],
          "jumpblue4": [
            "object",
            {
              "external_ip": "string",
              "internal_ip": "string"
            }
          ],
          "jumpblue5": [
            "object",
            {
              "external_ip": "string",
              "internal_ip": "string"
            }
          ],
          "jumpblue6": [
            "object",
            {
              "external_ip": "string",
              "internal_ip": "string"
            }
          ],
          "jumpblue7": [
            "object",
            {
              "external_ip": "string",
              "internal_ip": "string"
            }
          ],
          "jumpblue8": [
            "object",
            {
              "external_ip": "string",
              "internal_ip": "string"
            }
          ],
          "jumpblue9": [
            "object",
            {
              "external_ip": "string",
              "internal_ip": "string"
            }
          ]
        }
      ]
    },
    "instance_ips_jumpgrey": {
      "value": {
        "jumpgrey1": {
          "external_ip": "100.65.7.192",
          "internal_ip": "172.20.0.71"
        },
        "jumpgrey10": {
          "external_ip": "100.65.6.153",
          "internal_ip": "172.20.0.70"
        },
        "jumpgrey2": {
          "external_ip": "100.65.2.16",
          "internal_ip": "172.20.0.72"
        },
        "jumpgrey3": {
          "external_ip": "100.65.8.7",
          "internal_ip": "172.20.0.73"
        },
        "jumpgrey4": {
          "external_ip": "100.65.4.211",
          "internal_ip": "172.20.0.74"
        },
        "jumpgrey5": {
          "external_ip": "100.65.6.62",
          "internal_ip": "172.20.0.75"
        },
        "jumpgrey6": {
          "external_ip": "100.65.5.35",
          "internal_ip": "172.20.0.76"
        },
        "jumpgrey7": {
          "external_ip": "100.65.7.80",
          "internal_ip": "172.20.0.77"
        },
        "jumpgrey8": {
          "external_ip": "100.65.7.210",
          "internal_ip": "172.20.0.78"
        },
        "jumpgrey9": {
          "external_ip": "100.65.3.177",
          "internal_ip": "172.20.0.79"
        }
      },
      "type": [
        "object",
        {
          "jumpgrey1": [
            "object",
            {
              "external_ip": "string",
              "internal_ip": "string"
            }
          ],
          "jumpgrey10": [
            "object",
            {
              "external_ip": "string",
              "internal_ip": "string"
            }
          ],
          "jumpgrey2": [
            "object",
            {
              "external_ip": "string",
              "internal_ip": "string"
            }
          ],
          "jumpgrey3": [
            "object",
            {
              "external_ip": "string",
              "internal_ip": "string"
            }
          ],
          "jumpgrey4": [
            "object",
            {
              "external_ip": "string",
              "internal_ip": "string"
            }
          ],
          "jumpgrey5": [
            "object",
            {
              "external_ip": "string",
              "internal_ip": "string"
            }
          ],
          "jumpgrey6": [
            "object",
            {
              "external_ip": "string",
              "internal_ip": "string"
            }
          ],
          "jumpgrey7": [
            "object",
            {
              "external_ip": "string",
              "internal_ip": "string"
            }
          ],
          "jumpgrey8": [
            "object",
            {
              "external_ip": "string",
              "internal_ip": "string"
            }
          ],
          "jumpgrey9": [
            "object",
            {
              "external_ip": "string",
              "internal_ip": "string"
            }
          ]
        }
      ]
    }
  },
  "resources": [
    {
      "mode": "managed",
      "type": "openstack_compute_instance_v2",
      "name": "crystal-empire",
      "provider": "provider[\"registry.terraform.io/terraform-provider-openstack/openstack\"]",
      "instances": [
        {
          "schema_version": 0,
          "attributes": {
            "access_ip_v4": "10.0.10.6",
            "access_ip_v6": "",
            "admin_pass": null,
            "all_metadata": {},
            "all_tags": [],
            "availability_zone": "nova",
            "availability_zone_hints": null,
            "block_device": [
              {
                "boot_index": 0,
                "delete_on_termination": true,
                "destination_type": "volume",
                "device_type": "",
                "disk_bus": "",
                "guest_format": "",
                "multiattach": false,
                "source_type": "image",
                "uuid": "1cde3ec3-03d3-4c17-a512-d3799ae92dad",
                "volume_size": 40,
                "volume_type": ""
              }
            ],
            "config_drive": null,
            "created": "2026-02-04 18:40:35 +0000 UTC",
            "flavor_id": "6f4e2f56-5576-4705-9889-2d828c9758a0",
            "flavor_name": "medium",
            "floating_ip": null,
            "force_delete": false,
            "id": "8a48bb38-6796-45df-b26d-cb33de5d2d74",
            "image_id": "Attempt to boot from volume - no image supplied",
            "image_name": null,
            "key_pair": "cdt",
            "metadata": null,
            "name": "crystal-empire",
            "network": [
              {
                "access_network": false,
                "fixed_ip_v4": "10.0.10.6",
                "fixed_ip_v6": "",
                "floating_ip": "",
                "mac": "fa:16:3e:c4:29:a8",
                "name": "network_core",
                "port": "",
                "uuid": "e37fa546-ce27-47fb-be16-49953b01d5a4"
              }
            ],
            "network_mode": null,
            "personality": [],
            "power_state": "active",
            "region": "CyberRange",
            "scheduler_hints": [],
            "security_groups": [
              "secgroup_blue"
            ],
            "stop_before_destroy": false,
            "tags": null,
            "timeouts": null,
            "updated": "2026-02-04 18:40:53 +0000 UTC",
            "user_data": "59a9ee23b8e171e8ac11f8db679554885ac9df10",
            "vendor_options": [],
            "volume": []
          },
          "sensitive_attributes": [
            [
              {
                "type": "get_attr",
                "value": "admin_pass"
              }
            ]
          ],
          "identity_schema_version": 0,
          "private": "eyJlMmJmYjczMC1lY2FhLTExZTYtOGY4OC0zNDM2M2JjN2M0YzAiOnsiY3JlYXRlIjoxODAwMDAwMDAwMDAwLCJkZWxldGUiOjE4MDAwMDAwMDAwMDAsInVwZGF0ZSI6MTgwMDAwMDAwMDAwMH19",
          "dependencies": [
            "openstack_networking_network_v2.network_core",
            "openstack_networking_secgroup_v2.secgroup_blue"
          ]
        }
      ]
    },
    {
      "mode": "managed",
      "type": "openstack_compute_instance_v2",
      "name": "deb13",
      "provider": "provider[\"registry.terraform.io/terraform-provider-openstack/openstack\"]",
      "instances": [
        {
          "index_key": "apache2",
          "schema_version": 0,
          "attributes": {
            "access_ip_v4": "10.0.10.3",
            "access_ip_v6": "",
            "admin_pass": null,
            "all_metadata": {},
            "all_tags": [],
            "availability_zone": "nova",
            "availability_zone_hints": null,
            "block_device": [
              {
                "boot_index": 0,
                "delete_on_termination": true,
                "destination_type": "volume",
                "device_type": "",
                "disk_bus": "",
                "guest_format": "",
                "multiattach": false,
                "source_type": "image",
                "uuid": "70de79be-69be-45dc-b956-f15dbe194ccd",
                "volume_size": 40,
                "volume_type": ""
              }
            ],
            "config_drive": null,
            "created": "2026-02-04 18:30:08 +0000 UTC",
            "flavor_id": "6f4e2f56-5576-4705-9889-2d828c9758a0",
            "flavor_name": "medium",
            "floating_ip": null,
            "force_delete": false,
            "id": "23714ec9-f644-4cf8-82ec-ba3fc4084c04",
            "image_id": "Attempt to boot from volume - no image supplied",
            "image_name": null,
            "key_pair": "cdt",
            "metadata": null,
            "name": "ponyvile",
            "network": [
              {
                "access_network": false,
                "fixed_ip_v4": "10.0.10.3",
                "fixed_ip_v6": "",
                "floating_ip": "",
                "mac": "fa:16:3e:c7:c7:fb",
                "name": "network_core",
                "port": "",
                "uuid": "e37fa546-ce27-47fb-be16-49953b01d5a4"
              }
            ],
            "network_mode": null,
            "personality": [],
            "power_state": "active",
            "region": "CyberRange",
            "scheduler_hints": [],
            "security_groups": [
              "secgroup_blue"
            ],
            "stop_before_destroy": false,
            "tags": [],
            "timeouts": null,
            "updated": "2026-02-04 18:30:30 +0000 UTC",
            "user_data": "f72d9cdacaab36c9d8ea582c2535a649e99dd300",
            "vendor_options": [],
            "volume": []
          },
          "sensitive_attributes": [
            [
              {
                "type": "get_attr",
                "value": "admin_pass"
              }
            ]
          ],
          "identity_schema_version": 0,
          "private": "eyJlMmJmYjczMC1lY2FhLTExZTYtOGY4OC0zNDM2M2JjN2M0YzAiOnsiY3JlYXRlIjoxODAwMDAwMDAwMDAwLCJkZWxldGUiOjE4MDAwMDAwMDAwMDAsInVwZGF0ZSI6MTgwMDAwMDAwMDAwMH19",
          "dependencies": [
            "openstack_networking_network_v2.network_core",
            "openstack_networking_network_v2.network_dmz",
            "openstack_networking_network_v2.network_internal",
            "openstack_networking_secgroup_v2.secgroup_blue"
          ]
        },
        {
          "index_key": "cups",
          "schema_version": 0,
          "attributes": {
            "access_ip_v4": "10.0.10.5",
            "access_ip_v6": "",
            "admin_pass": null,
            "all_metadata": {},
            "all_tags": [],
            "availability_zone": "nova",
            "availability_zone_hints": null,
            "block_device": [
              {
                "boot_index": 0,
                "delete_on_termination": true,
                "destination_type": "volume",
                "device_type": "",
                "disk_bus": "",
                "guest_format": "",
                "multiattach": false,
                "source_type": "image",
                "uuid": "70de79be-69be-45dc-b956-f15dbe194ccd",
                "volume_size": 40,
                "volume_type": ""
              }
            ],
            "config_drive": null,
            "created": "2026-02-04 18:29:57 +0000 UTC",
            "flavor_id": "6f4e2f56-5576-4705-9889-2d828c9758a0",
            "flavor_name": "medium",
            "floating_ip": null,
            "force_delete": false,
            "id": "c1341962-8ab1-4c2f-a94b-681bf087db49",
            "image_id": "Attempt to boot from volume - no image supplied",
            "image_name": null,
            "key_pair": "cdt",
            "metadata": null,
            "name": "trotsylvania",
            "network": [
              {
                "access_network": false,
                "fixed_ip_v4": "10.0.10.5",
                "fixed_ip_v6": "",
                "floating_ip": "",
                "mac": "fa:16:3e:53:c7:f1",
                "name": "network_core",
                "port": "",
                "uuid": "e37fa546-ce27-47fb-be16-49953b01d5a4"
              }
            ],
            "network_mode": null,
            "personality": [],
            "power_state": "active",
            "region": "CyberRange",
            "scheduler_hints": [],
            "security_groups": [
              "secgroup_blue"
            ],
            "stop_before_destroy": false,
            "tags": [],
            "timeouts": null,
            "updated": "2026-02-04 18:30:16 +0000 UTC",
            "user_data": "f72d9cdacaab36c9d8ea582c2535a649e99dd300",
            "vendor_options": [],
            "volume": []
          },
          "sensitive_attributes": [
            [
              {
                "type": "get_attr",
                "value": "admin_pass"
              }
            ]
          ],
          "identity_schema_version": 0,
          "private": "eyJlMmJmYjczMC1lY2FhLTExZTYtOGY4OC0zNDM2M2JjN2M0YzAiOnsiY3JlYXRlIjoxODAwMDAwMDAwMDAwLCJkZWxldGUiOjE4MDAwMDAwMDAwMDAsInVwZGF0ZSI6MTgwMDAwMDAwMDAwMH19",
          "dependencies": [
            "openstack_networking_network_v2.network_core",
            "openstack_networking_network_v2.network_dmz",
            "openstack_networking_network_v2.network_internal",
            "openstack_networking_secgroup_v2.secgroup_blue"
          ]
        },
        {
          "index_key": "irc",
          "schema_version": 0,
          "attributes": {
            "access_ip_v4": "10.0.20.3",
            "access_ip_v6": "",
            "admin_pass": null,
            "all_metadata": {},
            "all_tags": [],
            "availability_zone": "nova",
            "availability_zone_hints": null,
            "block_device": [
              {
                "boot_index": 0,
                "delete_on_termination": true,
                "destination_type": "volume",
                "device_type": "",
                "disk_bus": "",
                "guest_format": "",
                "multiattach": false,
                "source_type": "image",
                "uuid": "70de79be-69be-45dc-b956-f15dbe194ccd",
                "volume_size": 40,
                "volume_type": ""
              }
            ],
            "config_drive": null,
            "created": "2026-02-04 18:30:13 +0000 UTC",
            "flavor_id": "6f4e2f56-5576-4705-9889-2d828c9758a0",
            "flavor_name": "medium",
            "floating_ip": null,
            "force_delete": false,
            "id": "7bdb891c-cef8-4c0f-8af7-3fb214ac5318",
            "image_id": "Attempt to boot from volume - no image supplied",
            "image_name": null,
            "key_pair": "cdt",
            "metadata": null,
            "name": "everfree-forest",
            "network": [
              {
                "access_network": false,
                "fixed_ip_v4": "10.0.20.3",
                "fixed_ip_v6": "",
                "floating_ip": "",
                "mac": "fa:16:3e:a0:e0:9b",
                "name": "network_dmz",
                "port": "",
                "uuid": "e88beef8-349e-4ed8-94b9-7b95663dc20a"
              }
            ],
            "network_mode": null,
            "personality": [],
            "power_state": "active",
            "region": "CyberRange",
            "scheduler_hints": [],
            "security_groups": [
              "secgroup_blue"
            ],
            "stop_before_destroy": false,
            "tags": [],
            "timeouts": null,
            "updated": "2026-02-04 18:30:34 +0000 UTC",
            "user_data": "f72d9cdacaab36c9d8ea582c2535a649e99dd300",
            "vendor_options": [],
            "volume": []
          },
          "sensitive_attributes": [
            [
              {
                "type": "get_attr",
                "value": "admin_pass"
              }
            ]
          ],
          "identity_schema_version": 0,
          "private": "eyJlMmJmYjczMC1lY2FhLTExZTYtOGY4OC0zNDM2M2JjN2M0YzAiOnsiY3JlYXRlIjoxODAwMDAwMDAwMDAwLCJkZWxldGUiOjE4MDAwMDAwMDAwMDAsInVwZGF0ZSI6MTgwMDAwMDAwMDAwMH19",
          "dependencies": [
            "openstack_networking_network_v2.network_core",
            "openstack_networking_network_v2.network_dmz",
            "openstack_networking_network_v2.network_internal",
            "openstack_networking_secgroup_v2.secgroup_blue"
          ]
        },
        {
          "index_key": "mariadb",
          "schema_version": 0,
          "attributes": {
            "access_ip_v4": "10.0.10.4",
            "access_ip_v6": "",
            "admin_pass": null,
            "all_metadata": {},
            "all_tags": [],
            "availability_zone": "nova",
            "availability_zone_hints": null,
            "block_device": [
              {
                "boot_index": 0,
                "delete_on_termination": true,
                "destination_type": "volume",
                "device_type": "",
                "disk_bus": "",
                "guest_format": "",
                "multiattach": false,
                "source_type": "image",
                "uuid": "70de79be-69be-45dc-b956-f15dbe194ccd",
                "volume_size": 40,
                "volume_type": ""
              }
            ],
            "config_drive": null,
            "created": "2026-02-04 18:30:07 +0000 UTC",
            "flavor_id": "6f4e2f56-5576-4705-9889-2d828c9758a0",
            "flavor_name": "medium",
            "floating_ip": null,
            "force_delete": false,
            "id": "5e0bef48-dfa0-471a-bce8-a2d483dd05ad",
            "image_id": "Attempt to boot from volume - no image supplied",
            "image_name": null,
            "key_pair": "cdt",
            "metadata": null,
            "name": "seaddle",
            "network": [
              {
                "access_network": false,
                "fixed_ip_v4": "10.0.10.4",
                "fixed_ip_v6": "",
                "floating_ip": "",
                "mac": "fa:16:3e:5e:a3:88",
                "name": "network_core",
                "port": "",
                "uuid": "e37fa546-ce27-47fb-be16-49953b01d5a4"
              }
            ],
            "network_mode": null,
            "personality": [],
            "power_state": "active",
            "region": "CyberRange",
            "scheduler_hints": [],
            "security_groups": [
              "secgroup_blue"
            ],
            "stop_before_destroy": false,
            "tags": [],
            "timeouts": null,
            "updated": "2026-02-04 18:30:25 +0000 UTC",
            "user_data": "f72d9cdacaab36c9d8ea582c2535a649e99dd300",
            "vendor_options": [],
            "volume": []
          },
          "sensitive_attributes": [
            [
              {
                "type": "get_attr",
                "value": "admin_pass"
              }
            ]
          ],
          "identity_schema_version": 0,
          "private": "eyJlMmJmYjczMC1lY2FhLTExZTYtOGY4OC0zNDM2M2JjN2M0YzAiOnsiY3JlYXRlIjoxODAwMDAwMDAwMDAwLCJkZWxldGUiOjE4MDAwMDAwMDAwMDAsInVwZGF0ZSI6MTgwMDAwMDAwMDAwMH19",
          "dependencies": [
            "openstack_networking_network_v2.network_core",
            "openstack_networking_network_v2.network_dmz",
            "openstack_networking_network_v2.network_internal",
            "openstack_networking_secgroup_v2.secgroup_blue"
          ]
        },
        {
          "index_key": "nginx",
          "schema_version": 0,
          "attributes": {
            "access_ip_v4": "10.0.20.4",
            "access_ip_v6": "",
            "admin_pass": null,
            "all_metadata": {},
            "all_tags": [],
            "availability_zone": "nova",
            "availability_zone_hints": null,
            "block_device": [
              {
                "boot_index": 0,
                "delete_on_termination": true,
                "destination_type": "volume",
                "device_type": "",
                "disk_bus": "",
                "guest_format": "",
                "multiattach": false,
                "source_type": "image",
                "uuid": "70de79be-69be-45dc-b956-f15dbe194ccd",
                "volume_size": 40,
                "volume_type": ""
              }
            ],
            "config_drive": null,
            "created": "2026-02-04 18:29:57 +0000 UTC",
            "flavor_id": "6f4e2f56-5576-4705-9889-2d828c9758a0",
            "flavor_name": "medium",
            "floating_ip": null,
            "force_delete": false,
            "id": "46d9ad67-91f8-4331-94e0-6331f35eb98c",
            "image_id": "Attempt to boot from volume - no image supplied",
            "image_name": null,
            "key_pair": "cdt",
            "metadata": null,
            "name": "griffonstone",
            "network": [
              {
                "access_network": false,
                "fixed_ip_v4": "10.0.20.4",
                "fixed_ip_v6": "",
                "floating_ip": "",
                "mac": "fa:16:3e:ae:f5:64",
                "name": "network_dmz",
                "port": "",
                "uuid": "e88beef8-349e-4ed8-94b9-7b95663dc20a"
              }
            ],
            "network_mode": null,
            "personality": [],
            "power_state": "active",
            "region": "CyberRange",
            "scheduler_hints": [],
            "security_groups": [
              "secgroup_blue"
            ],
            "stop_before_destroy": false,
            "tags": [],
            "timeouts": null,
            "updated": "2026-02-04 18:30:19 +0000 UTC",
            "user_data": "f72d9cdacaab36c9d8ea582c2535a649e99dd300",
            "vendor_options": [],
            "volume": []
          },
          "sensitive_attributes": [
            [
              {
                "type": "get_attr",
                "value": "admin_pass"
              }
            ]
          ],
          "identity_schema_version": 0,
          "private": "eyJlMmJmYjczMC1lY2FhLTExZTYtOGY4OC0zNDM2M2JjN2M0YzAiOnsiY3JlYXRlIjoxODAwMDAwMDAwMDAwLCJkZWxldGUiOjE4MDAwMDAwMDAwMDAsInVwZGF0ZSI6MTgwMDAwMDAwMDAwMH19",
          "dependencies": [
            "openstack_networking_network_v2.network_core",
            "openstack_networking_network_v2.network_dmz",
            "openstack_networking_network_v2.network_internal",
            "openstack_networking_secgroup_v2.secgroup_blue"
          ]
        }
      ]
    },
    {
      "mode": "managed",
      "type": "openstack_compute_instance_v2",
      "name": "deploy",
      "provider": "provider[\"registry.terraform.io/terraform-provider-openstack/openstack\"]",
      "instances": [
        {
          "schema_version": 0,
          "attributes": {
            "access_ip_v4": "100.65.4.25",
            "access_ip_v6": "",
            "admin_pass": null,
            "all_metadata": {},
            "all_tags": [],
            "availability_zone": "nova",
            "availability_zone_hints": null,
            "block_device": [
              {
                "boot_index": 0,
                "delete_on_termination": true,
                "destination_type": "volume",
                "device_type": "",
                "disk_bus": "",
                "guest_format": "",
                "multiattach": false,
                "source_type": "image",
                "uuid": "70de79be-69be-45dc-b956-f15dbe194ccd",
                "volume_size": 75,
                "volume_type": ""
              }
            ],
            "config_drive": null,
            "created": "2026-02-04 18:37:51 +0000 UTC",
            "flavor_id": "3d619a1a-fc6e-4fd2-9a14-18da0587bb22",
            "flavor_name": "xlarge",
            "floating_ip": null,
            "force_delete": false,
            "id": "e0ae484e-3cae-48aa-bf57-c4279cf53f17",
            "image_id": "Attempt to boot from volume - no image supplied",
            "image_name": null,
            "key_pair": "cdt",
            "metadata": null,
            "name": "deploy",
            "network": [
              {
                "access_network": false,
                "fixed_ip_v4": "100.65.4.25",
                "fixed_ip_v6": "",
                "floating_ip": "",
                "mac": "fa:16:3e:59:79:6e",
                "name": "MAIN-NAT",
                "port": "",
                "uuid": "2f96295c-34f6-49a2-b5cf-7f5b407be0c8"
              },
              {
                "access_network": false,
                "fixed_ip_v4": "172.20.0.80",
                "fixed_ip_v6": "",
                "floating_ip": "",
                "mac": "fa:16:3e:7a:91:fb",
                "name": "network_grey",
                "port": "",
                "uuid": "63f0c69f-6136-4d09-b3b2-360cfbe571bc"
              }
            ],
            "network_mode": null,
            "personality": [],
            "power_state": "active",
            "region": "CyberRange",
            "scheduler_hints": [],
            "security_groups": [
              "secgroup_grey"
            ],
            "stop_before_destroy": false,
            "tags": [],
            "timeouts": null,
            "updated": "2026-02-04 18:38:20 +0000 UTC",
            "user_data": "f72d9cdacaab36c9d8ea582c2535a649e99dd300",
            "vendor_options": [],
            "volume": []
          },
          "sensitive_attributes": [
            [
              {
                "type": "get_attr",
                "value": "admin_pass"
              }
            ]
          ],
          "identity_schema_version": 0,
          "private": "eyJlMmJmYjczMC1lY2FhLTExZTYtOGY4OC0zNDM2M2JjN2M0YzAiOnsiY3JlYXRlIjoxODAwMDAwMDAwMDAwLCJkZWxldGUiOjE4MDAwMDAwMDAwMDAsInVwZGF0ZSI6MTgwMDAwMDAwMDAwMH19",
          "dependencies": [
            "openstack_networking_network_v2.network_grey",
            "openstack_networking_secgroup_v2.secgroup_grey"
          ]
        }
      ]
    },
    {
      "mode": "managed",
      "type": "openstack_compute_instance_v2",
      "name": "fillydelphia",
      "provider": "provider[\"registry.terraform.io/terraform-provider-openstack/openstack\"]",
      "instances": [
        {
          "schema_version": 0,
          "attributes": {
            "access_ip_v4": "10.0.30.6",
            "access_ip_v6": "",
            "admin_pass": null,
            "all_metadata": {},
            "all_tags": [],
            "availability_zone": "nova",
            "availability_zone_hints": null,
            "block_device": [
              {
                "boot_index": 0,
                "delete_on_termination": true,
                "destination_type": "volume",
                "device_type": "",
                "disk_bus": "",
                "guest_format": "",
                "multiattach": false,
                "source_type": "image",
                "uuid": "f848941a-64d7-41b4-9c3d-bbddf657ef51",
                "volume_size": 60,
                "volume_type": ""
              }
            ],
            "config_drive": null,
            "created": "2026-02-04 18:37:51 +0000 UTC",
            "flavor_id": "99e6ce94-23fd-49aa-9d39-b87562583fcd",
            "flavor_name": "large",
            "floating_ip": null,
            "force_delete": false,
            "id": "a7d0e525-cf2d-4c41-be9e-1a68635cc6ea",
            "image_id": "Attempt to boot from volume - no image supplied",
            "image_name": null,
            "key_pair": "cdt",
            "metadata": null,
            "name": "fillydelphia",
            "network": [
              {
                "access_network": false,
                "fixed_ip_v4": "10.0.30.6",
                "fixed_ip_v6": "",
                "floating_ip": "",
                "mac": "fa:16:3e:14:9a:85",
                "name": "network_internal",
                "port": "",
                "uuid": "6a9781ee-b184-453e-bbe0-a71a25cce80b"
              }
            ],
            "network_mode": null,
            "personality": [],
            "power_state": "active",
            "region": "CyberRange",
            "scheduler_hints": [],
            "security_groups": [
              "secgroup_blue"
            ],
            "stop_before_destroy": false,
            "tags": [],
            "timeouts": null,
            "updated": "2026-02-04 18:38:16 +0000 UTC",
            "user_data": "b9b8861cb29425bf0f754058523b1f38b300a641",
            "vendor_options": [],
            "volume": []
          },
          "sensitive_attributes": [
            [
              {
                "type": "get_attr",
                "value": "admin_pass"
              }
            ]
          ],
          "identity_schema_version": 0,
          "private": "eyJlMmJmYjczMC1lY2FhLTExZTYtOGY4OC0zNDM2M2JjN2M0YzAiOnsiY3JlYXRlIjoxODAwMDAwMDAwMDAwLCJkZWxldGUiOjE4MDAwMDAwMDAwMDAsInVwZGF0ZSI6MTgwMDAwMDAwMDAwMH19",
          "dependencies": [
            "openstack_networking_network_v2.network_internal",
            "openstack_networking_secgroup_v2.secgroup_blue"
          ]
        }
      ]
    },
    {
      "mode": "managed",
      "type": "openstack_compute_instance_v2",
      "name": "jumpblue",
      "provider": "provider[\"registry.terraform.io/terraform-provider-openstack/openstack\"]",
      "instances": [
        {
          "index_key": "jumpblue1",
          "schema_version": 0,
          "attributes": {
            "access_ip_v4": "100.65.3.247",
            "access_ip_v6": "",
            "admin_pass": null,
            "all_metadata": {},
            "all_tags": [],
            "availability_zone": "nova",
            "availability_zone_hints": null,
            "block_device": [
              {
                "boot_index": 0,
                "delete_on_termination": true,
                "destination_type": "volume",
                "device_type": "",
                "disk_bus": "",
                "guest_format": "",
                "multiattach": false,
                "source_type": "image",
                "uuid": "1cde3ec3-03d3-4c17-a512-d3799ae92dad",
                "volume_size": 40,
                "volume_type": ""
              }
            ],
            "config_drive": null,
            "created": "2026-02-04 18:28:47 +0000 UTC",
            "flavor_id": "6f4e2f56-5576-4705-9889-2d828c9758a0",
            "flavor_name": "medium",
            "floating_ip": null,
            "force_delete": false,
            "id": "b426d50a-68c4-4f97-9fa4-afaf130f6646",
            "image_id": "Attempt to boot from volume - no image supplied",
            "image_name": null,
            "key_pair": "cdt",
            "metadata": null,
            "name": "jumpblue1",
            "network": [
              {
                "access_network": false,
                "fixed_ip_v4": "100.65.3.247",
                "fixed_ip_v6": "",
                "floating_ip": "",
                "mac": "fa:16:3e:96:b5:f8",
                "name": "MAIN-NAT",
                "port": "",
                "uuid": "2f96295c-34f6-49a2-b5cf-7f5b407be0c8"
              },
              {
                "access_network": false,
                "fixed_ip_v4": "172.20.0.41",
                "fixed_ip_v6": "",
                "floating_ip": "",
                "mac": "fa:16:3e:c7:53:d5",
                "name": "network_blue",
                "port": "",
                "uuid": "58c956b9-e665-4a35-8f00-6f0fa479217c"
              }
            ],
            "network_mode": null,
            "personality": [],
            "power_state": "active",
            "region": "CyberRange",
            "scheduler_hints": [],
            "security_groups": [
              "secgroup_blue"
            ],
            "stop_before_destroy": false,
            "tags": [],
            "timeouts": null,
            "updated": "2026-02-04 18:29:08 +0000 UTC",
            "user_data": "59a9ee23b8e171e8ac11f8db679554885ac9df10",
            "vendor_options": [],
            "volume": []
          },
          "sensitive_attributes": [
            [
              {
                "type": "get_attr",
                "value": "admin_pass"
              }
            ]
          ],
          "identity_schema_version": 0,
          "private": "eyJlMmJmYjczMC1lY2FhLTExZTYtOGY4OC0zNDM2M2JjN2M0YzAiOnsiY3JlYXRlIjoxODAwMDAwMDAwMDAwLCJkZWxldGUiOjE4MDAwMDAwMDAwMDAsInVwZGF0ZSI6MTgwMDAwMDAwMDAwMH19",
          "dependencies": [
            "openstack_networking_network_v2.network_blue",
            "openstack_networking_secgroup_v2.secgroup_blue"
          ]
        },
        {
          "index_key": "jumpblue10",
          "schema_version": 0,
          "attributes": {
            "access_ip_v4": "100.65.2.128",
            "access_ip_v6": "",
            "admin_pass": null,
            "all_metadata": {},
            "all_tags": [],
            "availability_zone": "nova",
            "availability_zone_hints": null,
            "block_device": [
              {
                "boot_index": 0,
                "delete_on_termination": true,
                "destination_type": "volume",
                "device_type": "",
                "disk_bus": "",
                "guest_format": "",
                "multiattach": false,
                "source_type": "image",
                "uuid": "1cde3ec3-03d3-4c17-a512-d3799ae92dad",
                "volume_size": 40,
                "volume_type": ""
              }
            ],
            "config_drive": null,
            "created": "2026-02-04 18:28:07 +0000 UTC",
            "flavor_id": "6f4e2f56-5576-4705-9889-2d828c9758a0",
            "flavor_name": "medium",
            "floating_ip": null,
            "force_delete": false,
            "id": "4bb1817b-b3d9-434f-9272-1c1455ca7b75",
            "image_id": "Attempt to boot from volume - no image supplied",
            "image_name": null,
            "key_pair": "cdt",
            "metadata": null,
            "name": "jumpblue10",
            "network": [
              {
                "access_network": false,
                "fixed_ip_v4": "100.65.2.128",
                "fixed_ip_v6": "",
                "floating_ip": "",
                "mac": "fa:16:3e:a3:92:65",
                "name": "MAIN-NAT",
                "port": "",
                "uuid": "2f96295c-34f6-49a2-b5cf-7f5b407be0c8"
              },
              {
                "access_network": false,
                "fixed_ip_v4": "172.20.0.40",
                "fixed_ip_v6": "",
                "floating_ip": "",
                "mac": "fa:16:3e:f5:cd:a5",
                "name": "network_blue",
                "port": "",
                "uuid": "58c956b9-e665-4a35-8f00-6f0fa479217c"
              }
            ],
            "network_mode": null,
            "personality": [],
            "power_state": "active",
            "region": "CyberRange",
            "scheduler_hints": [],
            "security_groups": [
              "secgroup_blue"
            ],
            "stop_before_destroy": false,
            "tags": [],
            "timeouts": null,
            "updated": "2026-02-04 18:28:55 +0000 UTC",
            "user_data": "59a9ee23b8e171e8ac11f8db679554885ac9df10",
            "vendor_options": [],
            "volume": []
          },
          "sensitive_attributes": [
            [
              {
                "type": "get_attr",
                "value": "admin_pass"
              }
            ]
          ],
          "identity_schema_version": 0,
          "private": "eyJlMmJmYjczMC1lY2FhLTExZTYtOGY4OC0zNDM2M2JjN2M0YzAiOnsiY3JlYXRlIjoxODAwMDAwMDAwMDAwLCJkZWxldGUiOjE4MDAwMDAwMDAwMDAsInVwZGF0ZSI6MTgwMDAwMDAwMDAwMH19",
          "dependencies": [
            "openstack_networking_network_v2.network_blue",
            "openstack_networking_secgroup_v2.secgroup_blue"
          ]
        },
        {
          "index_key": "jumpblue2",
          "schema_version": 0,
          "attributes": {
            "access_ip_v4": "100.65.7.250",
            "access_ip_v6": "",
            "admin_pass": null,
            "all_metadata": {},
            "all_tags": [],
            "availability_zone": "nova",
            "availability_zone_hints": null,
            "block_device": [
              {
                "boot_index": 0,
                "delete_on_termination": true,
                "destination_type": "volume",
                "device_type": "",
                "disk_bus": "",
                "guest_format": "",
                "multiattach": false,
                "source_type": "image",
                "uuid": "1cde3ec3-03d3-4c17-a512-d3799ae92dad",
                "volume_size": 40,
                "volume_type": ""
              }
            ],
            "config_drive": null,
            "created": "2026-02-04 18:28:07 +0000 UTC",
            "flavor_id": "6f4e2f56-5576-4705-9889-2d828c9758a0",
            "flavor_name": "medium",
            "floating_ip": null,
            "force_delete": false,
            "id": "3e5ae714-e162-4f02-823d-2cabe0c48777",
            "image_id": "Attempt to boot from volume - no image supplied",
            "image_name": null,
            "key_pair": "cdt",
            "metadata": null,
            "name": "jumpblue2",
            "network": [
              {
                "access_network": false,
                "fixed_ip_v4": "100.65.7.250",
                "fixed_ip_v6": "",
                "floating_ip": "",
                "mac": "fa:16:3e:89:64:e0",
                "name": "MAIN-NAT",
                "port": "",
                "uuid": "2f96295c-34f6-49a2-b5cf-7f5b407be0c8"
              },
              {
                "access_network": false,
                "fixed_ip_v4": "172.20.0.42",
                "fixed_ip_v6": "",
                "floating_ip": "",
                "mac": "fa:16:3e:5e:96:b9",
                "name": "network_blue",
                "port": "",
                "uuid": "58c956b9-e665-4a35-8f00-6f0fa479217c"
              }
            ],
            "network_mode": null,
            "personality": [],
            "power_state": "active",
            "region": "CyberRange",
            "scheduler_hints": [],
            "security_groups": [
              "secgroup_blue"
            ],
            "stop_before_destroy": false,
            "tags": [],
            "timeouts": null,
            "updated": "2026-02-04 18:28:57 +0000 UTC",
            "user_data": "59a9ee23b8e171e8ac11f8db679554885ac9df10",
            "vendor_options": [],
            "volume": []
          },
          "sensitive_attributes": [
            [
              {
                "type": "get_attr",
                "value": "admin_pass"
              }
            ]
          ],
          "identity_schema_version": 0,
          "private": "eyJlMmJmYjczMC1lY2FhLTExZTYtOGY4OC0zNDM2M2JjN2M0YzAiOnsiY3JlYXRlIjoxODAwMDAwMDAwMDAwLCJkZWxldGUiOjE4MDAwMDAwMDAwMDAsInVwZGF0ZSI6MTgwMDAwMDAwMDAwMH19",
          "dependencies": [
            "openstack_networking_network_v2.network_blue",
            "openstack_networking_secgroup_v2.secgroup_blue"
          ]
        },
        {
          "index_key": "jumpblue3",
          "schema_version": 0,
          "attributes": {
            "access_ip_v4": "100.65.7.145",
            "access_ip_v6": "",
            "admin_pass": null,
            "all_metadata": {},
            "all_tags": [],
            "availability_zone": "nova",
            "availability_zone_hints": null,
            "block_device": [
              {
                "boot_index": 0,
                "delete_on_termination": true,
                "destination_type": "volume",
                "device_type": "",
                "disk_bus": "",
                "guest_format": "",
                "multiattach": false,
                "source_type": "image",
                "uuid": "1cde3ec3-03d3-4c17-a512-d3799ae92dad",
                "volume_size": 40,
                "volume_type": ""
              }
            ],
            "config_drive": null,
            "created": "2026-02-04 18:28:12 +0000 UTC",
            "flavor_id": "6f4e2f56-5576-4705-9889-2d828c9758a0",
            "flavor_name": "medium",
            "floating_ip": null,
            "force_delete": false,
            "id": "7cc9c241-a109-401b-a964-1b20fffb6941",
            "image_id": "Attempt to boot from volume - no image supplied",
            "image_name": null,
            "key_pair": "cdt",
            "metadata": null,
            "name": "jumpblue3",
            "network": [
              {
                "access_network": false,
                "fixed_ip_v4": "100.65.7.145",
                "fixed_ip_v6": "",
                "floating_ip": "",
                "mac": "fa:16:3e:88:3e:f3",
                "name": "MAIN-NAT",
                "port": "",
                "uuid": "2f96295c-34f6-49a2-b5cf-7f5b407be0c8"
              },
              {
                "access_network": false,
                "fixed_ip_v4": "172.20.0.43",
                "fixed_ip_v6": "",
                "floating_ip": "",
                "mac": "fa:16:3e:43:f6:46",
                "name": "network_blue",
                "port": "",
                "uuid": "58c956b9-e665-4a35-8f00-6f0fa479217c"
              }
            ],
            "network_mode": null,
            "personality": [],
            "power_state": "active",
            "region": "CyberRange",
            "scheduler_hints": [],
            "security_groups": [
              "secgroup_blue"
            ],
            "stop_before_destroy": false,
            "tags": [],
            "timeouts": null,
            "updated": "2026-02-04 18:29:05 +0000 UTC",
            "user_data": "59a9ee23b8e171e8ac11f8db679554885ac9df10",
            "vendor_options": [],
            "volume": []
          },
          "sensitive_attributes": [
            [
              {
                "type": "get_attr",
                "value": "admin_pass"
              }
            ]
          ],
          "identity_schema_version": 0,
          "private": "eyJlMmJmYjczMC1lY2FhLTExZTYtOGY4OC0zNDM2M2JjN2M0YzAiOnsiY3JlYXRlIjoxODAwMDAwMDAwMDAwLCJkZWxldGUiOjE4MDAwMDAwMDAwMDAsInVwZGF0ZSI6MTgwMDAwMDAwMDAwMH19",
          "dependencies": [
            "openstack_networking_network_v2.network_blue",
            "openstack_networking_secgroup_v2.secgroup_blue"
          ]
        },
        {
          "index_key": "jumpblue4",
          "schema_version": 0,
          "attributes": {
            "access_ip_v4": "100.65.3.40",
            "access_ip_v6": "",
            "admin_pass": null,
            "all_metadata": {},
            "all_tags": [],
            "availability_zone": "nova",
            "availability_zone_hints": null,
            "block_device": [
              {
                "boot_index": 0,
                "delete_on_termination": true,
                "destination_type": "volume",
                "device_type": "",
                "disk_bus": "",
                "guest_format": "",
                "multiattach": false,
                "source_type": "image",
                "uuid": "1cde3ec3-03d3-4c17-a512-d3799ae92dad",
                "volume_size": 40,
                "volume_type": ""
              }
            ],
            "config_drive": null,
            "created": "2026-02-04 18:28:07 +0000 UTC",
            "flavor_id": "6f4e2f56-5576-4705-9889-2d828c9758a0",
            "flavor_name": "medium",
            "floating_ip": null,
            "force_delete": false,
            "id": "fb907b50-b8e8-4d1d-b5ba-d994b8379bcc",
            "image_id": "Attempt to boot from volume - no image supplied",
            "image_name": null,
            "key_pair": "cdt",
            "metadata": null,
            "name": "jumpblue4",
            "network": [
              {
                "access_network": false,
                "fixed_ip_v4": "100.65.3.40",
                "fixed_ip_v6": "",
                "floating_ip": "",
                "mac": "fa:16:3e:9c:4e:f3",
                "name": "MAIN-NAT",
                "port": "",
                "uuid": "2f96295c-34f6-49a2-b5cf-7f5b407be0c8"
              },
              {
                "access_network": false,
                "fixed_ip_v4": "172.20.0.44",
                "fixed_ip_v6": "",
                "floating_ip": "",
                "mac": "fa:16:3e:8e:fc:c9",
                "name": "network_blue",
                "port": "",
                "uuid": "58c956b9-e665-4a35-8f00-6f0fa479217c"
              }
            ],
            "network_mode": null,
            "personality": [],
            "power_state": "active",
            "region": "CyberRange",
            "scheduler_hints": [],
            "security_groups": [
              "secgroup_blue"
            ],
            "stop_before_destroy": false,
            "tags": [],
            "timeouts": null,
            "updated": "2026-02-04 18:28:47 +0000 UTC",
            "user_data": "59a9ee23b8e171e8ac11f8db679554885ac9df10",
            "vendor_options": [],
            "volume": []
          },
          "sensitive_attributes": [
            [
              {
                "type": "get_attr",
                "value": "admin_pass"
              }
            ]
          ],
          "identity_schema_version": 0,
          "private": "eyJlMmJmYjczMC1lY2FhLTExZTYtOGY4OC0zNDM2M2JjN2M0YzAiOnsiY3JlYXRlIjoxODAwMDAwMDAwMDAwLCJkZWxldGUiOjE4MDAwMDAwMDAwMDAsInVwZGF0ZSI6MTgwMDAwMDAwMDAwMH19",
          "dependencies": [
            "openstack_networking_network_v2.network_blue",
            "openstack_networking_secgroup_v2.secgroup_blue"
          ]
        },
        {
          "index_key": "jumpblue5",
          "schema_version": 0,
          "attributes": {
            "access_ip_v4": "100.65.7.168",
            "access_ip_v6": "",
            "admin_pass": null,
            "all_metadata": {},
            "all_tags": [],
            "availability_zone": "nova",
            "availability_zone_hints": null,
            "block_device": [
              {
                "boot_index": 0,
                "delete_on_termination": true,
                "destination_type": "volume",
                "device_type": "",
                "disk_bus": "",
                "guest_format": "",
                "multiattach": false,
                "source_type": "image",
                "uuid": "1cde3ec3-03d3-4c17-a512-d3799ae92dad",
                "volume_size": 40,
                "volume_type": ""
              }
            ],
            "config_drive": null,
            "created": "2026-02-04 18:28:07 +0000 UTC",
            "flavor_id": "6f4e2f56-5576-4705-9889-2d828c9758a0",
            "flavor_name": "medium",
            "floating_ip": null,
            "force_delete": false,
            "id": "4e4d1456-8ace-4038-8e05-6594211d2f8d",
            "image_id": "Attempt to boot from volume - no image supplied",
            "image_name": null,
            "key_pair": "cdt",
            "metadata": null,
            "name": "jumpblue5",
            "network": [
              {
                "access_network": false,
                "fixed_ip_v4": "100.65.7.168",
                "fixed_ip_v6": "",
                "floating_ip": "",
                "mac": "fa:16:3e:99:cb:ab",
                "name": "MAIN-NAT",
                "port": "",
                "uuid": "2f96295c-34f6-49a2-b5cf-7f5b407be0c8"
              },
              {
                "access_network": false,
                "fixed_ip_v4": "172.20.0.45",
                "fixed_ip_v6": "",
                "floating_ip": "",
                "mac": "fa:16:3e:2d:b4:d1",
                "name": "network_blue",
                "port": "",
                "uuid": "58c956b9-e665-4a35-8f00-6f0fa479217c"
              }
            ],
            "network_mode": null,
            "personality": [],
            "power_state": "active",
            "region": "CyberRange",
            "scheduler_hints": [],
            "security_groups": [
              "secgroup_blue"
            ],
            "stop_before_destroy": false,
            "tags": [],
            "timeouts": null,
            "updated": "2026-02-04 18:28:44 +0000 UTC",
            "user_data": "59a9ee23b8e171e8ac11f8db679554885ac9df10",
            "vendor_options": [],
            "volume": []
          },
          "sensitive_attributes": [
            [
              {
                "type": "get_attr",
                "value": "admin_pass"
              }
            ]
          ],
          "identity_schema_version": 0,
          "private": "eyJlMmJmYjczMC1lY2FhLTExZTYtOGY4OC0zNDM2M2JjN2M0YzAiOnsiY3JlYXRlIjoxODAwMDAwMDAwMDAwLCJkZWxldGUiOjE4MDAwMDAwMDAwMDAsInVwZGF0ZSI6MTgwMDAwMDAwMDAwMH19",
          "dependencies": [
            "openstack_networking_network_v2.network_blue",
            "openstack_networking_secgroup_v2.secgroup_blue"
          ]
        },
        {
          "index_key": "jumpblue6",
          "schema_version": 0,
          "attributes": {
            "access_ip_v4": "100.65.7.63",
            "access_ip_v6": "",
            "admin_pass": null,
            "all_metadata": {},
            "all_tags": [],
            "availability_zone": "nova",
            "availability_zone_hints": null,
            "block_device": [
              {
                "boot_index": 0,
                "delete_on_termination": true,
                "destination_type": "volume",
                "device_type": "",
                "disk_bus": "",
                "guest_format": "",
                "multiattach": false,
                "source_type": "image",
                "uuid": "1cde3ec3-03d3-4c17-a512-d3799ae92dad",
                "volume_size": 40,
                "volume_type": ""
              }
            ],
            "config_drive": null,
            "created": "2026-02-04 18:28:06 +0000 UTC",
            "flavor_id": "6f4e2f56-5576-4705-9889-2d828c9758a0",
            "flavor_name": "medium",
            "floating_ip": null,
            "force_delete": false,
            "id": "bfd3a639-7a7c-484c-8d53-83adebd1e476",
            "image_id": "Attempt to boot from volume - no image supplied",
            "image_name": null,
            "key_pair": "cdt",
            "metadata": null,
            "name": "jumpblue6",
            "network": [
              {
                "access_network": false,
                "fixed_ip_v4": "100.65.7.63",
                "fixed_ip_v6": "",
                "floating_ip": "",
                "mac": "fa:16:3e:d7:df:8d",
                "name": "MAIN-NAT",
                "port": "",
                "uuid": "2f96295c-34f6-49a2-b5cf-7f5b407be0c8"
              },
              {
                "access_network": false,
                "fixed_ip_v4": "172.20.0.46",
                "fixed_ip_v6": "",
                "floating_ip": "",
                "mac": "fa:16:3e:0e:56:ae",
                "name": "network_blue",
                "port": "",
                "uuid": "58c956b9-e665-4a35-8f00-6f0fa479217c"
              }
            ],
            "network_mode": null,
            "personality": [],
            "power_state": "active",
            "region": "CyberRange",
            "scheduler_hints": [],
            "security_groups": [
              "secgroup_blue"
            ],
            "stop_before_destroy": false,
            "tags": [],
            "timeouts": null,
            "updated": "2026-02-04 18:28:37 +0000 UTC",
            "user_data": "59a9ee23b8e171e8ac11f8db679554885ac9df10",
            "vendor_options": [],
            "volume": []
          },
          "sensitive_attributes": [
            [
              {
                "type": "get_attr",
                "value": "admin_pass"
              }
            ]
          ],
          "identity_schema_version": 0,
          "private": "eyJlMmJmYjczMC1lY2FhLTExZTYtOGY4OC0zNDM2M2JjN2M0YzAiOnsiY3JlYXRlIjoxODAwMDAwMDAwMDAwLCJkZWxldGUiOjE4MDAwMDAwMDAwMDAsInVwZGF0ZSI6MTgwMDAwMDAwMDAwMH19",
          "dependencies": [
            "openstack_networking_network_v2.network_blue",
            "openstack_networking_secgroup_v2.secgroup_blue"
          ]
        },
        {
          "index_key": "jumpblue7",
          "schema_version": 0,
          "attributes": {
            "access_ip_v4": "100.65.5.94",
            "access_ip_v6": "",
            "admin_pass": null,
            "all_metadata": {},
            "all_tags": [],
            "availability_zone": "nova",
            "availability_zone_hints": null,
            "block_device": [
              {
                "boot_index": 0,
                "delete_on_termination": true,
                "destination_type": "volume",
                "device_type": "",
                "disk_bus": "",
                "guest_format": "",
                "multiattach": false,
                "source_type": "image",
                "uuid": "1cde3ec3-03d3-4c17-a512-d3799ae92dad",
                "volume_size": 40,
                "volume_type": ""
              }
            ],
            "config_drive": null,
            "created": "2026-02-04 18:28:07 +0000 UTC",
            "flavor_id": "6f4e2f56-5576-4705-9889-2d828c9758a0",
            "flavor_name": "medium",
            "floating_ip": null,
            "force_delete": false,
            "id": "3511d0db-e072-4245-9936-bd21f004051c",
            "image_id": "Attempt to boot from volume - no image supplied",
            "image_name": null,
            "key_pair": "cdt",
            "metadata": null,
            "name": "jumpblue7",
            "network": [
              {
                "access_network": false,
                "fixed_ip_v4": "100.65.5.94",
                "fixed_ip_v6": "",
                "floating_ip": "",
                "mac": "fa:16:3e:3d:50:74",
                "name": "MAIN-NAT",
                "port": "",
                "uuid": "2f96295c-34f6-49a2-b5cf-7f5b407be0c8"
              },
              {
                "access_network": false,
                "fixed_ip_v4": "172.20.0.47",
                "fixed_ip_v6": "",
                "floating_ip": "",
                "mac": "fa:16:3e:4b:42:26",
                "name": "network_blue",
                "port": "",
                "uuid": "58c956b9-e665-4a35-8f00-6f0fa479217c"
              }
            ],
            "network_mode": null,
            "personality": [],
            "power_state": "active",
            "region": "CyberRange",
            "scheduler_hints": [],
            "security_groups": [
              "secgroup_blue"
            ],
            "stop_before_destroy": false,
            "tags": [],
            "timeouts": null,
            "updated": "2026-02-04 18:29:00 +0000 UTC",
            "user_data": "59a9ee23b8e171e8ac11f8db679554885ac9df10",
            "vendor_options": [],
            "volume": []
          },
          "sensitive_attributes": [
            [
              {
                "type": "get_attr",
                "value": "admin_pass"
              }
            ]
          ],
          "identity_schema_version": 0,
          "private": "eyJlMmJmYjczMC1lY2FhLTExZTYtOGY4OC0zNDM2M2JjN2M0YzAiOnsiY3JlYXRlIjoxODAwMDAwMDAwMDAwLCJkZWxldGUiOjE4MDAwMDAwMDAwMDAsInVwZGF0ZSI6MTgwMDAwMDAwMDAwMH19",
          "dependencies": [
            "openstack_networking_network_v2.network_blue",
            "openstack_networking_secgroup_v2.secgroup_blue"
          ]
        },
        {
          "index_key": "jumpblue8",
          "schema_version": 0,
          "attributes": {
            "access_ip_v4": "100.65.7.222",
            "access_ip_v6": "",
            "admin_pass": null,
            "all_metadata": {},
            "all_tags": [],
            "availability_zone": "nova",
            "availability_zone_hints": null,
            "block_device": [
              {
                "boot_index": 0,
                "delete_on_termination": true,
                "destination_type": "volume",
                "device_type": "",
                "disk_bus": "",
                "guest_format": "",
                "multiattach": false,
                "source_type": "image",
                "uuid": "1cde3ec3-03d3-4c17-a512-d3799ae92dad",
                "volume_size": 40,
                "volume_type": ""
              }
            ],
            "config_drive": null,
            "created": "2026-02-04 18:28:07 +0000 UTC",
            "flavor_id": "6f4e2f56-5576-4705-9889-2d828c9758a0",
            "flavor_name": "medium",
            "floating_ip": null,
            "force_delete": false,
            "id": "e872fc04-32cb-4ceb-9d08-f3f06397e4ef",
            "image_id": "Attempt to boot from volume - no image supplied",
            "image_name": null,
            "key_pair": "cdt",
            "metadata": null,
            "name": "jumpblue8",
            "network": [
              {
                "access_network": false,
                "fixed_ip_v4": "100.65.7.222",
                "fixed_ip_v6": "",
                "floating_ip": "",
                "mac": "fa:16:3e:93:58:d0",
                "name": "MAIN-NAT",
                "port": "",
                "uuid": "2f96295c-34f6-49a2-b5cf-7f5b407be0c8"
              },
              {
                "access_network": false,
                "fixed_ip_v4": "172.20.0.48",
                "fixed_ip_v6": "",
                "floating_ip": "",
                "mac": "fa:16:3e:43:c4:ff",
                "name": "network_blue",
                "port": "",
                "uuid": "58c956b9-e665-4a35-8f00-6f0fa479217c"
              }
            ],
            "network_mode": null,
            "personality": [],
            "power_state": "active",
            "region": "CyberRange",
            "scheduler_hints": [],
            "security_groups": [
              "secgroup_blue"
            ],
            "stop_before_destroy": false,
            "tags": [],
            "timeouts": null,
            "updated": "2026-02-04 18:28:40 +0000 UTC",
            "user_data": "59a9ee23b8e171e8ac11f8db679554885ac9df10",
            "vendor_options": [],
            "volume": []
          },
          "sensitive_attributes": [
            [
              {
                "type": "get_attr",
                "value": "admin_pass"
              }
            ]
          ],
          "identity_schema_version": 0,
          "private": "eyJlMmJmYjczMC1lY2FhLTExZTYtOGY4OC0zNDM2M2JjN2M0YzAiOnsiY3JlYXRlIjoxODAwMDAwMDAwMDAwLCJkZWxldGUiOjE4MDAwMDAwMDAwMDAsInVwZGF0ZSI6MTgwMDAwMDAwMDAwMH19",
          "dependencies": [
            "openstack_networking_network_v2.network_blue",
            "openstack_networking_secgroup_v2.secgroup_blue"
          ]
        },
        {
          "index_key": "jumpblue9",
          "schema_version": 0,
          "attributes": {
            "access_ip_v4": "100.65.5.245",
            "access_ip_v6": "",
            "admin_pass": null,
            "all_metadata": {},
            "all_tags": [],
            "availability_zone": "nova",
            "availability_zone_hints": null,
            "block_device": [
              {
                "boot_index": 0,
                "delete_on_termination": true,
                "destination_type": "volume",
                "device_type": "",
                "disk_bus": "",
                "guest_format": "",
                "multiattach": false,
                "source_type": "image",
                "uuid": "1cde3ec3-03d3-4c17-a512-d3799ae92dad",
                "volume_size": 40,
                "volume_type": ""
              }
            ],
            "config_drive": null,
            "created": "2026-02-04 18:28:07 +0000 UTC",
            "flavor_id": "6f4e2f56-5576-4705-9889-2d828c9758a0",
            "flavor_name": "medium",
            "floating_ip": null,
            "force_delete": false,
            "id": "a8736b72-585e-4031-b389-479355866e1c",
            "image_id": "Attempt to boot from volume - no image supplied",
            "image_name": null,
            "key_pair": "cdt",
            "metadata": null,
            "name": "jumpblue9",
            "network": [
              {
                "access_network": false,
                "fixed_ip_v4": "100.65.5.245",
                "fixed_ip_v6": "",
                "floating_ip": "",
                "mac": "fa:16:3e:19:10:a1",
                "name": "MAIN-NAT",
                "port": "",
                "uuid": "2f96295c-34f6-49a2-b5cf-7f5b407be0c8"
              },
              {
                "access_network": false,
                "fixed_ip_v4": "172.20.0.49",
                "fixed_ip_v6": "",
                "floating_ip": "",
                "mac": "fa:16:3e:1c:ab:ff",
                "name": "network_blue",
                "port": "",
                "uuid": "58c956b9-e665-4a35-8f00-6f0fa479217c"
              }
            ],
            "network_mode": null,
            "personality": [],
            "power_state": "active",
            "region": "CyberRange",
            "scheduler_hints": [],
            "security_groups": [
              "secgroup_blue"
            ],
            "stop_before_destroy": false,
            "tags": [],
            "timeouts": null,
            "updated": "2026-02-04 18:28:51 +0000 UTC",
            "user_data": "59a9ee23b8e171e8ac11f8db679554885ac9df10",
            "vendor_options": [],
            "volume": []
          },
          "sensitive_attributes": [
            [
              {
                "type": "get_attr",
                "value": "admin_pass"
              }
            ]
          ],
          "identity_schema_version": 0,
          "private": "eyJlMmJmYjczMC1lY2FhLTExZTYtOGY4OC0zNDM2M2JjN2M0YzAiOnsiY3JlYXRlIjoxODAwMDAwMDAwMDAwLCJkZWxldGUiOjE4MDAwMDAwMDAwMDAsInVwZGF0ZSI6MTgwMDAwMDAwMDAwMH19",
          "dependencies": [
            "openstack_networking_network_v2.network_blue",
            "openstack_networking_secgroup_v2.secgroup_blue"
          ]
        }
      ]
    },
    {
      "mode": "managed",
      "type": "openstack_compute_instance_v2",
      "name": "jumpgrey",
      "provider": "provider[\"registry.terraform.io/terraform-provider-openstack/openstack\"]",
      "instances": [
        {
          "index_key": "jumpgrey1",
          "schema_version": 0,
          "attributes": {
            "access_ip_v4": "100.65.7.192",
            "access_ip_v6": "",
            "admin_pass": null,
            "all_metadata": {},
            "all_tags": [],
            "availability_zone": "nova",
            "availability_zone_hints": null,
            "block_device": [
              {
                "boot_index": 0,
                "delete_on_termination": true,
                "destination_type": "volume",
                "device_type": "",
                "disk_bus": "",
                "guest_format": "",
                "multiattach": false,
                "source_type": "image",
                "uuid": "1cde3ec3-03d3-4c17-a512-d3799ae92dad",
                "volume_size": 25,
                "volume_type": ""
              }
            ],
            "config_drive": null,
            "created": "2026-02-04 18:29:26 +0000 UTC",
            "flavor_id": "6f4e2f56-5576-4705-9889-2d828c9758a0",
            "flavor_name": "medium",
            "floating_ip": null,
            "force_delete": false,
            "id": "b8aefa4c-b542-4412-a1d0-51379da6ac09",
            "image_id": "Attempt to boot from volume - no image supplied",
            "image_name": null,
            "key_pair": "cdt",
            "metadata": null,
            "name": "jumpgrey1",
            "network": [
              {
                "access_network": false,
                "fixed_ip_v4": "100.65.7.192",
                "fixed_ip_v6": "",
                "floating_ip": "",
                "mac": "fa:16:3e:9f:ca:38",
                "name": "MAIN-NAT",
                "port": "",
                "uuid": "2f96295c-34f6-49a2-b5cf-7f5b407be0c8"
              },
              {
                "access_network": false,
                "fixed_ip_v4": "172.20.0.71",
                "fixed_ip_v6": "",
                "floating_ip": "",
                "mac": "fa:16:3e:8a:63:ec",
                "name": "network_grey",
                "port": "",
                "uuid": "63f0c69f-6136-4d09-b3b2-360cfbe571bc"
              }
            ],
            "network_mode": null,
            "personality": [],
            "power_state": "active",
            "region": "CyberRange",
            "scheduler_hints": [],
            "security_groups": [
              "secgroup_grey"
            ],
            "stop_before_destroy": false,
            "tags": [],
            "timeouts": null,
            "updated": "2026-02-04 18:29:46 +0000 UTC",
            "user_data": "59a9ee23b8e171e8ac11f8db679554885ac9df10",
            "vendor_options": [],
            "volume": []
          },
          "sensitive_attributes": [
            [
              {
                "type": "get_attr",
                "value": "admin_pass"
              }
            ]
          ],
          "identity_schema_version": 0,
          "private": "eyJlMmJmYjczMC1lY2FhLTExZTYtOGY4OC0zNDM2M2JjN2M0YzAiOnsiY3JlYXRlIjoxODAwMDAwMDAwMDAwLCJkZWxldGUiOjE4MDAwMDAwMDAwMDAsInVwZGF0ZSI6MTgwMDAwMDAwMDAwMH19",
          "dependencies": [
            "openstack_networking_network_v2.network_grey",
            "openstack_networking_secgroup_v2.secgroup_grey"
          ]
        },
        {
          "index_key": "jumpgrey10",
          "schema_version": 0,
          "attributes": {
            "access_ip_v4": "100.65.6.153",
            "access_ip_v6": "",
            "admin_pass": null,
            "all_metadata": {},
            "all_tags": [],
            "availability_zone": "nova",
            "availability_zone_hints": null,
            "block_device": [
              {
                "boot_index": 0,
                "delete_on_termination": true,
                "destination_type": "volume",
                "device_type": "",
                "disk_bus": "",
                "guest_format": "",
                "multiattach": false,
                "source_type": "image",
                "uuid": "1cde3ec3-03d3-4c17-a512-d3799ae92dad",
                "volume_size": 25,
                "volume_type": ""
              }
            ],
            "config_drive": null,
            "created": "2026-02-04 18:29:12 +0000 UTC",
            "flavor_id": "6f4e2f56-5576-4705-9889-2d828c9758a0",
            "flavor_name": "medium",
            "floating_ip": null,
            "force_delete": false,
            "id": "7f60ecd2-2234-4629-8589-27f22704d134",
            "image_id": "Attempt to boot from volume - no image supplied",
            "image_name": null,
            "key_pair": "cdt",
            "metadata": null,
            "name": "jumpgrey10",
            "network": [
              {
                "access_network": false,
                "fixed_ip_v4": "100.65.6.153",
                "fixed_ip_v6": "",
                "floating_ip": "",
                "mac": "fa:16:3e:30:42:db",
                "name": "MAIN-NAT",
                "port": "",
                "uuid": "2f96295c-34f6-49a2-b5cf-7f5b407be0c8"
              },
              {
                "access_network": false,
                "fixed_ip_v4": "172.20.0.70",
                "fixed_ip_v6": "",
                "floating_ip": "",
                "mac": "fa:16:3e:bb:a6:68",
                "name": "network_grey",
                "port": "",
                "uuid": "63f0c69f-6136-4d09-b3b2-360cfbe571bc"
              }
            ],
            "network_mode": null,
            "personality": [],
            "power_state": "active",
            "region": "CyberRange",
            "scheduler_hints": [],
            "security_groups": [
              "secgroup_grey"
            ],
            "stop_before_destroy": false,
            "tags": [],
            "timeouts": null,
            "updated": "2026-02-04 18:29:30 +0000 UTC",
            "user_data": "59a9ee23b8e171e8ac11f8db679554885ac9df10",
            "vendor_options": [],
            "volume": []
          },
          "sensitive_attributes": [
            [
              {
                "type": "get_attr",
                "value": "admin_pass"
              }
            ]
          ],
          "identity_schema_version": 0,
          "private": "eyJlMmJmYjczMC1lY2FhLTExZTYtOGY4OC0zNDM2M2JjN2M0YzAiOnsiY3JlYXRlIjoxODAwMDAwMDAwMDAwLCJkZWxldGUiOjE4MDAwMDAwMDAwMDAsInVwZGF0ZSI6MTgwMDAwMDAwMDAwMH19",
          "dependencies": [
            "openstack_networking_network_v2.network_grey",
            "openstack_networking_secgroup_v2.secgroup_grey"
          ]
        },
        {
          "index_key": "jumpgrey2",
          "schema_version": 0,
          "attributes": {
            "access_ip_v4": "100.65.2.16",
            "access_ip_v6": "",
            "admin_pass": null,
            "all_metadata": {},
            "all_tags": [],
            "availability_zone": "nova",
            "availability_zone_hints": null,
            "block_device": [
              {
                "boot_index": 0,
                "delete_on_termination": true,
                "destination_type": "volume",
                "device_type": "",
                "disk_bus": "",
                "guest_format": "",
                "multiattach": false,
                "source_type": "image",
                "uuid": "1cde3ec3-03d3-4c17-a512-d3799ae92dad",
                "volume_size": 25,
                "volume_type": ""
              }
            ],
            "config_drive": null,
            "created": "2026-02-04 18:29:17 +0000 UTC",
            "flavor_id": "6f4e2f56-5576-4705-9889-2d828c9758a0",
            "flavor_name": "medium",
            "floating_ip": null,
            "force_delete": false,
            "id": "394b9edd-88de-4a18-b5f7-df1c364abcbd",
            "image_id": "Attempt to boot from volume - no image supplied",
            "image_name": null,
            "key_pair": "cdt",
            "metadata": null,
            "name": "jumpgrey2",
            "network": [
              {
                "access_network": false,
                "fixed_ip_v4": "100.65.2.16",
                "fixed_ip_v6": "",
                "floating_ip": "",
                "mac": "fa:16:3e:a6:66:f1",
                "name": "MAIN-NAT",
                "port": "",
                "uuid": "2f96295c-34f6-49a2-b5cf-7f5b407be0c8"
              },
              {
                "access_network": false,
                "fixed_ip_v4": "172.20.0.72",
                "fixed_ip_v6": "",
                "floating_ip": "",
                "mac": "fa:16:3e:56:f6:22",
                "name": "network_grey",
                "port": "",
                "uuid": "63f0c69f-6136-4d09-b3b2-360cfbe571bc"
              }
            ],
            "network_mode": null,
            "personality": [],
            "power_state": "active",
            "region": "CyberRange",
            "scheduler_hints": [],
            "security_groups": [
              "secgroup_grey"
            ],
            "stop_before_destroy": false,
            "tags": [],
            "timeouts": null,
            "updated": "2026-02-04 18:29:40 +0000 UTC",
            "user_data": "59a9ee23b8e171e8ac11f8db679554885ac9df10",
            "vendor_options": [],
            "volume": []
          },
          "sensitive_attributes": [
            [
              {
                "type": "get_attr",
                "value": "admin_pass"
              }
            ]
          ],
          "identity_schema_version": 0,
          "private": "eyJlMmJmYjczMC1lY2FhLTExZTYtOGY4OC0zNDM2M2JjN2M0YzAiOnsiY3JlYXRlIjoxODAwMDAwMDAwMDAwLCJkZWxldGUiOjE4MDAwMDAwMDAwMDAsInVwZGF0ZSI6MTgwMDAwMDAwMDAwMH19",
          "dependencies": [
            "openstack_networking_network_v2.network_grey",
            "openstack_networking_secgroup_v2.secgroup_grey"
          ]
        },
        {
          "index_key": "jumpgrey3",
          "schema_version": 0,
          "attributes": {
            "access_ip_v4": "100.65.8.7",
            "access_ip_v6": "",
            "admin_pass": null,
            "all_metadata": {},
            "all_tags": [],
            "availability_zone": "nova",
            "availability_zone_hints": null,
            "block_device": [
              {
                "boot_index": 0,
                "delete_on_termination": true,
                "destination_type": "volume",
                "device_type": "",
                "disk_bus": "",
                "guest_format": "",
                "multiattach": false,
                "source_type": "image",
                "uuid": "1cde3ec3-03d3-4c17-a512-d3799ae92dad",
                "volume_size": 25,
                "volume_type": ""
              }
            ],
            "config_drive": null,
            "created": "2026-02-04 18:29:27 +0000 UTC",
            "flavor_id": "6f4e2f56-5576-4705-9889-2d828c9758a0",
            "flavor_name": "medium",
            "floating_ip": null,
            "force_delete": false,
            "id": "715c58a7-982b-40cf-a585-0b67b819de07",
            "image_id": "Attempt to boot from volume - no image supplied",
            "image_name": null,
            "key_pair": "cdt",
            "metadata": null,
            "name": "jumpgrey3",
            "network": [
              {
                "access_network": false,
                "fixed_ip_v4": "100.65.8.7",
                "fixed_ip_v6": "",
                "floating_ip": "",
                "mac": "fa:16:3e:34:d3:33",
                "name": "MAIN-NAT",
                "port": "",
                "uuid": "2f96295c-34f6-49a2-b5cf-7f5b407be0c8"
              },
              {
                "access_network": false,
                "fixed_ip_v4": "172.20.0.73",
                "fixed_ip_v6": "",
                "floating_ip": "",
                "mac": "fa:16:3e:b2:59:e6",
                "name": "network_grey",
                "port": "",
                "uuid": "63f0c69f-6136-4d09-b3b2-360cfbe571bc"
              }
            ],
            "network_mode": null,
            "personality": [],
            "power_state": "active",
            "region": "CyberRange",
            "scheduler_hints": [],
            "security_groups": [
              "secgroup_grey"
            ],
            "stop_before_destroy": false,
            "tags": [],
            "timeouts": null,
            "updated": "2026-02-04 18:29:52 +0000 UTC",
            "user_data": "59a9ee23b8e171e8ac11f8db679554885ac9df10",
            "vendor_options": [],
            "volume": []
          },
          "sensitive_attributes": [
            [
              {
                "type": "get_attr",
                "value": "admin_pass"
              }
            ]
          ],
          "identity_schema_version": 0,
          "private": "eyJlMmJmYjczMC1lY2FhLTExZTYtOGY4OC0zNDM2M2JjN2M0YzAiOnsiY3JlYXRlIjoxODAwMDAwMDAwMDAwLCJkZWxldGUiOjE4MDAwMDAwMDAwMDAsInVwZGF0ZSI6MTgwMDAwMDAwMDAwMH19",
          "dependencies": [
            "openstack_networking_network_v2.network_grey",
            "openstack_networking_secgroup_v2.secgroup_grey"
          ]
        },
        {
          "index_key": "jumpgrey4",
          "schema_version": 0,
          "attributes": {
            "access_ip_v4": "100.65.4.211",
            "access_ip_v6": "",
            "admin_pass": null,
            "all_metadata": {},
            "all_tags": [],
            "availability_zone": "nova",
            "availability_zone_hints": null,
            "block_device": [
              {
                "boot_index": 0,
                "delete_on_termination": true,
                "destination_type": "volume",
                "device_type": "",
                "disk_bus": "",
                "guest_format": "",
                "multiattach": false,
                "source_type": "image",
                "uuid": "1cde3ec3-03d3-4c17-a512-d3799ae92dad",
                "volume_size": 25,
                "volume_type": ""
              }
            ],
            "config_drive": null,
            "created": "2026-02-04 18:29:07 +0000 UTC",
            "flavor_id": "6f4e2f56-5576-4705-9889-2d828c9758a0",
            "flavor_name": "medium",
            "floating_ip": null,
            "force_delete": false,
            "id": "dc645ef2-783f-49d9-9bdf-96bf03d900cc",
            "image_id": "Attempt to boot from volume - no image supplied",
            "image_name": null,
            "key_pair": "cdt",
            "metadata": null,
            "name": "jumpgrey4",
            "network": [
              {
                "access_network": false,
                "fixed_ip_v4": "100.65.4.211",
                "fixed_ip_v6": "",
                "floating_ip": "",
                "mac": "fa:16:3e:b7:f8:c9",
                "name": "MAIN-NAT",
                "port": "",
                "uuid": "2f96295c-34f6-49a2-b5cf-7f5b407be0c8"
              },
              {
                "access_network": false,
                "fixed_ip_v4": "172.20.0.74",
                "fixed_ip_v6": "",
                "floating_ip": "",
                "mac": "fa:16:3e:2b:81:65",
                "name": "network_grey",
                "port": "",
                "uuid": "63f0c69f-6136-4d09-b3b2-360cfbe571bc"
              }
            ],
            "network_mode": null,
            "personality": [],
            "power_state": "active",
            "region": "CyberRange",
            "scheduler_hints": [],
            "security_groups": [
              "secgroup_grey"
            ],
            "stop_before_destroy": false,
            "tags": [],
            "timeouts": null,
            "updated": "2026-02-04 18:29:32 +0000 UTC",
            "user_data": "59a9ee23b8e171e8ac11f8db679554885ac9df10",
            "vendor_options": [],
            "volume": []
          },
          "sensitive_attributes": [
            [
              {
                "type": "get_attr",
                "value": "admin_pass"
              }
            ]
          ],
          "identity_schema_version": 0,
          "private": "eyJlMmJmYjczMC1lY2FhLTExZTYtOGY4OC0zNDM2M2JjN2M0YzAiOnsiY3JlYXRlIjoxODAwMDAwMDAwMDAwLCJkZWxldGUiOjE4MDAwMDAwMDAwMDAsInVwZGF0ZSI6MTgwMDAwMDAwMDAwMH19",
          "dependencies": [
            "openstack_networking_network_v2.network_grey",
            "openstack_networking_secgroup_v2.secgroup_grey"
          ]
        },
        {
          "index_key": "jumpgrey5",
          "schema_version": 0,
          "attributes": {
            "access_ip_v4": "100.65.6.62",
            "access_ip_v6": "",
            "admin_pass": null,
            "all_metadata": {},
            "all_tags": [],
            "availability_zone": "nova",
            "availability_zone_hints": null,
            "block_device": [
              {
                "boot_index": 0,
                "delete_on_termination": true,
                "destination_type": "volume",
                "device_type": "",
                "disk_bus": "",
                "guest_format": "",
                "multiattach": false,
                "source_type": "image",
                "uuid": "1cde3ec3-03d3-4c17-a512-d3799ae92dad",
                "volume_size": 25,
                "volume_type": ""
              }
            ],
            "config_drive": null,
            "created": "2026-02-04 18:29:17 +0000 UTC",
            "flavor_id": "6f4e2f56-5576-4705-9889-2d828c9758a0",
            "flavor_name": "medium",
            "floating_ip": null,
            "force_delete": false,
            "id": "dd3f6884-913b-42cd-8da4-00ed25014a0d",
            "image_id": "Attempt to boot from volume - no image supplied",
            "image_name": null,
            "key_pair": "cdt",
            "metadata": null,
            "name": "jumpgrey5",
            "network": [
              {
                "access_network": false,
                "fixed_ip_v4": "100.65.6.62",
                "fixed_ip_v6": "",
                "floating_ip": "",
                "mac": "fa:16:3e:10:b5:92",
                "name": "MAIN-NAT",
                "port": "",
                "uuid": "2f96295c-34f6-49a2-b5cf-7f5b407be0c8"
              },
              {
                "access_network": false,
                "fixed_ip_v4": "172.20.0.75",
                "fixed_ip_v6": "",
                "floating_ip": "",
                "mac": "fa:16:3e:78:82:54",
                "name": "network_grey",
                "port": "",
                "uuid": "63f0c69f-6136-4d09-b3b2-360cfbe571bc"
              }
            ],
            "network_mode": null,
            "personality": [],
            "power_state": "active",
            "region": "CyberRange",
            "scheduler_hints": [],
            "security_groups": [
              "secgroup_grey"
            ],
            "stop_before_destroy": false,
            "tags": [],
            "timeouts": null,
            "updated": "2026-02-04 18:29:44 +0000 UTC",
            "user_data": "59a9ee23b8e171e8ac11f8db679554885ac9df10",
            "vendor_options": [],
            "volume": []
          },
          "sensitive_attributes": [
            [
              {
                "type": "get_attr",
                "value": "admin_pass"
              }
            ]
          ],
          "identity_schema_version": 0,
          "private": "eyJlMmJmYjczMC1lY2FhLTExZTYtOGY4OC0zNDM2M2JjN2M0YzAiOnsiY3JlYXRlIjoxODAwMDAwMDAwMDAwLCJkZWxldGUiOjE4MDAwMDAwMDAwMDAsInVwZGF0ZSI6MTgwMDAwMDAwMDAwMH19",
          "dependencies": [
            "openstack_networking_network_v2.network_grey",
            "openstack_networking_secgroup_v2.secgroup_grey"
          ]
        },
        {
          "index_key": "jumpgrey6",
          "schema_version": 0,
          "attributes": {
            "access_ip_v4": "100.65.5.35",
            "access_ip_v6": "",
            "admin_pass": null,
            "all_metadata": {},
            "all_tags": [],
            "availability_zone": "nova",
            "availability_zone_hints": null,
            "block_device": [
              {
                "boot_index": 0,
                "delete_on_termination": true,
                "destination_type": "volume",
                "device_type": "",
                "disk_bus": "",
                "guest_format": "",
                "multiattach": false,
                "source_type": "image",
                "uuid": "1cde3ec3-03d3-4c17-a512-d3799ae92dad",
                "volume_size": 25,
                "volume_type": ""
              }
            ],
            "config_drive": null,
            "created": "2026-02-04 18:29:32 +0000 UTC",
            "flavor_id": "6f4e2f56-5576-4705-9889-2d828c9758a0",
            "flavor_name": "medium",
            "floating_ip": null,
            "force_delete": false,
            "id": "0f047e76-1e6f-440a-95c6-5b91979d9938",
            "image_id": "Attempt to boot from volume - no image supplied",
            "image_name": null,
            "key_pair": "cdt",
            "metadata": null,
            "name": "jumpgrey6",
            "network": [
              {
                "access_network": false,
                "fixed_ip_v4": "100.65.5.35",
                "fixed_ip_v6": "",
                "floating_ip": "",
                "mac": "fa:16:3e:e8:cb:db",
                "name": "MAIN-NAT",
                "port": "",
                "uuid": "2f96295c-34f6-49a2-b5cf-7f5b407be0c8"
              },
              {
                "access_network": false,
                "fixed_ip_v4": "172.20.0.76",
                "fixed_ip_v6": "",
                "floating_ip": "",
                "mac": "fa:16:3e:8f:59:79",
                "name": "network_grey",
                "port": "",
                "uuid": "63f0c69f-6136-4d09-b3b2-360cfbe571bc"
              }
            ],
            "network_mode": null,
            "personality": [],
            "power_state": "active",
            "region": "CyberRange",
            "scheduler_hints": [],
            "security_groups": [
              "secgroup_grey"
            ],
            "stop_before_destroy": false,
            "tags": [],
            "timeouts": null,
            "updated": "2026-02-04 18:29:51 +0000 UTC",
            "user_data": "59a9ee23b8e171e8ac11f8db679554885ac9df10",
            "vendor_options": [],
            "volume": []
          },
          "sensitive_attributes": [
            [
              {
                "type": "get_attr",
                "value": "admin_pass"
              }
            ]
          ],
          "identity_schema_version": 0,
          "private": "eyJlMmJmYjczMC1lY2FhLTExZTYtOGY4OC0zNDM2M2JjN2M0YzAiOnsiY3JlYXRlIjoxODAwMDAwMDAwMDAwLCJkZWxldGUiOjE4MDAwMDAwMDAwMDAsInVwZGF0ZSI6MTgwMDAwMDAwMDAwMH19",
          "dependencies": [
            "openstack_networking_network_v2.network_grey",
            "openstack_networking_secgroup_v2.secgroup_grey"
          ]
        },
        {
          "index_key": "jumpgrey7",
          "schema_version": 0,
          "attributes": {
            "access_ip_v4": "100.65.7.80",
            "access_ip_v6": "",
            "admin_pass": null,
            "all_metadata": {},
            "all_tags": [],
            "availability_zone": "nova",
            "availability_zone_hints": null,
            "block_device": [
              {
                "boot_index": 0,
                "delete_on_termination": true,
                "destination_type": "volume",
                "device_type": "",
                "disk_bus": "",
                "guest_format": "",
                "multiattach": false,
                "source_type": "image",
                "uuid": "1cde3ec3-03d3-4c17-a512-d3799ae92dad",
                "volume_size": 25,
                "volume_type": ""
              }
            ],
            "config_drive": null,
            "created": "2026-02-04 18:29:07 +0000 UTC",
            "flavor_id": "6f4e2f56-5576-4705-9889-2d828c9758a0",
            "flavor_name": "medium",
            "floating_ip": null,
            "force_delete": false,
            "id": "14c17f20-7a3a-43ac-9168-772c34d853ba",
            "image_id": "Attempt to boot from volume - no image supplied",
            "image_name": null,
            "key_pair": "cdt",
            "metadata": null,
            "name": "jumpgrey7",
            "network": [
              {
                "access_network": false,
                "fixed_ip_v4": "100.65.7.80",
                "fixed_ip_v6": "",
                "floating_ip": "",
                "mac": "fa:16:3e:e8:9f:d6",
                "name": "MAIN-NAT",
                "port": "",
                "uuid": "2f96295c-34f6-49a2-b5cf-7f5b407be0c8"
              },
              {
                "access_network": false,
                "fixed_ip_v4": "172.20.0.77",
                "fixed_ip_v6": "",
                "floating_ip": "",
                "mac": "fa:16:3e:d2:42:7a",
                "name": "network_grey",
                "port": "",
                "uuid": "63f0c69f-6136-4d09-b3b2-360cfbe571bc"
              }
            ],
            "network_mode": null,
            "personality": [],
            "power_state": "active",
            "region": "CyberRange",
            "scheduler_hints": [],
            "security_groups": [
              "secgroup_grey"
            ],
            "stop_before_destroy": false,
            "tags": [],
            "timeouts": null,
            "updated": "2026-02-04 18:29:28 +0000 UTC",
            "user_data": "59a9ee23b8e171e8ac11f8db679554885ac9df10",
            "vendor_options": [],
            "volume": []
          },
          "sensitive_attributes": [
            [
              {
                "type": "get_attr",
                "value": "admin_pass"
              }
            ]
          ],
          "identity_schema_version": 0,
          "private": "eyJlMmJmYjczMC1lY2FhLTExZTYtOGY4OC0zNDM2M2JjN2M0YzAiOnsiY3JlYXRlIjoxODAwMDAwMDAwMDAwLCJkZWxldGUiOjE4MDAwMDAwMDAwMDAsInVwZGF0ZSI6MTgwMDAwMDAwMDAwMH19",
          "dependencies": [
            "openstack_networking_network_v2.network_grey",
            "openstack_networking_secgroup_v2.secgroup_grey"
          ]
        },
        {
          "index_key": "jumpgrey8",
          "schema_version": 0,
          "attributes": {
            "access_ip_v4": "100.65.7.210",
            "access_ip_v6": "",
            "admin_pass": null,
            "all_metadata": {},
            "all_tags": [],
            "availability_zone": "nova",
            "availability_zone_hints": null,
            "block_device": [
              {
                "boot_index": 0,
                "delete_on_termination": true,
                "destination_type": "volume",
                "device_type": "",
                "disk_bus": "",
                "guest_format": "",
                "multiattach": false,
                "source_type": "image",
                "uuid": "1cde3ec3-03d3-4c17-a512-d3799ae92dad",
                "volume_size": 25,
                "volume_type": ""
              }
            ],
            "config_drive": null,
            "created": "2026-02-04 18:29:27 +0000 UTC",
            "flavor_id": "6f4e2f56-5576-4705-9889-2d828c9758a0",
            "flavor_name": "medium",
            "floating_ip": null,
            "force_delete": false,
            "id": "0cc1ff96-190e-4957-8c02-4132465bee1a",
            "image_id": "Attempt to boot from volume - no image supplied",
            "image_name": null,
            "key_pair": "cdt",
            "metadata": null,
            "name": "jumpgrey8",
            "network": [
              {
                "access_network": false,
                "fixed_ip_v4": "100.65.7.210",
                "fixed_ip_v6": "",
                "floating_ip": "",
                "mac": "fa:16:3e:2e:c7:2a",
                "name": "MAIN-NAT",
                "port": "",
                "uuid": "2f96295c-34f6-49a2-b5cf-7f5b407be0c8"
              },
              {
                "access_network": false,
                "fixed_ip_v4": "172.20.0.78",
                "fixed_ip_v6": "",
                "floating_ip": "",
                "mac": "fa:16:3e:33:47:4a",
                "name": "network_grey",
                "port": "",
                "uuid": "63f0c69f-6136-4d09-b3b2-360cfbe571bc"
              }
            ],
            "network_mode": null,
            "personality": [],
            "power_state": "active",
            "region": "CyberRange",
            "scheduler_hints": [],
            "security_groups": [
              "secgroup_grey"
            ],
            "stop_before_destroy": false,
            "tags": [],
            "timeouts": null,
            "updated": "2026-02-04 18:29:56 +0000 UTC",
            "user_data": "59a9ee23b8e171e8ac11f8db679554885ac9df10",
            "vendor_options": [],
            "volume": []
          },
          "sensitive_attributes": [
            [
              {
                "type": "get_attr",
                "value": "admin_pass"
              }
            ]
          ],
          "identity_schema_version": 0,
          "private": "eyJlMmJmYjczMC1lY2FhLTExZTYtOGY4OC0zNDM2M2JjN2M0YzAiOnsiY3JlYXRlIjoxODAwMDAwMDAwMDAwLCJkZWxldGUiOjE4MDAwMDAwMDAwMDAsInVwZGF0ZSI6MTgwMDAwMDAwMDAwMH19",
          "dependencies": [
            "openstack_networking_network_v2.network_grey",
            "openstack_networking_secgroup_v2.secgroup_grey"
          ]
        },
        {
          "index_key": "jumpgrey9",
          "schema_version": 0,
          "attributes": {
            "access_ip_v4": "100.65.3.177",
            "access_ip_v6": "",
            "admin_pass": null,
            "all_metadata": {},
            "all_tags": [],
            "availability_zone": "nova",
            "availability_zone_hints": null,
            "block_device": [
              {
                "boot_index": 0,
                "delete_on_termination": true,
                "destination_type": "volume",
                "device_type": "",
                "disk_bus": "",
                "guest_format": "",
                "multiattach": false,
                "source_type": "image",
                "uuid": "1cde3ec3-03d3-4c17-a512-d3799ae92dad",
                "volume_size": 25,
                "volume_type": ""
              }
            ],
            "config_drive": null,
            "created": "2026-02-04 18:29:27 +0000 UTC",
            "flavor_id": "6f4e2f56-5576-4705-9889-2d828c9758a0",
            "flavor_name": "medium",
            "floating_ip": null,
            "force_delete": false,
            "id": "f69a2706-886e-4451-8dae-675cf9d7d9eb",
            "image_id": "Attempt to boot from volume - no image supplied",
            "image_name": null,
            "key_pair": "cdt",
            "metadata": null,
            "name": "jumpgrey9",
            "network": [
              {
                "access_network": false,
                "fixed_ip_v4": "100.65.3.177",
                "fixed_ip_v6": "",
                "floating_ip": "",
                "mac": "fa:16:3e:18:48:46",
                "name": "MAIN-NAT",
                "port": "",
                "uuid": "2f96295c-34f6-49a2-b5cf-7f5b407be0c8"
              },
              {
                "access_network": false,
                "fixed_ip_v4": "172.20.0.79",
                "fixed_ip_v6": "",
                "floating_ip": "",
                "mac": "fa:16:3e:a3:00:64",
                "name": "network_grey",
                "port": "",
                "uuid": "63f0c69f-6136-4d09-b3b2-360cfbe571bc"
              }
            ],
            "network_mode": null,
            "personality": [],
            "power_state": "active",
            "region": "CyberRange",
            "scheduler_hints": [],
            "security_groups": [
              "secgroup_grey"
            ],
            "stop_before_destroy": false,
            "tags": [],
            "timeouts": null,
            "updated": "2026-02-04 18:29:49 +0000 UTC",
            "user_data": "59a9ee23b8e171e8ac11f8db679554885ac9df10",
            "vendor_options": [],
            "volume": []
          },
          "sensitive_attributes": [
            [
              {
                "type": "get_attr",
                "value": "admin_pass"
              }
            ]
          ],
          "identity_schema_version": 0,
          "private": "eyJlMmJmYjczMC1lY2FhLTExZTYtOGY4OC0zNDM2M2JjN2M0YzAiOnsiY3JlYXRlIjoxODAwMDAwMDAwMDAwLCJkZWxldGUiOjE4MDAwMDAwMDAwMDAsInVwZGF0ZSI6MTgwMDAwMDAwMDAwMH19",
          "dependencies": [
            "openstack_networking_network_v2.network_grey",
            "openstack_networking_secgroup_v2.secgroup_grey"
          ]
        }
      ]
    },
    {
      "mode": "managed",
      "type": "openstack_compute_instance_v2",
      "name": "scoring",
      "provider": "provider[\"registry.terraform.io/terraform-provider-openstack/openstack\"]",
      "instances": [
        {
          "schema_version": 0,
          "attributes": {
            "access_ip_v4": "172.20.0.100",
            "access_ip_v6": "",
            "admin_pass": null,
            "all_metadata": {},
            "all_tags": [],
            "availability_zone": "nova",
            "availability_zone_hints": null,
            "block_device": [
              {
                "boot_index": 0,
                "delete_on_termination": true,
                "destination_type": "volume",
                "device_type": "",
                "disk_bus": "",
                "guest_format": "",
                "multiattach": false,
                "source_type": "image",
                "uuid": "70de79be-69be-45dc-b956-f15dbe194ccd",
                "volume_size": 100,
                "volume_type": ""
              }
            ],
            "config_drive": null,
            "created": "2026-02-04 18:28:58 +0000 UTC",
            "flavor_id": "99e6ce94-23fd-49aa-9d39-b87562583fcd",
            "flavor_name": "large",
            "floating_ip": null,
            "force_delete": false,
            "id": "013aa02f-4483-4d39-a0d5-d2c294bed107",
            "image_id": "Attempt to boot from volume - no image supplied",
            "image_name": null,
            "key_pair": "cdt",
            "metadata": null,
            "name": "scoring",
            "network": [
              {
                "access_network": false,
                "fixed_ip_v4": "172.20.0.100",
                "fixed_ip_v6": "",
                "floating_ip": "",
                "mac": "fa:16:3e:fe:9b:0d",
                "name": "network_grey",
                "port": "",
                "uuid": "63f0c69f-6136-4d09-b3b2-360cfbe571bc"
              }
            ],
            "network_mode": null,
            "personality": [],
            "power_state": "active",
            "region": "CyberRange",
            "scheduler_hints": [],
            "security_groups": [
              "secgroup_grey"
            ],
            "stop_before_destroy": false,
            "tags": [],
            "timeouts": null,
            "updated": "2026-02-04 18:29:28 +0000 UTC",
            "user_data": "f72d9cdacaab36c9d8ea582c2535a649e99dd300",
            "vendor_options": [],
            "volume": []
          },
          "sensitive_attributes": [
            [
              {
                "type": "get_attr",
                "value": "admin_pass"
              }
            ]
          ],
          "identity_schema_version": 0,
          "private": "eyJlMmJmYjczMC1lY2FhLTExZTYtOGY4OC0zNDM2M2JjN2M0YzAiOnsiY3JlYXRlIjoxODAwMDAwMDAwMDAwLCJkZWxldGUiOjE4MDAwMDAwMDAwMDAsInVwZGF0ZSI6MTgwMDAwMDAwMDAwMH19",
          "dependencies": [
            "openstack_networking_network_v2.network_grey",
            "openstack_networking_secgroup_v2.secgroup_grey"
          ]
        }
      ]
    },
    {
      "mode": "managed",
      "type": "openstack_compute_instance_v2",
      "name": "scoringworker",
      "provider": "provider[\"registry.terraform.io/terraform-provider-openstack/openstack\"]",
      "instances": [
        {
          "index_key": "scoring1",
          "schema_version": 0,
          "attributes": {
            "access_ip_v4": "172.20.0.67",
            "access_ip_v6": "",
            "admin_pass": null,
            "all_metadata": {},
            "all_tags": [],
            "availability_zone": "nova",
            "availability_zone_hints": null,
            "block_device": [
              {
                "boot_index": 0,
                "delete_on_termination": true,
                "destination_type": "volume",
                "device_type": "",
                "disk_bus": "",
                "guest_format": "",
                "multiattach": false,
                "source_type": "image",
                "uuid": "70de79be-69be-45dc-b956-f15dbe194ccd",
                "volume_size": 30,
                "volume_type": ""
              }
            ],
            "config_drive": null,
            "created": "2026-02-04 18:28:57 +0000 UTC",
            "flavor_id": "6f4e2f56-5576-4705-9889-2d828c9758a0",
            "flavor_name": "medium",
            "floating_ip": null,
            "force_delete": false,
            "id": "ece064e9-afe6-41f8-8218-68d420a9ab25",
            "image_id": "Attempt to boot from volume - no image supplied",
            "image_name": null,
            "key_pair": "cdt",
            "metadata": null,
            "name": "scoring1",
            "network": [
              {
                "access_network": false,
                "fixed_ip_v4": "172.20.0.67",
                "fixed_ip_v6": "",
                "floating_ip": "",
                "mac": "fa:16:3e:09:3f:ba",
                "name": "network_grey",
                "port": "",
                "uuid": "63f0c69f-6136-4d09-b3b2-360cfbe571bc"
              }
            ],
            "network_mode": null,
            "personality": [],
            "power_state": "active",
            "region": "CyberRange",
            "scheduler_hints": [],
            "security_groups": [
              "secgroup_grey"
            ],
            "stop_before_destroy": false,
            "tags": [],
            "timeouts": null,
            "updated": "2026-02-04 18:29:18 +0000 UTC",
            "user_data": "f72d9cdacaab36c9d8ea582c2535a649e99dd300",
            "vendor_options": [],
            "volume": []
          },
          "sensitive_attributes": [
            [
              {
                "type": "get_attr",
                "value": "admin_pass"
              }
            ]
          ],
          "identity_schema_version": 0,
          "private": "eyJlMmJmYjczMC1lY2FhLTExZTYtOGY4OC0zNDM2M2JjN2M0YzAiOnsiY3JlYXRlIjoxODAwMDAwMDAwMDAwLCJkZWxldGUiOjE4MDAwMDAwMDAwMDAsInVwZGF0ZSI6MTgwMDAwMDAwMDAwMH19",
          "dependencies": [
            "openstack_networking_network_v2.network_grey",
            "openstack_networking_secgroup_v2.secgroup_grey"
          ]
        },
        {
          "index_key": "scoring2",
          "schema_version": 0,
          "attributes": {
            "access_ip_v4": "172.20.0.82",
            "access_ip_v6": "",
            "admin_pass": null,
            "all_metadata": {},
            "all_tags": [],
            "availability_zone": "nova",
            "availability_zone_hints": null,
            "block_device": [
              {
                "boot_index": 0,
                "delete_on_termination": true,
                "destination_type": "volume",
                "device_type": "",
                "disk_bus": "",
                "guest_format": "",
                "multiattach": false,
                "source_type": "image",
                "uuid": "70de79be-69be-45dc-b956-f15dbe194ccd",
                "volume_size": 30,
                "volume_type": ""
              }
            ],
            "config_drive": null,
            "created": "2026-02-04 18:28:57 +0000 UTC",
            "flavor_id": "6f4e2f56-5576-4705-9889-2d828c9758a0",
            "flavor_name": "medium",
            "floating_ip": null,
            "force_delete": false,
            "id": "239696e9-ea24-4de4-8731-892f9ca6c267",
            "image_id": "Attempt to boot from volume - no image supplied",
            "image_name": null,
            "key_pair": "cdt",
            "metadata": null,
            "name": "scoring2",
            "network": [
              {
                "access_network": false,
                "fixed_ip_v4": "172.20.0.82",
                "fixed_ip_v6": "",
                "floating_ip": "",
                "mac": "fa:16:3e:a7:e5:f2",
                "name": "network_grey",
                "port": "",
                "uuid": "63f0c69f-6136-4d09-b3b2-360cfbe571bc"
              }
            ],
            "network_mode": null,
            "personality": [],
            "power_state": "active",
            "region": "CyberRange",
            "scheduler_hints": [],
            "security_groups": [
              "secgroup_grey"
            ],
            "stop_before_destroy": false,
            "tags": [],
            "timeouts": null,
            "updated": "2026-02-04 18:29:25 +0000 UTC",
            "user_data": "f72d9cdacaab36c9d8ea582c2535a649e99dd300",
            "vendor_options": [],
            "volume": []
          },
          "sensitive_attributes": [
            [
              {
                "type": "get_attr",
                "value": "admin_pass"
              }
            ]
          ],
          "identity_schema_version": 0,
          "private": "eyJlMmJmYjczMC1lY2FhLTExZTYtOGY4OC0zNDM2M2JjN2M0YzAiOnsiY3JlYXRlIjoxODAwMDAwMDAwMDAwLCJkZWxldGUiOjE4MDAwMDAwMDAwMDAsInVwZGF0ZSI6MTgwMDAwMDAwMDAwMH19",
          "dependencies": [
            "openstack_networking_network_v2.network_grey",
            "openstack_networking_secgroup_v2.secgroup_grey"
          ]
        },
        {
          "index_key": "scoring3",
          "schema_version": 0,
          "attributes": {
            "access_ip_v4": "172.20.0.90",
            "access_ip_v6": "",
            "admin_pass": null,
            "all_metadata": {},
            "all_tags": [],
            "availability_zone": "nova",
            "availability_zone_hints": null,
            "block_device": [
              {
                "boot_index": 0,
                "delete_on_termination": true,
                "destination_type": "volume",
                "device_type": "",
                "disk_bus": "",
                "guest_format": "",
                "multiattach": false,
                "source_type": "image",
                "uuid": "70de79be-69be-45dc-b956-f15dbe194ccd",
                "volume_size": 30,
                "volume_type": ""
              }
            ],
            "config_drive": null,
            "created": "2026-02-04 18:28:57 +0000 UTC",
            "flavor_id": "6f4e2f56-5576-4705-9889-2d828c9758a0",
            "flavor_name": "medium",
            "floating_ip": null,
            "force_delete": false,
            "id": "1c52faa0-85c4-4560-bb18-6c31076439dd",
            "image_id": "Attempt to boot from volume - no image supplied",
            "image_name": null,
            "key_pair": "cdt",
            "metadata": null,
            "name": "scoring3",
            "network": [
              {
                "access_network": false,
                "fixed_ip_v4": "172.20.0.90",
                "fixed_ip_v6": "",
                "floating_ip": "",
                "mac": "fa:16:3e:ad:2a:fb",
                "name": "network_grey",
                "port": "",
                "uuid": "63f0c69f-6136-4d09-b3b2-360cfbe571bc"
              }
            ],
            "network_mode": null,
            "personality": [],
            "power_state": "active",
            "region": "CyberRange",
            "scheduler_hints": [],
            "security_groups": [
              "secgroup_grey"
            ],
            "stop_before_destroy": false,
            "tags": [],
            "timeouts": null,
            "updated": "2026-02-04 18:29:22 +0000 UTC",
            "user_data": "f72d9cdacaab36c9d8ea582c2535a649e99dd300",
            "vendor_options": [],
            "volume": []
          },
          "sensitive_attributes": [
            [
              {
                "type": "get_attr",
                "value": "admin_pass"
              }
            ]
          ],
          "identity_schema_version": 0,
          "private": "eyJlMmJmYjczMC1lY2FhLTExZTYtOGY4OC0zNDM2M2JjN2M0YzAiOnsiY3JlYXRlIjoxODAwMDAwMDAwMDAwLCJkZWxldGUiOjE4MDAwMDAwMDAwMDAsInVwZGF0ZSI6MTgwMDAwMDAwMDAwMH19",
          "dependencies": [
            "openstack_networking_network_v2.network_grey",
            "openstack_networking_secgroup_v2.secgroup_grey"
          ]
        },
        {
          "index_key": "scoring4",
          "schema_version": 0,
          "attributes": {
            "access_ip_v4": "172.20.0.106",
            "access_ip_v6": "",
            "admin_pass": null,
            "all_metadata": {},
            "all_tags": [],
            "availability_zone": "nova",
            "availability_zone_hints": null,
            "block_device": [
              {
                "boot_index": 0,
                "delete_on_termination": true,
                "destination_type": "volume",
                "device_type": "",
                "disk_bus": "",
                "guest_format": "",
                "multiattach": false,
                "source_type": "image",
                "uuid": "70de79be-69be-45dc-b956-f15dbe194ccd",
                "volume_size": 30,
                "volume_type": ""
              }
            ],
            "config_drive": null,
            "created": "2026-02-04 18:28:57 +0000 UTC",
            "flavor_id": "6f4e2f56-5576-4705-9889-2d828c9758a0",
            "flavor_name": "medium",
            "floating_ip": null,
            "force_delete": false,
            "id": "cc1e1473-7b27-4929-a5a6-54bee21f95bc",
            "image_id": "Attempt to boot from volume - no image supplied",
            "image_name": null,
            "key_pair": "cdt",
            "metadata": null,
            "name": "scoring4",
            "network": [
              {
                "access_network": false,
                "fixed_ip_v4": "172.20.0.106",
                "fixed_ip_v6": "",
                "floating_ip": "",
                "mac": "fa:16:3e:40:79:7c",
                "name": "network_grey",
                "port": "",
                "uuid": "63f0c69f-6136-4d09-b3b2-360cfbe571bc"
              }
            ],
            "network_mode": null,
            "personality": [],
            "power_state": "active",
            "region": "CyberRange",
            "scheduler_hints": [],
            "security_groups": [
              "secgroup_grey"
            ],
            "stop_before_destroy": false,
            "tags": [],
            "timeouts": null,
            "updated": "2026-02-04 18:29:15 +0000 UTC",
            "user_data": "f72d9cdacaab36c9d8ea582c2535a649e99dd300",
            "vendor_options": [],
            "volume": []
          },
          "sensitive_attributes": [
            [
              {
                "type": "get_attr",
                "value": "admin_pass"
              }
            ]
          ],
          "identity_schema_version": 0,
          "private": "eyJlMmJmYjczMC1lY2FhLTExZTYtOGY4OC0zNDM2M2JjN2M0YzAiOnsiY3JlYXRlIjoxODAwMDAwMDAwMDAwLCJkZWxldGUiOjE4MDAwMDAwMDAwMDAsInVwZGF0ZSI6MTgwMDAwMDAwMDAwMH19",
          "dependencies": [
            "openstack_networking_network_v2.network_grey",
            "openstack_networking_secgroup_v2.secgroup_grey"
          ]
        },
        {
          "index_key": "scoring5",
          "schema_version": 0,
          "attributes": {
            "access_ip_v4": "172.20.0.115",
            "access_ip_v6": "",
            "admin_pass": null,
            "all_metadata": {},
            "all_tags": [],
            "availability_zone": "nova",
            "availability_zone_hints": null,
            "block_device": [
              {
                "boot_index": 0,
                "delete_on_termination": true,
                "destination_type": "volume",
                "device_type": "",
                "disk_bus": "",
                "guest_format": "",
                "multiattach": false,
                "source_type": "image",
                "uuid": "70de79be-69be-45dc-b956-f15dbe194ccd",
                "volume_size": 30,
                "volume_type": ""
              }
            ],
            "config_drive": null,
            "created": "2026-02-04 18:29:06 +0000 UTC",
            "flavor_id": "6f4e2f56-5576-4705-9889-2d828c9758a0",
            "flavor_name": "medium",
            "floating_ip": null,
            "force_delete": false,
            "id": "1c8733e4-4187-47d1-9336-dff9ac94389a",
            "image_id": "Attempt to boot from volume - no image supplied",
            "image_name": null,
            "key_pair": "cdt",
            "metadata": null,
            "name": "scoring5",
            "network": [
              {
                "access_network": false,
                "fixed_ip_v4": "172.20.0.115",
                "fixed_ip_v6": "",
                "floating_ip": "",
                "mac": "fa:16:3e:10:a9:f6",
                "name": "network_grey",
                "port": "",
                "uuid": "63f0c69f-6136-4d09-b3b2-360cfbe571bc"
              }
            ],
            "network_mode": null,
            "personality": [],
            "power_state": "active",
            "region": "CyberRange",
            "scheduler_hints": [],
            "security_groups": [
              "secgroup_grey"
            ],
            "stop_before_destroy": false,
            "tags": [],
            "timeouts": null,
            "updated": "2026-02-04 18:29:24 +0000 UTC",
            "user_data": "f72d9cdacaab36c9d8ea582c2535a649e99dd300",
            "vendor_options": [],
            "volume": []
          },
          "sensitive_attributes": [
            [
              {
                "type": "get_attr",
                "value": "admin_pass"
              }
            ]
          ],
          "identity_schema_version": 0,
          "private": "eyJlMmJmYjczMC1lY2FhLTExZTYtOGY4OC0zNDM2M2JjN2M0YzAiOnsiY3JlYXRlIjoxODAwMDAwMDAwMDAwLCJkZWxldGUiOjE4MDAwMDAwMDAwMDAsInVwZGF0ZSI6MTgwMDAwMDAwMDAwMH19",
          "dependencies": [
            "openstack_networking_network_v2.network_grey",
            "openstack_networking_secgroup_v2.secgroup_grey"
          ]
        }
      ]
    },
    {
      "mode": "managed",
      "type": "openstack_compute_instance_v2",
      "name": "ubun24",
      "provider": "provider[\"registry.terraform.io/terraform-provider-openstack/openstack\"]",
      "instances": [
        {
          "index_key": "linux_wkst1",
          "schema_version": 0,
          "attributes": {
            "access_ip_v4": "10.0.30.3",
            "access_ip_v6": "",
            "admin_pass": null,
            "all_metadata": {},
            "all_tags": [],
            "availability_zone": "nova",
            "availability_zone_hints": null,
            "block_device": [
              {
                "boot_index": 0,
                "delete_on_termination": true,
                "destination_type": "volume",
                "device_type": "",
                "disk_bus": "",
                "guest_format": "",
                "multiattach": false,
                "source_type": "image",
                "uuid": "1cde3ec3-03d3-4c17-a512-d3799ae92dad",
                "volume_size": 40,
                "volume_type": ""
              }
            ],
            "config_drive": null,
            "created": "2026-02-04 18:29:38 +0000 UTC",
            "flavor_id": "6f4e2f56-5576-4705-9889-2d828c9758a0",
            "flavor_name": "medium",
            "floating_ip": null,
            "force_delete": false,
            "id": "16ee525e-0830-45cb-8a85-5b5ab6b4a1d7",
            "image_id": "Attempt to boot from volume - no image supplied",
            "image_name": null,
            "key_pair": "cdt",
            "metadata": null,
            "name": "cloudsdale",
            "network": [
              {
                "access_network": false,
                "fixed_ip_v4": "10.0.30.3",
                "fixed_ip_v6": "",
                "floating_ip": "",
                "mac": "fa:16:3e:b3:bf:26",
                "name": "network_internal",
                "port": "",
                "uuid": "6a9781ee-b184-453e-bbe0-a71a25cce80b"
              }
            ],
            "network_mode": null,
            "personality": [],
            "power_state": "active",
            "region": "CyberRange",
            "scheduler_hints": [],
            "security_groups": [
              "secgroup_blue"
            ],
            "stop_before_destroy": false,
            "tags": [],
            "timeouts": null,
            "updated": "2026-02-04 18:29:59 +0000 UTC",
            "user_data": "59a9ee23b8e171e8ac11f8db679554885ac9df10",
            "vendor_options": [],
            "volume": []
          },
          "sensitive_attributes": [
            [
              {
                "type": "get_attr",
                "value": "admin_pass"
              }
            ]
          ],
          "identity_schema_version": 0,
          "private": "eyJlMmJmYjczMC1lY2FhLTExZTYtOGY4OC0zNDM2M2JjN2M0YzAiOnsiY3JlYXRlIjoxODAwMDAwMDAwMDAwLCJkZWxldGUiOjE4MDAwMDAwMDAwMDAsInVwZGF0ZSI6MTgwMDAwMDAwMDAwMH19",
          "dependencies": [
            "openstack_networking_network_v2.network_core",
            "openstack_networking_network_v2.network_dmz",
            "openstack_networking_network_v2.network_internal",
            "openstack_networking_secgroup_v2.secgroup_blue"
          ]
        },
        {
          "index_key": "linux_wkst2",
          "schema_version": 0,
          "attributes": {
            "access_ip_v4": "10.0.30.4",
            "access_ip_v6": "",
            "admin_pass": null,
            "all_metadata": {},
            "all_tags": [],
            "availability_zone": "nova",
            "availability_zone_hints": null,
            "block_device": [
              {
                "boot_index": 0,
                "delete_on_termination": true,
                "destination_type": "volume",
                "device_type": "",
                "disk_bus": "",
                "guest_format": "",
                "multiattach": false,
                "source_type": "image",
                "uuid": "1cde3ec3-03d3-4c17-a512-d3799ae92dad",
                "volume_size": 40,
                "volume_type": ""
              }
            ],
            "config_drive": null,
            "created": "2026-02-04 18:29:56 +0000 UTC",
            "flavor_id": "6f4e2f56-5576-4705-9889-2d828c9758a0",
            "flavor_name": "medium",
            "floating_ip": null,
            "force_delete": false,
            "id": "2a4bc84e-df47-40d1-aa29-fa4dd0b1deba",
            "image_id": "Attempt to boot from volume - no image supplied",
            "image_name": null,
            "key_pair": "cdt",
            "metadata": null,
            "name": "vanhoover",
            "network": [
              {
                "access_network": false,
                "fixed_ip_v4": "10.0.30.4",
                "fixed_ip_v6": "",
                "floating_ip": "",
                "mac": "fa:16:3e:20:fa:6c",
                "name": "network_internal",
                "port": "",
                "uuid": "6a9781ee-b184-453e-bbe0-a71a25cce80b"
              }
            ],
            "network_mode": null,
            "personality": [],
            "power_state": "active",
            "region": "CyberRange",
            "scheduler_hints": [],
            "security_groups": [
              "secgroup_blue"
            ],
            "stop_before_destroy": false,
            "tags": [],
            "timeouts": null,
            "updated": "2026-02-04 18:30:19 +0000 UTC",
            "user_data": "59a9ee23b8e171e8ac11f8db679554885ac9df10",
            "vendor_options": [],
            "volume": []
          },
          "sensitive_attributes": [
            [
              {
                "type": "get_attr",
                "value": "admin_pass"
              }
            ]
          ],
          "identity_schema_version": 0,
          "private": "eyJlMmJmYjczMC1lY2FhLTExZTYtOGY4OC0zNDM2M2JjN2M0YzAiOnsiY3JlYXRlIjoxODAwMDAwMDAwMDAwLCJkZWxldGUiOjE4MDAwMDAwMDAwMDAsInVwZGF0ZSI6MTgwMDAwMDAwMDAwMH19",
          "dependencies": [
            "openstack_networking_network_v2.network_core",
            "openstack_networking_network_v2.network_dmz",
            "openstack_networking_network_v2.network_internal",
            "openstack_networking_secgroup_v2.secgroup_blue"
          ]
        }
      ]
    },
    {
      "mode": "managed",
      "type": "openstack_compute_instance_v2",
      "name": "whinnyapolis",
      "provider": "provider[\"registry.terraform.io/terraform-provider-openstack/openstack\"]",
      "instances": [
        {
          "schema_version": 0,
          "attributes": {
            "access_ip_v4": "10.0.30.5",
            "access_ip_v6": "",
            "admin_pass": null,
            "all_metadata": {},
            "all_tags": [],
            "availability_zone": "nova",
            "availability_zone_hints": null,
            "block_device": [
              {
                "boot_index": 0,
                "delete_on_termination": true,
                "destination_type": "volume",
                "device_type": "",
                "disk_bus": "",
                "guest_format": "",
                "multiattach": false,
                "source_type": "image",
                "uuid": "1cde3ec3-03d3-4c17-a512-d3799ae92dad",
                "volume_size": 40,
                "volume_type": ""
              }
            ],
            "config_drive": null,
            "created": "2026-02-04 18:37:51 +0000 UTC",
            "flavor_id": "6f4e2f56-5576-4705-9889-2d828c9758a0",
            "flavor_name": "medium",
            "floating_ip": null,
            "force_delete": false,
            "id": "2eb662e3-924a-40fd-a20d-4d7744e664f7",
            "image_id": "Attempt to boot from volume - no image supplied",
            "image_name": null,
            "key_pair": "cdt",
            "metadata": null,
            "name": "whinnyapolis",
            "network": [
              {
                "access_network": false,
                "fixed_ip_v4": "10.0.30.5",
                "fixed_ip_v6": "",
                "floating_ip": "",
                "mac": "fa:16:3e:2a:51:84",
                "name": "network_internal",
                "port": "",
                "uuid": "6a9781ee-b184-453e-bbe0-a71a25cce80b"
              }
            ],
            "network_mode": null,
            "personality": [],
            "power_state": "active",
            "region": "CyberRange",
            "scheduler_hints": [],
            "security_groups": [
              "secgroup_blue"
            ],
            "stop_before_destroy": false,
            "tags": [],
            "timeouts": null,
            "updated": "2026-02-04 18:38:12 +0000 UTC",
            "user_data": "59a9ee23b8e171e8ac11f8db679554885ac9df10",
            "vendor_options": [],
            "volume": []
          },
          "sensitive_attributes": [
            [
              {
                "type": "get_attr",
                "value": "admin_pass"
              }
            ]
          ],
          "identity_schema_version": 0,
          "private": "eyJlMmJmYjczMC1lY2FhLTExZTYtOGY4OC0zNDM2M2JjN2M0YzAiOnsiY3JlYXRlIjoxODAwMDAwMDAwMDAwLCJkZWxldGUiOjE4MDAwMDAwMDAwMDAsInVwZGF0ZSI6MTgwMDAwMDAwMDAwMH19",
          "dependencies": [
            "openstack_networking_network_v2.network_internal",
            "openstack_networking_secgroup_v2.secgroup_blue"
          ]
        }
      ]
    },
    {
      "mode": "managed",
      "type": "openstack_compute_instance_v2",
      "name": "win10",
      "provider": "provider[\"registry.terraform.io/terraform-provider-openstack/openstack\"]",
      "instances": [
        {
          "index_key": "windows_wkst1",
          "schema_version": 0,
          "attributes": {
            "access_ip_v4": "10.0.30.1",
            "access_ip_v6": "",
            "admin_pass": null,
            "all_metadata": {},
            "all_tags": [],
            "availability_zone": "nova",
            "availability_zone_hints": null,
            "block_device": [
              {
                "boot_index": 0,
                "delete_on_termination": true,
                "destination_type": "volume",
                "device_type": "",
                "disk_bus": "",
                "guest_format": "",
                "multiattach": false,
                "source_type": "image",
                "uuid": "f848941a-64d7-41b4-9c3d-bbddf657ef51",
                "volume_size": 60,
                "volume_type": ""
              }
            ],
            "config_drive": null,
            "created": "2026-02-04 18:29:43 +0000 UTC",
            "flavor_id": "6f4e2f56-5576-4705-9889-2d828c9758a0",
            "flavor_name": "medium",
            "floating_ip": null,
            "force_delete": false,
            "id": "50683baf-5b1c-46da-87fc-3ff7296469ad",
            "image_id": "Attempt to boot from volume - no image supplied",
            "image_name": null,
            "key_pair": "cdt",
            "metadata": null,
            "name": "baltamare",
            "network": [
              {
                "access_network": false,
                "fixed_ip_v4": "10.0.30.1",
                "fixed_ip_v6": "",
                "floating_ip": "",
                "mac": "fa:16:3e:e6:c3:8f",
                "name": "network_internal",
                "port": "",
                "uuid": "6a9781ee-b184-453e-bbe0-a71a25cce80b"
              }
            ],
            "network_mode": null,
            "personality": [],
            "power_state": "active",
            "region": "CyberRange",
            "scheduler_hints": [],
            "security_groups": [
              "secgroup_inscope"
            ],
            "stop_before_destroy": false,
            "tags": [],
            "timeouts": null,
            "updated": "2026-02-04 18:30:02 +0000 UTC",
            "user_data": "b9b8861cb29425bf0f754058523b1f38b300a641",
            "vendor_options": [],
            "volume": []
          },
          "sensitive_attributes": [
            [
              {
                "type": "get_attr",
                "value": "admin_pass"
              }
            ]
          ],
          "identity_schema_version": 0,
          "private": "eyJlMmJmYjczMC1lY2FhLTExZTYtOGY4OC0zNDM2M2JjN2M0YzAiOnsiY3JlYXRlIjoxODAwMDAwMDAwMDAwLCJkZWxldGUiOjE4MDAwMDAwMDAwMDAsInVwZGF0ZSI6MTgwMDAwMDAwMDAwMH19",
          "dependencies": [
            "openstack_networking_network_v2.network_core",
            "openstack_networking_network_v2.network_dmz",
            "openstack_networking_network_v2.network_internal",
            "openstack_networking_secgroup_v2.secgroup_inscope"
          ]
        },
        {
          "index_key": "windows_wkst2",
          "schema_version": 0,
          "attributes": {
            "access_ip_v4": "10.0.30.2",
            "access_ip_v6": "",
            "admin_pass": null,
            "all_metadata": {},
            "all_tags": [],
            "availability_zone": "nova",
            "availability_zone_hints": null,
            "block_device": [
              {
                "boot_index": 0,
                "delete_on_termination": true,
                "destination_type": "volume",
                "device_type": "",
                "disk_bus": "",
                "guest_format": "",
                "multiattach": false,
                "source_type": "image",
                "uuid": "f848941a-64d7-41b4-9c3d-bbddf657ef51",
                "volume_size": 60,
                "volume_type": ""
              }
            ],
            "config_drive": null,
            "created": "2026-02-04 18:29:47 +0000 UTC",
            "flavor_id": "6f4e2f56-5576-4705-9889-2d828c9758a0",
            "flavor_name": "medium",
            "floating_ip": null,
            "force_delete": false,
            "id": "4dd70bd7-5d17-4c23-9347-9312157c90fb",
            "image_id": "Attempt to boot from volume - no image supplied",
            "image_name": null,
            "key_pair": "cdt",
            "metadata": null,
            "name": "neighara-falls",
            "network": [
              {
                "access_network": false,
                "fixed_ip_v4": "10.0.30.2",
                "fixed_ip_v6": "",
                "floating_ip": "",
                "mac": "fa:16:3e:4b:55:28",
                "name": "network_internal",
                "port": "",
                "uuid": "6a9781ee-b184-453e-bbe0-a71a25cce80b"
              }
            ],
            "network_mode": null,
            "personality": [],
            "power_state": "active",
            "region": "CyberRange",
            "scheduler_hints": [],
            "security_groups": [
              "secgroup_inscope"
            ],
            "stop_before_destroy": false,
            "tags": [],
            "timeouts": null,
            "updated": "2026-02-04 18:30:05 +0000 UTC",
            "user_data": "b9b8861cb29425bf0f754058523b1f38b300a641",
            "vendor_options": [],
            "volume": []
          },
          "sensitive_attributes": [
            [
              {
                "type": "get_attr",
                "value": "admin_pass"
              }
            ]
          ],
          "identity_schema_version": 0,
          "private": "eyJlMmJmYjczMC1lY2FhLTExZTYtOGY4OC0zNDM2M2JjN2M0YzAiOnsiY3JlYXRlIjoxODAwMDAwMDAwMDAwLCJkZWxldGUiOjE4MDAwMDAwMDAwMDAsInVwZGF0ZSI6MTgwMDAwMDAwMDAwMH19",
          "dependencies": [
            "openstack_networking_network_v2.network_core",
            "openstack_networking_network_v2.network_dmz",
            "openstack_networking_network_v2.network_internal",
            "openstack_networking_secgroup_v2.secgroup_inscope"
          ]
        }
      ]
    },
    {
      "mode": "managed",
      "type": "openstack_compute_instance_v2",
      "name": "winserv22",
      "provider": "provider[\"registry.terraform.io/terraform-provider-openstack/openstack\"]",
      "instances": [
        {
          "index_key": "dc",
          "schema_version": 0,
          "attributes": {
            "access_ip_v4": "10.0.10.1",
            "access_ip_v6": "",
            "admin_pass": null,
            "all_metadata": {},
            "all_tags": [],
            "availability_zone": "nova",
            "availability_zone_hints": null,
            "block_device": [
              {
                "boot_index": 0,
                "delete_on_termination": true,
                "destination_type": "volume",
                "device_type": "",
                "disk_bus": "",
                "guest_format": "",
                "multiattach": false,
                "source_type": "image",
                "uuid": "d05fa605-c188-45b8-a3d4-5bb0fe4560fa",
                "volume_size": 60,
                "volume_type": ""
              }
            ],
            "config_drive": null,
            "created": "2026-02-04 18:29:43 +0000 UTC",
            "flavor_id": "99e6ce94-23fd-49aa-9d39-b87562583fcd",
            "flavor_name": "large",
            "floating_ip": null,
            "force_delete": false,
            "id": "cfc342db-3559-45d6-b4ef-77dc29ed4eab",
            "image_id": "Attempt to boot from volume - no image supplied",
            "image_name": null,
            "key_pair": "cdt",
            "metadata": null,
            "name": "canterlot",
            "network": [
              {
                "access_network": false,
                "fixed_ip_v4": "10.0.10.1",
                "fixed_ip_v6": "",
                "floating_ip": "",
                "mac": "fa:16:3e:1b:e5:df",
                "name": "network_core",
                "port": "",
                "uuid": "e37fa546-ce27-47fb-be16-49953b01d5a4"
              }
            ],
            "network_mode": null,
            "personality": [],
            "power_state": "active",
            "region": "CyberRange",
            "scheduler_hints": [],
            "security_groups": [
              "secgroup_inscope"
            ],
            "stop_before_destroy": false,
            "tags": [],
            "timeouts": null,
            "updated": "2026-02-04 18:30:06 +0000 UTC",
            "user_data": "b9b8861cb29425bf0f754058523b1f38b300a641",
            "vendor_options": [],
            "volume": []
          },
          "sensitive_attributes": [
            [
              {
                "type": "get_attr",
                "value": "admin_pass"
              }
            ]
          ],
          "identity_schema_version": 0,
          "private": "eyJlMmJmYjczMC1lY2FhLTExZTYtOGY4OC0zNDM2M2JjN2M0YzAiOnsiY3JlYXRlIjoxODAwMDAwMDAwMDAwLCJkZWxldGUiOjE4MDAwMDAwMDAwMDAsInVwZGF0ZSI6MTgwMDAwMDAwMDAwMH19",
          "dependencies": [
            "openstack_networking_network_v2.network_core",
            "openstack_networking_network_v2.network_dmz",
            "openstack_networking_network_v2.network_internal",
            "openstack_networking_secgroup_v2.secgroup_inscope"
          ]
        },
        {
          "index_key": "iis",
          "schema_version": 0,
          "attributes": {
            "access_ip_v4": "10.0.20.1",
            "access_ip_v6": "",
            "admin_pass": null,
            "all_metadata": {},
            "all_tags": [],
            "availability_zone": "nova",
            "availability_zone_hints": null,
            "block_device": [
              {
                "boot_index": 0,
                "delete_on_termination": true,
                "destination_type": "volume",
                "device_type": "",
                "disk_bus": "",
                "guest_format": "",
                "multiattach": false,
                "source_type": "image",
                "uuid": "d05fa605-c188-45b8-a3d4-5bb0fe4560fa",
                "volume_size": 60,
                "volume_type": ""
              }
            ],
            "config_drive": null,
            "created": "2026-02-04 18:38:01 +0000 UTC",
            "flavor_id": "99e6ce94-23fd-49aa-9d39-b87562583fcd",
            "flavor_name": "large",
            "floating_ip": null,
            "force_delete": false,
            "id": "93a6a48f-ecac-4f13-a2ac-830b5a931db5",
            "image_id": "Attempt to boot from volume - no image supplied",
            "image_name": null,
            "key_pair": "cdt",
            "metadata": null,
            "name": "las-pegasus",
            "network": [
              {
                "access_network": false,
                "fixed_ip_v4": "10.0.20.1",
                "fixed_ip_v6": "",
                "floating_ip": "",
                "mac": "fa:16:3e:64:c9:c8",
                "name": "network_dmz",
                "port": "",
                "uuid": "e88beef8-349e-4ed8-94b9-7b95663dc20a"
              }
            ],
            "network_mode": null,
            "personality": [],
            "power_state": "active",
            "region": "CyberRange",
            "scheduler_hints": [],
            "security_groups": [
              "secgroup_inscope"
            ],
            "stop_before_destroy": false,
            "tags": [],
            "timeouts": null,
            "updated": "2026-02-04 18:38:19 +0000 UTC",
            "user_data": "b9b8861cb29425bf0f754058523b1f38b300a641",
            "vendor_options": [],
            "volume": []
          },
          "sensitive_attributes": [
            [
              {
                "type": "get_attr",
                "value": "admin_pass"
              }
            ]
          ],
          "identity_schema_version": 0,
          "private": "eyJlMmJmYjczMC1lY2FhLTExZTYtOGY4OC0zNDM2M2JjN2M0YzAiOnsiY3JlYXRlIjoxODAwMDAwMDAwMDAwLCJkZWxldGUiOjE4MDAwMDAwMDAwMDAsInVwZGF0ZSI6MTgwMDAwMDAwMDAwMH19",
          "dependencies": [
            "openstack_networking_network_v2.network_core",
            "openstack_networking_network_v2.network_dmz",
            "openstack_networking_network_v2.network_internal",
            "openstack_networking_secgroup_v2.secgroup_inscope"
          ]
        },
        {
          "index_key": "mssql",
          "schema_version": 0,
          "attributes": {
            "access_ip_v4": "10.0.10.2",
            "access_ip_v6": "",
            "admin_pass": null,
            "all_metadata": {},
            "all_tags": [],
            "availability_zone": "nova",
            "availability_zone_hints": null,
            "block_device": [
              {
                "boot_index": 0,
                "delete_on_termination": true,
                "destination_type": "volume",
                "device_type": "",
                "disk_bus": "",
                "guest_format": "",
                "multiattach": false,
                "source_type": "image",
                "uuid": "d05fa605-c188-45b8-a3d4-5bb0fe4560fa",
                "volume_size": 60,
                "volume_type": ""
              }
            ],
            "config_drive": null,
            "created": "2026-02-04 18:29:53 +0000 UTC",
            "flavor_id": "99e6ce94-23fd-49aa-9d39-b87562583fcd",
            "flavor_name": "large",
            "floating_ip": null,
            "force_delete": false,
            "id": "9520e00f-be1c-4f20-bc85-cb69b877ef8e",
            "image_id": "Attempt to boot from volume - no image supplied",
            "image_name": null,
            "key_pair": "cdt",
            "metadata": null,
            "name": "manehatten",
            "network": [
              {
                "access_network": false,
                "fixed_ip_v4": "10.0.10.2",
                "fixed_ip_v6": "",
                "floating_ip": "",
                "mac": "fa:16:3e:65:22:5f",
                "name": "network_core",
                "port": "",
                "uuid": "e37fa546-ce27-47fb-be16-49953b01d5a4"
              }
            ],
            "network_mode": null,
            "personality": [],
            "power_state": "active",
            "region": "CyberRange",
            "scheduler_hints": [],
            "security_groups": [
              "secgroup_inscope"
            ],
            "stop_before_destroy": false,
            "tags": [],
            "timeouts": null,
            "updated": "2026-02-04 18:30:11 +0000 UTC",
            "user_data": "b9b8861cb29425bf0f754058523b1f38b300a641",
            "vendor_options": [],
            "volume": []
          },
          "sensitive_attributes": [
            [
              {
                "type": "get_attr",
                "value": "admin_pass"
              }
            ]
          ],
          "identity_schema_version": 0,
          "private": "eyJlMmJmYjczMC1lY2FhLTExZTYtOGY4OC0zNDM2M2JjN2M0YzAiOnsiY3JlYXRlIjoxODAwMDAwMDAwMDAwLCJkZWxldGUiOjE4MDAwMDAwMDAwMDAsInVwZGF0ZSI6MTgwMDAwMDAwMDAwMH19",
          "dependencies": [
            "openstack_networking_network_v2.network_core",
            "openstack_networking_network_v2.network_dmz",
            "openstack_networking_network_v2.network_internal",
            "openstack_networking_secgroup_v2.secgroup_inscope"
          ]
        },
        {
          "index_key": "smb",
          "schema_version": 0,
          "attributes": {
            "access_ip_v4": "10.0.20.2",
            "access_ip_v6": "",
            "admin_pass": null,
            "all_metadata": {},
            "all_tags": [],
            "availability_zone": "nova",
            "availability_zone_hints": null,
            "block_device": [
              {
                "boot_index": 0,
                "delete_on_termination": true,
                "destination_type": "volume",
                "device_type": "",
                "disk_bus": "",
                "guest_format": "",
                "multiattach": false,
                "source_type": "image",
                "uuid": "d05fa605-c188-45b8-a3d4-5bb0fe4560fa",
                "volume_size": 60,
                "volume_type": ""
              }
            ],
            "config_drive": null,
            "created": "2026-02-04 18:38:01 +0000 UTC",
            "flavor_id": "99e6ce94-23fd-49aa-9d39-b87562583fcd",
            "flavor_name": "large",
            "floating_ip": null,
            "force_delete": false,
            "id": "bd5bb949-ab1c-41f2-b297-1c889462facd",
            "image_id": "Attempt to boot from volume - no image supplied",
            "image_name": null,
            "key_pair": "cdt",
            "metadata": null,
            "name": "appleloosa",
            "network": [
              {
                "access_network": false,
                "fixed_ip_v4": "10.0.20.2",
                "fixed_ip_v6": "",
                "floating_ip": "",
                "mac": "fa:16:3e:76:b0:e3",
                "name": "network_dmz",
                "port": "",
                "uuid": "e88beef8-349e-4ed8-94b9-7b95663dc20a"
              }
            ],
            "network_mode": null,
            "personality": [],
            "power_state": "active",
            "region": "CyberRange",
            "scheduler_hints": [],
            "security_groups": [
              "secgroup_inscope"
            ],
            "stop_before_destroy": false,
            "tags": [],
            "timeouts": null,
            "updated": "2026-02-04 18:38:26 +0000 UTC",
            "user_data": "b9b8861cb29425bf0f754058523b1f38b300a641",
            "vendor_options": [],
            "volume": []
          },
          "sensitive_attributes": [
            [
              {
                "type": "get_attr",
                "value": "admin_pass"
              }
            ]
          ],
          "identity_schema_version": 0,
          "private": "eyJlMmJmYjczMC1lY2FhLTExZTYtOGY4OC0zNDM2M2JjN2M0YzAiOnsiY3JlYXRlIjoxODAwMDAwMDAwMDAwLCJkZWxldGUiOjE4MDAwMDAwMDAwMDAsInVwZGF0ZSI6MTgwMDAwMDAwMDAwMH19",
          "dependencies": [
            "openstack_networking_network_v2.network_core",
            "openstack_networking_network_v2.network_dmz",
            "openstack_networking_network_v2.network_internal",
            "openstack_networking_secgroup_v2.secgroup_inscope"
          ]
        }
      ]
    },
    {
      "mode": "managed",
      "type": "openstack_networking_network_v2",
      "name": "network_blue",
      "provider": "provider[\"registry.terraform.io/terraform-provider-openstack/openstack\"]",
      "instances": [
        {
          "schema_version": 0,
          "attributes": {
            "admin_state_up": true,
            "all_tags": [],
            "availability_zone_hints": [],
            "description": "",
            "dns_domain": "",
            "external": false,
            "id": "58c956b9-e665-4a35-8f00-6f0fa479217c",
            "mtu": 1500,
            "name": "network_blue",
            "port_security_enabled": true,
            "qos_policy_id": "",
            "region": "CyberRange",
            "segments": [],
            "shared": false,
            "tags": [],
            "tenant_id": "04846fb2e027424d8898953062787b16",
            "timeouts": null,
            "transparent_vlan": false,
            "value_specs": null
          },
          "sensitive_attributes": [],
          "identity_schema_version": 0,
          "private": "eyJlMmJmYjczMC1lY2FhLTExZTYtOGY4OC0zNDM2M2JjN2M0YzAiOnsiY3JlYXRlIjo2MDAwMDAwMDAwMDAsImRlbGV0ZSI6NjAwMDAwMDAwMDAwfX0="
        }
      ]
    },
    {
      "mode": "managed",
      "type": "openstack_networking_network_v2",
      "name": "network_core",
      "provider": "provider[\"registry.terraform.io/terraform-provider-openstack/openstack\"]",
      "instances": [
        {
          "schema_version": 0,
          "attributes": {
            "admin_state_up": true,
            "all_tags": [],
            "availability_zone_hints": [],
            "description": "",
            "dns_domain": "",
            "external": false,
            "id": "e37fa546-ce27-47fb-be16-49953b01d5a4",
            "mtu": 1500,
            "name": "network_core",
            "port_security_enabled": true,
            "qos_policy_id": "",
            "region": "CyberRange",
            "segments": [],
            "shared": false,
            "tags": [],
            "tenant_id": "04846fb2e027424d8898953062787b16",
            "timeouts": null,
            "transparent_vlan": false,
            "value_specs": null
          },
          "sensitive_attributes": [],
          "identity_schema_version": 0,
          "private": "eyJlMmJmYjczMC1lY2FhLTExZTYtOGY4OC0zNDM2M2JjN2M0YzAiOnsiY3JlYXRlIjo2MDAwMDAwMDAwMDAsImRlbGV0ZSI6NjAwMDAwMDAwMDAwfX0="
        }
      ]
    },
    {
      "mode": "managed",
      "type": "openstack_networking_network_v2",
      "name": "network_dmz",
      "provider": "provider[\"registry.terraform.io/terraform-provider-openstack/openstack\"]",
      "instances": [
        {
          "schema_version": 0,
          "attributes": {
            "admin_state_up": true,
            "all_tags": [],
            "availability_zone_hints": [],
            "description": "",
            "dns_domain": "",
            "external": false,
            "id": "e88beef8-349e-4ed8-94b9-7b95663dc20a",
            "mtu": 1500,
            "name": "network_dmz",
            "port_security_enabled": true,
            "qos_policy_id": "",
            "region": "CyberRange",
            "segments": [],
            "shared": false,
            "tags": [],
            "tenant_id": "04846fb2e027424d8898953062787b16",
            "timeouts": null,
            "transparent_vlan": false,
            "value_specs": null
          },
          "sensitive_attributes": [],
          "identity_schema_version": 0,
          "private": "eyJlMmJmYjczMC1lY2FhLTExZTYtOGY4OC0zNDM2M2JjN2M0YzAiOnsiY3JlYXRlIjo2MDAwMDAwMDAwMDAsImRlbGV0ZSI6NjAwMDAwMDAwMDAwfX0="
        }
      ]
    },
    {
      "mode": "managed",
      "type": "openstack_networking_network_v2",
      "name": "network_grey",
      "provider": "provider[\"registry.terraform.io/terraform-provider-openstack/openstack\"]",
      "instances": [
        {
          "schema_version": 0,
          "attributes": {
            "admin_state_up": true,
            "all_tags": [],
            "availability_zone_hints": [],
            "description": "",
            "dns_domain": "",
            "external": false,
            "id": "63f0c69f-6136-4d09-b3b2-360cfbe571bc",
            "mtu": 1500,
            "name": "network_grey",
            "port_security_enabled": true,
            "qos_policy_id": "",
            "region": "CyberRange",
            "segments": [],
            "shared": false,
            "tags": [],
            "tenant_id": "04846fb2e027424d8898953062787b16",
            "timeouts": null,
            "transparent_vlan": false,
            "value_specs": null
          },
          "sensitive_attributes": [],
          "identity_schema_version": 0,
          "private": "eyJlMmJmYjczMC1lY2FhLTExZTYtOGY4OC0zNDM2M2JjN2M0YzAiOnsiY3JlYXRlIjo2MDAwMDAwMDAwMDAsImRlbGV0ZSI6NjAwMDAwMDAwMDAwfX0="
        }
      ]
    },
    {
      "mode": "managed",
      "type": "openstack_networking_network_v2",
      "name": "network_internal",
      "provider": "provider[\"registry.terraform.io/terraform-provider-openstack/openstack\"]",
      "instances": [
        {
          "schema_version": 0,
          "attributes": {
            "admin_state_up": true,
            "all_tags": [],
            "availability_zone_hints": [],
            "description": "",
            "dns_domain": "",
            "external": false,
            "id": "6a9781ee-b184-453e-bbe0-a71a25cce80b",
            "mtu": 1500,
            "name": "network_internal",
            "port_security_enabled": true,
            "qos_policy_id": "",
            "region": "CyberRange",
            "segments": [],
            "shared": false,
            "tags": [],
            "tenant_id": "04846fb2e027424d8898953062787b16",
            "timeouts": null,
            "transparent_vlan": false,
            "value_specs": null
          },
          "sensitive_attributes": [],
          "identity_schema_version": 0,
          "private": "eyJlMmJmYjczMC1lY2FhLTExZTYtOGY4OC0zNDM2M2JjN2M0YzAiOnsiY3JlYXRlIjo2MDAwMDAwMDAwMDAsImRlbGV0ZSI6NjAwMDAwMDAwMDAwfX0="
        }
      ]
    },
    {
      "mode": "managed",
      "type": "openstack_networking_router_interface_v2",
      "name": "router_int_blue",
      "provider": "provider[\"registry.terraform.io/terraform-provider-openstack/openstack\"]",
      "instances": [
        {
          "schema_version": 0,
          "attributes": {
            "force_destroy": false,
            "id": "f8727279-4704-4d64-8a76-77dceaaec4ce",
            "port_id": "f8727279-4704-4d64-8a76-77dceaaec4ce",
            "region": "CyberRange",
            "router_id": "a89fdb7c-ab4c-4649-9763-62dc5f796a09",
            "subnet_id": "3c63e4ca-e75f-4907-9ed5-1d2599acc701",
            "timeouts": null
          },
          "sensitive_attributes": [],
          "identity_schema_version": 0,
          "private": "eyJlMmJmYjczMC1lY2FhLTExZTYtOGY4OC0zNDM2M2JjN2M0YzAiOnsiY3JlYXRlIjo2MDAwMDAwMDAwMDAsImRlbGV0ZSI6NjAwMDAwMDAwMDAwfX0=",
          "dependencies": [
            "openstack_networking_network_v2.network_blue",
            "openstack_networking_router_v2.router_main",
            "openstack_networking_subnet_v2.subnet_blue"
          ]
        }
      ]
    },
    {
      "mode": "managed",
      "type": "openstack_networking_router_interface_v2",
      "name": "router_int_core",
      "provider": "provider[\"registry.terraform.io/terraform-provider-openstack/openstack\"]",
      "instances": [
        {
          "schema_version": 0,
          "attributes": {
            "force_destroy": false,
            "id": "372a5ca8-17c3-4fd5-a9fd-bb3510d95f75",
            "port_id": "372a5ca8-17c3-4fd5-a9fd-bb3510d95f75",
            "region": "CyberRange",
            "router_id": "a89fdb7c-ab4c-4649-9763-62dc5f796a09",
            "subnet_id": "4ce745bc-77a6-4b82-a61d-5d01a11deb05",
            "timeouts": null
          },
          "sensitive_attributes": [],
          "identity_schema_version": 0,
          "private": "eyJlMmJmYjczMC1lY2FhLTExZTYtOGY4OC0zNDM2M2JjN2M0YzAiOnsiY3JlYXRlIjo2MDAwMDAwMDAwMDAsImRlbGV0ZSI6NjAwMDAwMDAwMDAwfX0=",
          "dependencies": [
            "openstack_networking_network_v2.network_core",
            "openstack_networking_router_v2.router_main",
            "openstack_networking_subnet_v2.subnet_core"
          ]
        }
      ]
    },
    {
      "mode": "managed",
      "type": "openstack_networking_router_interface_v2",
      "name": "router_int_dmz",
      "provider": "provider[\"registry.terraform.io/terraform-provider-openstack/openstack\"]",
      "instances": [
        {
          "schema_version": 0,
          "attributes": {
            "force_destroy": false,
            "id": "d352f342-8382-4e86-b3af-f0b97ce7e01d",
            "port_id": "d352f342-8382-4e86-b3af-f0b97ce7e01d",
            "region": "CyberRange",
            "router_id": "a89fdb7c-ab4c-4649-9763-62dc5f796a09",
            "subnet_id": "9614bf8d-8d92-4b81-acbe-98ae5d6c3c41",
            "timeouts": null
          },
          "sensitive_attributes": [],
          "identity_schema_version": 0,
          "private": "eyJlMmJmYjczMC1lY2FhLTExZTYtOGY4OC0zNDM2M2JjN2M0YzAiOnsiY3JlYXRlIjo2MDAwMDAwMDAwMDAsImRlbGV0ZSI6NjAwMDAwMDAwMDAwfX0=",
          "dependencies": [
            "openstack_networking_network_v2.network_dmz",
            "openstack_networking_router_v2.router_main",
            "openstack_networking_subnet_v2.subnet_dmz"
          ]
        }
      ]
    },
    {
      "mode": "managed",
      "type": "openstack_networking_router_interface_v2",
      "name": "router_int_grey",
      "provider": "provider[\"registry.terraform.io/terraform-provider-openstack/openstack\"]",
      "instances": [
        {
          "schema_version": 0,
          "attributes": {
            "force_destroy": false,
            "id": "759f5a52-8475-4d20-98d8-6be8514f56cd",
            "port_id": "759f5a52-8475-4d20-98d8-6be8514f56cd",
            "region": "CyberRange",
            "router_id": "a89fdb7c-ab4c-4649-9763-62dc5f796a09",
            "subnet_id": "c75e1168-3402-4ed0-a5dc-251ec41b244f",
            "timeouts": null
          },
          "sensitive_attributes": [],
          "identity_schema_version": 0,
          "private": "eyJlMmJmYjczMC1lY2FhLTExZTYtOGY4OC0zNDM2M2JjN2M0YzAiOnsiY3JlYXRlIjo2MDAwMDAwMDAwMDAsImRlbGV0ZSI6NjAwMDAwMDAwMDAwfX0=",
          "dependencies": [
            "openstack_networking_network_v2.network_grey",
            "openstack_networking_router_v2.router_main",
            "openstack_networking_subnet_v2.subnet_grey"
          ]
        }
      ]
    },
    {
      "mode": "managed",
      "type": "openstack_networking_router_interface_v2",
      "name": "router_int_internal",
      "provider": "provider[\"registry.terraform.io/terraform-provider-openstack/openstack\"]",
      "instances": [
        {
          "schema_version": 0,
          "attributes": {
            "force_destroy": false,
            "id": "4d8e7165-bc84-4083-9182-1241b1252ed9",
            "port_id": "4d8e7165-bc84-4083-9182-1241b1252ed9",
            "region": "CyberRange",
            "router_id": "a89fdb7c-ab4c-4649-9763-62dc5f796a09",
            "subnet_id": "f9f12cdf-8547-4fef-8b11-56d276411f32",
            "timeouts": null
          },
          "sensitive_attributes": [],
          "identity_schema_version": 0,
          "private": "eyJlMmJmYjczMC1lY2FhLTExZTYtOGY4OC0zNDM2M2JjN2M0YzAiOnsiY3JlYXRlIjo2MDAwMDAwMDAwMDAsImRlbGV0ZSI6NjAwMDAwMDAwMDAwfX0=",
          "dependencies": [
            "openstack_networking_network_v2.network_internal",
            "openstack_networking_router_v2.router_main",
            "openstack_networking_subnet_v2.subnet_internal"
          ]
        }
      ]
    },
    {
      "mode": "managed",
      "type": "openstack_networking_router_v2",
      "name": "router_main",
      "provider": "provider[\"registry.terraform.io/terraform-provider-openstack/openstack\"]",
      "instances": [
        {
          "schema_version": 0,
          "attributes": {
            "admin_state_up": true,
            "all_tags": [],
            "availability_zone_hints": [],
            "description": "",
            "distributed": false,
            "enable_snat": true,
            "external_fixed_ip": [
              {
                "ip_address": "100.65.2.180",
                "subnet_id": "fbf166e0-4b80-420b-b346-521e5a06ad0e"
              }
            ],
            "external_gateway": "2f96295c-34f6-49a2-b5cf-7f5b407be0c8",
            "external_network_id": "2f96295c-34f6-49a2-b5cf-7f5b407be0c8",
            "external_subnet_ids": null,
            "id": "a89fdb7c-ab4c-4649-9763-62dc5f796a09",
            "name": "router_main",
            "region": "CyberRange",
            "tags": [],
            "tenant_id": "04846fb2e027424d8898953062787b16",
            "timeouts": null,
            "value_specs": null,
            "vendor_options": []
          },
          "sensitive_attributes": [],
          "identity_schema_version": 0,
          "private": "eyJlMmJmYjczMC1lY2FhLTExZTYtOGY4OC0zNDM2M2JjN2M0YzAiOnsiY3JlYXRlIjo2MDAwMDAwMDAwMDAsImRlbGV0ZSI6NjAwMDAwMDAwMDAwfX0="
        }
      ]
    },
    {
      "mode": "managed",
      "type": "openstack_networking_secgroup_rule_v2",
      "name": "secgroup_blue_rule_1",
      "provider": "provider[\"registry.terraform.io/terraform-provider-openstack/openstack\"]",
      "instances": [
        {
          "schema_version": 0,
          "attributes": {
            "description": "",
            "direction": "ingress",
            "ethertype": "IPv4",
            "id": "9769c231-bb9d-496d-a486-e7fe9a049d9a",
            "port_range_max": 0,
            "port_range_min": 0,
            "protocol": "",
            "region": "CyberRange",
            "remote_group_id": "",
            "remote_ip_prefix": "",
            "security_group_id": "251444c5-67ae-4757-8c94-7cccd11c0218",
            "tenant_id": "04846fb2e027424d8898953062787b16",
            "timeouts": null
          },
          "sensitive_attributes": [],
          "identity_schema_version": 0,
          "private": "eyJlMmJmYjczMC1lY2FhLTExZTYtOGY4OC0zNDM2M2JjN2M0YzAiOnsiZGVsZXRlIjo2MDAwMDAwMDAwMDB9fQ==",
          "dependencies": [
            "openstack_networking_secgroup_v2.secgroup_blue"
          ]
        }
      ]
    },
    {
      "mode": "managed",
      "type": "openstack_networking_secgroup_rule_v2",
      "name": "secgroup_blue_rule_2",
      "provider": "provider[\"registry.terraform.io/terraform-provider-openstack/openstack\"]",
      "instances": [
        {
          "schema_version": 0,
          "attributes": {
            "description": "",
            "direction": "ingress",
            "ethertype": "IPv6",
            "id": "ba1e6b2a-2414-4adf-a0c6-744bc6cab5a3",
            "port_range_max": 0,
            "port_range_min": 0,
            "protocol": "",
            "region": "CyberRange",
            "remote_group_id": "",
            "remote_ip_prefix": "",
            "security_group_id": "251444c5-67ae-4757-8c94-7cccd11c0218",
            "tenant_id": "04846fb2e027424d8898953062787b16",
            "timeouts": null
          },
          "sensitive_attributes": [],
          "identity_schema_version": 0,
          "private": "eyJlMmJmYjczMC1lY2FhLTExZTYtOGY4OC0zNDM2M2JjN2M0YzAiOnsiZGVsZXRlIjo2MDAwMDAwMDAwMDB9fQ==",
          "dependencies": [
            "openstack_networking_secgroup_v2.secgroup_blue"
          ]
        }
      ]
    },
    {
      "mode": "managed",
      "type": "openstack_networking_secgroup_rule_v2",
      "name": "secgroup_grey_rule_1",
      "provider": "provider[\"registry.terraform.io/terraform-provider-openstack/openstack\"]",
      "instances": [
        {
          "schema_version": 0,
          "attributes": {
            "description": "",
            "direction": "ingress",
            "ethertype": "IPv4",
            "id": "7a4af815-0d55-46e9-ba62-d73e4d57d3ab",
            "port_range_max": 0,
            "port_range_min": 0,
            "protocol": "",
            "region": "CyberRange",
            "remote_group_id": "",
            "remote_ip_prefix": "",
            "security_group_id": "632a1539-2c64-40e0-8e7b-15a70442a3ea",
            "tenant_id": "04846fb2e027424d8898953062787b16",
            "timeouts": null
          },
          "sensitive_attributes": [],
          "identity_schema_version": 0,
          "private": "eyJlMmJmYjczMC1lY2FhLTExZTYtOGY4OC0zNDM2M2JjN2M0YzAiOnsiZGVsZXRlIjo2MDAwMDAwMDAwMDB9fQ==",
          "dependencies": [
            "openstack_networking_secgroup_v2.secgroup_grey"
          ]
        }
      ]
    },
    {
      "mode": "managed",
      "type": "openstack_networking_secgroup_rule_v2",
      "name": "secgroup_grey_rule_2",
      "provider": "provider[\"registry.terraform.io/terraform-provider-openstack/openstack\"]",
      "instances": [
        {
          "schema_version": 0,
          "attributes": {
            "description": "",
            "direction": "ingress",
            "ethertype": "IPv6",
            "id": "2bb63e36-699a-4fef-9538-7cf8bc084f00",
            "port_range_max": 0,
            "port_range_min": 0,
            "protocol": "",
            "region": "CyberRange",
            "remote_group_id": "",
            "remote_ip_prefix": "",
            "security_group_id": "632a1539-2c64-40e0-8e7b-15a70442a3ea",
            "tenant_id": "04846fb2e027424d8898953062787b16",
            "timeouts": null
          },
          "sensitive_attributes": [],
          "identity_schema_version": 0,
          "private": "eyJlMmJmYjczMC1lY2FhLTExZTYtOGY4OC0zNDM2M2JjN2M0YzAiOnsiZGVsZXRlIjo2MDAwMDAwMDAwMDB9fQ==",
          "dependencies": [
            "openstack_networking_secgroup_v2.secgroup_grey"
          ]
        }
      ]
    },
    {
      "mode": "managed",
      "type": "openstack_networking_secgroup_rule_v2",
      "name": "secgroup_inscope_rule_1",
      "provider": "provider[\"registry.terraform.io/terraform-provider-openstack/openstack\"]",
      "instances": [
        {
          "schema_version": 0,
          "attributes": {
            "description": "",
            "direction": "ingress",
            "ethertype": "IPv4",
            "id": "a9874bc9-a26d-4707-8d7a-af2afa5f5602",
            "port_range_max": 0,
            "port_range_min": 0,
            "protocol": "",
            "region": "CyberRange",
            "remote_group_id": "",
            "remote_ip_prefix": "",
            "security_group_id": "6b1c6286-622b-4326-91e8-574d0043db29",
            "tenant_id": "04846fb2e027424d8898953062787b16",
            "timeouts": null
          },
          "sensitive_attributes": [],
          "identity_schema_version": 0,
          "private": "eyJlMmJmYjczMC1lY2FhLTExZTYtOGY4OC0zNDM2M2JjN2M0YzAiOnsiZGVsZXRlIjo2MDAwMDAwMDAwMDB9fQ==",
          "dependencies": [
            "openstack_networking_secgroup_v2.secgroup_inscope"
          ]
        }
      ]
    },
    {
      "mode": "managed",
      "type": "openstack_networking_secgroup_rule_v2",
      "name": "secgroup_inscope_rule_2",
      "provider": "provider[\"registry.terraform.io/terraform-provider-openstack/openstack\"]",
      "instances": [
        {
          "schema_version": 0,
          "attributes": {
            "description": "",
            "direction": "ingress",
            "ethertype": "IPv6",
            "id": "f199ea91-9393-48cf-b75d-3c3a1387122f",
            "port_range_max": 0,
            "port_range_min": 0,
            "protocol": "",
            "region": "CyberRange",
            "remote_group_id": "",
            "remote_ip_prefix": "",
            "security_group_id": "6b1c6286-622b-4326-91e8-574d0043db29",
            "tenant_id": "04846fb2e027424d8898953062787b16",
            "timeouts": null
          },
          "sensitive_attributes": [],
          "identity_schema_version": 0,
          "private": "eyJlMmJmYjczMC1lY2FhLTExZTYtOGY4OC0zNDM2M2JjN2M0YzAiOnsiZGVsZXRlIjo2MDAwMDAwMDAwMDB9fQ==",
          "dependencies": [
            "openstack_networking_secgroup_v2.secgroup_inscope"
          ]
        }
      ]
    },
    {
      "mode": "managed",
      "type": "openstack_networking_secgroup_rule_v2",
      "name": "secgroup_red_rule_1",
      "provider": "provider[\"registry.terraform.io/terraform-provider-openstack/openstack\"]",
      "instances": [
        {
          "schema_version": 0,
          "attributes": {
            "description": "",
            "direction": "ingress",
            "ethertype": "IPv4",
            "id": "4e240832-f983-4e40-b43a-e76c57dcd5dc",
            "port_range_max": 0,
            "port_range_min": 0,
            "protocol": "",
            "region": "CyberRange",
            "remote_group_id": "",
            "remote_ip_prefix": "",
            "security_group_id": "ba2ac3ee-32b5-4749-9bac-9e791ea0217a",
            "tenant_id": "04846fb2e027424d8898953062787b16",
            "timeouts": null
          },
          "sensitive_attributes": [],
          "identity_schema_version": 0,
          "private": "eyJlMmJmYjczMC1lY2FhLTExZTYtOGY4OC0zNDM2M2JjN2M0YzAiOnsiZGVsZXRlIjo2MDAwMDAwMDAwMDB9fQ==",
          "dependencies": [
            "openstack_networking_secgroup_v2.secgroup_red"
          ]
        }
      ]
    },
    {
      "mode": "managed",
      "type": "openstack_networking_secgroup_rule_v2",
      "name": "secgroup_red_rule_2",
      "provider": "provider[\"registry.terraform.io/terraform-provider-openstack/openstack\"]",
      "instances": [
        {
          "schema_version": 0,
          "attributes": {
            "description": "",
            "direction": "ingress",
            "ethertype": "IPv6",
            "id": "ec5538b9-f454-458d-aef0-228b1772da1f",
            "port_range_max": 0,
            "port_range_min": 0,
            "protocol": "",
            "region": "CyberRange",
            "remote_group_id": "",
            "remote_ip_prefix": "",
            "security_group_id": "ba2ac3ee-32b5-4749-9bac-9e791ea0217a",
            "tenant_id": "04846fb2e027424d8898953062787b16",
            "timeouts": null
          },
          "sensitive_attributes": [],
          "identity_schema_version": 0,
          "private": "eyJlMmJmYjczMC1lY2FhLTExZTYtOGY4OC0zNDM2M2JjN2M0YzAiOnsiZGVsZXRlIjo2MDAwMDAwMDAwMDB9fQ==",
          "dependencies": [
            "openstack_networking_secgroup_v2.secgroup_red"
          ]
        }
      ]
    },
    {
      "mode": "managed",
      "type": "openstack_networking_secgroup_v2",
      "name": "secgroup_blue",
      "provider": "provider[\"registry.terraform.io/terraform-provider-openstack/openstack\"]",
      "instances": [
        {
          "schema_version": 0,
          "attributes": {
            "all_tags": [],
            "delete_default_rules": null,
            "description": "",
            "id": "251444c5-67ae-4757-8c94-7cccd11c0218",
            "name": "secgroup_blue",
            "region": "CyberRange",
            "tags": [],
            "tenant_id": "04846fb2e027424d8898953062787b16",
            "timeouts": null
          },
          "sensitive_attributes": [],
          "identity_schema_version": 0,
          "private": "eyJlMmJmYjczMC1lY2FhLTExZTYtOGY4OC0zNDM2M2JjN2M0YzAiOnsiZGVsZXRlIjo2MDAwMDAwMDAwMDB9fQ=="
        }
      ]
    },
    {
      "mode": "managed",
      "type": "openstack_networking_secgroup_v2",
      "name": "secgroup_grey",
      "provider": "provider[\"registry.terraform.io/terraform-provider-openstack/openstack\"]",
      "instances": [
        {
          "schema_version": 0,
          "attributes": {
            "all_tags": [],
            "delete_default_rules": null,
            "description": "",
            "id": "632a1539-2c64-40e0-8e7b-15a70442a3ea",
            "name": "secgroup_grey",
            "region": "CyberRange",
            "tags": [],
            "tenant_id": "04846fb2e027424d8898953062787b16",
            "timeouts": null
          },
          "sensitive_attributes": [],
          "identity_schema_version": 0,
          "private": "eyJlMmJmYjczMC1lY2FhLTExZTYtOGY4OC0zNDM2M2JjN2M0YzAiOnsiZGVsZXRlIjo2MDAwMDAwMDAwMDB9fQ=="
        }
      ]
    },
    {
      "mode": "managed",
      "type": "openstack_networking_secgroup_v2",
      "name": "secgroup_inscope",
      "provider": "provider[\"registry.terraform.io/terraform-provider-openstack/openstack\"]",
      "instances": [
        {
          "schema_version": 0,
          "attributes": {
            "all_tags": [],
            "delete_default_rules": null,
            "description": "",
            "id": "6b1c6286-622b-4326-91e8-574d0043db29",
            "name": "secgroup_inscope",
            "region": "CyberRange",
            "tags": [],
            "tenant_id": "04846fb2e027424d8898953062787b16",
            "timeouts": null
          },
          "sensitive_attributes": [],
          "identity_schema_version": 0,
          "private": "eyJlMmJmYjczMC1lY2FhLTExZTYtOGY4OC0zNDM2M2JjN2M0YzAiOnsiZGVsZXRlIjo2MDAwMDAwMDAwMDB9fQ=="
        }
      ]
    },
    {
      "mode": "managed",
      "type": "openstack_networking_secgroup_v2",
      "name": "secgroup_red",
      "provider": "provider[\"registry.terraform.io/terraform-provider-openstack/openstack\"]",
      "instances": [
        {
          "schema_version": 0,
          "attributes": {
            "all_tags": [],
            "delete_default_rules": null,
            "description": "",
            "id": "ba2ac3ee-32b5-4749-9bac-9e791ea0217a",
            "name": "secgroup_red",
            "region": "CyberRange",
            "tags": [],
            "tenant_id": "04846fb2e027424d8898953062787b16",
            "timeouts": null
          },
          "sensitive_attributes": [],
          "identity_schema_version": 0,
          "private": "eyJlMmJmYjczMC1lY2FhLTExZTYtOGY4OC0zNDM2M2JjN2M0YzAiOnsiZGVsZXRlIjo2MDAwMDAwMDAwMDB9fQ=="
        }
      ]
    },
    {
      "mode": "managed",
      "type": "openstack_networking_subnet_v2",
      "name": "subnet_blue",
      "provider": "provider[\"registry.terraform.io/terraform-provider-openstack/openstack\"]",
      "instances": [
        {
          "schema_version": 0,
          "attributes": {
            "all_tags": [],
            "allocation_pool": [
              {
                "end": "172.20.0.61",
                "start": "172.20.0.33"
              }
            ],
            "allocation_pools": [
              {
                "end": "172.20.0.61",
                "start": "172.20.0.33"
              }
            ],
            "cidr": "172.20.0.32/27",
            "description": "",
            "dns_nameservers": [
              "129.21.3.17",
              "8.8.8.8"
            ],
            "enable_dhcp": false,
            "gateway_ip": "172.20.0.62",
            "host_routes": [],
            "id": "3c63e4ca-e75f-4907-9ed5-1d2599acc701",
            "ip_version": 4,
            "ipv6_address_mode": "",
            "ipv6_ra_mode": "",
            "name": "subnet_blue",
            "network_id": "58c956b9-e665-4a35-8f00-6f0fa479217c",
            "no_gateway": false,
            "prefix_length": null,
            "region": "CyberRange",
            "service_types": [],
            "subnetpool_id": "",
            "tags": [],
            "tenant_id": "04846fb2e027424d8898953062787b16",
            "timeouts": null,
            "value_specs": null
          },
          "sensitive_attributes": [],
          "identity_schema_version": 0,
          "private": "eyJlMmJmYjczMC1lY2FhLTExZTYtOGY4OC0zNDM2M2JjN2M0YzAiOnsiY3JlYXRlIjo2MDAwMDAwMDAwMDAsImRlbGV0ZSI6NjAwMDAwMDAwMDAwfX0=",
          "dependencies": [
            "openstack_networking_network_v2.network_blue"
          ]
        }
      ]
    },
    {
      "mode": "managed",
      "type": "openstack_networking_subnet_v2",
      "name": "subnet_core",
      "provider": "provider[\"registry.terraform.io/terraform-provider-openstack/openstack\"]",
      "instances": [
        {
          "schema_version": 0,
          "attributes": {
            "all_tags": [],
            "allocation_pool": [
              {
                "end": "10.0.10.253",
                "start": "10.0.10.1"
              }
            ],
            "allocation_pools": [
              {
                "end": "10.0.10.253",
                "start": "10.0.10.1"
              }
            ],
            "cidr": "10.0.10.0/24",
            "description": "",
            "dns_nameservers": [
              "129.21.3.17",
              "8.8.8.8"
            ],
            "enable_dhcp": false,
            "gateway_ip": "10.0.10.254",
            "host_routes": [],
            "id": "4ce745bc-77a6-4b82-a61d-5d01a11deb05",
            "ip_version": 4,
            "ipv6_address_mode": "",
            "ipv6_ra_mode": "",
            "name": "subnet_core",
            "network_id": "e37fa546-ce27-47fb-be16-49953b01d5a4",
            "no_gateway": false,
            "prefix_length": null,
            "region": "CyberRange",
            "service_types": [],
            "subnetpool_id": "",
            "tags": [],
            "tenant_id": "04846fb2e027424d8898953062787b16",
            "timeouts": null,
            "value_specs": null
          },
          "sensitive_attributes": [],
          "identity_schema_version": 0,
          "private": "eyJlMmJmYjczMC1lY2FhLTExZTYtOGY4OC0zNDM2M2JjN2M0YzAiOnsiY3JlYXRlIjo2MDAwMDAwMDAwMDAsImRlbGV0ZSI6NjAwMDAwMDAwMDAwfX0=",
          "dependencies": [
            "openstack_networking_network_v2.network_core"
          ]
        }
      ]
    },
    {
      "mode": "managed",
      "type": "openstack_networking_subnet_v2",
      "name": "subnet_dmz",
      "provider": "provider[\"registry.terraform.io/terraform-provider-openstack/openstack\"]",
      "instances": [
        {
          "schema_version": 0,
          "attributes": {
            "all_tags": [],
            "allocation_pool": [
              {
                "end": "10.0.20.253",
                "start": "10.0.20.1"
              }
            ],
            "allocation_pools": [
              {
                "end": "10.0.20.253",
                "start": "10.0.20.1"
              }
            ],
            "cidr": "10.0.20.0/24",
            "description": "",
            "dns_nameservers": [
              "129.21.3.17",
              "8.8.8.8"
            ],
            "enable_dhcp": false,
            "gateway_ip": "10.0.20.254",
            "host_routes": [],
            "id": "9614bf8d-8d92-4b81-acbe-98ae5d6c3c41",
            "ip_version": 4,
            "ipv6_address_mode": "",
            "ipv6_ra_mode": "",
            "name": "subnet_dmz",
            "network_id": "e88beef8-349e-4ed8-94b9-7b95663dc20a",
            "no_gateway": false,
            "prefix_length": null,
            "region": "CyberRange",
            "service_types": [],
            "subnetpool_id": "",
            "tags": [],
            "tenant_id": "04846fb2e027424d8898953062787b16",
            "timeouts": null,
            "value_specs": null
          },
          "sensitive_attributes": [],
          "identity_schema_version": 0,
          "private": "eyJlMmJmYjczMC1lY2FhLTExZTYtOGY4OC0zNDM2M2JjN2M0YzAiOnsiY3JlYXRlIjo2MDAwMDAwMDAwMDAsImRlbGV0ZSI6NjAwMDAwMDAwMDAwfX0=",
          "dependencies": [
            "openstack_networking_network_v2.network_dmz"
          ]
        }
      ]
    },
    {
      "mode": "managed",
      "type": "openstack_networking_subnet_v2",
      "name": "subnet_grey",
      "provider": "provider[\"registry.terraform.io/terraform-provider-openstack/openstack\"]",
      "instances": [
        {
          "schema_version": 0,
          "attributes": {
            "all_tags": [],
            "allocation_pool": [
              {
                "end": "172.20.0.125",
                "start": "172.20.0.65"
              }
            ],
            "allocation_pools": [
              {
                "end": "172.20.0.125",
                "start": "172.20.0.65"
              }
            ],
            "cidr": "172.20.0.64/26",
            "description": "",
            "dns_nameservers": [
              "129.21.3.17",
              "8.8.8.8"
            ],
            "enable_dhcp": false,
            "gateway_ip": "172.20.0.126",
            "host_routes": [],
            "id": "c75e1168-3402-4ed0-a5dc-251ec41b244f",
            "ip_version": 4,
            "ipv6_address_mode": "",
            "ipv6_ra_mode": "",
            "name": "subnet_grey",
            "network_id": "63f0c69f-6136-4d09-b3b2-360cfbe571bc",
            "no_gateway": false,
            "prefix_length": null,
            "region": "CyberRange",
            "service_types": [],
            "subnetpool_id": "",
            "tags": [],
            "tenant_id": "04846fb2e027424d8898953062787b16",
            "timeouts": null,
            "value_specs": null
          },
          "sensitive_attributes": [],
          "identity_schema_version": 0,
          "private": "eyJlMmJmYjczMC1lY2FhLTExZTYtOGY4OC0zNDM2M2JjN2M0YzAiOnsiY3JlYXRlIjo2MDAwMDAwMDAwMDAsImRlbGV0ZSI6NjAwMDAwMDAwMDAwfX0=",
          "dependencies": [
            "openstack_networking_network_v2.network_grey"
          ]
        }
      ]
    },
    {
      "mode": "managed",
      "type": "openstack_networking_subnet_v2",
      "name": "subnet_internal",
      "provider": "provider[\"registry.terraform.io/terraform-provider-openstack/openstack\"]",
      "instances": [
        {
          "schema_version": 0,
          "attributes": {
            "all_tags": [],
            "allocation_pool": [
              {
                "end": "10.0.30.253",
                "start": "10.0.30.1"
              }
            ],
            "allocation_pools": [
              {
                "end": "10.0.30.253",
                "start": "10.0.30.1"
              }
            ],
            "cidr": "10.0.30.0/24",
            "description": "",
            "dns_nameservers": [
              "129.21.3.17",
              "8.8.8.8"
            ],
            "enable_dhcp": false,
            "gateway_ip": "10.0.30.254",
            "host_routes": [],
            "id": "f9f12cdf-8547-4fef-8b11-56d276411f32",
            "ip_version": 4,
            "ipv6_address_mode": "",
            "ipv6_ra_mode": "",
            "name": "subnet_internal",
            "network_id": "6a9781ee-b184-453e-bbe0-a71a25cce80b",
            "no_gateway": false,
            "prefix_length": null,
            "region": "CyberRange",
            "service_types": [],
            "subnetpool_id": "",
            "tags": [],
            "tenant_id": "04846fb2e027424d8898953062787b16",
            "timeouts": null,
            "value_specs": null
          },
          "sensitive_attributes": [],
          "identity_schema_version": 0,
          "private": "eyJlMmJmYjczMC1lY2FhLTExZTYtOGY4OC0zNDM2M2JjN2M0YzAiOnsiY3JlYXRlIjo2MDAwMDAwMDAwMDAsImRlbGV0ZSI6NjAwMDAwMDAwMDAwfX0=",
          "dependencies": [
            "openstack_networking_network_v2.network_internal"
          ]
        }
      ]
    }
  ],
  "check_results": null
}
