{
  "version": 4,
  "terraform_version": "1.13.4",
  "serial": 2026,
  "lineage": "54e0dab0-de8a-dfcf-abdc-1b3e8317fae0",
  "outputs": {
    "instance_fixed_ip_deploy_external": {
      "value": "172.20.0.80",
      "type": "string"
    },
    "instance_fixed_ip_deploy_internal": {
      "value": "100.65.3.219",
      "type": "string"
    },
    "instance_ips_jumpblue": {
      "value": {},
      "type": [
        "object",
        {}
      ]
    },
    "instance_ips_jumpgrey": {
      "value": {
        "jumpgrey1": {
          "external_ip": "100.65.7.211",
          "internal_ip": "172.20.0.71"
        }
      },
      "type": [
        "object",
        {
          "jumpgrey1": [
            "object",
            {
              "external_ip": "string",
              "internal_ip": "string"
            }
          ]
        }
      ]
    },
    "instance_ips_jumpred": {
      "value": {
        "jumpred1": {
          "external_ip": "100.65.8.219",
          "internal_ip": "192.168.10.11"
        },
        "jumpred10": {
          "external_ip": "100.65.8.149",
          "internal_ip": "192.168.10.10"
        },
        "jumpred2": {
          "external_ip": "100.65.6.144",
          "internal_ip": "192.168.10.12"
        },
        "jumpred3": {
          "external_ip": "100.65.2.106",
          "internal_ip": "192.168.10.13"
        },
        "jumpred4": {
          "external_ip": "100.65.5.53",
          "internal_ip": "192.168.10.14"
        },
        "jumpred5": {
          "external_ip": "100.65.8.144",
          "internal_ip": "192.168.10.15"
        },
        "jumpred6": {
          "external_ip": "100.65.6.220",
          "internal_ip": "192.168.10.16"
        },
        "jumpred7": {
          "external_ip": "100.65.8.217",
          "internal_ip": "192.168.10.17"
        },
        "jumpred8": {
          "external_ip": "100.65.7.68",
          "internal_ip": "192.168.10.18"
        },
        "jumpred9": {
          "external_ip": "100.65.6.186",
          "internal_ip": "192.168.10.19"
        }
      },
      "type": [
        "object",
        {
          "jumpred1": [
            "object",
            {
              "external_ip": "string",
              "internal_ip": "string"
            }
          ],
          "jumpred10": [
            "object",
            {
              "external_ip": "string",
              "internal_ip": "string"
            }
          ],
          "jumpred2": [
            "object",
            {
              "external_ip": "string",
              "internal_ip": "string"
            }
          ],
          "jumpred3": [
            "object",
            {
              "external_ip": "string",
              "internal_ip": "string"
            }
          ],
          "jumpred4": [
            "object",
            {
              "external_ip": "string",
              "internal_ip": "string"
            }
          ],
          "jumpred5": [
            "object",
            {
              "external_ip": "string",
              "internal_ip": "string"
            }
          ],
          "jumpred6": [
            "object",
            {
              "external_ip": "string",
              "internal_ip": "string"
            }
          ],
          "jumpred7": [
            "object",
            {
              "external_ip": "string",
              "internal_ip": "string"
            }
          ],
          "jumpred8": [
            "object",
            {
              "external_ip": "string",
              "internal_ip": "string"
            }
          ],
          "jumpred9": [
            "object",
            {
              "external_ip": "string",
              "internal_ip": "string"
            }
          ]
        }
      ]
    }
  },
  "resources": [
    {
      "mode": "managed",
      "type": "openstack_compute_instance_v2",
      "name": "deb13",
      "provider": "provider[\"registry.terraform.io/terraform-provider-openstack/openstack\"]",
      "instances": [
        {
          "index_key": "apache2",
          "schema_version": 0,
          "attributes": {
            "access_ip_v4": "10.0.10.3",
            "access_ip_v6": "",
            "admin_pass": null,
            "all_metadata": {},
            "all_tags": [],
            "availability_zone": "nova",
            "availability_zone_hints": null,
            "block_device": [
              {
                "boot_index": 0,
                "delete_on_termination": true,
                "destination_type": "volume",
                "device_type": "",
                "disk_bus": "",
                "guest_format": "",
                "multiattach": false,
                "source_type": "image",
                "uuid": "70de79be-69be-45dc-b956-f15dbe194ccd",
                "volume_size": 40,
                "volume_type": ""
              }
            ],
            "config_drive": null,
            "created": "2026-02-19 04:53:47 +0000 UTC",
            "flavor_id": "99e6ce94-23fd-49aa-9d39-b87562583fcd",
            "flavor_name": "large",
            "floating_ip": null,
            "force_delete": false,
            "id": "591a5f84-0b4f-4a8c-8c92-afef88f99734",
            "image_id": "Attempt to boot from volume - no image supplied",
            "image_name": null,
            "key_pair": "cdt",
            "metadata": null,
            "name": "ponyville",
            "network": [
              {
                "access_network": false,
                "fixed_ip_v4": "10.0.10.3",
                "fixed_ip_v6": "",
                "floating_ip": "",
                "mac": "fa:16:3e:bc:f9:fe",
                "name": "network_core",
                "port": "",
                "uuid": "e37fa546-ce27-47fb-be16-49953b01d5a4"
              }
            ],
            "network_mode": null,
            "personality": [],
            "power_state": "active",
            "region": "CyberRange",
            "scheduler_hints": [],
            "security_groups": [
              "secgroup_blue"
            ],
            "stop_before_destroy": false,
            "tags": [],
            "timeouts": null,
            "updated": "2026-03-28 20:59:00 +0000 UTC",
            "user_data": "f72d9cdacaab36c9d8ea582c2535a649e99dd300",
            "vendor_options": [],
            "volume": []
          },
          "sensitive_attributes": [
            [
              {
                "type": "get_attr",
                "value": "admin_pass"
              }
            ]
          ],
          "identity_schema_version": 0,
          "private": "eyJlMmJmYjczMC1lY2FhLTExZTYtOGY4OC0zNDM2M2JjN2M0YzAiOnsiY3JlYXRlIjoxODAwMDAwMDAwMDAwLCJkZWxldGUiOjE4MDAwMDAwMDAwMDAsInVwZGF0ZSI6MTgwMDAwMDAwMDAwMH19",
          "dependencies": [
            "openstack_networking_network_v2.network_core",
            "openstack_networking_network_v2.network_dmz",
            "openstack_networking_network_v2.network_internal",
            "openstack_networking_network_v2.network_red",
            "openstack_networking_network_v2.network_red_proxy",
            "openstack_networking_secgroup_v2.secgroup_blue"
          ]
        },
        {
          "index_key": "cups",
          "schema_version": 0,
          "attributes": {
            "access_ip_v4": "10.0.10.5",
            "access_ip_v6": "",
            "admin_pass": null,
            "all_metadata": {},
            "all_tags": [],
            "availability_zone": "nova",
            "availability_zone_hints": null,
            "block_device": [
              {
                "boot_index": 0,
                "delete_on_termination": true,
                "destination_type": "volume",
                "device_type": "",
                "disk_bus": "",
                "guest_format": "",
                "multiattach": false,
                "source_type": "image",
                "uuid": "70de79be-69be-45dc-b956-f15dbe194ccd",
                "volume_size": 40,
                "volume_type": ""
              }
            ],
            "config_drive": null,
            "created": "2026-02-19 04:53:47 +0000 UTC",
            "flavor_id": "99e6ce94-23fd-49aa-9d39-b87562583fcd",
            "flavor_name": "large",
            "floating_ip": null,
            "force_delete": false,
            "id": "563a927b-0ebc-433c-8a91-fbcfe5703162",
            "image_id": "Attempt to boot from volume - no image supplied",
            "image_name": null,
            "key_pair": "cdt",
            "metadata": null,
            "name": "trotsylvania",
            "network": [
              {
                "access_network": false,
                "fixed_ip_v4": "10.0.10.5",
                "fixed_ip_v6": "",
                "floating_ip": "",
                "mac": "fa:16:3e:35:7b:74",
                "name": "network_core",
                "port": "",
                "uuid": "e37fa546-ce27-47fb-be16-49953b01d5a4"
              }
            ],
            "network_mode": null,
            "personality": [],
            "power_state": "active",
            "region": "CyberRange",
            "scheduler_hints": [],
            "security_groups": [
              "secgroup_blue"
            ],
            "stop_before_destroy": false,
            "tags": [],
            "timeouts": null,
            "updated": "2026-03-28 20:59:00 +0000 UTC",
            "user_data": "f72d9cdacaab36c9d8ea582c2535a649e99dd300",
            "vendor_options": [],
            "volume": []
          },
          "sensitive_attributes": [
            [
              {
                "type": "get_attr",
                "value": "admin_pass"
              }
            ]
          ],
          "identity_schema_version": 0,
          "private": "eyJlMmJmYjczMC1lY2FhLTExZTYtOGY4OC0zNDM2M2JjN2M0YzAiOnsiY3JlYXRlIjoxODAwMDAwMDAwMDAwLCJkZWxldGUiOjE4MDAwMDAwMDAwMDAsInVwZGF0ZSI6MTgwMDAwMDAwMDAwMH19",
          "dependencies": [
            "openstack_networking_network_v2.network_core",
            "openstack_networking_network_v2.network_dmz",
            "openstack_networking_network_v2.network_internal",
            "openstack_networking_network_v2.network_red",
            "openstack_networking_network_v2.network_red_proxy",
            "openstack_networking_secgroup_v2.secgroup_blue"
          ]
        },
        {
          "index_key": "irc",
          "schema_version": 0,
          "attributes": {
            "access_ip_v4": "10.0.20.3",
            "access_ip_v6": "",
            "admin_pass": null,
            "all_metadata": {},
            "all_tags": [],
            "availability_zone": "nova",
            "availability_zone_hints": null,
            "block_device": [
              {
                "boot_index": 0,
                "delete_on_termination": true,
                "destination_type": "volume",
                "device_type": "",
                "disk_bus": "",
                "guest_format": "",
                "multiattach": false,
                "source_type": "image",
                "uuid": "70de79be-69be-45dc-b956-f15dbe194ccd",
                "volume_size": 40,
                "volume_type": ""
              }
            ],
            "config_drive": null,
            "created": "2026-02-19 04:53:37 +0000 UTC",
            "flavor_id": "99e6ce94-23fd-49aa-9d39-b87562583fcd",
            "flavor_name": "large",
            "floating_ip": null,
            "force_delete": false,
            "id": "309f5ce6-d90c-4162-8274-d4ca2374af17",
            "image_id": "Attempt to boot from volume - no image supplied",
            "image_name": null,
            "key_pair": "cdt",
            "metadata": null,
            "name": "everfree-forest",
            "network": [
              {
                "access_network": false,
                "fixed_ip_v4": "10.0.20.3",
                "fixed_ip_v6": "",
                "floating_ip": "",
                "mac": "fa:16:3e:b7:12:b8",
                "name": "network_dmz",
                "port": "",
                "uuid": "e88beef8-349e-4ed8-94b9-7b95663dc20a"
              }
            ],
            "network_mode": null,
            "personality": [],
            "power_state": "active",
            "region": "CyberRange",
            "scheduler_hints": [],
            "security_groups": [
              "secgroup_blue"
            ],
            "stop_before_destroy": false,
            "tags": [],
            "timeouts": null,
            "updated": "2026-03-28 20:59:00 +0000 UTC",
            "user_data": "f72d9cdacaab36c9d8ea582c2535a649e99dd300",
            "vendor_options": [],
            "volume": []
          },
          "sensitive_attributes": [
            [
              {
                "type": "get_attr",
                "value": "admin_pass"
              }
            ]
          ],
          "identity_schema_version": 0,
          "private": "eyJlMmJmYjczMC1lY2FhLTExZTYtOGY4OC0zNDM2M2JjN2M0YzAiOnsiY3JlYXRlIjoxODAwMDAwMDAwMDAwLCJkZWxldGUiOjE4MDAwMDAwMDAwMDAsInVwZGF0ZSI6MTgwMDAwMDAwMDAwMH19",
          "dependencies": [
            "openstack_networking_network_v2.network_core",
            "openstack_networking_network_v2.network_dmz",
            "openstack_networking_network_v2.network_internal",
            "openstack_networking_network_v2.network_red",
            "openstack_networking_network_v2.network_red_proxy",
            "openstack_networking_secgroup_v2.secgroup_blue"
          ]
        },
        {
          "index_key": "mariadb",
          "schema_version": 0,
          "attributes": {
            "access_ip_v4": "10.0.10.4",
            "access_ip_v6": "",
            "admin_pass": null,
            "all_metadata": {},
            "all_tags": [],
            "availability_zone": "nova",
            "availability_zone_hints": null,
            "block_device": [
              {
                "boot_index": 0,
                "delete_on_termination": true,
                "destination_type": "volume",
                "device_type": "",
                "disk_bus": "",
                "guest_format": "",
                "multiattach": false,
                "source_type": "image",
                "uuid": "70de79be-69be-45dc-b956-f15dbe194ccd",
                "volume_size": 40,
                "volume_type": ""
              }
            ],
            "config_drive": null,
            "created": "2026-02-19 04:53:37 +0000 UTC",
            "flavor_id": "99e6ce94-23fd-49aa-9d39-b87562583fcd",
            "flavor_name": "large",
            "floating_ip": null,
            "force_delete": false,
            "id": "1a72f6bd-4148-4e00-91ca-a575393bc09f",
            "image_id": "Attempt to boot from volume - no image supplied",
            "image_name": null,
            "key_pair": "cdt",
            "metadata": null,
            "name": "seaddle",
            "network": [
              {
                "access_network": false,
                "fixed_ip_v4": "10.0.10.4",
                "fixed_ip_v6": "",
                "floating_ip": "",
                "mac": "fa:16:3e:80:45:25",
                "name": "network_core",
                "port": "",
                "uuid": "e37fa546-ce27-47fb-be16-49953b01d5a4"
              }
            ],
            "network_mode": null,
            "personality": [],
            "power_state": "active",
            "region": "CyberRange",
            "scheduler_hints": [],
            "security_groups": [
              "secgroup_blue"
            ],
            "stop_before_destroy": false,
            "tags": [],
            "timeouts": null,
            "updated": "2026-03-28 20:59:00 +0000 UTC",
            "user_data": "f72d9cdacaab36c9d8ea582c2535a649e99dd300",
            "vendor_options": [],
            "volume": []
          },
          "sensitive_attributes": [
            [
              {
                "type": "get_attr",
                "value": "admin_pass"
              }
            ]
          ],
          "identity_schema_version": 0,
          "private": "eyJlMmJmYjczMC1lY2FhLTExZTYtOGY4OC0zNDM2M2JjN2M0YzAiOnsiY3JlYXRlIjoxODAwMDAwMDAwMDAwLCJkZWxldGUiOjE4MDAwMDAwMDAwMDAsInVwZGF0ZSI6MTgwMDAwMDAwMDAwMH19",
          "dependencies": [
            "openstack_networking_network_v2.network_core",
            "openstack_networking_network_v2.network_dmz",
            "openstack_networking_network_v2.network_internal",
            "openstack_networking_network_v2.network_red",
            "openstack_networking_network_v2.network_red_proxy",
            "openstack_networking_secgroup_v2.secgroup_blue"
          ]
        },
        {
          "index_key": "nginx",
          "schema_version": 0,
          "attributes": {
            "access_ip_v4": "10.0.20.4",
            "access_ip_v6": "",
            "admin_pass": null,
            "all_metadata": {},
            "all_tags": [],
            "availability_zone": "nova",
            "availability_zone_hints": null,
            "block_device": [
              {
                "boot_index": 0,
                "delete_on_termination": true,
                "destination_type": "volume",
                "device_type": "",
                "disk_bus": "",
                "guest_format": "",
                "multiattach": false,
                "source_type": "image",
                "uuid": "70de79be-69be-45dc-b956-f15dbe194ccd",
                "volume_size": 40,
                "volume_type": ""
              }
            ],
            "config_drive": null,
            "created": "2026-02-19 04:53:06 +0000 UTC",
            "flavor_id": "99e6ce94-23fd-49aa-9d39-b87562583fcd",
            "flavor_name": "large",
            "floating_ip": null,
            "force_delete": false,
            "id": "3bf52c71-8c45-4d2b-bb51-338be3996bcd",
            "image_id": "Attempt to boot from volume - no image supplied",
            "image_name": null,
            "key_pair": "cdt",
            "metadata": null,
            "name": "griffonstone",
            "network": [
              {
                "access_network": false,
                "fixed_ip_v4": "10.0.20.4",
                "fixed_ip_v6": "",
                "floating_ip": "",
                "mac": "fa:16:3e:a3:4f:1b",
                "name": "network_dmz",
                "port": "",
                "uuid": "e88beef8-349e-4ed8-94b9-7b95663dc20a"
              }
            ],
            "network_mode": null,
            "personality": [],
            "power_state": "active",
            "region": "CyberRange",
            "scheduler_hints": [],
            "security_groups": [
              "secgroup_blue"
            ],
            "stop_before_destroy": false,
            "tags": [],
            "timeouts": null,
            "updated": "2026-03-28 20:59:01 +0000 UTC",
            "user_data": "f72d9cdacaab36c9d8ea582c2535a649e99dd300",
            "vendor_options": [],
            "volume": []
          },
          "sensitive_attributes": [
            [
              {
                "type": "get_attr",
                "value": "admin_pass"
              }
            ]
          ],
          "identity_schema_version": 0,
          "private": "eyJlMmJmYjczMC1lY2FhLTExZTYtOGY4OC0zNDM2M2JjN2M0YzAiOnsiY3JlYXRlIjoxODAwMDAwMDAwMDAwLCJkZWxldGUiOjE4MDAwMDAwMDAwMDAsInVwZGF0ZSI6MTgwMDAwMDAwMDAwMH19",
          "dependencies": [
            "openstack_networking_network_v2.network_core",
            "openstack_networking_network_v2.network_dmz",
            "openstack_networking_network_v2.network_internal",
            "openstack_networking_network_v2.network_red",
            "openstack_networking_network_v2.network_red_proxy",
            "openstack_networking_secgroup_v2.secgroup_blue"
          ]
        },
        {
          "index_key": "vsftpd",
          "schema_version": 0,
          "attributes": {
            "access_ip_v4": "10.0.10.6",
            "access_ip_v6": "",
            "admin_pass": null,
            "all_metadata": {},
            "all_tags": [],
            "availability_zone": "nova",
            "availability_zone_hints": null,
            "block_device": [
              {
                "boot_index": 0,
                "delete_on_termination": true,
                "destination_type": "volume",
                "device_type": "",
                "disk_bus": "",
                "guest_format": "",
                "multiattach": false,
                "source_type": "image",
                "uuid": "70de79be-69be-45dc-b956-f15dbe194ccd",
                "volume_size": 40,
                "volume_type": ""
              }
            ],
            "config_drive": null,
            "created": "2026-02-19 04:53:06 +0000 UTC",
            "flavor_id": "99e6ce94-23fd-49aa-9d39-b87562583fcd",
            "flavor_name": "large",
            "floating_ip": null,
            "force_delete": false,
            "id": "d3cdf778-6203-4f33-a854-cdd3355cc7e3",
            "image_id": "Attempt to boot from volume - no image supplied",
            "image_name": null,
            "key_pair": "cdt",
            "metadata": null,
            "name": "crystal-empire",
            "network": [
              {
                "access_network": false,
                "fixed_ip_v4": "10.0.10.6",
                "fixed_ip_v6": "",
                "floating_ip": "",
                "mac": "fa:16:3e:45:c2:62",
                "name": "network_core",
                "port": "",
                "uuid": "e37fa546-ce27-47fb-be16-49953b01d5a4"
              }
            ],
            "network_mode": null,
            "personality": [],
            "power_state": "active",
            "region": "CyberRange",
            "scheduler_hints": [],
            "security_groups": [
              "secgroup_blue"
            ],
            "stop_before_destroy": false,
            "tags": [],
            "timeouts": null,
            "updated": "2026-03-28 20:59:00 +0000 UTC",
            "user_data": "f72d9cdacaab36c9d8ea582c2535a649e99dd300",
            "vendor_options": [],
            "volume": []
          },
          "sensitive_attributes": [
            [
              {
                "type": "get_attr",
                "value": "admin_pass"
              }
            ]
          ],
          "identity_schema_version": 0,
          "private": "eyJlMmJmYjczMC1lY2FhLTExZTYtOGY4OC0zNDM2M2JjN2M0YzAiOnsiY3JlYXRlIjoxODAwMDAwMDAwMDAwLCJkZWxldGUiOjE4MDAwMDAwMDAwMDAsInVwZGF0ZSI6MTgwMDAwMDAwMDAwMH19",
          "dependencies": [
            "openstack_networking_network_v2.network_core",
            "openstack_networking_network_v2.network_dmz",
            "openstack_networking_network_v2.network_internal",
            "openstack_networking_network_v2.network_red",
            "openstack_networking_network_v2.network_red_proxy",
            "openstack_networking_secgroup_v2.secgroup_blue"
          ]
        }
      ]
    },
    {
      "mode": "managed",
      "type": "openstack_compute_instance_v2",
      "name": "deploy",
      "provider": "provider[\"registry.terraform.io/terraform-provider-openstack/openstack\"]",
      "instances": [
        {
          "schema_version": 0,
          "attributes": {
            "access_ip_v4": "172.20.0.80",
            "access_ip_v6": "",
            "admin_pass": null,
            "all_metadata": {},
            "all_tags": [],
            "availability_zone": "nova",
            "availability_zone_hints": null,
            "block_device": [
              {
                "boot_index": 0,
                "delete_on_termination": true,
                "destination_type": "volume",
                "device_type": "",
                "disk_bus": "",
                "guest_format": "",
                "multiattach": false,
                "source_type": "image",
                "uuid": "70de79be-69be-45dc-b956-f15dbe194ccd",
                "volume_size": 75,
                "volume_type": ""
              }
            ],
            "config_drive": null,
            "created": "2026-02-04 22:19:09 +0000 UTC",
            "flavor_id": "3d619a1a-fc6e-4fd2-9a14-18da0587bb22",
            "flavor_name": "xlarge",
            "floating_ip": null,
            "force_delete": false,
            "id": "f88aa8df-9eab-441c-83f6-0df364a40e04",
            "image_id": "Attempt to boot from volume - no image supplied",
            "image_name": null,
            "key_pair": "cdt",
            "metadata": null,
            "name": "deploy",
            "network": [
              {
                "access_network": false,
                "fixed_ip_v4": "172.20.0.80",
                "fixed_ip_v6": "",
                "floating_ip": "",
                "mac": "fa:16:3e:2a:01:22",
                "name": "network_grey",
                "port": "",
                "uuid": "63f0c69f-6136-4d09-b3b2-360cfbe571bc"
              },
              {
                "access_network": false,
                "fixed_ip_v4": "100.65.3.219",
                "fixed_ip_v6": "",
                "floating_ip": "",
                "mac": "fa:16:3e:26:80:d7",
                "name": "MAIN-NAT",
                "port": "",
                "uuid": "2f96295c-34f6-49a2-b5cf-7f5b407be0c8"
              }
            ],
            "network_mode": null,
            "personality": [],
            "power_state": "active",
            "region": "CyberRange",
            "scheduler_hints": [],
            "security_groups": [
              "secgroup_grey"
            ],
            "stop_before_destroy": false,
            "tags": [],
            "timeouts": null,
            "updated": "2026-03-28 14:14:07 +0000 UTC",
            "user_data": "f72d9cdacaab36c9d8ea582c2535a649e99dd300",
            "vendor_options": [],
            "volume": []
          },
          "sensitive_attributes": [
            [
              {
                "type": "get_attr",
                "value": "admin_pass"
              }
            ]
          ],
          "identity_schema_version": 0,
          "private": "eyJlMmJmYjczMC1lY2FhLTExZTYtOGY4OC0zNDM2M2JjN2M0YzAiOnsiY3JlYXRlIjoxODAwMDAwMDAwMDAwLCJkZWxldGUiOjE4MDAwMDAwMDAwMDAsInVwZGF0ZSI6MTgwMDAwMDAwMDAwMH19",
          "dependencies": [
            "openstack_networking_network_v2.network_grey",
            "openstack_networking_secgroup_v2.secgroup_grey"
          ]
        }
      ]
    },
    {
      "mode": "managed",
      "type": "openstack_compute_instance_v2",
      "name": "jumpgrey",
      "provider": "provider[\"registry.terraform.io/terraform-provider-openstack/openstack\"]",
      "instances": [
        {
          "index_key": "jumpgrey1",
          "schema_version": 0,
          "attributes": {
            "access_ip_v4": "172.20.0.71",
            "access_ip_v6": "",
            "admin_pass": null,
            "all_metadata": {},
            "all_tags": [],
            "availability_zone": "nova",
            "availability_zone_hints": null,
            "block_device": [
              {
                "boot_index": 0,
                "delete_on_termination": true,
                "destination_type": "volume",
                "device_type": "",
                "disk_bus": "",
                "guest_format": "",
                "multiattach": false,
                "source_type": "image",
                "uuid": "1cde3ec3-03d3-4c17-a512-d3799ae92dad",
                "volume_size": 25,
                "volume_type": ""
              }
            ],
            "config_drive": null,
            "created": "2026-02-18 01:34:34 +0000 UTC",
            "flavor_id": "6f4e2f56-5576-4705-9889-2d828c9758a0",
            "flavor_name": "medium",
            "floating_ip": null,
            "force_delete": false,
            "id": "1037033f-f073-4ba0-adba-6eed5be03154",
            "image_id": "Attempt to boot from volume - no image supplied",
            "image_name": null,
            "key_pair": "cdt",
            "metadata": null,
            "name": "jumpgrey1",
            "network": [
              {
                "access_network": false,
                "fixed_ip_v4": "172.20.0.71",
                "fixed_ip_v6": "",
                "floating_ip": "",
                "mac": "fa:16:3e:ba:d4:b5",
                "name": "network_grey",
                "port": "",
                "uuid": "63f0c69f-6136-4d09-b3b2-360cfbe571bc"
              },
              {
                "access_network": false,
                "fixed_ip_v4": "100.65.7.211",
                "fixed_ip_v6": "",
                "floating_ip": "",
                "mac": "fa:16:3e:40:af:96",
                "name": "MAIN-NAT",
                "port": "",
                "uuid": "2f96295c-34f6-49a2-b5cf-7f5b407be0c8"
              }
            ],
            "network_mode": null,
            "personality": [],
            "power_state": "active",
            "region": "CyberRange",
            "scheduler_hints": [],
            "security_groups": [
              "secgroup_grey"
            ],
            "stop_before_destroy": false,
            "tags": [],
            "timeouts": null,
            "updated": "2026-03-28 14:14:08 +0000 UTC",
            "user_data": "59a9ee23b8e171e8ac11f8db679554885ac9df10",
            "vendor_options": [],
            "volume": []
          },
          "sensitive_attributes": [
            [
              {
                "type": "get_attr",
                "value": "admin_pass"
              }
            ]
          ],
          "identity_schema_version": 0,
          "private": "eyJlMmJmYjczMC1lY2FhLTExZTYtOGY4OC0zNDM2M2JjN2M0YzAiOnsiY3JlYXRlIjoxODAwMDAwMDAwMDAwLCJkZWxldGUiOjE4MDAwMDAwMDAwMDAsInVwZGF0ZSI6MTgwMDAwMDAwMDAwMH19",
          "dependencies": [
            "openstack_networking_network_v2.network_grey",
            "openstack_networking_secgroup_v2.secgroup_grey"
          ]
        }
      ]
    },
    {
      "mode": "managed",
      "type": "openstack_compute_instance_v2",
      "name": "jumpred",
      "provider": "provider[\"registry.terraform.io/terraform-provider-openstack/openstack\"]",
      "instances": [
        {
          "index_key": "jumpred1",
          "schema_version": 0,
          "attributes": {
            "access_ip_v4": "192.168.10.11",
            "access_ip_v6": "",
            "admin_pass": null,
            "all_metadata": {},
            "all_tags": [],
            "availability_zone": "nova",
            "availability_zone_hints": null,
            "block_device": [
              {
                "boot_index": 0,
                "delete_on_termination": true,
                "destination_type": "volume",
                "device_type": "",
                "disk_bus": "",
                "guest_format": "",
                "multiattach": false,
                "source_type": "image",
                "uuid": "1cde3ec3-03d3-4c17-a512-d3799ae92dad",
                "volume_size": 70,
                "volume_type": ""
              }
            ],
            "config_drive": null,
            "created": "2026-03-28 21:14:55 +0000 UTC",
            "flavor_id": "99e6ce94-23fd-49aa-9d39-b87562583fcd",
            "flavor_name": "large",
            "floating_ip": null,
            "force_delete": false,
            "id": "43d854b2-3dd7-40f4-906b-2adf16d15729",
            "image_id": "Attempt to boot from volume - no image supplied",
            "image_name": null,
            "key_pair": "cdt",
            "metadata": null,
            "name": "jumpred1",
            "network": [
              {
                "access_network": false,
                "fixed_ip_v4": "192.168.10.11",
                "fixed_ip_v6": "",
                "floating_ip": "",
                "mac": "fa:16:3e:01:c9:71",
                "name": "network_red",
                "port": "",
                "uuid": "92485abc-8ac8-4c40-98a2-8826aeedada8"
              },
              {
                "access_network": false,
                "fixed_ip_v4": "100.65.8.219",
                "fixed_ip_v6": "",
                "floating_ip": "",
                "mac": "fa:16:3e:5d:06:9e",
                "name": "MAIN-NAT",
                "port": "",
                "uuid": "2f96295c-34f6-49a2-b5cf-7f5b407be0c8"
              }
            ],
            "network_mode": null,
            "personality": [],
            "power_state": "active",
            "region": "CyberRange",
            "scheduler_hints": [],
            "security_groups": [
              "secgroup_red"
            ],
            "stop_before_destroy": false,
            "tags": null,
            "timeouts": null,
            "updated": "2026-03-28 21:15:25 +0000 UTC",
            "user_data": "8fab9b7fc000fa5a8be4dcc4949b302f0ea56f1d",
            "vendor_options": [],
            "volume": []
          },
          "sensitive_attributes": [
            [
              {
                "type": "get_attr",
                "value": "admin_pass"
              }
            ]
          ],
          "identity_schema_version": 0,
          "private": "eyJlMmJmYjczMC1lY2FhLTExZTYtOGY4OC0zNDM2M2JjN2M0YzAiOnsiY3JlYXRlIjoxODAwMDAwMDAwMDAwLCJkZWxldGUiOjE4MDAwMDAwMDAwMDAsInVwZGF0ZSI6MTgwMDAwMDAwMDAwMH19",
          "dependencies": [
            "openstack_networking_network_v2.network_core",
            "openstack_networking_network_v2.network_dmz",
            "openstack_networking_network_v2.network_internal",
            "openstack_networking_network_v2.network_red",
            "openstack_networking_network_v2.network_red_proxy",
            "openstack_networking_secgroup_v2.secgroup_red"
          ]
        },
        {
          "index_key": "jumpred10",
          "schema_version": 0,
          "attributes": {
            "access_ip_v4": "192.168.10.10",
            "access_ip_v6": "",
            "admin_pass": null,
            "all_metadata": {},
            "all_tags": [],
            "availability_zone": "nova",
            "availability_zone_hints": null,
            "block_device": [
              {
                "boot_index": 0,
                "delete_on_termination": true,
                "destination_type": "volume",
                "device_type": "",
                "disk_bus": "",
                "guest_format": "",
                "multiattach": false,
                "source_type": "image",
                "uuid": "1cde3ec3-03d3-4c17-a512-d3799ae92dad",
                "volume_size": 70,
                "volume_type": ""
              }
            ],
            "config_drive": null,
            "created": "2026-03-28 21:14:11 +0000 UTC",
            "flavor_id": "99e6ce94-23fd-49aa-9d39-b87562583fcd",
            "flavor_name": "large",
            "floating_ip": null,
            "force_delete": false,
            "id": "b1bd5bd2-66bb-4536-a254-e97643146911",
            "image_id": "Attempt to boot from volume - no image supplied",
            "image_name": null,
            "key_pair": "cdt",
            "metadata": null,
            "name": "jumpred10",
            "network": [
              {
                "access_network": false,
                "fixed_ip_v4": "192.168.10.10",
                "fixed_ip_v6": "",
                "floating_ip": "",
                "mac": "fa:16:3e:90:09:c7",
                "name": "network_red",
                "port": "",
                "uuid": "92485abc-8ac8-4c40-98a2-8826aeedada8"
              },
              {
                "access_network": false,
                "fixed_ip_v4": "100.65.8.149",
                "fixed_ip_v6": "",
                "floating_ip": "",
                "mac": "fa:16:3e:f7:ec:67",
                "name": "MAIN-NAT",
                "port": "",
                "uuid": "2f96295c-34f6-49a2-b5cf-7f5b407be0c8"
              }
            ],
            "network_mode": null,
            "personality": [],
            "power_state": "active",
            "region": "CyberRange",
            "scheduler_hints": [],
            "security_groups": [
              "secgroup_red"
            ],
            "stop_before_destroy": false,
            "tags": null,
            "timeouts": null,
            "updated": "2026-03-28 21:14:40 +0000 UTC",
            "user_data": "8fab9b7fc000fa5a8be4dcc4949b302f0ea56f1d",
            "vendor_options": [],
            "volume": []
          },
          "sensitive_attributes": [
            [
              {
                "type": "get_attr",
                "value": "admin_pass"
              }
            ]
          ],
          "identity_schema_version": 0,
          "private": "eyJlMmJmYjczMC1lY2FhLTExZTYtOGY4OC0zNDM2M2JjN2M0YzAiOnsiY3JlYXRlIjoxODAwMDAwMDAwMDAwLCJkZWxldGUiOjE4MDAwMDAwMDAwMDAsInVwZGF0ZSI6MTgwMDAwMDAwMDAwMH19",
          "dependencies": [
            "openstack_networking_network_v2.network_core",
            "openstack_networking_network_v2.network_dmz",
            "openstack_networking_network_v2.network_internal",
            "openstack_networking_network_v2.network_red",
            "openstack_networking_network_v2.network_red_proxy",
            "openstack_networking_secgroup_v2.secgroup_red"
          ]
        },
        {
          "index_key": "jumpred2",
          "schema_version": 0,
          "attributes": {
            "access_ip_v4": "192.168.10.12",
            "access_ip_v6": "",
            "admin_pass": null,
            "all_metadata": {},
            "all_tags": [],
            "availability_zone": "nova",
            "availability_zone_hints": null,
            "block_device": [
              {
                "boot_index": 0,
                "delete_on_termination": true,
                "destination_type": "volume",
                "device_type": "",
                "disk_bus": "",
                "guest_format": "",
                "multiattach": false,
                "source_type": "image",
                "uuid": "1cde3ec3-03d3-4c17-a512-d3799ae92dad",
                "volume_size": 70,
                "volume_type": ""
              }
            ],
            "config_drive": null,
            "created": "2026-03-28 21:14:11 +0000 UTC",
            "flavor_id": "99e6ce94-23fd-49aa-9d39-b87562583fcd",
            "flavor_name": "large",
            "floating_ip": null,
            "force_delete": false,
            "id": "af77b631-f4e1-4c6a-9698-9c648d0f7556",
            "image_id": "Attempt to boot from volume - no image supplied",
            "image_name": null,
            "key_pair": "cdt",
            "metadata": null,
            "name": "jumpred2",
            "network": [
              {
                "access_network": false,
                "fixed_ip_v4": "192.168.10.12",
                "fixed_ip_v6": "",
                "floating_ip": "",
                "mac": "fa:16:3e:f1:7f:51",
                "name": "network_red",
                "port": "",
                "uuid": "92485abc-8ac8-4c40-98a2-8826aeedada8"
              },
              {
                "access_network": false,
                "fixed_ip_v4": "100.65.6.144",
                "fixed_ip_v6": "",
                "floating_ip": "",
                "mac": "fa:16:3e:d7:ef:2f",
                "name": "MAIN-NAT",
                "port": "",
                "uuid": "2f96295c-34f6-49a2-b5cf-7f5b407be0c8"
              }
            ],
            "network_mode": null,
            "personality": [],
            "power_state": "active",
            "region": "CyberRange",
            "scheduler_hints": [],
            "security_groups": [
              "secgroup_red"
            ],
            "stop_before_destroy": false,
            "tags": null,
            "timeouts": null,
            "updated": "2026-03-28 21:14:49 +0000 UTC",
            "user_data": "8fab9b7fc000fa5a8be4dcc4949b302f0ea56f1d",
            "vendor_options": [],
            "volume": []
          },
          "sensitive_attributes": [
            [
              {
                "type": "get_attr",
                "value": "admin_pass"
              }
            ]
          ],
          "identity_schema_version": 0,
          "private": "eyJlMmJmYjczMC1lY2FhLTExZTYtOGY4OC0zNDM2M2JjN2M0YzAiOnsiY3JlYXRlIjoxODAwMDAwMDAwMDAwLCJkZWxldGUiOjE4MDAwMDAwMDAwMDAsInVwZGF0ZSI6MTgwMDAwMDAwMDAwMH19",
          "dependencies": [
            "openstack_networking_network_v2.network_core",
            "openstack_networking_network_v2.network_dmz",
            "openstack_networking_network_v2.network_internal",
            "openstack_networking_network_v2.network_red",
            "openstack_networking_network_v2.network_red_proxy",
            "openstack_networking_secgroup_v2.secgroup_red"
          ]
        },
        {
          "index_key": "jumpred3",
          "schema_version": 0,
          "attributes": {
            "access_ip_v4": "192.168.10.13",
            "access_ip_v6": "",
            "admin_pass": null,
            "all_metadata": {},
            "all_tags": [],
            "availability_zone": "nova",
            "availability_zone_hints": null,
            "block_device": [
              {
                "boot_index": 0,
                "delete_on_termination": true,
                "destination_type": "volume",
                "device_type": "",
                "disk_bus": "",
                "guest_format": "",
                "multiattach": false,
                "source_type": "image",
                "uuid": "1cde3ec3-03d3-4c17-a512-d3799ae92dad",
                "volume_size": 70,
                "volume_type": ""
              }
            ],
            "config_drive": null,
            "created": "2026-03-28 21:15:02 +0000 UTC",
            "flavor_id": "99e6ce94-23fd-49aa-9d39-b87562583fcd",
            "flavor_name": "large",
            "floating_ip": null,
            "force_delete": false,
            "id": "2637f301-20f3-4c80-9d4e-7c9dabbd3aa5",
            "image_id": "Attempt to boot from volume - no image supplied",
            "image_name": null,
            "key_pair": "cdt",
            "metadata": null,
            "name": "jumpred3",
            "network": [
              {
                "access_network": false,
                "fixed_ip_v4": "192.168.10.13",
                "fixed_ip_v6": "",
                "floating_ip": "",
                "mac": "fa:16:3e:47:15:f0",
                "name": "network_red",
                "port": "",
                "uuid": "92485abc-8ac8-4c40-98a2-8826aeedada8"
              },
              {
                "access_network": false,
                "fixed_ip_v4": "100.65.2.106",
                "fixed_ip_v6": "",
                "floating_ip": "",
                "mac": "fa:16:3e:48:58:f2",
                "name": "MAIN-NAT",
                "port": "",
                "uuid": "2f96295c-34f6-49a2-b5cf-7f5b407be0c8"
              }
            ],
            "network_mode": null,
            "personality": [],
            "power_state": "active",
            "region": "CyberRange",
            "scheduler_hints": [],
            "security_groups": [
              "secgroup_red"
            ],
            "stop_before_destroy": false,
            "tags": null,
            "timeouts": null,
            "updated": "2026-03-28 21:15:35 +0000 UTC",
            "user_data": "8fab9b7fc000fa5a8be4dcc4949b302f0ea56f1d",
            "vendor_options": [],
            "volume": []
          },
          "sensitive_attributes": [
            [
              {
                "type": "get_attr",
                "value": "admin_pass"
              }
            ]
          ],
          "identity_schema_version": 0,
          "private": "eyJlMmJmYjczMC1lY2FhLTExZTYtOGY4OC0zNDM2M2JjN2M0YzAiOnsiY3JlYXRlIjoxODAwMDAwMDAwMDAwLCJkZWxldGUiOjE4MDAwMDAwMDAwMDAsInVwZGF0ZSI6MTgwMDAwMDAwMDAwMH19",
          "dependencies": [
            "openstack_networking_network_v2.network_core",
            "openstack_networking_network_v2.network_dmz",
            "openstack_networking_network_v2.network_internal",
            "openstack_networking_network_v2.network_red",
            "openstack_networking_network_v2.network_red_proxy",
            "openstack_networking_secgroup_v2.secgroup_red"
          ]
        },
        {
          "index_key": "jumpred4",
          "schema_version": 0,
          "attributes": {
            "access_ip_v4": "192.168.10.14",
            "access_ip_v6": "",
            "admin_pass": null,
            "all_metadata": {},
            "all_tags": [],
            "availability_zone": "nova",
            "availability_zone_hints": null,
            "block_device": [
              {
                "boot_index": 0,
                "delete_on_termination": true,
                "destination_type": "volume",
                "device_type": "",
                "disk_bus": "",
                "guest_format": "",
                "multiattach": false,
                "source_type": "image",
                "uuid": "1cde3ec3-03d3-4c17-a512-d3799ae92dad",
                "volume_size": 70,
                "volume_type": ""
              }
            ],
            "config_drive": null,
            "created": "2026-03-28 21:14:11 +0000 UTC",
            "flavor_id": "99e6ce94-23fd-49aa-9d39-b87562583fcd",
            "flavor_name": "large",
            "floating_ip": null,
            "force_delete": false,
            "id": "2f39c7cb-c661-433e-9926-7838ca9038ce",
            "image_id": "Attempt to boot from volume - no image supplied",
            "image_name": null,
            "key_pair": "cdt",
            "metadata": null,
            "name": "jumpred4",
            "network": [
              {
                "access_network": false,
                "fixed_ip_v4": "192.168.10.14",
                "fixed_ip_v6": "",
                "floating_ip": "",
                "mac": "fa:16:3e:c7:96:53",
                "name": "network_red",
                "port": "",
                "uuid": "92485abc-8ac8-4c40-98a2-8826aeedada8"
              },
              {
                "access_network": false,
                "fixed_ip_v4": "100.65.5.53",
                "fixed_ip_v6": "",
                "floating_ip": "",
                "mac": "fa:16:3e:de:a1:75",
                "name": "MAIN-NAT",
                "port": "",
                "uuid": "2f96295c-34f6-49a2-b5cf-7f5b407be0c8"
              }
            ],
            "network_mode": null,
            "personality": [],
            "power_state": "active",
            "region": "CyberRange",
            "scheduler_hints": [],
            "security_groups": [
              "secgroup_red"
            ],
            "stop_before_destroy": false,
            "tags": null,
            "timeouts": null,
            "updated": "2026-03-28 21:14:36 +0000 UTC",
            "user_data": "8fab9b7fc000fa5a8be4dcc4949b302f0ea56f1d",
            "vendor_options": [],
            "volume": []
          },
          "sensitive_attributes": [
            [
              {
                "type": "get_attr",
                "value": "admin_pass"
              }
            ]
          ],
          "identity_schema_version": 0,
          "private": "eyJlMmJmYjczMC1lY2FhLTExZTYtOGY4OC0zNDM2M2JjN2M0YzAiOnsiY3JlYXRlIjoxODAwMDAwMDAwMDAwLCJkZWxldGUiOjE4MDAwMDAwMDAwMDAsInVwZGF0ZSI6MTgwMDAwMDAwMDAwMH19",
          "dependencies": [
            "openstack_networking_network_v2.network_core",
            "openstack_networking_network_v2.network_dmz",
            "openstack_networking_network_v2.network_internal",
            "openstack_networking_network_v2.network_red",
            "openstack_networking_network_v2.network_red_proxy",
            "openstack_networking_secgroup_v2.secgroup_red"
          ]
        },
        {
          "index_key": "jumpred5",
          "schema_version": 0,
          "attributes": {
            "access_ip_v4": "192.168.10.15",
            "access_ip_v6": "",
            "admin_pass": null,
            "all_metadata": {},
            "all_tags": [],
            "availability_zone": "nova",
            "availability_zone_hints": null,
            "block_device": [
              {
                "boot_index": 0,
                "delete_on_termination": true,
                "destination_type": "volume",
                "device_type": "",
                "disk_bus": "",
                "guest_format": "",
                "multiattach": false,
                "source_type": "image",
                "uuid": "1cde3ec3-03d3-4c17-a512-d3799ae92dad",
                "volume_size": 70,
                "volume_type": ""
              }
            ],
            "config_drive": null,
            "created": "2026-03-28 21:14:12 +0000 UTC",
            "flavor_id": "99e6ce94-23fd-49aa-9d39-b87562583fcd",
            "flavor_name": "large",
            "floating_ip": null,
            "force_delete": false,
            "id": "54996cc3-0044-4827-94fd-d15e42250614",
            "image_id": "Attempt to boot from volume - no image supplied",
            "image_name": null,
            "key_pair": "cdt",
            "metadata": null,
            "name": "jumpred5",
            "network": [
              {
                "access_network": false,
                "fixed_ip_v4": "192.168.10.15",
                "fixed_ip_v6": "",
                "floating_ip": "",
                "mac": "fa:16:3e:7b:51:41",
                "name": "network_red",
                "port": "",
                "uuid": "92485abc-8ac8-4c40-98a2-8826aeedada8"
              },
              {
                "access_network": false,
                "fixed_ip_v4": "100.65.8.144",
                "fixed_ip_v6": "",
                "floating_ip": "",
                "mac": "fa:16:3e:dc:ee:70",
                "name": "MAIN-NAT",
                "port": "",
                "uuid": "2f96295c-34f6-49a2-b5cf-7f5b407be0c8"
              }
            ],
            "network_mode": null,
            "personality": [],
            "power_state": "active",
            "region": "CyberRange",
            "scheduler_hints": [],
            "security_groups": [
              "secgroup_red"
            ],
            "stop_before_destroy": false,
            "tags": null,
            "timeouts": null,
            "updated": "2026-03-28 21:15:03 +0000 UTC",
            "user_data": "8fab9b7fc000fa5a8be4dcc4949b302f0ea56f1d",
            "vendor_options": [],
            "volume": []
          },
          "sensitive_attributes": [
            [
              {
                "type": "get_attr",
                "value": "admin_pass"
              }
            ]
          ],
          "identity_schema_version": 0,
          "private": "eyJlMmJmYjczMC1lY2FhLTExZTYtOGY4OC0zNDM2M2JjN2M0YzAiOnsiY3JlYXRlIjoxODAwMDAwMDAwMDAwLCJkZWxldGUiOjE4MDAwMDAwMDAwMDAsInVwZGF0ZSI6MTgwMDAwMDAwMDAwMH19",
          "dependencies": [
            "openstack_networking_network_v2.network_core",
            "openstack_networking_network_v2.network_dmz",
            "openstack_networking_network_v2.network_internal",
            "openstack_networking_network_v2.network_red",
            "openstack_networking_network_v2.network_red_proxy",
            "openstack_networking_secgroup_v2.secgroup_red"
          ]
        },
        {
          "index_key": "jumpred6",
          "schema_version": 0,
          "attributes": {
            "access_ip_v4": "192.168.10.16",
            "access_ip_v6": "",
            "admin_pass": null,
            "all_metadata": {},
            "all_tags": [],
            "availability_zone": "nova",
            "availability_zone_hints": null,
            "block_device": [
              {
                "boot_index": 0,
                "delete_on_termination": true,
                "destination_type": "volume",
                "device_type": "",
                "disk_bus": "",
                "guest_format": "",
                "multiattach": false,
                "source_type": "image",
                "uuid": "1cde3ec3-03d3-4c17-a512-d3799ae92dad",
                "volume_size": 70,
                "volume_type": ""
              }
            ],
            "config_drive": null,
            "created": "2026-03-28 21:14:11 +0000 UTC",
            "flavor_id": "99e6ce94-23fd-49aa-9d39-b87562583fcd",
            "flavor_name": "large",
            "floating_ip": null,
            "force_delete": false,
            "id": "d65a1b4c-5903-47b9-b365-7f6f2881934d",
            "image_id": "Attempt to boot from volume - no image supplied",
            "image_name": null,
            "key_pair": "cdt",
            "metadata": null,
            "name": "jumpred6",
            "network": [
              {
                "access_network": false,
                "fixed_ip_v4": "192.168.10.16",
                "fixed_ip_v6": "",
                "floating_ip": "",
                "mac": "fa:16:3e:09:6f:ab",
                "name": "network_red",
                "port": "",
                "uuid": "92485abc-8ac8-4c40-98a2-8826aeedada8"
              },
              {
                "access_network": false,
                "fixed_ip_v4": "100.65.6.220",
                "fixed_ip_v6": "",
                "floating_ip": "",
                "mac": "fa:16:3e:c8:ab:40",
                "name": "MAIN-NAT",
                "port": "",
                "uuid": "2f96295c-34f6-49a2-b5cf-7f5b407be0c8"
              }
            ],
            "network_mode": null,
            "personality": [],
            "power_state": "active",
            "region": "CyberRange",
            "scheduler_hints": [],
            "security_groups": [
              "secgroup_red"
            ],
            "stop_before_destroy": false,
            "tags": null,
            "timeouts": null,
            "updated": "2026-03-28 21:14:31 +0000 UTC",
            "user_data": "8fab9b7fc000fa5a8be4dcc4949b302f0ea56f1d",
            "vendor_options": [],
            "volume": []
          },
          "sensitive_attributes": [
            [
              {
                "type": "get_attr",
                "value": "admin_pass"
              }
            ]
          ],
          "identity_schema_version": 0,
          "private": "eyJlMmJmYjczMC1lY2FhLTExZTYtOGY4OC0zNDM2M2JjN2M0YzAiOnsiY3JlYXRlIjoxODAwMDAwMDAwMDAwLCJkZWxldGUiOjE4MDAwMDAwMDAwMDAsInVwZGF0ZSI6MTgwMDAwMDAwMDAwMH19",
          "dependencies": [
            "openstack_networking_network_v2.network_core",
            "openstack_networking_network_v2.network_dmz",
            "openstack_networking_network_v2.network_internal",
            "openstack_networking_network_v2.network_red",
            "openstack_networking_network_v2.network_red_proxy",
            "openstack_networking_secgroup_v2.secgroup_red"
          ]
        },
        {
          "index_key": "jumpred7",
          "schema_version": 0,
          "attributes": {
            "access_ip_v4": "192.168.10.17",
            "access_ip_v6": "",
            "admin_pass": null,
            "all_metadata": {},
            "all_tags": [],
            "availability_zone": "nova",
            "availability_zone_hints": null,
            "block_device": [
              {
                "boot_index": 0,
                "delete_on_termination": true,
                "destination_type": "volume",
                "device_type": "",
                "disk_bus": "",
                "guest_format": "",
                "multiattach": false,
                "source_type": "image",
                "uuid": "1cde3ec3-03d3-4c17-a512-d3799ae92dad",
                "volume_size": 70,
                "volume_type": ""
              }
            ],
            "config_drive": null,
            "created": "2026-03-28 21:14:52 +0000 UTC",
            "flavor_id": "99e6ce94-23fd-49aa-9d39-b87562583fcd",
            "flavor_name": "large",
            "floating_ip": null,
            "force_delete": false,
            "id": "4c927519-8abe-4f3b-9279-b837c305f2ca",
            "image_id": "Attempt to boot from volume - no image supplied",
            "image_name": null,
            "key_pair": "cdt",
            "metadata": null,
            "name": "jumpred7",
            "network": [
              {
                "access_network": false,
                "fixed_ip_v4": "192.168.10.17",
                "fixed_ip_v6": "",
                "floating_ip": "",
                "mac": "fa:16:3e:21:21:b7",
                "name": "network_red",
                "port": "",
                "uuid": "92485abc-8ac8-4c40-98a2-8826aeedada8"
              },
              {
                "access_network": false,
                "fixed_ip_v4": "100.65.8.217",
                "fixed_ip_v6": "",
                "floating_ip": "",
                "mac": "fa:16:3e:45:e5:1b",
                "name": "MAIN-NAT",
                "port": "",
                "uuid": "2f96295c-34f6-49a2-b5cf-7f5b407be0c8"
              }
            ],
            "network_mode": null,
            "personality": [],
            "power_state": "active",
            "region": "CyberRange",
            "scheduler_hints": [],
            "security_groups": [
              "secgroup_red"
            ],
            "stop_before_destroy": false,
            "tags": null,
            "timeouts": null,
            "updated": "2026-03-28 21:15:21 +0000 UTC",
            "user_data": "8fab9b7fc000fa5a8be4dcc4949b302f0ea56f1d",
            "vendor_options": [],
            "volume": []
          },
          "sensitive_attributes": [
            [
              {
                "type": "get_attr",
                "value": "admin_pass"
              }
            ]
          ],
          "identity_schema_version": 0,
          "private": "eyJlMmJmYjczMC1lY2FhLTExZTYtOGY4OC0zNDM2M2JjN2M0YzAiOnsiY3JlYXRlIjoxODAwMDAwMDAwMDAwLCJkZWxldGUiOjE4MDAwMDAwMDAwMDAsInVwZGF0ZSI6MTgwMDAwMDAwMDAwMH19",
          "dependencies": [
            "openstack_networking_network_v2.network_core",
            "openstack_networking_network_v2.network_dmz",
            "openstack_networking_network_v2.network_internal",
            "openstack_networking_network_v2.network_red",
            "openstack_networking_network_v2.network_red_proxy",
            "openstack_networking_secgroup_v2.secgroup_red"
          ]
        },
        {
          "index_key": "jumpred8",
          "schema_version": 0,
          "attributes": {
            "access_ip_v4": "192.168.10.18",
            "access_ip_v6": "",
            "admin_pass": null,
            "all_metadata": {},
            "all_tags": [],
            "availability_zone": "nova",
            "availability_zone_hints": null,
            "block_device": [
              {
                "boot_index": 0,
                "delete_on_termination": true,
                "destination_type": "volume",
                "device_type": "",
                "disk_bus": "",
                "guest_format": "",
                "multiattach": false,
                "source_type": "image",
                "uuid": "1cde3ec3-03d3-4c17-a512-d3799ae92dad",
                "volume_size": 70,
                "volume_type": ""
              }
            ],
            "config_drive": null,
            "created": "2026-03-28 21:14:01 +0000 UTC",
            "flavor_id": "99e6ce94-23fd-49aa-9d39-b87562583fcd",
            "flavor_name": "large",
            "floating_ip": null,
            "force_delete": false,
            "id": "87a5905e-bfeb-4828-b3d5-52e3a8956d9f",
            "image_id": "Attempt to boot from volume - no image supplied",
            "image_name": null,
            "key_pair": "cdt",
            "metadata": null,
            "name": "jumpred8",
            "network": [
              {
                "access_network": false,
                "fixed_ip_v4": "192.168.10.18",
                "fixed_ip_v6": "",
                "floating_ip": "",
                "mac": "fa:16:3e:4c:62:5d",
                "name": "network_red",
                "port": "",
                "uuid": "92485abc-8ac8-4c40-98a2-8826aeedada8"
              },
              {
                "access_network": false,
                "fixed_ip_v4": "100.65.7.68",
                "fixed_ip_v6": "",
                "floating_ip": "",
                "mac": "fa:16:3e:ac:69:e9",
                "name": "MAIN-NAT",
                "port": "",
                "uuid": "2f96295c-34f6-49a2-b5cf-7f5b407be0c8"
              }
            ],
            "network_mode": null,
            "personality": [],
            "power_state": "active",
            "region": "CyberRange",
            "scheduler_hints": [],
            "security_groups": [
              "secgroup_red"
            ],
            "stop_before_destroy": false,
            "tags": null,
            "timeouts": null,
            "updated": "2026-03-28 21:14:25 +0000 UTC",
            "user_data": "8fab9b7fc000fa5a8be4dcc4949b302f0ea56f1d",
            "vendor_options": [],
            "volume": []
          },
          "sensitive_attributes": [
            [
              {
                "type": "get_attr",
                "value": "admin_pass"
              }
            ]
          ],
          "identity_schema_version": 0,
          "private": "eyJlMmJmYjczMC1lY2FhLTExZTYtOGY4OC0zNDM2M2JjN2M0YzAiOnsiY3JlYXRlIjoxODAwMDAwMDAwMDAwLCJkZWxldGUiOjE4MDAwMDAwMDAwMDAsInVwZGF0ZSI6MTgwMDAwMDAwMDAwMH19",
          "dependencies": [
            "openstack_networking_network_v2.network_core",
            "openstack_networking_network_v2.network_dmz",
            "openstack_networking_network_v2.network_internal",
            "openstack_networking_network_v2.network_red",
            "openstack_networking_network_v2.network_red_proxy",
            "openstack_networking_secgroup_v2.secgroup_red"
          ]
        },
        {
          "index_key": "jumpred9",
          "schema_version": 0,
          "attributes": {
            "access_ip_v4": "192.168.10.19",
            "access_ip_v6": "",
            "admin_pass": null,
            "all_metadata": {},
            "all_tags": [],
            "availability_zone": "nova",
            "availability_zone_hints": null,
            "block_device": [
              {
                "boot_index": 0,
                "delete_on_termination": true,
                "destination_type": "volume",
                "device_type": "",
                "disk_bus": "",
                "guest_format": "",
                "multiattach": false,
                "source_type": "image",
                "uuid": "1cde3ec3-03d3-4c17-a512-d3799ae92dad",
                "volume_size": 70,
                "volume_type": ""
              }
            ],
            "config_drive": null,
            "created": "2026-03-28 21:14:12 +0000 UTC",
            "flavor_id": "99e6ce94-23fd-49aa-9d39-b87562583fcd",
            "flavor_name": "large",
            "floating_ip": null,
            "force_delete": false,
            "id": "0c1a5ff8-cad6-4052-81f5-da254867d1a6",
            "image_id": "Attempt to boot from volume - no image supplied",
            "image_name": null,
            "key_pair": "cdt",
            "metadata": null,
            "name": "jumpred9",
            "network": [
              {
                "access_network": false,
                "fixed_ip_v4": "192.168.10.19",
                "fixed_ip_v6": "",
                "floating_ip": "",
                "mac": "fa:16:3e:55:da:6e",
                "name": "network_red",
                "port": "",
                "uuid": "92485abc-8ac8-4c40-98a2-8826aeedada8"
              },
              {
                "access_network": false,
                "fixed_ip_v4": "100.65.6.186",
                "fixed_ip_v6": "",
                "floating_ip": "",
                "mac": "fa:16:3e:13:fb:2d",
                "name": "MAIN-NAT",
                "port": "",
                "uuid": "2f96295c-34f6-49a2-b5cf-7f5b407be0c8"
              }
            ],
            "network_mode": null,
            "personality": [],
            "power_state": "active",
            "region": "CyberRange",
            "scheduler_hints": [],
            "security_groups": [
              "secgroup_red"
            ],
            "stop_before_destroy": false,
            "tags": null,
            "timeouts": null,
            "updated": "2026-03-28 21:15:08 +0000 UTC",
            "user_data": "8fab9b7fc000fa5a8be4dcc4949b302f0ea56f1d",
            "vendor_options": [],
            "volume": []
          },
          "sensitive_attributes": [
            [
              {
                "type": "get_attr",
                "value": "admin_pass"
              }
            ]
          ],
          "identity_schema_version": 0,
          "private": "eyJlMmJmYjczMC1lY2FhLTExZTYtOGY4OC0zNDM2M2JjN2M0YzAiOnsiY3JlYXRlIjoxODAwMDAwMDAwMDAwLCJkZWxldGUiOjE4MDAwMDAwMDAwMDAsInVwZGF0ZSI6MTgwMDAwMDAwMDAwMH19",
          "dependencies": [
            "openstack_networking_network_v2.network_core",
            "openstack_networking_network_v2.network_dmz",
            "openstack_networking_network_v2.network_internal",
            "openstack_networking_network_v2.network_red",
            "openstack_networking_network_v2.network_red_proxy",
            "openstack_networking_secgroup_v2.secgroup_red"
          ]
        }
      ]
    },
    {
      "mode": "managed",
      "type": "openstack_compute_instance_v2",
      "name": "jumpred_proxy",
      "provider": "provider[\"registry.terraform.io/terraform-provider-openstack/openstack\"]",
      "instances": [
        {
          "index_key": "jumpred_proxy1",
          "schema_version": 0,
          "attributes": {
            "access_ip_v4": "192.168.50.11",
            "access_ip_v6": "",
            "admin_pass": null,
            "all_metadata": {},
            "all_tags": [],
            "availability_zone": "nova",
            "availability_zone_hints": null,
            "block_device": [
              {
                "boot_index": 0,
                "delete_on_termination": true,
                "destination_type": "volume",
                "device_type": "",
                "disk_bus": "",
                "guest_format": "",
                "multiattach": false,
                "source_type": "image",
                "uuid": "70de79be-69be-45dc-b956-f15dbe194ccd",
                "volume_size": 40,
                "volume_type": ""
              }
            ],
            "config_drive": null,
            "created": "2026-03-28 21:14:42 +0000 UTC",
            "flavor_id": "99e6ce94-23fd-49aa-9d39-b87562583fcd",
            "flavor_name": "large",
            "floating_ip": null,
            "force_delete": false,
            "id": "aca96f9c-e61e-4e48-b99d-f72de20c5cfa",
            "image_id": "Attempt to boot from volume - no image supplied",
            "image_name": null,
            "key_pair": "cdt",
            "metadata": null,
            "name": "jumpred_proxy1",
            "network": [
              {
                "access_network": false,
                "fixed_ip_v4": "192.168.50.11",
                "fixed_ip_v6": "",
                "floating_ip": "",
                "mac": "fa:16:3e:bb:ed:ef",
                "name": "network_red_proxy",
                "port": "",
                "uuid": "9be947e7-cb6c-4e2e-9ec2-b1d7553a8fbd"
              }
            ],
            "network_mode": null,
            "personality": [],
            "power_state": "active",
            "region": "CyberRange",
            "scheduler_hints": [],
            "security_groups": [
              "secgroup_red_proxy"
            ],
            "stop_before_destroy": false,
            "tags": null,
            "timeouts": null,
            "updated": "2026-03-28 21:15:06 +0000 UTC",
            "user_data": "96bf8f34792f3db827e2f6bdedb6e341a52739f9",
            "vendor_options": [],
            "volume": []
          },
          "sensitive_attributes": [
            [
              {
                "type": "get_attr",
                "value": "admin_pass"
              }
            ]
          ],
          "identity_schema_version": 0,
          "private": "eyJlMmJmYjczMC1lY2FhLTExZTYtOGY4OC0zNDM2M2JjN2M0YzAiOnsiY3JlYXRlIjoxODAwMDAwMDAwMDAwLCJkZWxldGUiOjE4MDAwMDAwMDAwMDAsInVwZGF0ZSI6MTgwMDAwMDAwMDAwMH19",
          "dependencies": [
            "openstack_networking_network_v2.network_core",
            "openstack_networking_network_v2.network_dmz",
            "openstack_networking_network_v2.network_internal",
            "openstack_networking_network_v2.network_red",
            "openstack_networking_network_v2.network_red_proxy",
            "openstack_networking_secgroup_v2.secgroup_red_proxy"
          ]
        },
        {
          "index_key": "jumpred_proxy2",
          "schema_version": 0,
          "attributes": {
            "access_ip_v4": "192.168.50.12",
            "access_ip_v6": "",
            "admin_pass": null,
            "all_metadata": {},
            "all_tags": [],
            "availability_zone": "nova",
            "availability_zone_hints": null,
            "block_device": [
              {
                "boot_index": 0,
                "delete_on_termination": true,
                "destination_type": "volume",
                "device_type": "",
                "disk_bus": "",
                "guest_format": "",
                "multiattach": false,
                "source_type": "image",
                "uuid": "70de79be-69be-45dc-b956-f15dbe194ccd",
                "volume_size": 40,
                "volume_type": ""
              }
            ],
            "config_drive": null,
            "created": "2026-03-28 21:14:42 +0000 UTC",
            "flavor_id": "99e6ce94-23fd-49aa-9d39-b87562583fcd",
            "flavor_name": "large",
            "floating_ip": null,
            "force_delete": false,
            "id": "4628cb41-03c2-4736-a075-47e93adfbe04",
            "image_id": "Attempt to boot from volume - no image supplied",
            "image_name": null,
            "key_pair": "cdt",
            "metadata": null,
            "name": "jumpred_proxy2",
            "network": [
              {
                "access_network": false,
                "fixed_ip_v4": "192.168.50.12",
                "fixed_ip_v6": "",
                "floating_ip": "",
                "mac": "fa:16:3e:13:be:d3",
                "name": "network_red_proxy",
                "port": "",
                "uuid": "9be947e7-cb6c-4e2e-9ec2-b1d7553a8fbd"
              }
            ],
            "network_mode": null,
            "personality": [],
            "power_state": "active",
            "region": "CyberRange",
            "scheduler_hints": [],
            "security_groups": [
              "secgroup_red_proxy"
            ],
            "stop_before_destroy": false,
            "tags": null,
            "timeouts": null,
            "updated": "2026-03-28 21:15:10 +0000 UTC",
            "user_data": "96bf8f34792f3db827e2f6bdedb6e341a52739f9",
            "vendor_options": [],
            "volume": []
          },
          "sensitive_attributes": [
            [
              {
                "type": "get_attr",
                "value": "admin_pass"
              }
            ]
          ],
          "identity_schema_version": 0,
          "private": "eyJlMmJmYjczMC1lY2FhLTExZTYtOGY4OC0zNDM2M2JjN2M0YzAiOnsiY3JlYXRlIjoxODAwMDAwMDAwMDAwLCJkZWxldGUiOjE4MDAwMDAwMDAwMDAsInVwZGF0ZSI6MTgwMDAwMDAwMDAwMH19",
          "dependencies": [
            "openstack_networking_network_v2.network_core",
            "openstack_networking_network_v2.network_dmz",
            "openstack_networking_network_v2.network_internal",
            "openstack_networking_network_v2.network_red",
            "openstack_networking_network_v2.network_red_proxy",
            "openstack_networking_secgroup_v2.secgroup_red_proxy"
          ]
        },
        {
          "index_key": "jumpred_proxy3",
          "schema_version": 0,
          "attributes": {
            "access_ip_v4": "192.168.50.13",
            "access_ip_v6": "",
            "admin_pass": null,
            "all_metadata": {},
            "all_tags": [],
            "availability_zone": "nova",
            "availability_zone_hints": null,
            "block_device": [
              {
                "boot_index": 0,
                "delete_on_termination": true,
                "destination_type": "volume",
                "device_type": "",
                "disk_bus": "",
                "guest_format": "",
                "multiattach": false,
                "source_type": "image",
                "uuid": "70de79be-69be-45dc-b956-f15dbe194ccd",
                "volume_size": 40,
                "volume_type": ""
              }
            ],
            "config_drive": null,
            "created": "2026-03-28 21:14:11 +0000 UTC",
            "flavor_id": "99e6ce94-23fd-49aa-9d39-b87562583fcd",
            "flavor_name": "large",
            "floating_ip": null,
            "force_delete": false,
            "id": "26990dfc-a438-4b0f-a5e5-20691a9129fc",
            "image_id": "Attempt to boot from volume - no image supplied",
            "image_name": null,
            "key_pair": "cdt",
            "metadata": null,
            "name": "jumpred_proxy3",
            "network": [
              {
                "access_network": false,
                "fixed_ip_v4": "192.168.50.13",
                "fixed_ip_v6": "",
                "floating_ip": "",
                "mac": "fa:16:3e:04:83:30",
                "name": "network_red_proxy",
                "port": "",
                "uuid": "9be947e7-cb6c-4e2e-9ec2-b1d7553a8fbd"
              }
            ],
            "network_mode": null,
            "personality": [],
            "power_state": "active",
            "region": "CyberRange",
            "scheduler_hints": [],
            "security_groups": [
              "secgroup_red_proxy"
            ],
            "stop_before_destroy": false,
            "tags": null,
            "timeouts": null,
            "updated": "2026-03-28 21:14:58 +0000 UTC",
            "user_data": "96bf8f34792f3db827e2f6bdedb6e341a52739f9",
            "vendor_options": [],
            "volume": []
          },
          "sensitive_attributes": [
            [
              {
                "type": "get_attr",
                "value": "admin_pass"
              }
            ]
          ],
          "identity_schema_version": 0,
          "private": "eyJlMmJmYjczMC1lY2FhLTExZTYtOGY4OC0zNDM2M2JjN2M0YzAiOnsiY3JlYXRlIjoxODAwMDAwMDAwMDAwLCJkZWxldGUiOjE4MDAwMDAwMDAwMDAsInVwZGF0ZSI6MTgwMDAwMDAwMDAwMH19",
          "dependencies": [
            "openstack_networking_network_v2.network_core",
            "openstack_networking_network_v2.network_dmz",
            "openstack_networking_network_v2.network_internal",
            "openstack_networking_network_v2.network_red",
            "openstack_networking_network_v2.network_red_proxy",
            "openstack_networking_secgroup_v2.secgroup_red_proxy"
          ]
        },
        {
          "index_key": "jumpred_proxy4",
          "schema_version": 0,
          "attributes": {
            "access_ip_v4": "192.168.50.14",
            "access_ip_v6": "",
            "admin_pass": null,
            "all_metadata": {},
            "all_tags": [],
            "availability_zone": "nova",
            "availability_zone_hints": null,
            "block_device": [
              {
                "boot_index": 0,
                "delete_on_termination": true,
                "destination_type": "volume",
                "device_type": "",
                "disk_bus": "",
                "guest_format": "",
                "multiattach": false,
                "source_type": "image",
                "uuid": "70de79be-69be-45dc-b956-f15dbe194ccd",
                "volume_size": 40,
                "volume_type": ""
              }
            ],
            "config_drive": null,
            "created": "2026-03-28 21:14:42 +0000 UTC",
            "flavor_id": "99e6ce94-23fd-49aa-9d39-b87562583fcd",
            "flavor_name": "large",
            "floating_ip": null,
            "force_delete": false,
            "id": "0c96f0cd-347b-4e5c-b84f-b53940612c5d",
            "image_id": "Attempt to boot from volume - no image supplied",
            "image_name": null,
            "key_pair": "cdt",
            "metadata": null,
            "name": "jumpred_proxy4",
            "network": [
              {
                "access_network": false,
                "fixed_ip_v4": "192.168.50.14",
                "fixed_ip_v6": "",
                "floating_ip": "",
                "mac": "fa:16:3e:9d:a5:8d",
                "name": "network_red_proxy",
                "port": "",
                "uuid": "9be947e7-cb6c-4e2e-9ec2-b1d7553a8fbd"
              }
            ],
            "network_mode": null,
            "personality": [],
            "power_state": "active",
            "region": "CyberRange",
            "scheduler_hints": [],
            "security_groups": [
              "secgroup_red_proxy"
            ],
            "stop_before_destroy": false,
            "tags": null,
            "timeouts": null,
            "updated": "2026-03-28 21:15:01 +0000 UTC",
            "user_data": "96bf8f34792f3db827e2f6bdedb6e341a52739f9",
            "vendor_options": [],
            "volume": []
          },
          "sensitive_attributes": [
            [
              {
                "type": "get_attr",
                "value": "admin_pass"
              }
            ]
          ],
          "identity_schema_version": 0,
          "private": "eyJlMmJmYjczMC1lY2FhLTExZTYtOGY4OC0zNDM2M2JjN2M0YzAiOnsiY3JlYXRlIjoxODAwMDAwMDAwMDAwLCJkZWxldGUiOjE4MDAwMDAwMDAwMDAsInVwZGF0ZSI6MTgwMDAwMDAwMDAwMH19",
          "dependencies": [
            "openstack_networking_network_v2.network_core",
            "openstack_networking_network_v2.network_dmz",
            "openstack_networking_network_v2.network_internal",
            "openstack_networking_network_v2.network_red",
            "openstack_networking_network_v2.network_red_proxy",
            "openstack_networking_secgroup_v2.secgroup_red_proxy"
          ]
        },
        {
          "index_key": "jumpred_proxy5",
          "schema_version": 0,
          "attributes": {
            "access_ip_v4": "192.168.50.15",
            "access_ip_v6": "",
            "admin_pass": null,
            "all_metadata": {},
            "all_tags": [],
            "availability_zone": "nova",
            "availability_zone_hints": null,
            "block_device": [
              {
                "boot_index": 0,
                "delete_on_termination": true,
                "destination_type": "volume",
                "device_type": "",
                "disk_bus": "",
                "guest_format": "",
                "multiattach": false,
                "source_type": "image",
                "uuid": "70de79be-69be-45dc-b956-f15dbe194ccd",
                "volume_size": 40,
                "volume_type": ""
              }
            ],
            "config_drive": null,
            "created": "2026-03-28 21:14:32 +0000 UTC",
            "flavor_id": "99e6ce94-23fd-49aa-9d39-b87562583fcd",
            "flavor_name": "large",
            "floating_ip": null,
            "force_delete": false,
            "id": "cf9020b6-5da1-4503-8975-111e728640c6",
            "image_id": "Attempt to boot from volume - no image supplied",
            "image_name": null,
            "key_pair": "cdt",
            "metadata": null,
            "name": "jumpred_proxy5",
            "network": [
              {
                "access_network": false,
                "fixed_ip_v4": "192.168.50.15",
                "fixed_ip_v6": "",
                "floating_ip": "",
                "mac": "fa:16:3e:7a:54:1e",
                "name": "network_red_proxy",
                "port": "",
                "uuid": "9be947e7-cb6c-4e2e-9ec2-b1d7553a8fbd"
              }
            ],
            "network_mode": null,
            "personality": [],
            "power_state": "active",
            "region": "CyberRange",
            "scheduler_hints": [],
            "security_groups": [
              "secgroup_red_proxy"
            ],
            "stop_before_destroy": false,
            "tags": null,
            "timeouts": null,
            "updated": "2026-03-28 21:14:54 +0000 UTC",
            "user_data": "96bf8f34792f3db827e2f6bdedb6e341a52739f9",
            "vendor_options": [],
            "volume": []
          },
          "sensitive_attributes": [
            [
              {
                "type": "get_attr",
                "value": "admin_pass"
              }
            ]
          ],
          "identity_schema_version": 0,
          "private": "eyJlMmJmYjczMC1lY2FhLTExZTYtOGY4OC0zNDM2M2JjN2M0YzAiOnsiY3JlYXRlIjoxODAwMDAwMDAwMDAwLCJkZWxldGUiOjE4MDAwMDAwMDAwMDAsInVwZGF0ZSI6MTgwMDAwMDAwMDAwMH19",
          "dependencies": [
            "openstack_networking_network_v2.network_core",
            "openstack_networking_network_v2.network_dmz",
            "openstack_networking_network_v2.network_internal",
            "openstack_networking_network_v2.network_red",
            "openstack_networking_network_v2.network_red_proxy",
            "openstack_networking_secgroup_v2.secgroup_red_proxy"
          ]
        },
        {
          "index_key": "jumpred_proxy6",
          "schema_version": 0,
          "attributes": {
            "access_ip_v4": "192.168.50.16",
            "access_ip_v6": "",
            "admin_pass": null,
            "all_metadata": {},
            "all_tags": [],
            "availability_zone": "nova",
            "availability_zone_hints": null,
            "block_device": [
              {
                "boot_index": 0,
                "delete_on_termination": true,
                "destination_type": "volume",
                "device_type": "",
                "disk_bus": "",
                "guest_format": "",
                "multiattach": false,
                "source_type": "image",
                "uuid": "70de79be-69be-45dc-b956-f15dbe194ccd",
                "volume_size": 40,
                "volume_type": ""
              }
            ],
            "config_drive": null,
            "created": "2026-03-28 21:15:02 +0000 UTC",
            "flavor_id": "99e6ce94-23fd-49aa-9d39-b87562583fcd",
            "flavor_name": "large",
            "floating_ip": null,
            "force_delete": false,
            "id": "d1772593-f1d7-4d2f-aebd-bfa1021a7b6d",
            "image_id": "Attempt to boot from volume - no image supplied",
            "image_name": null,
            "key_pair": "cdt",
            "metadata": null,
            "name": "jumpred_proxy6",
            "network": [
              {
                "access_network": false,
                "fixed_ip_v4": "192.168.50.16",
                "fixed_ip_v6": "",
                "floating_ip": "",
                "mac": "fa:16:3e:a4:48:d6",
                "name": "network_red_proxy",
                "port": "",
                "uuid": "9be947e7-cb6c-4e2e-9ec2-b1d7553a8fbd"
              }
            ],
            "network_mode": null,
            "personality": [],
            "power_state": "active",
            "region": "CyberRange",
            "scheduler_hints": [],
            "security_groups": [
              "secgroup_red_proxy"
            ],
            "stop_before_destroy": false,
            "tags": null,
            "timeouts": null,
            "updated": "2026-03-28 21:15:29 +0000 UTC",
            "user_data": "96bf8f34792f3db827e2f6bdedb6e341a52739f9",
            "vendor_options": [],
            "volume": []
          },
          "sensitive_attributes": [
            [
              {
                "type": "get_attr",
                "value": "admin_pass"
              }
            ]
          ],
          "identity_schema_version": 0,
          "private": "eyJlMmJmYjczMC1lY2FhLTExZTYtOGY4OC0zNDM2M2JjN2M0YzAiOnsiY3JlYXRlIjoxODAwMDAwMDAwMDAwLCJkZWxldGUiOjE4MDAwMDAwMDAwMDAsInVwZGF0ZSI6MTgwMDAwMDAwMDAwMH19",
          "dependencies": [
            "openstack_networking_network_v2.network_core",
            "openstack_networking_network_v2.network_dmz",
            "openstack_networking_network_v2.network_internal",
            "openstack_networking_network_v2.network_red",
            "openstack_networking_network_v2.network_red_proxy",
            "openstack_networking_secgroup_v2.secgroup_red_proxy"
          ]
        },
        {
          "index_key": "jumpred_proxy7",
          "schema_version": 0,
          "attributes": {
            "access_ip_v4": "192.168.50.17",
            "access_ip_v6": "",
            "admin_pass": null,
            "all_metadata": {},
            "all_tags": [],
            "availability_zone": "nova",
            "availability_zone_hints": null,
            "block_device": [
              {
                "boot_index": 0,
                "delete_on_termination": true,
                "destination_type": "volume",
                "device_type": "",
                "disk_bus": "",
                "guest_format": "",
                "multiattach": false,
                "source_type": "image",
                "uuid": "70de79be-69be-45dc-b956-f15dbe194ccd",
                "volume_size": 40,
                "volume_type": ""
              }
            ],
            "config_drive": null,
            "created": "2026-03-28 21:14:11 +0000 UTC",
            "flavor_id": "99e6ce94-23fd-49aa-9d39-b87562583fcd",
            "flavor_name": "large",
            "floating_ip": null,
            "force_delete": false,
            "id": "3c4ff07a-2ed3-4374-9d54-75f0cbe3705f",
            "image_id": "Attempt to boot from volume - no image supplied",
            "image_name": null,
            "key_pair": "cdt",
            "metadata": null,
            "name": "jumpred_proxy7",
            "network": [
              {
                "access_network": false,
                "fixed_ip_v4": "192.168.50.17",
                "fixed_ip_v6": "",
                "floating_ip": "",
                "mac": "fa:16:3e:1c:e3:51",
                "name": "network_red_proxy",
                "port": "",
                "uuid": "9be947e7-cb6c-4e2e-9ec2-b1d7553a8fbd"
              }
            ],
            "network_mode": null,
            "personality": [],
            "power_state": "active",
            "region": "CyberRange",
            "scheduler_hints": [],
            "security_groups": [
              "secgroup_red_proxy"
            ],
            "stop_before_destroy": false,
            "tags": null,
            "timeouts": null,
            "updated": "2026-03-28 21:14:53 +0000 UTC",
            "user_data": "96bf8f34792f3db827e2f6bdedb6e341a52739f9",
            "vendor_options": [],
            "volume": []
          },
          "sensitive_attributes": [
            [
              {
                "type": "get_attr",
                "value": "admin_pass"
              }
            ]
          ],
          "identity_schema_version": 0,
          "private": "eyJlMmJmYjczMC1lY2FhLTExZTYtOGY4OC0zNDM2M2JjN2M0YzAiOnsiY3JlYXRlIjoxODAwMDAwMDAwMDAwLCJkZWxldGUiOjE4MDAwMDAwMDAwMDAsInVwZGF0ZSI6MTgwMDAwMDAwMDAwMH19",
          "dependencies": [
            "openstack_networking_network_v2.network_core",
            "openstack_networking_network_v2.network_dmz",
            "openstack_networking_network_v2.network_internal",
            "openstack_networking_network_v2.network_red",
            "openstack_networking_network_v2.network_red_proxy",
            "openstack_networking_secgroup_v2.secgroup_red_proxy"
          ]
        },
        {
          "index_key": "jumpred_proxy8",
          "schema_version": 0,
          "attributes": {
            "access_ip_v4": "192.168.50.18",
            "access_ip_v6": "",
            "admin_pass": null,
            "all_metadata": {},
            "all_tags": [],
            "availability_zone": "nova",
            "availability_zone_hints": null,
            "block_device": [
              {
                "boot_index": 0,
                "delete_on_termination": true,
                "destination_type": "volume",
                "device_type": "",
                "disk_bus": "",
                "guest_format": "",
                "multiattach": false,
                "source_type": "image",
                "uuid": "70de79be-69be-45dc-b956-f15dbe194ccd",
                "volume_size": 40,
                "volume_type": ""
              }
            ],
            "config_drive": null,
            "created": "2026-03-28 21:14:11 +0000 UTC",
            "flavor_id": "99e6ce94-23fd-49aa-9d39-b87562583fcd",
            "flavor_name": "large",
            "floating_ip": null,
            "force_delete": false,
            "id": "dc1e4235-94ec-47a6-bc58-84fe8f971fff",
            "image_id": "Attempt to boot from volume - no image supplied",
            "image_name": null,
            "key_pair": "cdt",
            "metadata": null,
            "name": "jumpred_proxy8",
            "network": [
              {
                "access_network": false,
                "fixed_ip_v4": "192.168.50.18",
                "fixed_ip_v6": "",
                "floating_ip": "",
                "mac": "fa:16:3e:bc:62:a0",
                "name": "network_red_proxy",
                "port": "",
                "uuid": "9be947e7-cb6c-4e2e-9ec2-b1d7553a8fbd"
              }
            ],
            "network_mode": null,
            "personality": [],
            "power_state": "active",
            "region": "CyberRange",
            "scheduler_hints": [],
            "security_groups": [
              "secgroup_red_proxy"
            ],
            "stop_before_destroy": false,
            "tags": null,
            "timeouts": null,
            "updated": "2026-03-28 21:14:44 +0000 UTC",
            "user_data": "96bf8f34792f3db827e2f6bdedb6e341a52739f9",
            "vendor_options": [],
            "volume": []
          },
          "sensitive_attributes": [
            [
              {
                "type": "get_attr",
                "value": "admin_pass"
              }
            ]
          ],
          "identity_schema_version": 0,
          "private": "eyJlMmJmYjczMC1lY2FhLTExZTYtOGY4OC0zNDM2M2JjN2M0YzAiOnsiY3JlYXRlIjoxODAwMDAwMDAwMDAwLCJkZWxldGUiOjE4MDAwMDAwMDAwMDAsInVwZGF0ZSI6MTgwMDAwMDAwMDAwMH19",
          "dependencies": [
            "openstack_networking_network_v2.network_core",
            "openstack_networking_network_v2.network_dmz",
            "openstack_networking_network_v2.network_internal",
            "openstack_networking_network_v2.network_red",
            "openstack_networking_network_v2.network_red_proxy",
            "openstack_networking_secgroup_v2.secgroup_red_proxy"
          ]
        },
        {
          "index_key": "jumpred_proxy_central1",
          "schema_version": 0,
          "attributes": {
            "access_ip_v4": "192.168.10.100",
            "access_ip_v6": "",
            "admin_pass": null,
            "all_metadata": {},
            "all_tags": [],
            "availability_zone": "nova",
            "availability_zone_hints": null,
            "block_device": [
              {
                "boot_index": 0,
                "delete_on_termination": true,
                "destination_type": "volume",
                "device_type": "",
                "disk_bus": "",
                "guest_format": "",
                "multiattach": false,
                "source_type": "image",
                "uuid": "70de79be-69be-45dc-b956-f15dbe194ccd",
                "volume_size": 40,
                "volume_type": ""
              }
            ],
            "config_drive": null,
            "created": "2026-03-28 21:15:02 +0000 UTC",
            "flavor_id": "99e6ce94-23fd-49aa-9d39-b87562583fcd",
            "flavor_name": "large",
            "floating_ip": null,
            "force_delete": false,
            "id": "f176c3fe-fa4a-43d4-abac-430e8b613bf8",
            "image_id": "Attempt to boot from volume - no image supplied",
            "image_name": null,
            "key_pair": "cdt",
            "metadata": null,
            "name": "jumpred_proxy_central1",
            "network": [
              {
                "access_network": false,
                "fixed_ip_v4": "192.168.10.100",
                "fixed_ip_v6": "",
                "floating_ip": "",
                "mac": "fa:16:3e:7d:3d:a9",
                "name": "network_red",
                "port": "",
                "uuid": "92485abc-8ac8-4c40-98a2-8826aeedada8"
              }
            ],
            "network_mode": null,
            "personality": [],
            "power_state": "active",
            "region": "CyberRange",
            "scheduler_hints": [],
            "security_groups": [
              "secgroup_red_proxy"
            ],
            "stop_before_destroy": false,
            "tags": null,
            "timeouts": null,
            "updated": "2026-03-28 21:15:39 +0000 UTC",
            "user_data": "96bf8f34792f3db827e2f6bdedb6e341a52739f9",
            "vendor_options": [],
            "volume": []
          },
          "sensitive_attributes": [
            [
              {
                "type": "get_attr",
                "value": "admin_pass"
              }
            ]
          ],
          "identity_schema_version": 0,
          "private": "eyJlMmJmYjczMC1lY2FhLTExZTYtOGY4OC0zNDM2M2JjN2M0YzAiOnsiY3JlYXRlIjoxODAwMDAwMDAwMDAwLCJkZWxldGUiOjE4MDAwMDAwMDAwMDAsInVwZGF0ZSI6MTgwMDAwMDAwMDAwMH19",
          "dependencies": [
            "openstack_networking_network_v2.network_core",
            "openstack_networking_network_v2.network_dmz",
            "openstack_networking_network_v2.network_internal",
            "openstack_networking_network_v2.network_red",
            "openstack_networking_network_v2.network_red_proxy",
            "openstack_networking_secgroup_v2.secgroup_red_proxy"
          ]
        }
      ]
    },
    {
      "mode": "managed",
      "type": "openstack_compute_instance_v2",
      "name": "scoring",
      "provider": "provider[\"registry.terraform.io/terraform-provider-openstack/openstack\"]",
      "instances": [
        {
          "schema_version": 0,
          "attributes": {
            "access_ip_v4": "172.20.0.100",
            "access_ip_v6": "",
            "admin_pass": null,
            "all_metadata": {},
            "all_tags": [],
            "availability_zone": "nova",
            "availability_zone_hints": null,
            "block_device": [
              {
                "boot_index": 0,
                "delete_on_termination": true,
                "destination_type": "volume",
                "device_type": "",
                "disk_bus": "",
                "guest_format": "",
                "multiattach": false,
                "source_type": "image",
                "uuid": "70de79be-69be-45dc-b956-f15dbe194ccd",
                "volume_size": 100,
                "volume_type": ""
              }
            ],
            "config_drive": null,
            "created": "2026-02-18 01:34:34 +0000 UTC",
            "flavor_id": "b827201c-6b5e-4266-abd1-d294ab934561",
            "flavor_name": "xxlarge",
            "floating_ip": null,
            "force_delete": false,
            "id": "8e41f787-1db5-49b4-a2f3-6f54ab794886",
            "image_id": "Attempt to boot from volume - no image supplied",
            "image_name": null,
            "key_pair": "cdt",
            "metadata": null,
            "name": "scoring",
            "network": [
              {
                "access_network": false,
                "fixed_ip_v4": "172.20.0.100",
                "fixed_ip_v6": "",
                "floating_ip": "",
                "mac": "fa:16:3e:00:00:3f",
                "name": "network_grey",
                "port": "",
                "uuid": "63f0c69f-6136-4d09-b3b2-360cfbe571bc"
              }
            ],
            "network_mode": null,
            "personality": [],
            "power_state": "active",
            "region": "CyberRange",
            "scheduler_hints": [],
            "security_groups": [
              "secgroup_grey"
            ],
            "stop_before_destroy": false,
            "tags": [],
            "timeouts": null,
            "updated": "2026-03-28 14:14:10 +0000 UTC",
            "user_data": "f72d9cdacaab36c9d8ea582c2535a649e99dd300",
            "vendor_options": [],
            "volume": []
          },
          "sensitive_attributes": [
            [
              {
                "type": "get_attr",
                "value": "admin_pass"
              }
            ]
          ],
          "identity_schema_version": 0,
          "private": "eyJlMmJmYjczMC1lY2FhLTExZTYtOGY4OC0zNDM2M2JjN2M0YzAiOnsiY3JlYXRlIjoxODAwMDAwMDAwMDAwLCJkZWxldGUiOjE4MDAwMDAwMDAwMDAsInVwZGF0ZSI6MTgwMDAwMDAwMDAwMH19",
          "dependencies": [
            "openstack_networking_network_v2.network_grey",
            "openstack_networking_secgroup_v2.secgroup_grey"
          ]
        }
      ]
    },
    {
      "mode": "managed",
      "type": "openstack_compute_instance_v2",
      "name": "ubun24",
      "provider": "provider[\"registry.terraform.io/terraform-provider-openstack/openstack\"]",
      "instances": [
        {
          "index_key": "linux_wkst1",
          "schema_version": 0,
          "attributes": {
            "access_ip_v4": "10.0.30.4",
            "access_ip_v6": "",
            "admin_pass": null,
            "all_metadata": {},
            "all_tags": [],
            "availability_zone": "nova",
            "availability_zone_hints": null,
            "block_device": [
              {
                "boot_index": 0,
                "delete_on_termination": true,
                "destination_type": "volume",
                "device_type": "",
                "disk_bus": "",
                "guest_format": "",
                "multiattach": false,
                "source_type": "image",
                "uuid": "1cde3ec3-03d3-4c17-a512-d3799ae92dad",
                "volume_size": 40,
                "volume_type": ""
              }
            ],
            "config_drive": null,
            "created": "2026-02-19 04:53:07 +0000 UTC",
            "flavor_id": "0e7e2bcf-9a19-40e2-adde-f4da89263a66",
            "flavor_name": "large.12gb",
            "floating_ip": null,
            "force_delete": false,
            "id": "889323c8-8599-4286-8c81-d240bb7b90d7",
            "image_id": "Attempt to boot from volume - no image supplied",
            "image_name": null,
            "key_pair": "cdt",
            "metadata": null,
            "name": "cloudsdale",
            "network": [
              {
                "access_network": false,
                "fixed_ip_v4": "10.0.30.4",
                "fixed_ip_v6": "",
                "floating_ip": "",
                "mac": "fa:16:3e:1d:37:ea",
                "name": "network_internal",
                "port": "",
                "uuid": "6a9781ee-b184-453e-bbe0-a71a25cce80b"
              }
            ],
            "network_mode": null,
            "personality": [],
            "power_state": "active",
            "region": "CyberRange",
            "scheduler_hints": [],
            "security_groups": [
              "secgroup_blue"
            ],
            "stop_before_destroy": false,
            "tags": [],
            "timeouts": null,
            "updated": "2026-03-28 20:59:00 +0000 UTC",
            "user_data": "59a9ee23b8e171e8ac11f8db679554885ac9df10",
            "vendor_options": [],
            "volume": []
          },
          "sensitive_attributes": [
            [
              {
                "type": "get_attr",
                "value": "admin_pass"
              }
            ]
          ],
          "identity_schema_version": 0,
          "private": "eyJlMmJmYjczMC1lY2FhLTExZTYtOGY4OC0zNDM2M2JjN2M0YzAiOnsiY3JlYXRlIjoxODAwMDAwMDAwMDAwLCJkZWxldGUiOjE4MDAwMDAwMDAwMDAsInVwZGF0ZSI6MTgwMDAwMDAwMDAwMH19",
          "dependencies": [
            "openstack_networking_network_v2.network_core",
            "openstack_networking_network_v2.network_dmz",
            "openstack_networking_network_v2.network_internal",
            "openstack_networking_network_v2.network_red",
            "openstack_networking_network_v2.network_red_proxy",
            "openstack_networking_secgroup_v2.secgroup_blue"
          ]
        },
        {
          "index_key": "linux_wkst2",
          "schema_version": 0,
          "attributes": {
            "access_ip_v4": "10.0.30.5",
            "access_ip_v6": "",
            "admin_pass": null,
            "all_metadata": {},
            "all_tags": [],
            "availability_zone": "nova",
            "availability_zone_hints": null,
            "block_device": [
              {
                "boot_index": 0,
                "delete_on_termination": true,
                "destination_type": "volume",
                "device_type": "",
                "disk_bus": "",
                "guest_format": "",
                "multiattach": false,
                "source_type": "image",
                "uuid": "1cde3ec3-03d3-4c17-a512-d3799ae92dad",
                "volume_size": 40,
                "volume_type": ""
              }
            ],
            "config_drive": null,
            "created": "2026-02-19 04:53:07 +0000 UTC",
            "flavor_id": "0e7e2bcf-9a19-40e2-adde-f4da89263a66",
            "flavor_name": "large.12gb",
            "floating_ip": null,
            "force_delete": false,
            "id": "2f609fd8-b090-4a03-aab2-401cd4d4e153",
            "image_id": "Attempt to boot from volume - no image supplied",
            "image_name": null,
            "key_pair": "cdt",
            "metadata": null,
            "name": "vanhoover",
            "network": [
              {
                "access_network": false,
                "fixed_ip_v4": "10.0.30.5",
                "fixed_ip_v6": "",
                "floating_ip": "",
                "mac": "fa:16:3e:f6:49:08",
                "name": "network_internal",
                "port": "",
                "uuid": "6a9781ee-b184-453e-bbe0-a71a25cce80b"
              }
            ],
            "network_mode": null,
            "personality": [],
            "power_state": "active",
            "region": "CyberRange",
            "scheduler_hints": [],
            "security_groups": [
              "secgroup_blue"
            ],
            "stop_before_destroy": false,
            "tags": [],
            "timeouts": null,
            "updated": "2026-03-28 20:59:01 +0000 UTC",
            "user_data": "59a9ee23b8e171e8ac11f8db679554885ac9df10",
            "vendor_options": [],
            "volume": []
          },
          "sensitive_attributes": [
            [
              {
                "type": "get_attr",
                "value": "admin_pass"
              }
            ]
          ],
          "identity_schema_version": 0,
          "private": "eyJlMmJmYjczMC1lY2FhLTExZTYtOGY4OC0zNDM2M2JjN2M0YzAiOnsiY3JlYXRlIjoxODAwMDAwMDAwMDAwLCJkZWxldGUiOjE4MDAwMDAwMDAwMDAsInVwZGF0ZSI6MTgwMDAwMDAwMDAwMH19",
          "dependencies": [
            "openstack_networking_network_v2.network_core",
            "openstack_networking_network_v2.network_dmz",
            "openstack_networking_network_v2.network_internal",
            "openstack_networking_network_v2.network_red",
            "openstack_networking_network_v2.network_red_proxy",
            "openstack_networking_secgroup_v2.secgroup_blue"
          ]
        },
        {
          "index_key": "linux_wkst3",
          "schema_version": 0,
          "attributes": {
            "access_ip_v4": "10.0.30.6",
            "access_ip_v6": "",
            "admin_pass": null,
            "all_metadata": {},
            "all_tags": [],
            "availability_zone": "nova",
            "availability_zone_hints": null,
            "block_device": [
              {
                "boot_index": 0,
                "delete_on_termination": true,
                "destination_type": "volume",
                "device_type": "",
                "disk_bus": "",
                "guest_format": "",
                "multiattach": false,
                "source_type": "image",
                "uuid": "1cde3ec3-03d3-4c17-a512-d3799ae92dad",
                "volume_size": 40,
                "volume_type": ""
              }
            ],
            "config_drive": null,
            "created": "2026-02-19 04:53:07 +0000 UTC",
            "flavor_id": "0e7e2bcf-9a19-40e2-adde-f4da89263a66",
            "flavor_name": "large.12gb",
            "floating_ip": null,
            "force_delete": false,
            "id": "6b03b20d-7608-4c8e-ba92-a18a57ffe7a5",
            "image_id": "Attempt to boot from volume - no image supplied",
            "image_name": null,
            "key_pair": "cdt",
            "metadata": null,
            "name": "whinnyapolis",
            "network": [
              {
                "access_network": false,
                "fixed_ip_v4": "10.0.30.6",
                "fixed_ip_v6": "",
                "floating_ip": "",
                "mac": "fa:16:3e:eb:4a:6e",
                "name": "network_internal",
                "port": "",
                "uuid": "6a9781ee-b184-453e-bbe0-a71a25cce80b"
              }
            ],
            "network_mode": null,
            "personality": [],
            "power_state": "active",
            "region": "CyberRange",
            "scheduler_hints": [],
            "security_groups": [
              "secgroup_blue"
            ],
            "stop_before_destroy": false,
            "tags": [],
            "timeouts": null,
            "updated": "2026-03-28 20:59:01 +0000 UTC",
            "user_data": "59a9ee23b8e171e8ac11f8db679554885ac9df10",
            "vendor_options": [],
            "volume": []
          },
          "sensitive_attributes": [
            [
              {
                "type": "get_attr",
                "value": "admin_pass"
              }
            ]
          ],
          "identity_schema_version": 0,
          "private": "eyJlMmJmYjczMC1lY2FhLTExZTYtOGY4OC0zNDM2M2JjN2M0YzAiOnsiY3JlYXRlIjoxODAwMDAwMDAwMDAwLCJkZWxldGUiOjE4MDAwMDAwMDAwMDAsInVwZGF0ZSI6MTgwMDAwMDAwMDAwMH19",
          "dependencies": [
            "openstack_networking_network_v2.network_core",
            "openstack_networking_network_v2.network_dmz",
            "openstack_networking_network_v2.network_internal",
            "openstack_networking_network_v2.network_red",
            "openstack_networking_network_v2.network_red_proxy",
            "openstack_networking_secgroup_v2.secgroup_blue"
          ]
        }
      ]
    },
    {
      "mode": "managed",
      "type": "openstack_compute_instance_v2",
      "name": "win10",
      "provider": "provider[\"registry.terraform.io/terraform-provider-openstack/openstack\"]",
      "instances": [
        {
          "index_key": "windows_wkst1",
          "schema_version": 0,
          "attributes": {
            "access_ip_v4": "10.0.30.1",
            "access_ip_v6": "",
            "admin_pass": null,
            "all_metadata": {},
            "all_tags": [],
            "availability_zone": "nova",
            "availability_zone_hints": null,
            "block_device": [
              {
                "boot_index": 0,
                "delete_on_termination": true,
                "destination_type": "volume",
                "device_type": "",
                "disk_bus": "",
                "guest_format": "",
                "multiattach": false,
                "source_type": "image",
                "uuid": "f848941a-64d7-41b4-9c3d-bbddf657ef51",
                "volume_size": 60,
                "volume_type": ""
              }
            ],
            "config_drive": null,
            "created": "2026-02-19 17:40:44 +0000 UTC",
            "flavor_id": "3d619a1a-fc6e-4fd2-9a14-18da0587bb22",
            "flavor_name": "xlarge",
            "floating_ip": null,
            "force_delete": false,
            "id": "01c513db-f436-46d9-989e-c51372bca37a",
            "image_id": "Attempt to boot from volume - no image supplied",
            "image_name": null,
            "key_pair": "cdt",
            "metadata": null,
            "name": "baltamare",
            "network": [
              {
                "access_network": false,
                "fixed_ip_v4": "10.0.30.1",
                "fixed_ip_v6": "",
                "floating_ip": "",
                "mac": "fa:16:3e:75:d2:39",
                "name": "network_internal",
                "port": "",
                "uuid": "6a9781ee-b184-453e-bbe0-a71a25cce80b"
              }
            ],
            "network_mode": null,
            "personality": [],
            "power_state": "active",
            "region": "CyberRange",
            "scheduler_hints": [],
            "security_groups": [
              "secgroup_inscope"
            ],
            "stop_before_destroy": false,
            "tags": [],
            "timeouts": null,
            "updated": "2026-03-28 20:59:01 +0000 UTC",
            "user_data": "fadbcc20f776993db5de9fd91e9416f6f87800e8",
            "vendor_options": [],
            "volume": []
          },
          "sensitive_attributes": [
            [
              {
                "type": "get_attr",
                "value": "admin_pass"
              }
            ]
          ],
          "identity_schema_version": 0,
          "private": "eyJlMmJmYjczMC1lY2FhLTExZTYtOGY4OC0zNDM2M2JjN2M0YzAiOnsiY3JlYXRlIjoxODAwMDAwMDAwMDAwLCJkZWxldGUiOjE4MDAwMDAwMDAwMDAsInVwZGF0ZSI6MTgwMDAwMDAwMDAwMH19",
          "dependencies": [
            "openstack_networking_network_v2.network_core",
            "openstack_networking_network_v2.network_dmz",
            "openstack_networking_network_v2.network_internal",
            "openstack_networking_network_v2.network_red",
            "openstack_networking_network_v2.network_red_proxy",
            "openstack_networking_secgroup_v2.secgroup_inscope"
          ]
        },
        {
          "index_key": "windows_wkst2",
          "schema_version": 0,
          "attributes": {
            "access_ip_v4": "10.0.30.2",
            "access_ip_v6": "",
            "admin_pass": null,
            "all_metadata": {},
            "all_tags": [],
            "availability_zone": "nova",
            "availability_zone_hints": null,
            "block_device": [
              {
                "boot_index": 0,
                "delete_on_termination": true,
                "destination_type": "volume",
                "device_type": "",
                "disk_bus": "",
                "guest_format": "",
                "multiattach": false,
                "source_type": "image",
                "uuid": "f848941a-64d7-41b4-9c3d-bbddf657ef51",
                "volume_size": 60,
                "volume_type": ""
              }
            ],
            "config_drive": null,
            "created": "2026-02-19 17:40:44 +0000 UTC",
            "flavor_id": "3d619a1a-fc6e-4fd2-9a14-18da0587bb22",
            "flavor_name": "xlarge",
            "floating_ip": null,
            "force_delete": false,
            "id": "b8cc1b15-9f89-4325-a0bb-a0479f399296",
            "image_id": "Attempt to boot from volume - no image supplied",
            "image_name": null,
            "key_pair": "cdt",
            "metadata": null,
            "name": "neighara-falls",
            "network": [
              {
                "access_network": false,
                "fixed_ip_v4": "10.0.30.2",
                "fixed_ip_v6": "",
                "floating_ip": "",
                "mac": "fa:16:3e:fb:61:3d",
                "name": "network_internal",
                "port": "",
                "uuid": "6a9781ee-b184-453e-bbe0-a71a25cce80b"
              }
            ],
            "network_mode": null,
            "personality": [],
            "power_state": "active",
            "region": "CyberRange",
            "scheduler_hints": [],
            "security_groups": [
              "secgroup_inscope"
            ],
            "stop_before_destroy": false,
            "tags": [],
            "timeouts": null,
            "updated": "2026-03-28 20:59:00 +0000 UTC",
            "user_data": "fadbcc20f776993db5de9fd91e9416f6f87800e8",
            "vendor_options": [],
            "volume": []
          },
          "sensitive_attributes": [
            [
              {
                "type": "get_attr",
                "value": "admin_pass"
              }
            ]
          ],
          "identity_schema_version": 0,
          "private": "eyJlMmJmYjczMC1lY2FhLTExZTYtOGY4OC0zNDM2M2JjN2M0YzAiOnsiY3JlYXRlIjoxODAwMDAwMDAwMDAwLCJkZWxldGUiOjE4MDAwMDAwMDAwMDAsInVwZGF0ZSI6MTgwMDAwMDAwMDAwMH19",
          "dependencies": [
            "openstack_networking_network_v2.network_core",
            "openstack_networking_network_v2.network_dmz",
            "openstack_networking_network_v2.network_internal",
            "openstack_networking_network_v2.network_red",
            "openstack_networking_network_v2.network_red_proxy",
            "openstack_networking_secgroup_v2.secgroup_inscope"
          ]
        },
        {
          "index_key": "windows_wkst3",
          "schema_version": 0,
          "attributes": {
            "access_ip_v4": "10.0.30.3",
            "access_ip_v6": "",
            "admin_pass": null,
            "all_metadata": {},
            "all_tags": [],
            "availability_zone": "nova",
            "availability_zone_hints": null,
            "block_device": [
              {
                "boot_index": 0,
                "delete_on_termination": true,
                "destination_type": "volume",
                "device_type": "",
                "disk_bus": "",
                "guest_format": "",
                "multiattach": false,
                "source_type": "image",
                "uuid": "f848941a-64d7-41b4-9c3d-bbddf657ef51",
                "volume_size": 60,
                "volume_type": ""
              }
            ],
            "config_drive": null,
            "created": "2026-02-19 17:40:47 +0000 UTC",
            "flavor_id": "3d619a1a-fc6e-4fd2-9a14-18da0587bb22",
            "flavor_name": "xlarge",
            "floating_ip": null,
            "force_delete": false,
            "id": "52b25898-08e8-4e06-a94b-f868c0dc2ecb",
            "image_id": "Attempt to boot from volume - no image supplied",
            "image_name": null,
            "key_pair": "cdt",
            "metadata": null,
            "name": "fillydelphia",
            "network": [
              {
                "access_network": false,
                "fixed_ip_v4": "10.0.30.3",
                "fixed_ip_v6": "",
                "floating_ip": "",
                "mac": "fa:16:3e:0e:b5:0f",
                "name": "network_internal",
                "port": "",
                "uuid": "6a9781ee-b184-453e-bbe0-a71a25cce80b"
              }
            ],
            "network_mode": null,
            "personality": [],
            "power_state": "active",
            "region": "CyberRange",
            "scheduler_hints": [],
            "security_groups": [
              "secgroup_inscope"
            ],
            "stop_before_destroy": false,
            "tags": [],
            "timeouts": null,
            "updated": "2026-03-28 20:59:00 +0000 UTC",
            "user_data": "fadbcc20f776993db5de9fd91e9416f6f87800e8",
            "vendor_options": [],
            "volume": []
          },
          "sensitive_attributes": [
            [
              {
                "type": "get_attr",
                "value": "admin_pass"
              }
            ]
          ],
          "identity_schema_version": 0,
          "private": "eyJlMmJmYjczMC1lY2FhLTExZTYtOGY4OC0zNDM2M2JjN2M0YzAiOnsiY3JlYXRlIjoxODAwMDAwMDAwMDAwLCJkZWxldGUiOjE4MDAwMDAwMDAwMDAsInVwZGF0ZSI6MTgwMDAwMDAwMDAwMH19",
          "dependencies": [
            "openstack_networking_network_v2.network_core",
            "openstack_networking_network_v2.network_dmz",
            "openstack_networking_network_v2.network_internal",
            "openstack_networking_network_v2.network_red",
            "openstack_networking_network_v2.network_red_proxy",
            "openstack_networking_secgroup_v2.secgroup_inscope"
          ]
        }
      ]
    },
    {
      "mode": "managed",
      "type": "openstack_compute_instance_v2",
      "name": "winserv22",
      "provider": "provider[\"registry.terraform.io/terraform-provider-openstack/openstack\"]",
      "instances": [
        {
          "index_key": "dc",
          "schema_version": 0,
          "attributes": {
            "access_ip_v4": "10.0.10.1",
            "access_ip_v6": "",
            "admin_pass": null,
            "all_metadata": {},
            "all_tags": [],
            "availability_zone": "nova",
            "availability_zone_hints": null,
            "block_device": [
              {
                "boot_index": 0,
                "delete_on_termination": true,
                "destination_type": "volume",
                "device_type": "",
                "disk_bus": "",
                "guest_format": "",
                "multiattach": false,
                "source_type": "image",
                "uuid": "d05fa605-c188-45b8-a3d4-5bb0fe4560fa",
                "volume_size": 60,
                "volume_type": ""
              }
            ],
            "config_drive": null,
            "created": "2026-02-19 17:40:47 +0000 UTC",
            "flavor_id": "3d619a1a-fc6e-4fd2-9a14-18da0587bb22",
            "flavor_name": "xlarge",
            "floating_ip": null,
            "force_delete": false,
            "id": "b4d66e52-7b81-4046-87dd-fd15cc03c89b",
            "image_id": "Attempt to boot from volume - no image supplied",
            "image_name": null,
            "key_pair": "cdt",
            "metadata": null,
            "name": "canterlot",
            "network": [
              {
                "access_network": false,
                "fixed_ip_v4": "10.0.10.1",
                "fixed_ip_v6": "",
                "floating_ip": "",
                "mac": "fa:16:3e:29:4e:bd",
                "name": "network_core",
                "port": "",
                "uuid": "e37fa546-ce27-47fb-be16-49953b01d5a4"
              }
            ],
            "network_mode": null,
            "personality": [],
            "power_state": "active",
            "region": "CyberRange",
            "scheduler_hints": [],
            "security_groups": [
              "secgroup_inscope"
            ],
            "stop_before_destroy": false,
            "tags": [],
            "timeouts": null,
            "updated": "2026-03-28 20:58:59 +0000 UTC",
            "user_data": "fadbcc20f776993db5de9fd91e9416f6f87800e8",
            "vendor_options": [],
            "volume": []
          },
          "sensitive_attributes": [
            [
              {
                "type": "get_attr",
                "value": "admin_pass"
              }
            ]
          ],
          "identity_schema_version": 0,
          "private": "eyJlMmJmYjczMC1lY2FhLTExZTYtOGY4OC0zNDM2M2JjN2M0YzAiOnsiY3JlYXRlIjoxODAwMDAwMDAwMDAwLCJkZWxldGUiOjE4MDAwMDAwMDAwMDAsInVwZGF0ZSI6MTgwMDAwMDAwMDAwMH19",
          "dependencies": [
            "openstack_networking_network_v2.network_core",
            "openstack_networking_network_v2.network_dmz",
            "openstack_networking_network_v2.network_internal",
            "openstack_networking_network_v2.network_red",
            "openstack_networking_network_v2.network_red_proxy",
            "openstack_networking_secgroup_v2.secgroup_inscope"
          ]
        },
        {
          "index_key": "iis",
          "schema_version": 0,
          "attributes": {
            "access_ip_v4": "10.0.20.1",
            "access_ip_v6": "",
            "admin_pass": null,
            "all_metadata": {},
            "all_tags": [],
            "availability_zone": "nova",
            "availability_zone_hints": null,
            "block_device": [
              {
                "boot_index": 0,
                "delete_on_termination": true,
                "destination_type": "volume",
                "device_type": "",
                "disk_bus": "",
                "guest_format": "",
                "multiattach": false,
                "source_type": "image",
                "uuid": "d05fa605-c188-45b8-a3d4-5bb0fe4560fa",
                "volume_size": 60,
                "volume_type": ""
              }
            ],
            "config_drive": null,
            "created": "2026-02-19 17:40:47 +0000 UTC",
            "flavor_id": "3d619a1a-fc6e-4fd2-9a14-18da0587bb22",
            "flavor_name": "xlarge",
            "floating_ip": null,
            "force_delete": false,
            "id": "20d5c4c8-0b6a-401b-8bb6-31a659416d98",
            "image_id": "Attempt to boot from volume - no image supplied",
            "image_name": null,
            "key_pair": "cdt",
            "metadata": null,
            "name": "las-pegasus",
            "network": [
              {
                "access_network": false,
                "fixed_ip_v4": "10.0.20.1",
                "fixed_ip_v6": "",
                "floating_ip": "",
                "mac": "fa:16:3e:ce:c1:16",
                "name": "network_dmz",
                "port": "",
                "uuid": "e88beef8-349e-4ed8-94b9-7b95663dc20a"
              }
            ],
            "network_mode": null,
            "personality": [],
            "power_state": "active",
            "region": "CyberRange",
            "scheduler_hints": [],
            "security_groups": [
              "secgroup_inscope"
            ],
            "stop_before_destroy": false,
            "tags": [],
            "timeouts": null,
            "updated": "2026-03-28 20:59:00 +0000 UTC",
            "user_data": "fadbcc20f776993db5de9fd91e9416f6f87800e8",
            "vendor_options": [],
            "volume": []
          },
          "sensitive_attributes": [
            [
              {
                "type": "get_attr",
                "value": "admin_pass"
              }
            ]
          ],
          "identity_schema_version": 0,
          "private": "eyJlMmJmYjczMC1lY2FhLTExZTYtOGY4OC0zNDM2M2JjN2M0YzAiOnsiY3JlYXRlIjoxODAwMDAwMDAwMDAwLCJkZWxldGUiOjE4MDAwMDAwMDAwMDAsInVwZGF0ZSI6MTgwMDAwMDAwMDAwMH19",
          "dependencies": [
            "openstack_networking_network_v2.network_core",
            "openstack_networking_network_v2.network_dmz",
            "openstack_networking_network_v2.network_internal",
            "openstack_networking_network_v2.network_red",
            "openstack_networking_network_v2.network_red_proxy",
            "openstack_networking_secgroup_v2.secgroup_inscope"
          ]
        },
        {
          "index_key": "mssql",
          "schema_version": 0,
          "attributes": {
            "access_ip_v4": "10.0.10.2",
            "access_ip_v6": "",
            "admin_pass": null,
            "all_metadata": {},
            "all_tags": [],
            "availability_zone": "nova",
            "availability_zone_hints": null,
            "block_device": [
              {
                "boot_index": 0,
                "delete_on_termination": true,
                "destination_type": "volume",
                "device_type": "",
                "disk_bus": "",
                "guest_format": "",
                "multiattach": false,
                "source_type": "image",
                "uuid": "d05fa605-c188-45b8-a3d4-5bb0fe4560fa",
                "volume_size": 60,
                "volume_type": ""
              }
            ],
            "config_drive": null,
            "created": "2026-02-19 17:40:47 +0000 UTC",
            "flavor_id": "3d619a1a-fc6e-4fd2-9a14-18da0587bb22",
            "flavor_name": "xlarge",
            "floating_ip": null,
            "force_delete": false,
            "id": "c9587851-242c-48ea-bf55-548b84e3fce9",
            "image_id": "Attempt to boot from volume - no image supplied",
            "image_name": null,
            "key_pair": "cdt",
            "metadata": null,
            "name": "manehatten",
            "network": [
              {
                "access_network": false,
                "fixed_ip_v4": "10.0.10.2",
                "fixed_ip_v6": "",
                "floating_ip": "",
                "mac": "fa:16:3e:ee:f3:75",
                "name": "network_core",
                "port": "",
                "uuid": "e37fa546-ce27-47fb-be16-49953b01d5a4"
              }
            ],
            "network_mode": null,
            "personality": [],
            "power_state": "active",
            "region": "CyberRange",
            "scheduler_hints": [],
            "security_groups": [
              "secgroup_inscope"
            ],
            "stop_before_destroy": false,
            "tags": [],
            "timeouts": null,
            "updated": "2026-03-28 20:59:00 +0000 UTC",
            "user_data": "fadbcc20f776993db5de9fd91e9416f6f87800e8",
            "vendor_options": [],
            "volume": []
          },
          "sensitive_attributes": [
            [
              {
                "type": "get_attr",
                "value": "admin_pass"
              }
            ]
          ],
          "identity_schema_version": 0,
          "private": "eyJlMmJmYjczMC1lY2FhLTExZTYtOGY4OC0zNDM2M2JjN2M0YzAiOnsiY3JlYXRlIjoxODAwMDAwMDAwMDAwLCJkZWxldGUiOjE4MDAwMDAwMDAwMDAsInVwZGF0ZSI6MTgwMDAwMDAwMDAwMH19",
          "dependencies": [
            "openstack_networking_network_v2.network_core",
            "openstack_networking_network_v2.network_dmz",
            "openstack_networking_network_v2.network_internal",
            "openstack_networking_network_v2.network_red",
            "openstack_networking_network_v2.network_red_proxy",
            "openstack_networking_secgroup_v2.secgroup_inscope"
          ]
        },
        {
          "index_key": "smb",
          "schema_version": 0,
          "attributes": {
            "access_ip_v4": "10.0.20.2",
            "access_ip_v6": "",
            "admin_pass": null,
            "all_metadata": {},
            "all_tags": [],
            "availability_zone": "nova",
            "availability_zone_hints": null,
            "block_device": [
              {
                "boot_index": 0,
                "delete_on_termination": true,
                "destination_type": "volume",
                "device_type": "",
                "disk_bus": "",
                "guest_format": "",
                "multiattach": false,
                "source_type": "image",
                "uuid": "d05fa605-c188-45b8-a3d4-5bb0fe4560fa",
                "volume_size": 60,
                "volume_type": ""
              }
            ],
            "config_drive": null,
            "created": "2026-02-19 17:40:44 +0000 UTC",
            "flavor_id": "3d619a1a-fc6e-4fd2-9a14-18da0587bb22",
            "flavor_name": "xlarge",
            "floating_ip": null,
            "force_delete": false,
            "id": "ddda759d-794f-45ff-b287-ebb5e1179550",
            "image_id": "Attempt to boot from volume - no image supplied",
            "image_name": null,
            "key_pair": "cdt",
            "metadata": null,
            "name": "appleloosa",
            "network": [
              {
                "access_network": false,
                "fixed_ip_v4": "10.0.20.2",
                "fixed_ip_v6": "",
                "floating_ip": "",
                "mac": "fa:16:3e:e1:10:0a",
                "name": "network_dmz",
                "port": "",
                "uuid": "e88beef8-349e-4ed8-94b9-7b95663dc20a"
              }
            ],
            "network_mode": null,
            "personality": [],
            "power_state": "active",
            "region": "CyberRange",
            "scheduler_hints": [],
            "security_groups": [
              "secgroup_inscope"
            ],
            "stop_before_destroy": false,
            "tags": [],
            "timeouts": null,
            "updated": "2026-03-28 20:58:59 +0000 UTC",
            "user_data": "fadbcc20f776993db5de9fd91e9416f6f87800e8",
            "vendor_options": [],
            "volume": []
          },
          "sensitive_attributes": [
            [
              {
                "type": "get_attr",
                "value": "admin_pass"
              }
            ]
          ],
          "identity_schema_version": 0,
          "private": "eyJlMmJmYjczMC1lY2FhLTExZTYtOGY4OC0zNDM2M2JjN2M0YzAiOnsiY3JlYXRlIjoxODAwMDAwMDAwMDAwLCJkZWxldGUiOjE4MDAwMDAwMDAwMDAsInVwZGF0ZSI6MTgwMDAwMDAwMDAwMH19",
          "dependencies": [
            "openstack_networking_network_v2.network_core",
            "openstack_networking_network_v2.network_dmz",
            "openstack_networking_network_v2.network_internal",
            "openstack_networking_network_v2.network_red",
            "openstack_networking_network_v2.network_red_proxy",
            "openstack_networking_secgroup_v2.secgroup_inscope"
          ]
        }
      ]
    },
    {
      "mode": "managed",
      "type": "openstack_networking_network_v2",
      "name": "network_blue",
      "provider": "provider[\"registry.terraform.io/terraform-provider-openstack/openstack\"]",
      "instances": [
        {
          "schema_version": 0,
          "attributes": {
            "admin_state_up": true,
            "all_tags": [],
            "availability_zone_hints": [],
            "description": "",
            "dns_domain": "",
            "external": false,
            "id": "58c956b9-e665-4a35-8f00-6f0fa479217c",
            "mtu": 1500,
            "name": "network_blue",
            "port_security_enabled": true,
            "qos_policy_id": "",
            "region": "CyberRange",
            "segments": [],
            "shared": false,
            "tags": [],
            "tenant_id": "04846fb2e027424d8898953062787b16",
            "timeouts": null,
            "transparent_vlan": false,
            "value_specs": null
          },
          "sensitive_attributes": [],
          "identity_schema_version": 0,
          "private": "eyJlMmJmYjczMC1lY2FhLTExZTYtOGY4OC0zNDM2M2JjN2M0YzAiOnsiY3JlYXRlIjo2MDAwMDAwMDAwMDAsImRlbGV0ZSI6NjAwMDAwMDAwMDAwfX0="
        }
      ]
    },
    {
      "mode": "managed",
      "type": "openstack_networking_network_v2",
      "name": "network_core",
      "provider": "provider[\"registry.terraform.io/terraform-provider-openstack/openstack\"]",
      "instances": [
        {
          "schema_version": 0,
          "attributes": {
            "admin_state_up": true,
            "all_tags": [],
            "availability_zone_hints": [],
            "description": "",
            "dns_domain": "",
            "external": false,
            "id": "e37fa546-ce27-47fb-be16-49953b01d5a4",
            "mtu": 1500,
            "name": "network_core",
            "port_security_enabled": true,
            "qos_policy_id": "",
            "region": "CyberRange",
            "segments": [],
            "shared": false,
            "tags": [],
            "tenant_id": "04846fb2e027424d8898953062787b16",
            "timeouts": null,
            "transparent_vlan": false,
            "value_specs": null
          },
          "sensitive_attributes": [],
          "identity_schema_version": 0,
          "private": "eyJlMmJmYjczMC1lY2FhLTExZTYtOGY4OC0zNDM2M2JjN2M0YzAiOnsiY3JlYXRlIjo2MDAwMDAwMDAwMDAsImRlbGV0ZSI6NjAwMDAwMDAwMDAwfX0="
        }
      ]
    },
    {
      "mode": "managed",
      "type": "openstack_networking_network_v2",
      "name": "network_dmz",
      "provider": "provider[\"registry.terraform.io/terraform-provider-openstack/openstack\"]",
      "instances": [
        {
          "schema_version": 0,
          "attributes": {
            "admin_state_up": true,
            "all_tags": [],
            "availability_zone_hints": [],
            "description": "",
            "dns_domain": "",
            "external": false,
            "id": "e88beef8-349e-4ed8-94b9-7b95663dc20a",
            "mtu": 1500,
            "name": "network_dmz",
            "port_security_enabled": true,
            "qos_policy_id": "",
            "region": "CyberRange",
            "segments": [],
            "shared": false,
            "tags": [],
            "tenant_id": "04846fb2e027424d8898953062787b16",
            "timeouts": null,
            "transparent_vlan": false,
            "value_specs": null
          },
          "sensitive_attributes": [],
          "identity_schema_version": 0,
          "private": "eyJlMmJmYjczMC1lY2FhLTExZTYtOGY4OC0zNDM2M2JjN2M0YzAiOnsiY3JlYXRlIjo2MDAwMDAwMDAwMDAsImRlbGV0ZSI6NjAwMDAwMDAwMDAwfX0="
        }
      ]
    },
    {
      "mode": "managed",
      "type": "openstack_networking_network_v2",
      "name": "network_grey",
      "provider": "provider[\"registry.terraform.io/terraform-provider-openstack/openstack\"]",
      "instances": [
        {
          "schema_version": 0,
          "attributes": {
            "admin_state_up": true,
            "all_tags": [],
            "availability_zone_hints": [],
            "description": "",
            "dns_domain": "",
            "external": false,
            "id": "63f0c69f-6136-4d09-b3b2-360cfbe571bc",
            "mtu": 1500,
            "name": "network_grey",
            "port_security_enabled": true,
            "qos_policy_id": "",
            "region": "CyberRange",
            "segments": [],
            "shared": false,
            "tags": [],
            "tenant_id": "04846fb2e027424d8898953062787b16",
            "timeouts": null,
            "transparent_vlan": false,
            "value_specs": null
          },
          "sensitive_attributes": [],
          "identity_schema_version": 0,
          "private": "eyJlMmJmYjczMC1lY2FhLTExZTYtOGY4OC0zNDM2M2JjN2M0YzAiOnsiY3JlYXRlIjo2MDAwMDAwMDAwMDAsImRlbGV0ZSI6NjAwMDAwMDAwMDAwfX0="
        }
      ]
    },
    {
      "mode": "managed",
      "type": "openstack_networking_network_v2",
      "name": "network_internal",
      "provider": "provider[\"registry.terraform.io/terraform-provider-openstack/openstack\"]",
      "instances": [
        {
          "schema_version": 0,
          "attributes": {
            "admin_state_up": true,
            "all_tags": [],
            "availability_zone_hints": [],
            "description": "",
            "dns_domain": "",
            "external": false,
            "id": "6a9781ee-b184-453e-bbe0-a71a25cce80b",
            "mtu": 1500,
            "name": "network_internal",
            "port_security_enabled": true,
            "qos_policy_id": "",
            "region": "CyberRange",
            "segments": [],
            "shared": false,
            "tags": [],
            "tenant_id": "04846fb2e027424d8898953062787b16",
            "timeouts": null,
            "transparent_vlan": false,
            "value_specs": null
          },
          "sensitive_attributes": [],
          "identity_schema_version": 0,
          "private": "eyJlMmJmYjczMC1lY2FhLTExZTYtOGY4OC0zNDM2M2JjN2M0YzAiOnsiY3JlYXRlIjo2MDAwMDAwMDAwMDAsImRlbGV0ZSI6NjAwMDAwMDAwMDAwfX0="
        }
      ]
    },
    {
      "mode": "managed",
      "type": "openstack_networking_network_v2",
      "name": "network_red",
      "provider": "provider[\"registry.terraform.io/terraform-provider-openstack/openstack\"]",
      "instances": [
        {
          "schema_version": 0,
          "attributes": {
            "admin_state_up": true,
            "all_tags": [],
            "availability_zone_hints": [],
            "description": "",
            "dns_domain": "",
            "external": false,
            "id": "92485abc-8ac8-4c40-98a2-8826aeedada8",
            "mtu": 1500,
            "name": "network_red",
            "port_security_enabled": true,
            "qos_policy_id": "",
            "region": "CyberRange",
            "segments": [],
            "shared": false,
            "tags": [],
            "tenant_id": "04846fb2e027424d8898953062787b16",
            "timeouts": null,
            "transparent_vlan": false,
            "value_specs": null
          },
          "sensitive_attributes": [],
          "identity_schema_version": 0,
          "private": "eyJlMmJmYjczMC1lY2FhLTExZTYtOGY4OC0zNDM2M2JjN2M0YzAiOnsiY3JlYXRlIjo2MDAwMDAwMDAwMDAsImRlbGV0ZSI6NjAwMDAwMDAwMDAwfX0="
        }
      ]
    },
    {
      "mode": "managed",
      "type": "openstack_networking_network_v2",
      "name": "network_red_proxy",
      "provider": "provider[\"registry.terraform.io/terraform-provider-openstack/openstack\"]",
      "instances": [
        {
          "schema_version": 0,
          "attributes": {
            "admin_state_up": true,
            "all_tags": [],
            "availability_zone_hints": [],
            "description": "",
            "dns_domain": "",
            "external": false,
            "id": "9be947e7-cb6c-4e2e-9ec2-b1d7553a8fbd",
            "mtu": 1500,
            "name": "network_red_proxy",
            "port_security_enabled": true,
            "qos_policy_id": "",
            "region": "CyberRange",
            "segments": [],
            "shared": false,
            "tags": [],
            "tenant_id": "04846fb2e027424d8898953062787b16",
            "timeouts": null,
            "transparent_vlan": false,
            "value_specs": null
          },
          "sensitive_attributes": [],
          "identity_schema_version": 0,
          "private": "eyJlMmJmYjczMC1lY2FhLTExZTYtOGY4OC0zNDM2M2JjN2M0YzAiOnsiY3JlYXRlIjo2MDAwMDAwMDAwMDAsImRlbGV0ZSI6NjAwMDAwMDAwMDAwfX0="
        }
      ]
    },
    {
      "mode": "managed",
      "type": "openstack_networking_router_interface_v2",
      "name": "router_int_blue",
      "provider": "provider[\"registry.terraform.io/terraform-provider-openstack/openstack\"]",
      "instances": [
        {
          "schema_version": 0,
          "attributes": {
            "force_destroy": false,
            "id": "f8727279-4704-4d64-8a76-77dceaaec4ce",
            "port_id": "f8727279-4704-4d64-8a76-77dceaaec4ce",
            "region": "CyberRange",
            "router_id": "a89fdb7c-ab4c-4649-9763-62dc5f796a09",
            "subnet_id": "3c63e4ca-e75f-4907-9ed5-1d2599acc701",
            "timeouts": null
          },
          "sensitive_attributes": [],
          "identity_schema_version": 0,
          "private": "eyJlMmJmYjczMC1lY2FhLTExZTYtOGY4OC0zNDM2M2JjN2M0YzAiOnsiY3JlYXRlIjo2MDAwMDAwMDAwMDAsImRlbGV0ZSI6NjAwMDAwMDAwMDAwfX0=",
          "dependencies": [
            "openstack_networking_network_v2.network_blue",
            "openstack_networking_router_v2.router_main",
            "openstack_networking_subnet_v2.subnet_blue"
          ]
        }
      ]
    },
    {
      "mode": "managed",
      "type": "openstack_networking_router_interface_v2",
      "name": "router_int_core",
      "provider": "provider[\"registry.terraform.io/terraform-provider-openstack/openstack\"]",
      "instances": [
        {
          "schema_version": 0,
          "attributes": {
            "force_destroy": false,
            "id": "372a5ca8-17c3-4fd5-a9fd-bb3510d95f75",
            "port_id": "372a5ca8-17c3-4fd5-a9fd-bb3510d95f75",
            "region": "CyberRange",
            "router_id": "a89fdb7c-ab4c-4649-9763-62dc5f796a09",
            "subnet_id": "4ce745bc-77a6-4b82-a61d-5d01a11deb05",
            "timeouts": null
          },
          "sensitive_attributes": [],
          "identity_schema_version": 0,
          "private": "eyJlMmJmYjczMC1lY2FhLTExZTYtOGY4OC0zNDM2M2JjN2M0YzAiOnsiY3JlYXRlIjo2MDAwMDAwMDAwMDAsImRlbGV0ZSI6NjAwMDAwMDAwMDAwfX0=",
          "dependencies": [
            "openstack_networking_network_v2.network_core",
            "openstack_networking_router_v2.router_main",
            "openstack_networking_subnet_v2.subnet_core"
          ]
        }
      ]
    },
    {
      "mode": "managed",
      "type": "openstack_networking_router_interface_v2",
      "name": "router_int_dmz",
      "provider": "provider[\"registry.terraform.io/terraform-provider-openstack/openstack\"]",
      "instances": [
        {
          "schema_version": 0,
          "attributes": {
            "force_destroy": false,
            "id": "d352f342-8382-4e86-b3af-f0b97ce7e01d",
            "port_id": "d352f342-8382-4e86-b3af-f0b97ce7e01d",
            "region": "CyberRange",
            "router_id": "a89fdb7c-ab4c-4649-9763-62dc5f796a09",
            "subnet_id": "9614bf8d-8d92-4b81-acbe-98ae5d6c3c41",
            "timeouts": null
          },
          "sensitive_attributes": [],
          "identity_schema_version": 0,
          "private": "eyJlMmJmYjczMC1lY2FhLTExZTYtOGY4OC0zNDM2M2JjN2M0YzAiOnsiY3JlYXRlIjo2MDAwMDAwMDAwMDAsImRlbGV0ZSI6NjAwMDAwMDAwMDAwfX0=",
          "dependencies": [
            "openstack_networking_network_v2.network_dmz",
            "openstack_networking_router_v2.router_main",
            "openstack_networking_subnet_v2.subnet_dmz"
          ]
        }
      ]
    },
    {
      "mode": "managed",
      "type": "openstack_networking_router_interface_v2",
      "name": "router_int_grey",
      "provider": "provider[\"registry.terraform.io/terraform-provider-openstack/openstack\"]",
      "instances": [
        {
          "schema_version": 0,
          "attributes": {
            "force_destroy": false,
            "id": "759f5a52-8475-4d20-98d8-6be8514f56cd",
            "port_id": "759f5a52-8475-4d20-98d8-6be8514f56cd",
            "region": "CyberRange",
            "router_id": "a89fdb7c-ab4c-4649-9763-62dc5f796a09",
            "subnet_id": "c75e1168-3402-4ed0-a5dc-251ec41b244f",
            "timeouts": null
          },
          "sensitive_attributes": [],
          "identity_schema_version": 0,
          "private": "eyJlMmJmYjczMC1lY2FhLTExZTYtOGY4OC0zNDM2M2JjN2M0YzAiOnsiY3JlYXRlIjo2MDAwMDAwMDAwMDAsImRlbGV0ZSI6NjAwMDAwMDAwMDAwfX0=",
          "dependencies": [
            "openstack_networking_network_v2.network_grey",
            "openstack_networking_router_v2.router_main",
            "openstack_networking_subnet_v2.subnet_grey"
          ]
        }
      ]
    },
    {
      "mode": "managed",
      "type": "openstack_networking_router_interface_v2",
      "name": "router_int_internal",
      "provider": "provider[\"registry.terraform.io/terraform-provider-openstack/openstack\"]",
      "instances": [
        {
          "schema_version": 0,
          "attributes": {
            "force_destroy": false,
            "id": "4d8e7165-bc84-4083-9182-1241b1252ed9",
            "port_id": "4d8e7165-bc84-4083-9182-1241b1252ed9",
            "region": "CyberRange",
            "router_id": "a89fdb7c-ab4c-4649-9763-62dc5f796a09",
            "subnet_id": "f9f12cdf-8547-4fef-8b11-56d276411f32",
            "timeouts": null
          },
          "sensitive_attributes": [],
          "identity_schema_version": 0,
          "private": "eyJlMmJmYjczMC1lY2FhLTExZTYtOGY4OC0zNDM2M2JjN2M0YzAiOnsiY3JlYXRlIjo2MDAwMDAwMDAwMDAsImRlbGV0ZSI6NjAwMDAwMDAwMDAwfX0=",
          "dependencies": [
            "openstack_networking_network_v2.network_internal",
            "openstack_networking_router_v2.router_main",
            "openstack_networking_subnet_v2.subnet_internal"
          ]
        }
      ]
    },
    {
      "mode": "managed",
      "type": "openstack_networking_router_interface_v2",
      "name": "router_int_red",
      "provider": "provider[\"registry.terraform.io/terraform-provider-openstack/openstack\"]",
      "instances": [
        {
          "schema_version": 0,
          "attributes": {
            "force_destroy": false,
            "id": "4ce9a60f-993a-42a6-88d9-e4823cad238b",
            "port_id": "4ce9a60f-993a-42a6-88d9-e4823cad238b",
            "region": "CyberRange",
            "router_id": "a89fdb7c-ab4c-4649-9763-62dc5f796a09",
            "subnet_id": "1150603e-3a70-4639-ab88-4c7995127a9b",
            "timeouts": null
          },
          "sensitive_attributes": [],
          "identity_schema_version": 0,
          "private": "eyJlMmJmYjczMC1lY2FhLTExZTYtOGY4OC0zNDM2M2JjN2M0YzAiOnsiY3JlYXRlIjo2MDAwMDAwMDAwMDAsImRlbGV0ZSI6NjAwMDAwMDAwMDAwfX0=",
          "dependencies": [
            "openstack_networking_network_v2.network_red",
            "openstack_networking_router_v2.router_main",
            "openstack_networking_subnet_v2.subnet_red"
          ]
        }
      ]
    },
    {
      "mode": "managed",
      "type": "openstack_networking_router_interface_v2",
      "name": "router_int_red_proxy",
      "provider": "provider[\"registry.terraform.io/terraform-provider-openstack/openstack\"]",
      "instances": [
        {
          "schema_version": 0,
          "attributes": {
            "force_destroy": false,
            "id": "557a91e2-d2dc-4ee2-b3a5-bd67b7000e62",
            "port_id": "557a91e2-d2dc-4ee2-b3a5-bd67b7000e62",
            "region": "CyberRange",
            "router_id": "a89fdb7c-ab4c-4649-9763-62dc5f796a09",
            "subnet_id": "bf1efce3-551f-43c8-8228-1169fad47a51",
            "timeouts": null
          },
          "sensitive_attributes": [],
          "identity_schema_version": 0,
          "private": "eyJlMmJmYjczMC1lY2FhLTExZTYtOGY4OC0zNDM2M2JjN2M0YzAiOnsiY3JlYXRlIjo2MDAwMDAwMDAwMDAsImRlbGV0ZSI6NjAwMDAwMDAwMDAwfX0=",
          "dependencies": [
            "openstack_networking_network_v2.network_red_proxy",
            "openstack_networking_router_v2.router_main",
            "openstack_networking_subnet_v2.subnet_red_proxy"
          ]
        }
      ]
    },
    {
      "mode": "managed",
      "type": "openstack_networking_router_v2",
      "name": "router_main",
      "provider": "provider[\"registry.terraform.io/terraform-provider-openstack/openstack\"]",
      "instances": [
        {
          "schema_version": 0,
          "attributes": {
            "admin_state_up": true,
            "all_tags": [],
            "availability_zone_hints": [],
            "description": "",
            "distributed": false,
            "enable_snat": true,
            "external_fixed_ip": [
              {
                "ip_address": "100.65.2.180",
                "subnet_id": "fbf166e0-4b80-420b-b346-521e5a06ad0e"
              }
            ],
            "external_gateway": "2f96295c-34f6-49a2-b5cf-7f5b407be0c8",
            "external_network_id": "2f96295c-34f6-49a2-b5cf-7f5b407be0c8",
            "external_subnet_ids": null,
            "id": "a89fdb7c-ab4c-4649-9763-62dc5f796a09",
            "name": "router_main",
            "region": "CyberRange",
            "tags": [],
            "tenant_id": "04846fb2e027424d8898953062787b16",
            "timeouts": null,
            "value_specs": null,
            "vendor_options": []
          },
          "sensitive_attributes": [],
          "identity_schema_version": 0,
          "private": "eyJlMmJmYjczMC1lY2FhLTExZTYtOGY4OC0zNDM2M2JjN2M0YzAiOnsiY3JlYXRlIjo2MDAwMDAwMDAwMDAsImRlbGV0ZSI6NjAwMDAwMDAwMDAwfX0="
        }
      ]
    },
    {
      "mode": "managed",
      "type": "openstack_networking_secgroup_rule_v2",
      "name": "secgroup_blue_rule_1",
      "provider": "provider[\"registry.terraform.io/terraform-provider-openstack/openstack\"]",
      "instances": [
        {
          "schema_version": 0,
          "attributes": {
            "description": "",
            "direction": "ingress",
            "ethertype": "IPv4",
            "id": "4167e403-f84e-41c6-a584-4b7a3decefb3",
            "port_range_max": 0,
            "port_range_min": 0,
            "protocol": "",
            "region": "CyberRange",
            "remote_group_id": "",
            "remote_ip_prefix": "",
            "security_group_id": "251444c5-67ae-4757-8c94-7cccd11c0218",
            "tenant_id": "04846fb2e027424d8898953062787b16",
            "timeouts": null
          },
          "sensitive_attributes": [],
          "identity_schema_version": 0,
          "private": "eyJlMmJmYjczMC1lY2FhLTExZTYtOGY4OC0zNDM2M2JjN2M0YzAiOnsiZGVsZXRlIjo2MDAwMDAwMDAwMDB9fQ==",
          "dependencies": [
            "openstack_networking_secgroup_v2.secgroup_blue"
          ]
        }
      ]
    },
    {
      "mode": "managed",
      "type": "openstack_networking_secgroup_rule_v2",
      "name": "secgroup_blue_rule_2",
      "provider": "provider[\"registry.terraform.io/terraform-provider-openstack/openstack\"]",
      "instances": [
        {
          "schema_version": 0,
          "attributes": {
            "description": "",
            "direction": "ingress",
            "ethertype": "IPv6",
            "id": "221ea01f-c819-4345-830f-37d6aeda3ea3",
            "port_range_max": 0,
            "port_range_min": 0,
            "protocol": "",
            "region": "CyberRange",
            "remote_group_id": "",
            "remote_ip_prefix": "",
            "security_group_id": "251444c5-67ae-4757-8c94-7cccd11c0218",
            "tenant_id": "04846fb2e027424d8898953062787b16",
            "timeouts": null
          },
          "sensitive_attributes": [],
          "identity_schema_version": 0,
          "private": "eyJlMmJmYjczMC1lY2FhLTExZTYtOGY4OC0zNDM2M2JjN2M0YzAiOnsiZGVsZXRlIjo2MDAwMDAwMDAwMDB9fQ==",
          "dependencies": [
            "openstack_networking_secgroup_v2.secgroup_blue"
          ]
        }
      ]
    },
    {
      "mode": "managed",
      "type": "openstack_networking_secgroup_rule_v2",
      "name": "secgroup_grey_rule_1",
      "provider": "provider[\"registry.terraform.io/terraform-provider-openstack/openstack\"]",
      "instances": [
        {
          "schema_version": 0,
          "attributes": {
            "description": "",
            "direction": "ingress",
            "ethertype": "IPv4",
            "id": "18ec24ef-4879-4e0e-94e0-1976f29ae868",
            "port_range_max": 0,
            "port_range_min": 0,
            "protocol": "",
            "region": "CyberRange",
            "remote_group_id": "",
            "remote_ip_prefix": "",
            "security_group_id": "632a1539-2c64-40e0-8e7b-15a70442a3ea",
            "tenant_id": "04846fb2e027424d8898953062787b16",
            "timeouts": null
          },
          "sensitive_attributes": [],
          "identity_schema_version": 0,
          "private": "eyJlMmJmYjczMC1lY2FhLTExZTYtOGY4OC0zNDM2M2JjN2M0YzAiOnsiZGVsZXRlIjo2MDAwMDAwMDAwMDB9fQ==",
          "dependencies": [
            "openstack_networking_secgroup_v2.secgroup_grey"
          ]
        }
      ]
    },
    {
      "mode": "managed",
      "type": "openstack_networking_secgroup_rule_v2",
      "name": "secgroup_grey_rule_2",
      "provider": "provider[\"registry.terraform.io/terraform-provider-openstack/openstack\"]",
      "instances": [
        {
          "schema_version": 0,
          "attributes": {
            "description": "",
            "direction": "ingress",
            "ethertype": "IPv6",
            "id": "25e65594-0db7-493a-9ba3-afab6dfc0088",
            "port_range_max": 0,
            "port_range_min": 0,
            "protocol": "",
            "region": "CyberRange",
            "remote_group_id": "",
            "remote_ip_prefix": "",
            "security_group_id": "632a1539-2c64-40e0-8e7b-15a70442a3ea",
            "tenant_id": "04846fb2e027424d8898953062787b16",
            "timeouts": null
          },
          "sensitive_attributes": [],
          "identity_schema_version": 0,
          "private": "eyJlMmJmYjczMC1lY2FhLTExZTYtOGY4OC0zNDM2M2JjN2M0YzAiOnsiZGVsZXRlIjo2MDAwMDAwMDAwMDB9fQ==",
          "dependencies": [
            "openstack_networking_secgroup_v2.secgroup_grey"
          ]
        }
      ]
    },
    {
      "mode": "managed",
      "type": "openstack_networking_secgroup_rule_v2",
      "name": "secgroup_inscope_rule_1",
      "provider": "provider[\"registry.terraform.io/terraform-provider-openstack/openstack\"]",
      "instances": [
        {
          "schema_version": 0,
          "attributes": {
            "description": "",
            "direction": "ingress",
            "ethertype": "IPv4",
            "id": "9bf5558c-b898-45bb-9ebc-cb1dfbc43337",
            "port_range_max": 0,
            "port_range_min": 0,
            "protocol": "",
            "region": "CyberRange",
            "remote_group_id": "",
            "remote_ip_prefix": "",
            "security_group_id": "6b1c6286-622b-4326-91e8-574d0043db29",
            "tenant_id": "04846fb2e027424d8898953062787b16",
            "timeouts": null
          },
          "sensitive_attributes": [],
          "identity_schema_version": 0,
          "private": "eyJlMmJmYjczMC1lY2FhLTExZTYtOGY4OC0zNDM2M2JjN2M0YzAiOnsiZGVsZXRlIjo2MDAwMDAwMDAwMDB9fQ==",
          "dependencies": [
            "openstack_networking_secgroup_v2.secgroup_inscope"
          ]
        }
      ]
    },
    {
      "mode": "managed",
      "type": "openstack_networking_secgroup_rule_v2",
      "name": "secgroup_inscope_rule_2",
      "provider": "provider[\"registry.terraform.io/terraform-provider-openstack/openstack\"]",
      "instances": [
        {
          "schema_version": 0,
          "attributes": {
            "description": "",
            "direction": "ingress",
            "ethertype": "IPv6",
            "id": "51a75c4c-b76d-465f-bc26-4dcb2482339e",
            "port_range_max": 0,
            "port_range_min": 0,
            "protocol": "",
            "region": "CyberRange",
            "remote_group_id": "",
            "remote_ip_prefix": "",
            "security_group_id": "6b1c6286-622b-4326-91e8-574d0043db29",
            "tenant_id": "04846fb2e027424d8898953062787b16",
            "timeouts": null
          },
          "sensitive_attributes": [],
          "identity_schema_version": 0,
          "private": "eyJlMmJmYjczMC1lY2FhLTExZTYtOGY4OC0zNDM2M2JjN2M0YzAiOnsiZGVsZXRlIjo2MDAwMDAwMDAwMDB9fQ==",
          "dependencies": [
            "openstack_networking_secgroup_v2.secgroup_inscope"
          ]
        }
      ]
    },
    {
      "mode": "managed",
      "type": "openstack_networking_secgroup_rule_v2",
      "name": "secgroup_red_proxy_rule_1",
      "provider": "provider[\"registry.terraform.io/terraform-provider-openstack/openstack\"]",
      "instances": [
        {
          "schema_version": 0,
          "attributes": {
            "description": "",
            "direction": "ingress",
            "ethertype": "IPv4",
            "id": "5c7e2128-0259-4556-8955-159431863d0d",
            "port_range_max": 0,
            "port_range_min": 0,
            "protocol": "",
            "region": "CyberRange",
            "remote_group_id": "",
            "remote_ip_prefix": "",
            "security_group_id": "dd3f56be-e851-465a-9f61-783419504f41",
            "tenant_id": "04846fb2e027424d8898953062787b16",
            "timeouts": null
          },
          "sensitive_attributes": [],
          "identity_schema_version": 0,
          "private": "eyJlMmJmYjczMC1lY2FhLTExZTYtOGY4OC0zNDM2M2JjN2M0YzAiOnsiZGVsZXRlIjo2MDAwMDAwMDAwMDB9fQ==",
          "dependencies": [
            "openstack_networking_secgroup_v2.secgroup_red_proxy"
          ]
        }
      ]
    },
    {
      "mode": "managed",
      "type": "openstack_networking_secgroup_rule_v2",
      "name": "secgroup_red_proxy_rule_2",
      "provider": "provider[\"registry.terraform.io/terraform-provider-openstack/openstack\"]",
      "instances": [
        {
          "schema_version": 0,
          "attributes": {
            "description": "",
            "direction": "ingress",
            "ethertype": "IPv6",
            "id": "1b61a83e-1f8e-4135-b506-fee2220b97a8",
            "port_range_max": 0,
            "port_range_min": 0,
            "protocol": "",
            "region": "CyberRange",
            "remote_group_id": "",
            "remote_ip_prefix": "",
            "security_group_id": "dd3f56be-e851-465a-9f61-783419504f41",
            "tenant_id": "04846fb2e027424d8898953062787b16",
            "timeouts": null
          },
          "sensitive_attributes": [],
          "identity_schema_version": 0,
          "private": "eyJlMmJmYjczMC1lY2FhLTExZTYtOGY4OC0zNDM2M2JjN2M0YzAiOnsiZGVsZXRlIjo2MDAwMDAwMDAwMDB9fQ==",
          "dependencies": [
            "openstack_networking_secgroup_v2.secgroup_red_proxy"
          ]
        }
      ]
    },
    {
      "mode": "managed",
      "type": "openstack_networking_secgroup_rule_v2",
      "name": "secgroup_red_rule_1",
      "provider": "provider[\"registry.terraform.io/terraform-provider-openstack/openstack\"]",
      "instances": [
        {
          "schema_version": 0,
          "attributes": {
            "description": "",
            "direction": "ingress",
            "ethertype": "IPv4",
            "id": "b3c31d29-cb72-441f-a1d7-c31872d035f2",
            "port_range_max": 0,
            "port_range_min": 0,
            "protocol": "",
            "region": "CyberRange",
            "remote_group_id": "",
            "remote_ip_prefix": "",
            "security_group_id": "ba2ac3ee-32b5-4749-9bac-9e791ea0217a",
            "tenant_id": "04846fb2e027424d8898953062787b16",
            "timeouts": null
          },
          "sensitive_attributes": [],
          "identity_schema_version": 0,
          "private": "eyJlMmJmYjczMC1lY2FhLTExZTYtOGY4OC0zNDM2M2JjN2M0YzAiOnsiZGVsZXRlIjo2MDAwMDAwMDAwMDB9fQ==",
          "dependencies": [
            "openstack_networking_secgroup_v2.secgroup_red"
          ]
        }
      ]
    },
    {
      "mode": "managed",
      "type": "openstack_networking_secgroup_rule_v2",
      "name": "secgroup_red_rule_2",
      "provider": "provider[\"registry.terraform.io/terraform-provider-openstack/openstack\"]",
      "instances": [
        {
          "schema_version": 0,
          "attributes": {
            "description": "",
            "direction": "ingress",
            "ethertype": "IPv6",
            "id": "fea08a00-f37f-4e26-985f-8cc81b728652",
            "port_range_max": 0,
            "port_range_min": 0,
            "protocol": "",
            "region": "CyberRange",
            "remote_group_id": "",
            "remote_ip_prefix": "",
            "security_group_id": "ba2ac3ee-32b5-4749-9bac-9e791ea0217a",
            "tenant_id": "04846fb2e027424d8898953062787b16",
            "timeouts": null
          },
          "sensitive_attributes": [],
          "identity_schema_version": 0,
          "private": "eyJlMmJmYjczMC1lY2FhLTExZTYtOGY4OC0zNDM2M2JjN2M0YzAiOnsiZGVsZXRlIjo2MDAwMDAwMDAwMDB9fQ==",
          "dependencies": [
            "openstack_networking_secgroup_v2.secgroup_red"
          ]
        }
      ]
    },
    {
      "mode": "managed",
      "type": "openstack_networking_secgroup_v2",
      "name": "secgroup_blue",
      "provider": "provider[\"registry.terraform.io/terraform-provider-openstack/openstack\"]",
      "instances": [
        {
          "schema_version": 0,
          "attributes": {
            "all_tags": [],
            "delete_default_rules": null,
            "description": "",
            "id": "251444c5-67ae-4757-8c94-7cccd11c0218",
            "name": "secgroup_blue",
            "region": "CyberRange",
            "tags": [],
            "tenant_id": "04846fb2e027424d8898953062787b16",
            "timeouts": null
          },
          "sensitive_attributes": [],
          "identity_schema_version": 0,
          "private": "eyJlMmJmYjczMC1lY2FhLTExZTYtOGY4OC0zNDM2M2JjN2M0YzAiOnsiZGVsZXRlIjo2MDAwMDAwMDAwMDB9fQ=="
        }
      ]
    },
    {
      "mode": "managed",
      "type": "openstack_networking_secgroup_v2",
      "name": "secgroup_grey",
      "provider": "provider[\"registry.terraform.io/terraform-provider-openstack/openstack\"]",
      "instances": [
        {
          "schema_version": 0,
          "attributes": {
            "all_tags": [],
            "delete_default_rules": null,
            "description": "",
            "id": "632a1539-2c64-40e0-8e7b-15a70442a3ea",
            "name": "secgroup_grey",
            "region": "CyberRange",
            "tags": [],
            "tenant_id": "04846fb2e027424d8898953062787b16",
            "timeouts": null
          },
          "sensitive_attributes": [],
          "identity_schema_version": 0,
          "private": "eyJlMmJmYjczMC1lY2FhLTExZTYtOGY4OC0zNDM2M2JjN2M0YzAiOnsiZGVsZXRlIjo2MDAwMDAwMDAwMDB9fQ=="
        }
      ]
    },
    {
      "mode": "managed",
      "type": "openstack_networking_secgroup_v2",
      "name": "secgroup_inscope",
      "provider": "provider[\"registry.terraform.io/terraform-provider-openstack/openstack\"]",
      "instances": [
        {
          "schema_version": 0,
          "attributes": {
            "all_tags": [],
            "delete_default_rules": null,
            "description": "",
            "id": "6b1c6286-622b-4326-91e8-574d0043db29",
            "name": "secgroup_inscope",
            "region": "CyberRange",
            "tags": [],
            "tenant_id": "04846fb2e027424d8898953062787b16",
            "timeouts": null
          },
          "sensitive_attributes": [],
          "identity_schema_version": 0,
          "private": "eyJlMmJmYjczMC1lY2FhLTExZTYtOGY4OC0zNDM2M2JjN2M0YzAiOnsiZGVsZXRlIjo2MDAwMDAwMDAwMDB9fQ=="
        }
      ]
    },
    {
      "mode": "managed",
      "type": "openstack_networking_secgroup_v2",
      "name": "secgroup_red",
      "provider": "provider[\"registry.terraform.io/terraform-provider-openstack/openstack\"]",
      "instances": [
        {
          "schema_version": 0,
          "attributes": {
            "all_tags": [],
            "delete_default_rules": null,
            "description": "",
            "id": "ba2ac3ee-32b5-4749-9bac-9e791ea0217a",
            "name": "secgroup_red",
            "region": "CyberRange",
            "tags": [],
            "tenant_id": "04846fb2e027424d8898953062787b16",
            "timeouts": null
          },
          "sensitive_attributes": [],
          "identity_schema_version": 0,
          "private": "eyJlMmJmYjczMC1lY2FhLTExZTYtOGY4OC0zNDM2M2JjN2M0YzAiOnsiZGVsZXRlIjo2MDAwMDAwMDAwMDB9fQ=="
        }
      ]
    },
    {
      "mode": "managed",
      "type": "openstack_networking_secgroup_v2",
      "name": "secgroup_red_proxy",
      "provider": "provider[\"registry.terraform.io/terraform-provider-openstack/openstack\"]",
      "instances": [
        {
          "schema_version": 0,
          "attributes": {
            "all_tags": [],
            "delete_default_rules": null,
            "description": "",
            "id": "dd3f56be-e851-465a-9f61-783419504f41",
            "name": "secgroup_red_proxy",
            "region": "CyberRange",
            "tags": [],
            "tenant_id": "04846fb2e027424d8898953062787b16",
            "timeouts": null
          },
          "sensitive_attributes": [],
          "identity_schema_version": 0,
          "private": "eyJlMmJmYjczMC1lY2FhLTExZTYtOGY4OC0zNDM2M2JjN2M0YzAiOnsiZGVsZXRlIjo2MDAwMDAwMDAwMDB9fQ=="
        }
      ]
    },
    {
      "mode": "managed",
      "type": "openstack_networking_subnet_v2",
      "name": "subnet_blue",
      "provider": "provider[\"registry.terraform.io/terraform-provider-openstack/openstack\"]",
      "instances": [
        {
          "schema_version": 0,
          "attributes": {
            "all_tags": [],
            "allocation_pool": [
              {
                "end": "172.20.0.61",
                "start": "172.20.0.33"
              }
            ],
            "allocation_pools": [
              {
                "end": "172.20.0.61",
                "start": "172.20.0.33"
              }
            ],
            "cidr": "172.20.0.32/27",
            "description": "",
            "dns_nameservers": [
              "129.21.3.17",
              "8.8.8.8"
            ],
            "enable_dhcp": false,
            "gateway_ip": "172.20.0.62",
            "host_routes": [],
            "id": "3c63e4ca-e75f-4907-9ed5-1d2599acc701",
            "ip_version": 4,
            "ipv6_address_mode": "",
            "ipv6_ra_mode": "",
            "name": "subnet_blue",
            "network_id": "58c956b9-e665-4a35-8f00-6f0fa479217c",
            "no_gateway": false,
            "prefix_length": null,
            "region": "CyberRange",
            "service_types": [],
            "subnetpool_id": "",
            "tags": [],
            "tenant_id": "04846fb2e027424d8898953062787b16",
            "timeouts": null,
            "value_specs": null
          },
          "sensitive_attributes": [],
          "identity_schema_version": 0,
          "private": "eyJlMmJmYjczMC1lY2FhLTExZTYtOGY4OC0zNDM2M2JjN2M0YzAiOnsiY3JlYXRlIjo2MDAwMDAwMDAwMDAsImRlbGV0ZSI6NjAwMDAwMDAwMDAwfX0=",
          "dependencies": [
            "openstack_networking_network_v2.network_blue"
          ]
        }
      ]
    },
    {
      "mode": "managed",
      "type": "openstack_networking_subnet_v2",
      "name": "subnet_core",
      "provider": "provider[\"registry.terraform.io/terraform-provider-openstack/openstack\"]",
      "instances": [
        {
          "schema_version": 0,
          "attributes": {
            "all_tags": [],
            "allocation_pool": [
              {
                "end": "10.0.10.253",
                "start": "10.0.10.1"
              }
            ],
            "allocation_pools": [
              {
                "end": "10.0.10.253",
                "start": "10.0.10.1"
              }
            ],
            "cidr": "10.0.10.0/24",
            "description": "",
            "dns_nameservers": [
              "129.21.3.17",
              "8.8.8.8"
            ],
            "enable_dhcp": false,
            "gateway_ip": "10.0.10.254",
            "host_routes": [],
            "id": "4ce745bc-77a6-4b82-a61d-5d01a11deb05",
            "ip_version": 4,
            "ipv6_address_mode": "",
            "ipv6_ra_mode": "",
            "name": "subnet_core",
            "network_id": "e37fa546-ce27-47fb-be16-49953b01d5a4",
            "no_gateway": false,
            "prefix_length": null,
            "region": "CyberRange",
            "service_types": [],
            "subnetpool_id": "",
            "tags": [],
            "tenant_id": "04846fb2e027424d8898953062787b16",
            "timeouts": null,
            "value_specs": null
          },
          "sensitive_attributes": [],
          "identity_schema_version": 0,
          "private": "eyJlMmJmYjczMC1lY2FhLTExZTYtOGY4OC0zNDM2M2JjN2M0YzAiOnsiY3JlYXRlIjo2MDAwMDAwMDAwMDAsImRlbGV0ZSI6NjAwMDAwMDAwMDAwfX0=",
          "dependencies": [
            "openstack_networking_network_v2.network_core"
          ]
        }
      ]
    },
    {
      "mode": "managed",
      "type": "openstack_networking_subnet_v2",
      "name": "subnet_dmz",
      "provider": "provider[\"registry.terraform.io/terraform-provider-openstack/openstack\"]",
      "instances": [
        {
          "schema_version": 0,
          "attributes": {
            "all_tags": [],
            "allocation_pool": [
              {
                "end": "10.0.20.253",
                "start": "10.0.20.1"
              }
            ],
            "allocation_pools": [
              {
                "end": "10.0.20.253",
                "start": "10.0.20.1"
              }
            ],
            "cidr": "10.0.20.0/24",
            "description": "",
            "dns_nameservers": [
              "129.21.3.17",
              "8.8.8.8"
            ],
            "enable_dhcp": false,
            "gateway_ip": "10.0.20.254",
            "host_routes": [],
            "id": "9614bf8d-8d92-4b81-acbe-98ae5d6c3c41",
            "ip_version": 4,
            "ipv6_address_mode": "",
            "ipv6_ra_mode": "",
            "name": "subnet_dmz",
            "network_id": "e88beef8-349e-4ed8-94b9-7b95663dc20a",
            "no_gateway": false,
            "prefix_length": null,
            "region": "CyberRange",
            "service_types": [],
            "subnetpool_id": "",
            "tags": [],
            "tenant_id": "04846fb2e027424d8898953062787b16",
            "timeouts": null,
            "value_specs": null
          },
          "sensitive_attributes": [],
          "identity_schema_version": 0,
          "private": "eyJlMmJmYjczMC1lY2FhLTExZTYtOGY4OC0zNDM2M2JjN2M0YzAiOnsiY3JlYXRlIjo2MDAwMDAwMDAwMDAsImRlbGV0ZSI6NjAwMDAwMDAwMDAwfX0=",
          "dependencies": [
            "openstack_networking_network_v2.network_dmz"
          ]
        }
      ]
    },
    {
      "mode": "managed",
      "type": "openstack_networking_subnet_v2",
      "name": "subnet_grey",
      "provider": "provider[\"registry.terraform.io/terraform-provider-openstack/openstack\"]",
      "instances": [
        {
          "schema_version": 0,
          "attributes": {
            "all_tags": [],
            "allocation_pool": [
              {
                "end": "172.20.0.125",
                "start": "172.20.0.65"
              }
            ],
            "allocation_pools": [
              {
                "end": "172.20.0.125",
                "start": "172.20.0.65"
              }
            ],
            "cidr": "172.20.0.64/26",
            "description": "",
            "dns_nameservers": [
              "129.21.3.17",
              "8.8.8.8"
            ],
            "enable_dhcp": false,
            "gateway_ip": "172.20.0.126",
            "host_routes": [],
            "id": "c75e1168-3402-4ed0-a5dc-251ec41b244f",
            "ip_version": 4,
            "ipv6_address_mode": "",
            "ipv6_ra_mode": "",
            "name": "subnet_grey",
            "network_id": "63f0c69f-6136-4d09-b3b2-360cfbe571bc",
            "no_gateway": false,
            "prefix_length": null,
            "region": "CyberRange",
            "service_types": [],
            "subnetpool_id": "",
            "tags": [],
            "tenant_id": "04846fb2e027424d8898953062787b16",
            "timeouts": null,
            "value_specs": null
          },
          "sensitive_attributes": [],
          "identity_schema_version": 0,
          "private": "eyJlMmJmYjczMC1lY2FhLTExZTYtOGY4OC0zNDM2M2JjN2M0YzAiOnsiY3JlYXRlIjo2MDAwMDAwMDAwMDAsImRlbGV0ZSI6NjAwMDAwMDAwMDAwfX0=",
          "dependencies": [
            "openstack_networking_network_v2.network_grey"
          ]
        }
      ]
    },
    {
      "mode": "managed",
      "type": "openstack_networking_subnet_v2",
      "name": "subnet_internal",
      "provider": "provider[\"registry.terraform.io/terraform-provider-openstack/openstack\"]",
      "instances": [
        {
          "schema_version": 0,
          "attributes": {
            "all_tags": [],
            "allocation_pool": [
              {
                "end": "10.0.30.253",
                "start": "10.0.30.1"
              }
            ],
            "allocation_pools": [
              {
                "end": "10.0.30.253",
                "start": "10.0.30.1"
              }
            ],
            "cidr": "10.0.30.0/24",
            "description": "",
            "dns_nameservers": [
              "129.21.3.17",
              "8.8.8.8"
            ],
            "enable_dhcp": false,
            "gateway_ip": "10.0.30.254",
            "host_routes": [],
            "id": "f9f12cdf-8547-4fef-8b11-56d276411f32",
            "ip_version": 4,
            "ipv6_address_mode": "",
            "ipv6_ra_mode": "",
            "name": "subnet_internal",
            "network_id": "6a9781ee-b184-453e-bbe0-a71a25cce80b",
            "no_gateway": false,
            "prefix_length": null,
            "region": "CyberRange",
            "service_types": [],
            "subnetpool_id": "",
            "tags": [],
            "tenant_id": "04846fb2e027424d8898953062787b16",
            "timeouts": null,
            "value_specs": null
          },
          "sensitive_attributes": [],
          "identity_schema_version": 0,
          "private": "eyJlMmJmYjczMC1lY2FhLTExZTYtOGY4OC0zNDM2M2JjN2M0YzAiOnsiY3JlYXRlIjo2MDAwMDAwMDAwMDAsImRlbGV0ZSI6NjAwMDAwMDAwMDAwfX0=",
          "dependencies": [
            "openstack_networking_network_v2.network_internal"
          ]
        }
      ]
    },
    {
      "mode": "managed",
      "type": "openstack_networking_subnet_v2",
      "name": "subnet_red",
      "provider": "provider[\"registry.terraform.io/terraform-provider-openstack/openstack\"]",
      "instances": [
        {
          "schema_version": 0,
          "attributes": {
            "all_tags": [],
            "allocation_pool": [
              {
                "end": "192.168.10.253",
                "start": "192.168.10.1"
              }
            ],
            "allocation_pools": [
              {
                "end": "192.168.10.253",
                "start": "192.168.10.1"
              }
            ],
            "cidr": "192.168.10.0/24",
            "description": "",
            "dns_nameservers": [
              "129.21.3.17",
              "8.8.8.8"
            ],
            "enable_dhcp": false,
            "gateway_ip": "192.168.10.254",
            "host_routes": [],
            "id": "1150603e-3a70-4639-ab88-4c7995127a9b",
            "ip_version": 4,
            "ipv6_address_mode": "",
            "ipv6_ra_mode": "",
            "name": "subnet_red",
            "network_id": "92485abc-8ac8-4c40-98a2-8826aeedada8",
            "no_gateway": false,
            "prefix_length": null,
            "region": "CyberRange",
            "service_types": [],
            "subnetpool_id": "",
            "tags": [],
            "tenant_id": "04846fb2e027424d8898953062787b16",
            "timeouts": null,
            "value_specs": null
          },
          "sensitive_attributes": [],
          "identity_schema_version": 0,
          "private": "eyJlMmJmYjczMC1lY2FhLTExZTYtOGY4OC0zNDM2M2JjN2M0YzAiOnsiY3JlYXRlIjo2MDAwMDAwMDAwMDAsImRlbGV0ZSI6NjAwMDAwMDAwMDAwfX0=",
          "dependencies": [
            "openstack_networking_network_v2.network_red"
          ]
        }
      ]
    },
    {
      "mode": "managed",
      "type": "openstack_networking_subnet_v2",
      "name": "subnet_red_proxy",
      "provider": "provider[\"registry.terraform.io/terraform-provider-openstack/openstack\"]",
      "instances": [
        {
          "schema_version": 0,
          "attributes": {
            "all_tags": [],
            "allocation_pool": [
              {
                "end": "192.168.50.253",
                "start": "192.168.50.1"
              }
            ],
            "allocation_pools": [
              {
                "end": "192.168.50.253",
                "start": "192.168.50.1"
              }
            ],
            "cidr": "192.168.50.0/24",
            "description": "",
            "dns_nameservers": [
              "129.21.3.17",
              "8.8.8.8"
            ],
            "enable_dhcp": false,
            "gateway_ip": "192.168.50.254",
            "host_routes": [],
            "id": "bf1efce3-551f-43c8-8228-1169fad47a51",
            "ip_version": 4,
            "ipv6_address_mode": "",
            "ipv6_ra_mode": "",
            "name": "subnet_red_proxy",
            "network_id": "9be947e7-cb6c-4e2e-9ec2-b1d7553a8fbd",
            "no_gateway": false,
            "prefix_length": null,
            "region": "CyberRange",
            "service_types": [],
            "subnetpool_id": "",
            "tags": [],
            "tenant_id": "04846fb2e027424d8898953062787b16",
            "timeouts": null,
            "value_specs": null
          },
          "sensitive_attributes": [],
          "identity_schema_version": 0,
          "private": "eyJlMmJmYjczMC1lY2FhLTExZTYtOGY4OC0zNDM2M2JjN2M0YzAiOnsiY3JlYXRlIjo2MDAwMDAwMDAwMDAsImRlbGV0ZSI6NjAwMDAwMDAwMDAwfX0=",
          "dependencies": [
            "openstack_networking_network_v2.network_red_proxy"
          ]
        }
      ]
    }
  ],
  "check_results": null
}
