{
  "version": 4,
  "terraform_version": "1.13.4",
  "serial": 1541,
  "lineage": "54e0dab0-de8a-dfcf-abdc-1b3e8317fae0",
  "outputs": {},
  "resources": [
    {
      "mode": "managed",
      "type": "openstack_compute_instance_v2",
      "name": "deploy",
      "provider": "provider[\"registry.terraform.io/terraform-provider-openstack/openstack\"]",
      "instances": [
        {
          "schema_version": 0,
          "attributes": {
            "access_ip_v4": "172.20.0.80",
            "access_ip_v6": "",
            "admin_pass": null,
            "all_metadata": {},
            "all_tags": [],
            "availability_zone": "nova",
            "availability_zone_hints": null,
            "block_device": [
              {
                "boot_index": 0,
                "delete_on_termination": true,
                "destination_type": "volume",
                "device_type": "",
                "disk_bus": "",
                "guest_format": "",
                "multiattach": false,
                "source_type": "image",
                "uuid": "70de79be-69be-45dc-b956-f15dbe194ccd",
                "volume_size": 75,
                "volume_type": ""
              }
            ],
            "config_drive": null,
            "created": "2026-02-04 22:19:09 +0000 UTC",
            "flavor_id": "3d619a1a-fc6e-4fd2-9a14-18da0587bb22",
            "flavor_name": "xlarge",
            "floating_ip": null,
            "force_delete": false,
            "id": "f88aa8df-9eab-441c-83f6-0df364a40e04",
            "image_id": "Attempt to boot from volume - no image supplied",
            "image_name": null,
            "key_pair": "cdt",
            "metadata": null,
            "name": "deploy",
            "network": [
              {
                "access_network": false,
                "fixed_ip_v4": "172.20.0.80",
                "fixed_ip_v6": "",
                "floating_ip": "",
                "mac": "fa:16:3e:2a:01:22",
                "name": "network_grey",
                "port": "",
                "uuid": "63f0c69f-6136-4d09-b3b2-360cfbe571bc"
              },
              {
                "access_network": false,
                "fixed_ip_v4": "100.65.3.219",
                "fixed_ip_v6": "",
                "floating_ip": "",
                "mac": "fa:16:3e:26:80:d7",
                "name": "MAIN-NAT",
                "port": "",
                "uuid": "2f96295c-34f6-49a2-b5cf-7f5b407be0c8"
              }
            ],
            "network_mode": null,
            "personality": [],
            "power_state": "active",
            "region": "CyberRange",
            "scheduler_hints": [],
            "security_groups": [
              "secgroup_grey"
            ],
            "stop_before_destroy": false,
            "tags": [],
            "timeouts": null,
            "updated": "2026-02-04 22:19:27 +0000 UTC",
            "user_data": "f72d9cdacaab36c9d8ea582c2535a649e99dd300",
            "vendor_options": [],
            "volume": []
          },
          "sensitive_attributes": [
            [
              {
                "type": "get_attr",
                "value": "admin_pass"
              }
            ]
          ],
          "identity_schema_version": 0,
          "private": "eyJlMmJmYjczMC1lY2FhLTExZTYtOGY4OC0zNDM2M2JjN2M0YzAiOnsiY3JlYXRlIjoxODAwMDAwMDAwMDAwLCJkZWxldGUiOjE4MDAwMDAwMDAwMDAsInVwZGF0ZSI6MTgwMDAwMDAwMDAwMH19",
          "dependencies": [
            "openstack_networking_network_v2.network_grey",
            "openstack_networking_secgroup_v2.secgroup_grey"
          ]
        }
      ]
    },
    {
      "mode": "managed",
      "type": "openstack_networking_network_v2",
      "name": "network_blue",
      "provider": "provider[\"registry.terraform.io/terraform-provider-openstack/openstack\"]",
      "instances": [
        {
          "schema_version": 0,
          "attributes": {
            "admin_state_up": true,
            "all_tags": [],
            "availability_zone_hints": [],
            "description": "",
            "dns_domain": "",
            "external": false,
            "id": "58c956b9-e665-4a35-8f00-6f0fa479217c",
            "mtu": 1500,
            "name": "network_blue",
            "port_security_enabled": true,
            "qos_policy_id": "",
            "region": "CyberRange",
            "segments": [],
            "shared": false,
            "tags": [],
            "tenant_id": "04846fb2e027424d8898953062787b16",
            "timeouts": null,
            "transparent_vlan": false,
            "value_specs": null
          },
          "sensitive_attributes": [],
          "identity_schema_version": 0,
          "private": "eyJlMmJmYjczMC1lY2FhLTExZTYtOGY4OC0zNDM2M2JjN2M0YzAiOnsiY3JlYXRlIjo2MDAwMDAwMDAwMDAsImRlbGV0ZSI6NjAwMDAwMDAwMDAwfX0="
        }
      ]
    },
    {
      "mode": "managed",
      "type": "openstack_networking_network_v2",
      "name": "network_core",
      "provider": "provider[\"registry.terraform.io/terraform-provider-openstack/openstack\"]",
      "instances": [
        {
          "schema_version": 0,
          "attributes": {
            "admin_state_up": true,
            "all_tags": [],
            "availability_zone_hints": [],
            "description": "",
            "dns_domain": "",
            "external": false,
            "id": "e37fa546-ce27-47fb-be16-49953b01d5a4",
            "mtu": 1500,
            "name": "network_core",
            "port_security_enabled": true,
            "qos_policy_id": "",
            "region": "CyberRange",
            "segments": [],
            "shared": false,
            "tags": [],
            "tenant_id": "04846fb2e027424d8898953062787b16",
            "timeouts": null,
            "transparent_vlan": false,
            "value_specs": null
          },
          "sensitive_attributes": [],
          "identity_schema_version": 0,
          "private": "eyJlMmJmYjczMC1lY2FhLTExZTYtOGY4OC0zNDM2M2JjN2M0YzAiOnsiY3JlYXRlIjo2MDAwMDAwMDAwMDAsImRlbGV0ZSI6NjAwMDAwMDAwMDAwfX0="
        }
      ]
    },
    {
      "mode": "managed",
      "type": "openstack_networking_network_v2",
      "name": "network_dmz",
      "provider": "provider[\"registry.terraform.io/terraform-provider-openstack/openstack\"]",
      "instances": [
        {
          "schema_version": 0,
          "attributes": {
            "admin_state_up": true,
            "all_tags": [],
            "availability_zone_hints": [],
            "description": "",
            "dns_domain": "",
            "external": false,
            "id": "e88beef8-349e-4ed8-94b9-7b95663dc20a",
            "mtu": 1500,
            "name": "network_dmz",
            "port_security_enabled": true,
            "qos_policy_id": "",
            "region": "CyberRange",
            "segments": [],
            "shared": false,
            "tags": [],
            "tenant_id": "04846fb2e027424d8898953062787b16",
            "timeouts": null,
            "transparent_vlan": false,
            "value_specs": null
          },
          "sensitive_attributes": [],
          "identity_schema_version": 0,
          "private": "eyJlMmJmYjczMC1lY2FhLTExZTYtOGY4OC0zNDM2M2JjN2M0YzAiOnsiY3JlYXRlIjo2MDAwMDAwMDAwMDAsImRlbGV0ZSI6NjAwMDAwMDAwMDAwfX0="
        }
      ]
    },
    {
      "mode": "managed",
      "type": "openstack_networking_network_v2",
      "name": "network_grey",
      "provider": "provider[\"registry.terraform.io/terraform-provider-openstack/openstack\"]",
      "instances": [
        {
          "schema_version": 0,
          "attributes": {
            "admin_state_up": true,
            "all_tags": [],
            "availability_zone_hints": [],
            "description": "",
            "dns_domain": "",
            "external": false,
            "id": "63f0c69f-6136-4d09-b3b2-360cfbe571bc",
            "mtu": 1500,
            "name": "network_grey",
            "port_security_enabled": true,
            "qos_policy_id": "",
            "region": "CyberRange",
            "segments": [],
            "shared": false,
            "tags": [],
            "tenant_id": "04846fb2e027424d8898953062787b16",
            "timeouts": null,
            "transparent_vlan": false,
            "value_specs": null
          },
          "sensitive_attributes": [],
          "identity_schema_version": 0,
          "private": "eyJlMmJmYjczMC1lY2FhLTExZTYtOGY4OC0zNDM2M2JjN2M0YzAiOnsiY3JlYXRlIjo2MDAwMDAwMDAwMDAsImRlbGV0ZSI6NjAwMDAwMDAwMDAwfX0="
        }
      ]
    },
    {
      "mode": "managed",
      "type": "openstack_networking_network_v2",
      "name": "network_internal",
      "provider": "provider[\"registry.terraform.io/terraform-provider-openstack/openstack\"]",
      "instances": [
        {
          "schema_version": 0,
          "attributes": {
            "admin_state_up": true,
            "all_tags": [],
            "availability_zone_hints": [],
            "description": "",
            "dns_domain": "",
            "external": false,
            "id": "6a9781ee-b184-453e-bbe0-a71a25cce80b",
            "mtu": 1500,
            "name": "network_internal",
            "port_security_enabled": true,
            "qos_policy_id": "",
            "region": "CyberRange",
            "segments": [],
            "shared": false,
            "tags": [],
            "tenant_id": "04846fb2e027424d8898953062787b16",
            "timeouts": null,
            "transparent_vlan": false,
            "value_specs": null
          },
          "sensitive_attributes": [],
          "identity_schema_version": 0,
          "private": "eyJlMmJmYjczMC1lY2FhLTExZTYtOGY4OC0zNDM2M2JjN2M0YzAiOnsiY3JlYXRlIjo2MDAwMDAwMDAwMDAsImRlbGV0ZSI6NjAwMDAwMDAwMDAwfX0="
        }
      ]
    },
    {
      "mode": "managed",
      "type": "openstack_networking_router_interface_v2",
      "name": "router_int_blue",
      "provider": "provider[\"registry.terraform.io/terraform-provider-openstack/openstack\"]",
      "instances": [
        {
          "schema_version": 0,
          "attributes": {
            "force_destroy": false,
            "id": "f8727279-4704-4d64-8a76-77dceaaec4ce",
            "port_id": "f8727279-4704-4d64-8a76-77dceaaec4ce",
            "region": "CyberRange",
            "router_id": "a89fdb7c-ab4c-4649-9763-62dc5f796a09",
            "subnet_id": "3c63e4ca-e75f-4907-9ed5-1d2599acc701",
            "timeouts": null
          },
          "sensitive_attributes": [],
          "identity_schema_version": 0,
          "private": "eyJlMmJmYjczMC1lY2FhLTExZTYtOGY4OC0zNDM2M2JjN2M0YzAiOnsiY3JlYXRlIjo2MDAwMDAwMDAwMDAsImRlbGV0ZSI6NjAwMDAwMDAwMDAwfX0=",
          "dependencies": [
            "openstack_networking_network_v2.network_blue",
            "openstack_networking_router_v2.router_main",
            "openstack_networking_subnet_v2.subnet_blue"
          ]
        }
      ]
    },
    {
      "mode": "managed",
      "type": "openstack_networking_router_interface_v2",
      "name": "router_int_core",
      "provider": "provider[\"registry.terraform.io/terraform-provider-openstack/openstack\"]",
      "instances": [
        {
          "schema_version": 0,
          "attributes": {
            "force_destroy": false,
            "id": "372a5ca8-17c3-4fd5-a9fd-bb3510d95f75",
            "port_id": "372a5ca8-17c3-4fd5-a9fd-bb3510d95f75",
            "region": "CyberRange",
            "router_id": "a89fdb7c-ab4c-4649-9763-62dc5f796a09",
            "subnet_id": "4ce745bc-77a6-4b82-a61d-5d01a11deb05",
            "timeouts": null
          },
          "sensitive_attributes": [],
          "identity_schema_version": 0,
          "private": "eyJlMmJmYjczMC1lY2FhLTExZTYtOGY4OC0zNDM2M2JjN2M0YzAiOnsiY3JlYXRlIjo2MDAwMDAwMDAwMDAsImRlbGV0ZSI6NjAwMDAwMDAwMDAwfX0=",
          "dependencies": [
            "openstack_networking_network_v2.network_core",
            "openstack_networking_router_v2.router_main",
            "openstack_networking_subnet_v2.subnet_core"
          ]
        }
      ]
    },
    {
      "mode": "managed",
      "type": "openstack_networking_router_interface_v2",
      "name": "router_int_dmz",
      "provider": "provider[\"registry.terraform.io/terraform-provider-openstack/openstack\"]",
      "instances": [
        {
          "schema_version": 0,
          "attributes": {
            "force_destroy": false,
            "id": "d352f342-8382-4e86-b3af-f0b97ce7e01d",
            "port_id": "d352f342-8382-4e86-b3af-f0b97ce7e01d",
            "region": "CyberRange",
            "router_id": "a89fdb7c-ab4c-4649-9763-62dc5f796a09",
            "subnet_id": "9614bf8d-8d92-4b81-acbe-98ae5d6c3c41",
            "timeouts": null
          },
          "sensitive_attributes": [],
          "identity_schema_version": 0,
          "private": "eyJlMmJmYjczMC1lY2FhLTExZTYtOGY4OC0zNDM2M2JjN2M0YzAiOnsiY3JlYXRlIjo2MDAwMDAwMDAwMDAsImRlbGV0ZSI6NjAwMDAwMDAwMDAwfX0=",
          "dependencies": [
            "openstack_networking_network_v2.network_dmz",
            "openstack_networking_router_v2.router_main",
            "openstack_networking_subnet_v2.subnet_dmz"
          ]
        }
      ]
    },
    {
      "mode": "managed",
      "type": "openstack_networking_router_interface_v2",
      "name": "router_int_grey",
      "provider": "provider[\"registry.terraform.io/terraform-provider-openstack/openstack\"]",
      "instances": [
        {
          "schema_version": 0,
          "attributes": {
            "force_destroy": false,
            "id": "759f5a52-8475-4d20-98d8-6be8514f56cd",
            "port_id": "759f5a52-8475-4d20-98d8-6be8514f56cd",
            "region": "CyberRange",
            "router_id": "a89fdb7c-ab4c-4649-9763-62dc5f796a09",
            "subnet_id": "c75e1168-3402-4ed0-a5dc-251ec41b244f",
            "timeouts": null
          },
          "sensitive_attributes": [],
          "identity_schema_version": 0,
          "private": "eyJlMmJmYjczMC1lY2FhLTExZTYtOGY4OC0zNDM2M2JjN2M0YzAiOnsiY3JlYXRlIjo2MDAwMDAwMDAwMDAsImRlbGV0ZSI6NjAwMDAwMDAwMDAwfX0=",
          "dependencies": [
            "openstack_networking_network_v2.network_grey",
            "openstack_networking_router_v2.router_main",
            "openstack_networking_subnet_v2.subnet_grey"
          ]
        }
      ]
    },
    {
      "mode": "managed",
      "type": "openstack_networking_router_interface_v2",
      "name": "router_int_internal",
      "provider": "provider[\"registry.terraform.io/terraform-provider-openstack/openstack\"]",
      "instances": [
        {
          "schema_version": 0,
          "attributes": {
            "force_destroy": false,
            "id": "4d8e7165-bc84-4083-9182-1241b1252ed9",
            "port_id": "4d8e7165-bc84-4083-9182-1241b1252ed9",
            "region": "CyberRange",
            "router_id": "a89fdb7c-ab4c-4649-9763-62dc5f796a09",
            "subnet_id": "f9f12cdf-8547-4fef-8b11-56d276411f32",
            "timeouts": null
          },
          "sensitive_attributes": [],
          "identity_schema_version": 0,
          "private": "eyJlMmJmYjczMC1lY2FhLTExZTYtOGY4OC0zNDM2M2JjN2M0YzAiOnsiY3JlYXRlIjo2MDAwMDAwMDAwMDAsImRlbGV0ZSI6NjAwMDAwMDAwMDAwfX0=",
          "dependencies": [
            "openstack_networking_network_v2.network_internal",
            "openstack_networking_router_v2.router_main",
            "openstack_networking_subnet_v2.subnet_internal"
          ]
        }
      ]
    },
    {
      "mode": "managed",
      "type": "openstack_networking_router_v2",
      "name": "router_main",
      "provider": "provider[\"registry.terraform.io/terraform-provider-openstack/openstack\"]",
      "instances": [
        {
          "schema_version": 0,
          "attributes": {
            "admin_state_up": true,
            "all_tags": [],
            "availability_zone_hints": [],
            "description": "",
            "distributed": false,
            "enable_snat": true,
            "external_fixed_ip": [
              {
                "ip_address": "100.65.2.180",
                "subnet_id": "fbf166e0-4b80-420b-b346-521e5a06ad0e"
              }
            ],
            "external_gateway": "2f96295c-34f6-49a2-b5cf-7f5b407be0c8",
            "external_network_id": "2f96295c-34f6-49a2-b5cf-7f5b407be0c8",
            "external_subnet_ids": null,
            "id": "a89fdb7c-ab4c-4649-9763-62dc5f796a09",
            "name": "router_main",
            "region": "CyberRange",
            "tags": [],
            "tenant_id": "04846fb2e027424d8898953062787b16",
            "timeouts": null,
            "value_specs": null,
            "vendor_options": []
          },
          "sensitive_attributes": [],
          "identity_schema_version": 0,
          "private": "eyJlMmJmYjczMC1lY2FhLTExZTYtOGY4OC0zNDM2M2JjN2M0YzAiOnsiY3JlYXRlIjo2MDAwMDAwMDAwMDAsImRlbGV0ZSI6NjAwMDAwMDAwMDAwfX0="
        }
      ]
    },
    {
      "mode": "managed",
      "type": "openstack_networking_secgroup_rule_v2",
      "name": "secgroup_blue_rule_1",
      "provider": "provider[\"registry.terraform.io/terraform-provider-openstack/openstack\"]",
      "instances": [
        {
          "schema_version": 0,
          "attributes": {
            "description": "",
            "direction": "ingress",
            "ethertype": "IPv4",
            "id": "9769c231-bb9d-496d-a486-e7fe9a049d9a",
            "port_range_max": 0,
            "port_range_min": 0,
            "protocol": "",
            "region": "CyberRange",
            "remote_group_id": "",
            "remote_ip_prefix": "",
            "security_group_id": "251444c5-67ae-4757-8c94-7cccd11c0218",
            "tenant_id": "04846fb2e027424d8898953062787b16",
            "timeouts": null
          },
          "sensitive_attributes": [],
          "identity_schema_version": 0,
          "private": "eyJlMmJmYjczMC1lY2FhLTExZTYtOGY4OC0zNDM2M2JjN2M0YzAiOnsiZGVsZXRlIjo2MDAwMDAwMDAwMDB9fQ==",
          "dependencies": [
            "openstack_networking_secgroup_v2.secgroup_blue"
          ]
        }
      ]
    },
    {
      "mode": "managed",
      "type": "openstack_networking_secgroup_rule_v2",
      "name": "secgroup_blue_rule_2",
      "provider": "provider[\"registry.terraform.io/terraform-provider-openstack/openstack\"]",
      "instances": [
        {
          "schema_version": 0,
          "attributes": {
            "description": "",
            "direction": "ingress",
            "ethertype": "IPv6",
            "id": "ba1e6b2a-2414-4adf-a0c6-744bc6cab5a3",
            "port_range_max": 0,
            "port_range_min": 0,
            "protocol": "",
            "region": "CyberRange",
            "remote_group_id": "",
            "remote_ip_prefix": "",
            "security_group_id": "251444c5-67ae-4757-8c94-7cccd11c0218",
            "tenant_id": "04846fb2e027424d8898953062787b16",
            "timeouts": null
          },
          "sensitive_attributes": [],
          "identity_schema_version": 0,
          "private": "eyJlMmJmYjczMC1lY2FhLTExZTYtOGY4OC0zNDM2M2JjN2M0YzAiOnsiZGVsZXRlIjo2MDAwMDAwMDAwMDB9fQ==",
          "dependencies": [
            "openstack_networking_secgroup_v2.secgroup_blue"
          ]
        }
      ]
    },
    {
      "mode": "managed",
      "type": "openstack_networking_secgroup_rule_v2",
      "name": "secgroup_grey_rule_1",
      "provider": "provider[\"registry.terraform.io/terraform-provider-openstack/openstack\"]",
      "instances": [
        {
          "schema_version": 0,
          "attributes": {
            "description": "",
            "direction": "ingress",
            "ethertype": "IPv4",
            "id": "7a4af815-0d55-46e9-ba62-d73e4d57d3ab",
            "port_range_max": 0,
            "port_range_min": 0,
            "protocol": "",
            "region": "CyberRange",
            "remote_group_id": "",
            "remote_ip_prefix": "",
            "security_group_id": "632a1539-2c64-40e0-8e7b-15a70442a3ea",
            "tenant_id": "04846fb2e027424d8898953062787b16",
            "timeouts": null
          },
          "sensitive_attributes": [],
          "identity_schema_version": 0,
          "private": "eyJlMmJmYjczMC1lY2FhLTExZTYtOGY4OC0zNDM2M2JjN2M0YzAiOnsiZGVsZXRlIjo2MDAwMDAwMDAwMDB9fQ==",
          "dependencies": [
            "openstack_networking_secgroup_v2.secgroup_grey"
          ]
        }
      ]
    },
    {
      "mode": "managed",
      "type": "openstack_networking_secgroup_rule_v2",
      "name": "secgroup_grey_rule_2",
      "provider": "provider[\"registry.terraform.io/terraform-provider-openstack/openstack\"]",
      "instances": [
        {
          "schema_version": 0,
          "attributes": {
            "description": "",
            "direction": "ingress",
            "ethertype": "IPv6",
            "id": "2bb63e36-699a-4fef-9538-7cf8bc084f00",
            "port_range_max": 0,
            "port_range_min": 0,
            "protocol": "",
            "region": "CyberRange",
            "remote_group_id": "",
            "remote_ip_prefix": "",
            "security_group_id": "632a1539-2c64-40e0-8e7b-15a70442a3ea",
            "tenant_id": "04846fb2e027424d8898953062787b16",
            "timeouts": null
          },
          "sensitive_attributes": [],
          "identity_schema_version": 0,
          "private": "eyJlMmJmYjczMC1lY2FhLTExZTYtOGY4OC0zNDM2M2JjN2M0YzAiOnsiZGVsZXRlIjo2MDAwMDAwMDAwMDB9fQ==",
          "dependencies": [
            "openstack_networking_secgroup_v2.secgroup_grey"
          ]
        }
      ]
    },
    {
      "mode": "managed",
      "type": "openstack_networking_secgroup_rule_v2",
      "name": "secgroup_inscope_rule_1",
      "provider": "provider[\"registry.terraform.io/terraform-provider-openstack/openstack\"]",
      "instances": [
        {
          "schema_version": 0,
          "attributes": {
            "description": "",
            "direction": "ingress",
            "ethertype": "IPv4",
            "id": "a9874bc9-a26d-4707-8d7a-af2afa5f5602",
            "port_range_max": 0,
            "port_range_min": 0,
            "protocol": "",
            "region": "CyberRange",
            "remote_group_id": "",
            "remote_ip_prefix": "",
            "security_group_id": "6b1c6286-622b-4326-91e8-574d0043db29",
            "tenant_id": "04846fb2e027424d8898953062787b16",
            "timeouts": null
          },
          "sensitive_attributes": [],
          "identity_schema_version": 0,
          "private": "eyJlMmJmYjczMC1lY2FhLTExZTYtOGY4OC0zNDM2M2JjN2M0YzAiOnsiZGVsZXRlIjo2MDAwMDAwMDAwMDB9fQ==",
          "dependencies": [
            "openstack_networking_secgroup_v2.secgroup_inscope"
          ]
        }
      ]
    },
    {
      "mode": "managed",
      "type": "openstack_networking_secgroup_rule_v2",
      "name": "secgroup_inscope_rule_2",
      "provider": "provider[\"registry.terraform.io/terraform-provider-openstack/openstack\"]",
      "instances": [
        {
          "schema_version": 0,
          "attributes": {
            "description": "",
            "direction": "ingress",
            "ethertype": "IPv6",
            "id": "f199ea91-9393-48cf-b75d-3c3a1387122f",
            "port_range_max": 0,
            "port_range_min": 0,
            "protocol": "",
            "region": "CyberRange",
            "remote_group_id": "",
            "remote_ip_prefix": "",
            "security_group_id": "6b1c6286-622b-4326-91e8-574d0043db29",
            "tenant_id": "04846fb2e027424d8898953062787b16",
            "timeouts": null
          },
          "sensitive_attributes": [],
          "identity_schema_version": 0,
          "private": "eyJlMmJmYjczMC1lY2FhLTExZTYtOGY4OC0zNDM2M2JjN2M0YzAiOnsiZGVsZXRlIjo2MDAwMDAwMDAwMDB9fQ==",
          "dependencies": [
            "openstack_networking_secgroup_v2.secgroup_inscope"
          ]
        }
      ]
    },
    {
      "mode": "managed",
      "type": "openstack_networking_secgroup_rule_v2",
      "name": "secgroup_red_rule_1",
      "provider": "provider[\"registry.terraform.io/terraform-provider-openstack/openstack\"]",
      "instances": [
        {
          "schema_version": 0,
          "attributes": {
            "description": "",
            "direction": "ingress",
            "ethertype": "IPv4",
            "id": "4e240832-f983-4e40-b43a-e76c57dcd5dc",
            "port_range_max": 0,
            "port_range_min": 0,
            "protocol": "",
            "region": "CyberRange",
            "remote_group_id": "",
            "remote_ip_prefix": "",
            "security_group_id": "ba2ac3ee-32b5-4749-9bac-9e791ea0217a",
            "tenant_id": "04846fb2e027424d8898953062787b16",
            "timeouts": null
          },
          "sensitive_attributes": [],
          "identity_schema_version": 0,
          "private": "eyJlMmJmYjczMC1lY2FhLTExZTYtOGY4OC0zNDM2M2JjN2M0YzAiOnsiZGVsZXRlIjo2MDAwMDAwMDAwMDB9fQ==",
          "dependencies": [
            "openstack_networking_secgroup_v2.secgroup_red"
          ]
        }
      ]
    },
    {
      "mode": "managed",
      "type": "openstack_networking_secgroup_rule_v2",
      "name": "secgroup_red_rule_2",
      "provider": "provider[\"registry.terraform.io/terraform-provider-openstack/openstack\"]",
      "instances": [
        {
          "schema_version": 0,
          "attributes": {
            "description": "",
            "direction": "ingress",
            "ethertype": "IPv6",
            "id": "ec5538b9-f454-458d-aef0-228b1772da1f",
            "port_range_max": 0,
            "port_range_min": 0,
            "protocol": "",
            "region": "CyberRange",
            "remote_group_id": "",
            "remote_ip_prefix": "",
            "security_group_id": "ba2ac3ee-32b5-4749-9bac-9e791ea0217a",
            "tenant_id": "04846fb2e027424d8898953062787b16",
            "timeouts": null
          },
          "sensitive_attributes": [],
          "identity_schema_version": 0,
          "private": "eyJlMmJmYjczMC1lY2FhLTExZTYtOGY4OC0zNDM2M2JjN2M0YzAiOnsiZGVsZXRlIjo2MDAwMDAwMDAwMDB9fQ==",
          "dependencies": [
            "openstack_networking_secgroup_v2.secgroup_red"
          ]
        }
      ]
    },
    {
      "mode": "managed",
      "type": "openstack_networking_secgroup_v2",
      "name": "secgroup_blue",
      "provider": "provider[\"registry.terraform.io/terraform-provider-openstack/openstack\"]",
      "instances": [
        {
          "schema_version": 0,
          "attributes": {
            "all_tags": [],
            "delete_default_rules": null,
            "description": "",
            "id": "251444c5-67ae-4757-8c94-7cccd11c0218",
            "name": "secgroup_blue",
            "region": "CyberRange",
            "tags": [],
            "tenant_id": "04846fb2e027424d8898953062787b16",
            "timeouts": null
          },
          "sensitive_attributes": [],
          "identity_schema_version": 0,
          "private": "eyJlMmJmYjczMC1lY2FhLTExZTYtOGY4OC0zNDM2M2JjN2M0YzAiOnsiZGVsZXRlIjo2MDAwMDAwMDAwMDB9fQ=="
        }
      ]
    },
    {
      "mode": "managed",
      "type": "openstack_networking_secgroup_v2",
      "name": "secgroup_grey",
      "provider": "provider[\"registry.terraform.io/terraform-provider-openstack/openstack\"]",
      "instances": [
        {
          "schema_version": 0,
          "attributes": {
            "all_tags": [],
            "delete_default_rules": null,
            "description": "",
            "id": "632a1539-2c64-40e0-8e7b-15a70442a3ea",
            "name": "secgroup_grey",
            "region": "CyberRange",
            "tags": [],
            "tenant_id": "04846fb2e027424d8898953062787b16",
            "timeouts": null
          },
          "sensitive_attributes": [],
          "identity_schema_version": 0,
          "private": "eyJlMmJmYjczMC1lY2FhLTExZTYtOGY4OC0zNDM2M2JjN2M0YzAiOnsiZGVsZXRlIjo2MDAwMDAwMDAwMDB9fQ=="
        }
      ]
    },
    {
      "mode": "managed",
      "type": "openstack_networking_secgroup_v2",
      "name": "secgroup_inscope",
      "provider": "provider[\"registry.terraform.io/terraform-provider-openstack/openstack\"]",
      "instances": [
        {
          "schema_version": 0,
          "attributes": {
            "all_tags": [],
            "delete_default_rules": null,
            "description": "",
            "id": "6b1c6286-622b-4326-91e8-574d0043db29",
            "name": "secgroup_inscope",
            "region": "CyberRange",
            "tags": [],
            "tenant_id": "04846fb2e027424d8898953062787b16",
            "timeouts": null
          },
          "sensitive_attributes": [],
          "identity_schema_version": 0,
          "private": "eyJlMmJmYjczMC1lY2FhLTExZTYtOGY4OC0zNDM2M2JjN2M0YzAiOnsiZGVsZXRlIjo2MDAwMDAwMDAwMDB9fQ=="
        }
      ]
    },
    {
      "mode": "managed",
      "type": "openstack_networking_secgroup_v2",
      "name": "secgroup_red",
      "provider": "provider[\"registry.terraform.io/terraform-provider-openstack/openstack\"]",
      "instances": [
        {
          "schema_version": 0,
          "attributes": {
            "all_tags": [],
            "delete_default_rules": null,
            "description": "",
            "id": "ba2ac3ee-32b5-4749-9bac-9e791ea0217a",
            "name": "secgroup_red",
            "region": "CyberRange",
            "tags": [],
            "tenant_id": "04846fb2e027424d8898953062787b16",
            "timeouts": null
          },
          "sensitive_attributes": [],
          "identity_schema_version": 0,
          "private": "eyJlMmJmYjczMC1lY2FhLTExZTYtOGY4OC0zNDM2M2JjN2M0YzAiOnsiZGVsZXRlIjo2MDAwMDAwMDAwMDB9fQ=="
        }
      ]
    },
    {
      "mode": "managed",
      "type": "openstack_networking_subnet_v2",
      "name": "subnet_blue",
      "provider": "provider[\"registry.terraform.io/terraform-provider-openstack/openstack\"]",
      "instances": [
        {
          "schema_version": 0,
          "attributes": {
            "all_tags": [],
            "allocation_pool": [
              {
                "end": "172.20.0.61",
                "start": "172.20.0.33"
              }
            ],
            "allocation_pools": [
              {
                "end": "172.20.0.61",
                "start": "172.20.0.33"
              }
            ],
            "cidr": "172.20.0.32/27",
            "description": "",
            "dns_nameservers": [
              "129.21.3.17",
              "8.8.8.8"
            ],
            "enable_dhcp": false,
            "gateway_ip": "172.20.0.62",
            "host_routes": [],
            "id": "3c63e4ca-e75f-4907-9ed5-1d2599acc701",
            "ip_version": 4,
            "ipv6_address_mode": "",
            "ipv6_ra_mode": "",
            "name": "subnet_blue",
            "network_id": "58c956b9-e665-4a35-8f00-6f0fa479217c",
            "no_gateway": false,
            "prefix_length": null,
            "region": "CyberRange",
            "service_types": [],
            "subnetpool_id": "",
            "tags": [],
            "tenant_id": "04846fb2e027424d8898953062787b16",
            "timeouts": null,
            "value_specs": null
          },
          "sensitive_attributes": [],
          "identity_schema_version": 0,
          "private": "eyJlMmJmYjczMC1lY2FhLTExZTYtOGY4OC0zNDM2M2JjN2M0YzAiOnsiY3JlYXRlIjo2MDAwMDAwMDAwMDAsImRlbGV0ZSI6NjAwMDAwMDAwMDAwfX0=",
          "dependencies": [
            "openstack_networking_network_v2.network_blue"
          ]
        }
      ]
    },
    {
      "mode": "managed",
      "type": "openstack_networking_subnet_v2",
      "name": "subnet_core",
      "provider": "provider[\"registry.terraform.io/terraform-provider-openstack/openstack\"]",
      "instances": [
        {
          "schema_version": 0,
          "attributes": {
            "all_tags": [],
            "allocation_pool": [
              {
                "end": "10.0.10.253",
                "start": "10.0.10.1"
              }
            ],
            "allocation_pools": [
              {
                "end": "10.0.10.253",
                "start": "10.0.10.1"
              }
            ],
            "cidr": "10.0.10.0/24",
            "description": "",
            "dns_nameservers": [
              "129.21.3.17",
              "8.8.8.8"
            ],
            "enable_dhcp": false,
            "gateway_ip": "10.0.10.254",
            "host_routes": [],
            "id": "4ce745bc-77a6-4b82-a61d-5d01a11deb05",
            "ip_version": 4,
            "ipv6_address_mode": "",
            "ipv6_ra_mode": "",
            "name": "subnet_core",
            "network_id": "e37fa546-ce27-47fb-be16-49953b01d5a4",
            "no_gateway": false,
            "prefix_length": null,
            "region": "CyberRange",
            "service_types": [],
            "subnetpool_id": "",
            "tags": [],
            "tenant_id": "04846fb2e027424d8898953062787b16",
            "timeouts": null,
            "value_specs": null
          },
          "sensitive_attributes": [],
          "identity_schema_version": 0,
          "private": "eyJlMmJmYjczMC1lY2FhLTExZTYtOGY4OC0zNDM2M2JjN2M0YzAiOnsiY3JlYXRlIjo2MDAwMDAwMDAwMDAsImRlbGV0ZSI6NjAwMDAwMDAwMDAwfX0=",
          "dependencies": [
            "openstack_networking_network_v2.network_core"
          ]
        }
      ]
    },
    {
      "mode": "managed",
      "type": "openstack_networking_subnet_v2",
      "name": "subnet_dmz",
      "provider": "provider[\"registry.terraform.io/terraform-provider-openstack/openstack\"]",
      "instances": [
        {
          "schema_version": 0,
          "attributes": {
            "all_tags": [],
            "allocation_pool": [
              {
                "end": "10.0.20.253",
                "start": "10.0.20.1"
              }
            ],
            "allocation_pools": [
              {
                "end": "10.0.20.253",
                "start": "10.0.20.1"
              }
            ],
            "cidr": "10.0.20.0/24",
            "description": "",
            "dns_nameservers": [
              "129.21.3.17",
              "8.8.8.8"
            ],
            "enable_dhcp": false,
            "gateway_ip": "10.0.20.254",
            "host_routes": [],
            "id": "9614bf8d-8d92-4b81-acbe-98ae5d6c3c41",
            "ip_version": 4,
            "ipv6_address_mode": "",
            "ipv6_ra_mode": "",
            "name": "subnet_dmz",
            "network_id": "e88beef8-349e-4ed8-94b9-7b95663dc20a",
            "no_gateway": false,
            "prefix_length": null,
            "region": "CyberRange",
            "service_types": [],
            "subnetpool_id": "",
            "tags": [],
            "tenant_id": "04846fb2e027424d8898953062787b16",
            "timeouts": null,
            "value_specs": null
          },
          "sensitive_attributes": [],
          "identity_schema_version": 0,
          "private": "eyJlMmJmYjczMC1lY2FhLTExZTYtOGY4OC0zNDM2M2JjN2M0YzAiOnsiY3JlYXRlIjo2MDAwMDAwMDAwMDAsImRlbGV0ZSI6NjAwMDAwMDAwMDAwfX0=",
          "dependencies": [
            "openstack_networking_network_v2.network_dmz"
          ]
        }
      ]
    },
    {
      "mode": "managed",
      "type": "openstack_networking_subnet_v2",
      "name": "subnet_grey",
      "provider": "provider[\"registry.terraform.io/terraform-provider-openstack/openstack\"]",
      "instances": [
        {
          "schema_version": 0,
          "attributes": {
            "all_tags": [],
            "allocation_pool": [
              {
                "end": "172.20.0.125",
                "start": "172.20.0.65"
              }
            ],
            "allocation_pools": [
              {
                "end": "172.20.0.125",
                "start": "172.20.0.65"
              }
            ],
            "cidr": "172.20.0.64/26",
            "description": "",
            "dns_nameservers": [
              "129.21.3.17",
              "8.8.8.8"
            ],
            "enable_dhcp": false,
            "gateway_ip": "172.20.0.126",
            "host_routes": [],
            "id": "c75e1168-3402-4ed0-a5dc-251ec41b244f",
            "ip_version": 4,
            "ipv6_address_mode": "",
            "ipv6_ra_mode": "",
            "name": "subnet_grey",
            "network_id": "63f0c69f-6136-4d09-b3b2-360cfbe571bc",
            "no_gateway": false,
            "prefix_length": null,
            "region": "CyberRange",
            "service_types": [],
            "subnetpool_id": "",
            "tags": [],
            "tenant_id": "04846fb2e027424d8898953062787b16",
            "timeouts": null,
            "value_specs": null
          },
          "sensitive_attributes": [],
          "identity_schema_version": 0,
          "private": "eyJlMmJmYjczMC1lY2FhLTExZTYtOGY4OC0zNDM2M2JjN2M0YzAiOnsiY3JlYXRlIjo2MDAwMDAwMDAwMDAsImRlbGV0ZSI6NjAwMDAwMDAwMDAwfX0=",
          "dependencies": [
            "openstack_networking_network_v2.network_grey"
          ]
        }
      ]
    },
    {
      "mode": "managed",
      "type": "openstack_networking_subnet_v2",
      "name": "subnet_internal",
      "provider": "provider[\"registry.terraform.io/terraform-provider-openstack/openstack\"]",
      "instances": [
        {
          "schema_version": 0,
          "attributes": {
            "all_tags": [],
            "allocation_pool": [
              {
                "end": "10.0.30.253",
                "start": "10.0.30.1"
              }
            ],
            "allocation_pools": [
              {
                "end": "10.0.30.253",
                "start": "10.0.30.1"
              }
            ],
            "cidr": "10.0.30.0/24",
            "description": "",
            "dns_nameservers": [
              "129.21.3.17",
              "8.8.8.8"
            ],
            "enable_dhcp": false,
            "gateway_ip": "10.0.30.254",
            "host_routes": [],
            "id": "f9f12cdf-8547-4fef-8b11-56d276411f32",
            "ip_version": 4,
            "ipv6_address_mode": "",
            "ipv6_ra_mode": "",
            "name": "subnet_internal",
            "network_id": "6a9781ee-b184-453e-bbe0-a71a25cce80b",
            "no_gateway": false,
            "prefix_length": null,
            "region": "CyberRange",
            "service_types": [],
            "subnetpool_id": "",
            "tags": [],
            "tenant_id": "04846fb2e027424d8898953062787b16",
            "timeouts": null,
            "value_specs": null
          },
          "sensitive_attributes": [],
          "identity_schema_version": 0,
          "private": "eyJlMmJmYjczMC1lY2FhLTExZTYtOGY4OC0zNDM2M2JjN2M0YzAiOnsiY3JlYXRlIjo2MDAwMDAwMDAwMDAsImRlbGV0ZSI6NjAwMDAwMDAwMDAwfX0=",
          "dependencies": [
            "openstack_networking_network_v2.network_internal"
          ]
        }
      ]
    }
  ],
  "check_results": null
}
