{
  "version": 4,
  "terraform_version": "1.13.4",
  "serial": 24,
  "lineage": "3faff7bd-26bd-8fbb-3f64-e37cf3f6d1de",
  "outputs": {
    "instance_ips_jumpblue2": {
      "value": {
        "jumpblue6": {
          "external_ip": "100.65.2.81",
          "internal_ip": "10.20.1.20"
        }
      },
      "type": [
        "object",
        {
          "jumpblue6": [
            "object",
            {
              "external_ip": "string",
              "internal_ip": "string"
            }
          ]
        }
      ]
    }
  },
  "resources": [
    {
      "mode": "managed",
      "type": "openstack_compute_instance_v2",
      "name": "deb13_2",
      "provider": "provider[\"registry.terraform.io/terraform-provider-openstack/openstack\"]",
      "instances": [
        {
          "index_key": "gitlab",
          "schema_version": 0,
          "attributes": {
            "access_ip_v4": "10.2.1.4",
            "access_ip_v6": "",
            "admin_pass": null,
            "all_metadata": {},
            "all_tags": [],
            "availability_zone": "nova",
            "availability_zone_hints": null,
            "block_device": [
              {
                "boot_index": 0,
                "delete_on_termination": true,
                "destination_type": "volume",
                "device_type": "",
                "disk_bus": "",
                "guest_format": "",
                "multiattach": false,
                "source_type": "image",
                "uuid": "70de79be-69be-45dc-b956-f15dbe194ccd",
                "volume_size": 40,
                "volume_type": ""
              }
            ],
            "config_drive": null,
            "created": "2026-03-17 00:15:40 +0000 UTC",
            "flavor_id": "99e6ce94-23fd-49aa-9d39-b87562583fcd",
            "flavor_name": "large",
            "floating_ip": null,
            "force_delete": false,
            "id": "20985492-18bf-4b9c-b080-ab768d471d7a",
            "image_id": "Attempt to boot from volume - no image supplied",
            "image_name": null,
            "key_pair": "cdt",
            "metadata": null,
            "name": "dungeon",
            "network": [
              {
                "access_network": false,
                "fixed_ip_v4": "10.2.1.4",
                "fixed_ip_v6": "",
                "floating_ip": "",
                "mac": "fa:16:3e:ff:be:45",
                "name": "network_core2",
                "port": "",
                "uuid": "6462787c-ae79-4227-8689-7f868e22e471"
              }
            ],
            "network_mode": null,
            "personality": [],
            "power_state": "active",
            "region": "CyberRange",
            "scheduler_hints": [],
            "security_groups": [
              "secgroup_inscope2"
            ],
            "stop_before_destroy": false,
            "tags": null,
            "timeouts": null,
            "updated": "2026-03-17 00:16:27 +0000 UTC",
            "user_data": "10040ac82f7cc98311eb48587c6cea71e10c5456",
            "vendor_options": [],
            "volume": []
          },
          "sensitive_attributes": [
            [
              {
                "type": "get_attr",
                "value": "admin_pass"
              }
            ]
          ],
          "identity_schema_version": 0,
          "private": "eyJlMmJmYjczMC1lY2FhLTExZTYtOGY4OC0zNDM2M2JjN2M0YzAiOnsiY3JlYXRlIjoxODAwMDAwMDAwMDAwLCJkZWxldGUiOjE4MDAwMDAwMDAwMDAsInVwZGF0ZSI6MTgwMDAwMDAwMDAwMH19",
          "dependencies": [
            "openstack_networking_network_v2.network_core2",
            "openstack_networking_secgroup_v2.secgroup_blue2"
          ]
        },
        {
          "index_key": "irc",
          "schema_version": 0,
          "attributes": {
            "access_ip_v4": "10.2.1.5",
            "access_ip_v6": "",
            "admin_pass": null,
            "all_metadata": {},
            "all_tags": [],
            "availability_zone": "nova",
            "availability_zone_hints": null,
            "block_device": [
              {
                "boot_index": 0,
                "delete_on_termination": true,
                "destination_type": "volume",
                "device_type": "",
                "disk_bus": "",
                "guest_format": "",
                "multiattach": false,
                "source_type": "image",
                "uuid": "70de79be-69be-45dc-b956-f15dbe194ccd",
                "volume_size": 40,
                "volume_type": ""
              }
            ],
            "config_drive": null,
            "created": "2026-03-17 00:15:40 +0000 UTC",
            "flavor_id": "99e6ce94-23fd-49aa-9d39-b87562583fcd",
            "flavor_name": "large",
            "floating_ip": null,
            "force_delete": false,
            "id": "3e471b63-eda9-4a8f-9acd-a72b01423e59",
            "image_id": "Attempt to boot from volume - no image supplied",
            "image_name": null,
            "key_pair": "cdt",
            "metadata": null,
            "name": "cathedral",
            "network": [
              {
                "access_network": false,
                "fixed_ip_v4": "10.2.1.5",
                "fixed_ip_v6": "",
                "floating_ip": "",
                "mac": "fa:16:3e:44:13:bd",
                "name": "network_core2",
                "port": "",
                "uuid": "6462787c-ae79-4227-8689-7f868e22e471"
              }
            ],
            "network_mode": null,
            "personality": [],
            "power_state": "active",
            "region": "CyberRange",
            "scheduler_hints": [],
            "security_groups": [
              "secgroup_inscope2"
            ],
            "stop_before_destroy": false,
            "tags": null,
            "timeouts": null,
            "updated": "2026-03-17 00:16:18 +0000 UTC",
            "user_data": "10040ac82f7cc98311eb48587c6cea71e10c5456",
            "vendor_options": [],
            "volume": []
          },
          "sensitive_attributes": [
            [
              {
                "type": "get_attr",
                "value": "admin_pass"
              }
            ]
          ],
          "identity_schema_version": 0,
          "private": "eyJlMmJmYjczMC1lY2FhLTExZTYtOGY4OC0zNDM2M2JjN2M0YzAiOnsiY3JlYXRlIjoxODAwMDAwMDAwMDAwLCJkZWxldGUiOjE4MDAwMDAwMDAwMDAsInVwZGF0ZSI6MTgwMDAwMDAwMDAwMH19",
          "dependencies": [
            "openstack_networking_network_v2.network_core2",
            "openstack_networking_secgroup_v2.secgroup_blue2"
          ]
        },
        {
          "index_key": "nginx",
          "schema_version": 0,
          "attributes": {
            "access_ip_v4": "10.2.1.6",
            "access_ip_v6": "",
            "admin_pass": null,
            "all_metadata": {},
            "all_tags": [],
            "availability_zone": "nova",
            "availability_zone_hints": null,
            "block_device": [
              {
                "boot_index": 0,
                "delete_on_termination": true,
                "destination_type": "volume",
                "device_type": "",
                "disk_bus": "",
                "guest_format": "",
                "multiattach": false,
                "source_type": "image",
                "uuid": "70de79be-69be-45dc-b956-f15dbe194ccd",
                "volume_size": 40,
                "volume_type": ""
              }
            ],
            "config_drive": null,
            "created": "2026-03-17 00:15:40 +0000 UTC",
            "flavor_id": "99e6ce94-23fd-49aa-9d39-b87562583fcd",
            "flavor_name": "large",
            "floating_ip": null,
            "force_delete": false,
            "id": "73b3e75a-07fc-469b-a9c7-31f723403722",
            "image_id": "Attempt to boot from volume - no image supplied",
            "image_name": null,
            "key_pair": "cdt",
            "metadata": null,
            "name": "gallows",
            "network": [
              {
                "access_network": false,
                "fixed_ip_v4": "10.2.1.6",
                "fixed_ip_v6": "",
                "floating_ip": "",
                "mac": "fa:16:3e:fd:40:09",
                "name": "network_core2",
                "port": "",
                "uuid": "6462787c-ae79-4227-8689-7f868e22e471"
              }
            ],
            "network_mode": null,
            "personality": [],
            "power_state": "active",
            "region": "CyberRange",
            "scheduler_hints": [],
            "security_groups": [
              "secgroup_inscope2"
            ],
            "stop_before_destroy": false,
            "tags": null,
            "timeouts": null,
            "updated": "2026-03-17 00:15:59 +0000 UTC",
            "user_data": "10040ac82f7cc98311eb48587c6cea71e10c5456",
            "vendor_options": [],
            "volume": []
          },
          "sensitive_attributes": [
            [
              {
                "type": "get_attr",
                "value": "admin_pass"
              }
            ]
          ],
          "identity_schema_version": 0,
          "private": "eyJlMmJmYjczMC1lY2FhLTExZTYtOGY4OC0zNDM2M2JjN2M0YzAiOnsiY3JlYXRlIjoxODAwMDAwMDAwMDAwLCJkZWxldGUiOjE4MDAwMDAwMDAwMDAsInVwZGF0ZSI6MTgwMDAwMDAwMDAwMH19",
          "dependencies": [
            "openstack_networking_network_v2.network_core2",
            "openstack_networking_secgroup_v2.secgroup_blue2"
          ]
        }
      ]
    },
    {
      "mode": "managed",
      "type": "openstack_compute_instance_v2",
      "name": "jumpblue2",
      "provider": "provider[\"registry.terraform.io/terraform-provider-openstack/openstack\"]",
      "instances": [
        {
          "index_key": "jumpblue6",
          "schema_version": 0,
          "attributes": {
            "access_ip_v4": "10.20.1.20",
            "access_ip_v6": "",
            "admin_pass": null,
            "all_metadata": {},
            "all_tags": [],
            "availability_zone": "nova",
            "availability_zone_hints": null,
            "block_device": [
              {
                "boot_index": 0,
                "delete_on_termination": true,
                "destination_type": "volume",
                "device_type": "",
                "disk_bus": "",
                "guest_format": "",
                "multiattach": false,
                "source_type": "image",
                "uuid": "1cde3ec3-03d3-4c17-a512-d3799ae92dad",
                "volume_size": 40,
                "volume_type": ""
              }
            ],
            "config_drive": null,
            "created": "2026-03-17 00:15:40 +0000 UTC",
            "flavor_id": "99e6ce94-23fd-49aa-9d39-b87562583fcd",
            "flavor_name": "large",
            "floating_ip": null,
            "force_delete": false,
            "id": "1f35fc71-956d-46af-aed0-efdfbde2d807",
            "image_id": "Attempt to boot from volume - no image supplied",
            "image_name": null,
            "key_pair": "cdt",
            "metadata": null,
            "name": "jumpblue6",
            "network": [
              {
                "access_network": false,
                "fixed_ip_v4": "10.20.1.20",
                "fixed_ip_v6": "",
                "floating_ip": "",
                "mac": "fa:16:3e:22:bd:6a",
                "name": "network_blue2",
                "port": "",
                "uuid": "baa242cf-e90a-4d70-897a-a38dc17c40a4"
              },
              {
                "access_network": false,
                "fixed_ip_v4": "100.65.2.81",
                "fixed_ip_v6": "",
                "floating_ip": "",
                "mac": "fa:16:3e:30:c6:ce",
                "name": "MAIN-NAT",
                "port": "",
                "uuid": "2f96295c-34f6-49a2-b5cf-7f5b407be0c8"
              }
            ],
            "network_mode": null,
            "personality": [],
            "power_state": "active",
            "region": "CyberRange",
            "scheduler_hints": [],
            "security_groups": [
              "secgroup_blue2"
            ],
            "stop_before_destroy": false,
            "tags": null,
            "timeouts": null,
            "updated": "2026-03-17 00:16:23 +0000 UTC",
            "user_data": "243878fcd4e56ad14576ad310a3fa6e496ea1ca2",
            "vendor_options": [],
            "volume": []
          },
          "sensitive_attributes": [
            [
              {
                "type": "get_attr",
                "value": "admin_pass"
              }
            ]
          ],
          "identity_schema_version": 0,
          "private": "eyJlMmJmYjczMC1lY2FhLTExZTYtOGY4OC0zNDM2M2JjN2M0YzAiOnsiY3JlYXRlIjoxODAwMDAwMDAwMDAwLCJkZWxldGUiOjE4MDAwMDAwMDAwMDAsInVwZGF0ZSI6MTgwMDAwMDAwMDAwMH19",
          "dependencies": [
            "openstack_networking_network_v2.network_blue2",
            "openstack_networking_secgroup_v2.secgroup_blue2"
          ]
        }
      ]
    },
    {
      "mode": "managed",
      "type": "openstack_compute_instance_v2",
      "name": "ubun24_2",
      "provider": "provider[\"registry.terraform.io/terraform-provider-openstack/openstack\"]",
      "instances": [
        {
          "index_key": "apache",
          "schema_version": 0,
          "attributes": {
            "access_ip_v4": "10.2.1.9",
            "access_ip_v6": "",
            "admin_pass": null,
            "all_metadata": {},
            "all_tags": [],
            "availability_zone": "nova",
            "availability_zone_hints": null,
            "block_device": [
              {
                "boot_index": 0,
                "delete_on_termination": true,
                "destination_type": "volume",
                "device_type": "",
                "disk_bus": "",
                "guest_format": "",
                "multiattach": false,
                "source_type": "image",
                "uuid": "1cde3ec3-03d3-4c17-a512-d3799ae92dad",
                "volume_size": 40,
                "volume_type": ""
              }
            ],
            "config_drive": null,
            "created": "2026-03-17 00:15:40 +0000 UTC",
            "flavor_id": "0e7e2bcf-9a19-40e2-adde-f4da89263a66",
            "flavor_name": "large.12gb",
            "floating_ip": null,
            "force_delete": false,
            "id": "3487b611-598b-4ace-8c54-7695f0ba73ef",
            "image_id": "Attempt to boot from volume - no image supplied",
            "image_name": null,
            "key_pair": "cdt",
            "metadata": null,
            "name": "pigeontower",
            "network": [
              {
                "access_network": false,
                "fixed_ip_v4": "10.2.1.9",
                "fixed_ip_v6": "",
                "floating_ip": "",
                "mac": "fa:16:3e:79:6a:40",
                "name": "network_core2",
                "port": "",
                "uuid": "6462787c-ae79-4227-8689-7f868e22e471"
              }
            ],
            "network_mode": null,
            "personality": [],
            "power_state": "active",
            "region": "CyberRange",
            "scheduler_hints": [],
            "security_groups": [
              "secgroup_inscope2"
            ],
            "stop_before_destroy": false,
            "tags": null,
            "timeouts": null,
            "updated": "2026-03-17 00:16:06 +0000 UTC",
            "user_data": "243878fcd4e56ad14576ad310a3fa6e496ea1ca2",
            "vendor_options": [],
            "volume": []
          },
          "sensitive_attributes": [
            [
              {
                "type": "get_attr",
                "value": "admin_pass"
              }
            ]
          ],
          "identity_schema_version": 0,
          "private": "eyJlMmJmYjczMC1lY2FhLTExZTYtOGY4OC0zNDM2M2JjN2M0YzAiOnsiY3JlYXRlIjoxODAwMDAwMDAwMDAwLCJkZWxldGUiOjE4MDAwMDAwMDAwMDAsInVwZGF0ZSI6MTgwMDAwMDAwMDAwMH19",
          "dependencies": [
            "openstack_networking_network_v2.network_core2",
            "openstack_networking_secgroup_v2.secgroup_blue2"
          ]
        },
        {
          "index_key": "docker",
          "schema_version": 0,
          "attributes": {
            "access_ip_v4": "10.2.1.7",
            "access_ip_v6": "",
            "admin_pass": null,
            "all_metadata": {},
            "all_tags": [],
            "availability_zone": "nova",
            "availability_zone_hints": null,
            "block_device": [
              {
                "boot_index": 0,
                "delete_on_termination": true,
                "destination_type": "volume",
                "device_type": "",
                "disk_bus": "",
                "guest_format": "",
                "multiattach": false,
                "source_type": "image",
                "uuid": "1cde3ec3-03d3-4c17-a512-d3799ae92dad",
                "volume_size": 40,
                "volume_type": ""
              }
            ],
            "config_drive": null,
            "created": "2026-03-17 00:15:40 +0000 UTC",
            "flavor_id": "0e7e2bcf-9a19-40e2-adde-f4da89263a66",
            "flavor_name": "large.12gb",
            "floating_ip": null,
            "force_delete": false,
            "id": "856cc8c7-753f-4c88-8d0c-808d10f6ceae",
            "image_id": "Attempt to boot from volume - no image supplied",
            "image_name": null,
            "key_pair": "cdt",
            "metadata": null,
            "name": "market",
            "network": [
              {
                "access_network": false,
                "fixed_ip_v4": "10.2.1.7",
                "fixed_ip_v6": "",
                "floating_ip": "",
                "mac": "fa:16:3e:b1:a0:e2",
                "name": "network_core2",
                "port": "",
                "uuid": "6462787c-ae79-4227-8689-7f868e22e471"
              }
            ],
            "network_mode": null,
            "personality": [],
            "power_state": "active",
            "region": "CyberRange",
            "scheduler_hints": [],
            "security_groups": [
              "secgroup_inscope2"
            ],
            "stop_before_destroy": false,
            "tags": null,
            "timeouts": null,
            "updated": "2026-03-17 00:16:11 +0000 UTC",
            "user_data": "243878fcd4e56ad14576ad310a3fa6e496ea1ca2",
            "vendor_options": [],
            "volume": []
          },
          "sensitive_attributes": [
            [
              {
                "type": "get_attr",
                "value": "admin_pass"
              }
            ]
          ],
          "identity_schema_version": 0,
          "private": "eyJlMmJmYjczMC1lY2FhLTExZTYtOGY4OC0zNDM2M2JjN2M0YzAiOnsiY3JlYXRlIjoxODAwMDAwMDAwMDAwLCJkZWxldGUiOjE4MDAwMDAwMDAwMDAsInVwZGF0ZSI6MTgwMDAwMDAwMDAwMH19",
          "dependencies": [
            "openstack_networking_network_v2.network_core2",
            "openstack_networking_secgroup_v2.secgroup_blue2"
          ]
        },
        {
          "index_key": "mysql",
          "schema_version": 0,
          "attributes": {
            "access_ip_v4": "10.2.1.8",
            "access_ip_v6": "",
            "admin_pass": null,
            "all_metadata": {},
            "all_tags": [],
            "availability_zone": "nova",
            "availability_zone_hints": null,
            "block_device": [
              {
                "boot_index": 0,
                "delete_on_termination": true,
                "destination_type": "volume",
                "device_type": "",
                "disk_bus": "",
                "guest_format": "",
                "multiattach": false,
                "source_type": "image",
                "uuid": "1cde3ec3-03d3-4c17-a512-d3799ae92dad",
                "volume_size": 40,
                "volume_type": ""
              }
            ],
            "config_drive": null,
            "created": "2026-03-17 00:15:40 +0000 UTC",
            "flavor_id": "0e7e2bcf-9a19-40e2-adde-f4da89263a66",
            "flavor_name": "large.12gb",
            "floating_ip": null,
            "force_delete": false,
            "id": "3098c812-ff81-45ee-953f-e87fc269fdc1",
            "image_id": "Attempt to boot from volume - no image supplied",
            "image_name": null,
            "key_pair": "cdt",
            "metadata": null,
            "name": "stables",
            "network": [
              {
                "access_network": false,
                "fixed_ip_v4": "10.2.1.8",
                "fixed_ip_v6": "",
                "floating_ip": "",
                "mac": "fa:16:3e:10:d6:57",
                "name": "network_core2",
                "port": "",
                "uuid": "6462787c-ae79-4227-8689-7f868e22e471"
              }
            ],
            "network_mode": null,
            "personality": [],
            "power_state": "active",
            "region": "CyberRange",
            "scheduler_hints": [],
            "security_groups": [
              "secgroup_inscope2"
            ],
            "stop_before_destroy": false,
            "tags": null,
            "timeouts": null,
            "updated": "2026-03-17 00:16:02 +0000 UTC",
            "user_data": "243878fcd4e56ad14576ad310a3fa6e496ea1ca2",
            "vendor_options": [],
            "volume": []
          },
          "sensitive_attributes": [
            [
              {
                "type": "get_attr",
                "value": "admin_pass"
              }
            ]
          ],
          "identity_schema_version": 0,
          "private": "eyJlMmJmYjczMC1lY2FhLTExZTYtOGY4OC0zNDM2M2JjN2M0YzAiOnsiY3JlYXRlIjoxODAwMDAwMDAwMDAwLCJkZWxldGUiOjE4MDAwMDAwMDAwMDAsInVwZGF0ZSI6MTgwMDAwMDAwMDAwMH19",
          "dependencies": [
            "openstack_networking_network_v2.network_core2",
            "openstack_networking_secgroup_v2.secgroup_blue2"
          ]
        }
      ]
    },
    {
      "mode": "managed",
      "type": "openstack_compute_instance_v2",
      "name": "winserv22_2",
      "provider": "provider[\"registry.terraform.io/terraform-provider-openstack/openstack\"]",
      "instances": [
        {
          "index_key": "dns",
          "schema_version": 0,
          "attributes": {
            "access_ip_v4": "10.2.1.3",
            "access_ip_v6": "",
            "admin_pass": null,
            "all_metadata": {},
            "all_tags": [],
            "availability_zone": "nova",
            "availability_zone_hints": null,
            "block_device": [
              {
                "boot_index": 0,
                "delete_on_termination": true,
                "destination_type": "volume",
                "device_type": "",
                "disk_bus": "",
                "guest_format": "",
                "multiattach": false,
                "source_type": "image",
                "uuid": "d05fa605-c188-45b8-a3d4-5bb0fe4560fa",
                "volume_size": 60,
                "volume_type": ""
              }
            ],
            "config_drive": null,
            "created": "2026-03-17 00:15:45 +0000 UTC",
            "flavor_id": "3d619a1a-fc6e-4fd2-9a14-18da0587bb22",
            "flavor_name": "xlarge",
            "floating_ip": null,
            "force_delete": false,
            "id": "cfd84551-59be-45e4-8ed5-82b68ebef5b1",
            "image_id": "Attempt to boot from volume - no image supplied",
            "image_name": null,
            "key_pair": "cdt",
            "metadata": null,
            "name": "fortress",
            "network": [
              {
                "access_network": false,
                "fixed_ip_v4": "10.2.1.3",
                "fixed_ip_v6": "",
                "floating_ip": "",
                "mac": "fa:16:3e:03:ec:61",
                "name": "network_core2",
                "port": "",
                "uuid": "6462787c-ae79-4227-8689-7f868e22e471"
              }
            ],
            "network_mode": null,
            "personality": [],
            "power_state": "active",
            "region": "CyberRange",
            "scheduler_hints": [],
            "security_groups": [
              "secgroup_inscope2"
            ],
            "stop_before_destroy": false,
            "tags": null,
            "timeouts": null,
            "updated": "2026-03-17 00:16:09 +0000 UTC",
            "user_data": "c6ea36c0a16aa333675d194bec141b479a01c394",
            "vendor_options": [],
            "volume": []
          },
          "sensitive_attributes": [
            [
              {
                "type": "get_attr",
                "value": "admin_pass"
              }
            ]
          ],
          "identity_schema_version": 0,
          "private": "eyJlMmJmYjczMC1lY2FhLTExZTYtOGY4OC0zNDM2M2JjN2M0YzAiOnsiY3JlYXRlIjoxODAwMDAwMDAwMDAwLCJkZWxldGUiOjE4MDAwMDAwMDAwMDAsInVwZGF0ZSI6MTgwMDAwMDAwMDAwMH19",
          "dependencies": [
            "openstack_networking_network_v2.network_core2",
            "openstack_networking_secgroup_v2.secgroup_inscope2"
          ]
        },
        {
          "index_key": "iis",
          "schema_version": 0,
          "attributes": {
            "access_ip_v4": "10.2.1.1",
            "access_ip_v6": "",
            "admin_pass": null,
            "all_metadata": {},
            "all_tags": [],
            "availability_zone": "nova",
            "availability_zone_hints": null,
            "block_device": [
              {
                "boot_index": 0,
                "delete_on_termination": true,
                "destination_type": "volume",
                "device_type": "",
                "disk_bus": "",
                "guest_format": "",
                "multiattach": false,
                "source_type": "image",
                "uuid": "d05fa605-c188-45b8-a3d4-5bb0fe4560fa",
                "volume_size": 60,
                "volume_type": ""
              }
            ],
            "config_drive": null,
            "created": "2026-03-17 00:15:40 +0000 UTC",
            "flavor_id": "3d619a1a-fc6e-4fd2-9a14-18da0587bb22",
            "flavor_name": "xlarge",
            "floating_ip": null,
            "force_delete": false,
            "id": "b89f37e9-7a67-485a-9431-00909bdbe842",
            "image_id": "Attempt to boot from volume - no image supplied",
            "image_name": null,
            "key_pair": "cdt",
            "metadata": null,
            "name": "armory",
            "network": [
              {
                "access_network": false,
                "fixed_ip_v4": "10.2.1.1",
                "fixed_ip_v6": "",
                "floating_ip": "",
                "mac": "fa:16:3e:7b:4c:14",
                "name": "network_core2",
                "port": "",
                "uuid": "6462787c-ae79-4227-8689-7f868e22e471"
              }
            ],
            "network_mode": null,
            "personality": [],
            "power_state": "active",
            "region": "CyberRange",
            "scheduler_hints": [],
            "security_groups": [
              "secgroup_inscope2"
            ],
            "stop_before_destroy": false,
            "tags": null,
            "timeouts": null,
            "updated": "2026-03-17 00:16:14 +0000 UTC",
            "user_data": "c6ea36c0a16aa333675d194bec141b479a01c394",
            "vendor_options": [],
            "volume": []
          },
          "sensitive_attributes": [
            [
              {
                "type": "get_attr",
                "value": "admin_pass"
              }
            ]
          ],
          "identity_schema_version": 0,
          "private": "eyJlMmJmYjczMC1lY2FhLTExZTYtOGY4OC0zNDM2M2JjN2M0YzAiOnsiY3JlYXRlIjoxODAwMDAwMDAwMDAwLCJkZWxldGUiOjE4MDAwMDAwMDAwMDAsInVwZGF0ZSI6MTgwMDAwMDAwMDAwMH19",
          "dependencies": [
            "openstack_networking_network_v2.network_core2",
            "openstack_networking_secgroup_v2.secgroup_inscope2"
          ]
        },
        {
          "index_key": "smb",
          "schema_version": 0,
          "attributes": {
            "access_ip_v4": "10.2.1.2",
            "access_ip_v6": "",
            "admin_pass": null,
            "all_metadata": {},
            "all_tags": [],
            "availability_zone": "nova",
            "availability_zone_hints": null,
            "block_device": [
              {
                "boot_index": 0,
                "delete_on_termination": true,
                "destination_type": "volume",
                "device_type": "",
                "disk_bus": "",
                "guest_format": "",
                "multiattach": false,
                "source_type": "image",
                "uuid": "d05fa605-c188-45b8-a3d4-5bb0fe4560fa",
                "volume_size": 60,
                "volume_type": ""
              }
            ],
            "config_drive": null,
            "created": "2026-03-17 00:15:45 +0000 UTC",
            "flavor_id": "3d619a1a-fc6e-4fd2-9a14-18da0587bb22",
            "flavor_name": "xlarge",
            "floating_ip": null,
            "force_delete": false,
            "id": "fb4817bf-0b80-450d-8180-17db8eae4f42",
            "image_id": "Attempt to boot from volume - no image supplied",
            "image_name": null,
            "key_pair": "cdt",
            "metadata": null,
            "name": "sewers",
            "network": [
              {
                "access_network": false,
                "fixed_ip_v4": "10.2.1.2",
                "fixed_ip_v6": "",
                "floating_ip": "",
                "mac": "fa:16:3e:32:77:46",
                "name": "network_core2",
                "port": "",
                "uuid": "6462787c-ae79-4227-8689-7f868e22e471"
              }
            ],
            "network_mode": null,
            "personality": [],
            "power_state": "active",
            "region": "CyberRange",
            "scheduler_hints": [],
            "security_groups": [
              "secgroup_inscope2"
            ],
            "stop_before_destroy": false,
            "tags": null,
            "timeouts": null,
            "updated": "2026-03-17 00:16:05 +0000 UTC",
            "user_data": "c6ea36c0a16aa333675d194bec141b479a01c394",
            "vendor_options": [],
            "volume": []
          },
          "sensitive_attributes": [
            [
              {
                "type": "get_attr",
                "value": "admin_pass"
              }
            ]
          ],
          "identity_schema_version": 0,
          "private": "eyJlMmJmYjczMC1lY2FhLTExZTYtOGY4OC0zNDM2M2JjN2M0YzAiOnsiY3JlYXRlIjoxODAwMDAwMDAwMDAwLCJkZWxldGUiOjE4MDAwMDAwMDAwMDAsInVwZGF0ZSI6MTgwMDAwMDAwMDAwMH19",
          "dependencies": [
            "openstack_networking_network_v2.network_core2",
            "openstack_networking_secgroup_v2.secgroup_inscope2"
          ]
        }
      ]
    },
    {
      "mode": "managed",
      "type": "openstack_networking_network_v2",
      "name": "network_blue2",
      "provider": "provider[\"registry.terraform.io/terraform-provider-openstack/openstack\"]",
      "instances": [
        {
          "schema_version": 0,
          "attributes": {
            "admin_state_up": true,
            "all_tags": [],
            "availability_zone_hints": [],
            "description": "",
            "dns_domain": "",
            "external": false,
            "id": "baa242cf-e90a-4d70-897a-a38dc17c40a4",
            "mtu": 1500,
            "name": "network_blue2",
            "port_security_enabled": true,
            "qos_policy_id": "",
            "region": "CyberRange",
            "segments": [],
            "shared": false,
            "tags": null,
            "tenant_id": "04846fb2e027424d8898953062787b16",
            "timeouts": null,
            "transparent_vlan": false,
            "value_specs": null
          },
          "sensitive_attributes": [],
          "identity_schema_version": 0,
          "private": "eyJlMmJmYjczMC1lY2FhLTExZTYtOGY4OC0zNDM2M2JjN2M0YzAiOnsiY3JlYXRlIjo2MDAwMDAwMDAwMDAsImRlbGV0ZSI6NjAwMDAwMDAwMDAwfX0="
        }
      ]
    },
    {
      "mode": "managed",
      "type": "openstack_networking_network_v2",
      "name": "network_core2",
      "provider": "provider[\"registry.terraform.io/terraform-provider-openstack/openstack\"]",
      "instances": [
        {
          "schema_version": 0,
          "attributes": {
            "admin_state_up": true,
            "all_tags": [],
            "availability_zone_hints": [],
            "description": "",
            "dns_domain": "",
            "external": false,
            "id": "6462787c-ae79-4227-8689-7f868e22e471",
            "mtu": 1500,
            "name": "network_core2",
            "port_security_enabled": true,
            "qos_policy_id": "",
            "region": "CyberRange",
            "segments": [],
            "shared": false,
            "tags": null,
            "tenant_id": "04846fb2e027424d8898953062787b16",
            "timeouts": null,
            "transparent_vlan": false,
            "value_specs": null
          },
          "sensitive_attributes": [],
          "identity_schema_version": 0,
          "private": "eyJlMmJmYjczMC1lY2FhLTExZTYtOGY4OC0zNDM2M2JjN2M0YzAiOnsiY3JlYXRlIjo2MDAwMDAwMDAwMDAsImRlbGV0ZSI6NjAwMDAwMDAwMDAwfX0="
        }
      ]
    },
    {
      "mode": "managed",
      "type": "openstack_networking_router_interface_v2",
      "name": "router_int_blue2",
      "provider": "provider[\"registry.terraform.io/terraform-provider-openstack/openstack\"]",
      "instances": [
        {
          "schema_version": 0,
          "attributes": {
            "force_destroy": false,
            "id": "f8b71571-409f-4ea1-a6e1-851791a1f585",
            "port_id": "f8b71571-409f-4ea1-a6e1-851791a1f585",
            "region": "CyberRange",
            "router_id": "f3968a64-ce6a-4ba0-b144-44ec8d3cac8c",
            "subnet_id": "0db1271b-9e3b-4725-9113-dd6135c7a86b",
            "timeouts": null
          },
          "sensitive_attributes": [],
          "identity_schema_version": 0,
          "private": "eyJlMmJmYjczMC1lY2FhLTExZTYtOGY4OC0zNDM2M2JjN2M0YzAiOnsiY3JlYXRlIjo2MDAwMDAwMDAwMDAsImRlbGV0ZSI6NjAwMDAwMDAwMDAwfX0=",
          "dependencies": [
            "openstack_networking_network_v2.network_blue2",
            "openstack_networking_router_v2.router_main2",
            "openstack_networking_subnet_v2.subnet_blue2"
          ]
        }
      ]
    },
    {
      "mode": "managed",
      "type": "openstack_networking_router_interface_v2",
      "name": "router_int_core2",
      "provider": "provider[\"registry.terraform.io/terraform-provider-openstack/openstack\"]",
      "instances": [
        {
          "schema_version": 0,
          "attributes": {
            "force_destroy": false,
            "id": "0c2125df-dcd2-4bfe-87a1-2e8f7e35fed7",
            "port_id": "0c2125df-dcd2-4bfe-87a1-2e8f7e35fed7",
            "region": "CyberRange",
            "router_id": "f3968a64-ce6a-4ba0-b144-44ec8d3cac8c",
            "subnet_id": "2d2d3696-e534-46b8-b26f-0274e38872fa",
            "timeouts": null
          },
          "sensitive_attributes": [],
          "identity_schema_version": 0,
          "private": "eyJlMmJmYjczMC1lY2FhLTExZTYtOGY4OC0zNDM2M2JjN2M0YzAiOnsiY3JlYXRlIjo2MDAwMDAwMDAwMDAsImRlbGV0ZSI6NjAwMDAwMDAwMDAwfX0=",
          "dependencies": [
            "openstack_networking_network_v2.network_core2",
            "openstack_networking_router_v2.router_main2",
            "openstack_networking_subnet_v2.subnet_core2"
          ]
        }
      ]
    },
    {
      "mode": "managed",
      "type": "openstack_networking_router_v2",
      "name": "router_main2",
      "provider": "provider[\"registry.terraform.io/terraform-provider-openstack/openstack\"]",
      "instances": [
        {
          "schema_version": 0,
          "attributes": {
            "admin_state_up": true,
            "all_tags": [],
            "availability_zone_hints": [],
            "description": "",
            "distributed": false,
            "enable_snat": true,
            "external_fixed_ip": [
              {
                "ip_address": "100.65.6.150",
                "subnet_id": "fbf166e0-4b80-420b-b346-521e5a06ad0e"
              }
            ],
            "external_gateway": "2f96295c-34f6-49a2-b5cf-7f5b407be0c8",
            "external_network_id": "2f96295c-34f6-49a2-b5cf-7f5b407be0c8",
            "external_subnet_ids": null,
            "id": "f3968a64-ce6a-4ba0-b144-44ec8d3cac8c",
            "name": "router_main2",
            "region": "CyberRange",
            "tags": null,
            "tenant_id": "04846fb2e027424d8898953062787b16",
            "timeouts": null,
            "value_specs": null,
            "vendor_options": []
          },
          "sensitive_attributes": [],
          "identity_schema_version": 0,
          "private": "eyJlMmJmYjczMC1lY2FhLTExZTYtOGY4OC0zNDM2M2JjN2M0YzAiOnsiY3JlYXRlIjo2MDAwMDAwMDAwMDAsImRlbGV0ZSI6NjAwMDAwMDAwMDAwfX0="
        }
      ]
    },
    {
      "mode": "managed",
      "type": "openstack_networking_secgroup_rule_v2",
      "name": "secgroup_blue2_rule_1",
      "provider": "provider[\"registry.terraform.io/terraform-provider-openstack/openstack\"]",
      "instances": [
        {
          "schema_version": 0,
          "attributes": {
            "description": "",
            "direction": "ingress",
            "ethertype": "IPv4",
            "id": "0d537641-00e7-4413-8f10-2d50a14c39a6",
            "port_range_max": 0,
            "port_range_min": 0,
            "protocol": "",
            "region": "CyberRange",
            "remote_group_id": "",
            "remote_ip_prefix": "",
            "security_group_id": "d59a2435-fae7-43de-bec0-1c70e3e3db1c",
            "tenant_id": "04846fb2e027424d8898953062787b16",
            "timeouts": null
          },
          "sensitive_attributes": [],
          "identity_schema_version": 0,
          "private": "eyJlMmJmYjczMC1lY2FhLTExZTYtOGY4OC0zNDM2M2JjN2M0YzAiOnsiZGVsZXRlIjo2MDAwMDAwMDAwMDB9fQ==",
          "dependencies": [
            "openstack_networking_secgroup_v2.secgroup_blue2"
          ]
        }
      ]
    },
    {
      "mode": "managed",
      "type": "openstack_networking_secgroup_rule_v2",
      "name": "secgroup_blue2_rule_2",
      "provider": "provider[\"registry.terraform.io/terraform-provider-openstack/openstack\"]",
      "instances": [
        {
          "schema_version": 0,
          "attributes": {
            "description": "",
            "direction": "ingress",
            "ethertype": "IPv6",
            "id": "91857873-c67a-4d88-aa53-266ef468e461",
            "port_range_max": 0,
            "port_range_min": 0,
            "protocol": "",
            "region": "CyberRange",
            "remote_group_id": "",
            "remote_ip_prefix": "",
            "security_group_id": "d59a2435-fae7-43de-bec0-1c70e3e3db1c",
            "tenant_id": "04846fb2e027424d8898953062787b16",
            "timeouts": null
          },
          "sensitive_attributes": [],
          "identity_schema_version": 0,
          "private": "eyJlMmJmYjczMC1lY2FhLTExZTYtOGY4OC0zNDM2M2JjN2M0YzAiOnsiZGVsZXRlIjo2MDAwMDAwMDAwMDB9fQ==",
          "dependencies": [
            "openstack_networking_secgroup_v2.secgroup_blue2"
          ]
        }
      ]
    },
    {
      "mode": "managed",
      "type": "openstack_networking_secgroup_rule_v2",
      "name": "secgroup_inscope2_rule_1",
      "provider": "provider[\"registry.terraform.io/terraform-provider-openstack/openstack\"]",
      "instances": [
        {
          "schema_version": 0,
          "attributes": {
            "description": "",
            "direction": "ingress",
            "ethertype": "IPv4",
            "id": "1123dcaf-8bfb-463b-b47e-9d17e2fdfd3b",
            "port_range_max": 0,
            "port_range_min": 0,
            "protocol": "",
            "region": "CyberRange",
            "remote_group_id": "",
            "remote_ip_prefix": "",
            "security_group_id": "8eda86a1-c2d7-4798-8bb6-deb240ac3186",
            "tenant_id": "04846fb2e027424d8898953062787b16",
            "timeouts": null
          },
          "sensitive_attributes": [],
          "identity_schema_version": 0,
          "private": "eyJlMmJmYjczMC1lY2FhLTExZTYtOGY4OC0zNDM2M2JjN2M0YzAiOnsiZGVsZXRlIjo2MDAwMDAwMDAwMDB9fQ==",
          "dependencies": [
            "openstack_networking_secgroup_v2.secgroup_inscope2"
          ]
        }
      ]
    },
    {
      "mode": "managed",
      "type": "openstack_networking_secgroup_rule_v2",
      "name": "secgroup_inscope2_rule_2",
      "provider": "provider[\"registry.terraform.io/terraform-provider-openstack/openstack\"]",
      "instances": [
        {
          "schema_version": 0,
          "attributes": {
            "description": "",
            "direction": "ingress",
            "ethertype": "IPv6",
            "id": "69f8b053-5906-41bf-b381-150610453a32",
            "port_range_max": 0,
            "port_range_min": 0,
            "protocol": "",
            "region": "CyberRange",
            "remote_group_id": "",
            "remote_ip_prefix": "",
            "security_group_id": "8eda86a1-c2d7-4798-8bb6-deb240ac3186",
            "tenant_id": "04846fb2e027424d8898953062787b16",
            "timeouts": null
          },
          "sensitive_attributes": [],
          "identity_schema_version": 0,
          "private": "eyJlMmJmYjczMC1lY2FhLTExZTYtOGY4OC0zNDM2M2JjN2M0YzAiOnsiZGVsZXRlIjo2MDAwMDAwMDAwMDB9fQ==",
          "dependencies": [
            "openstack_networking_secgroup_v2.secgroup_inscope2"
          ]
        }
      ]
    },
    {
      "mode": "managed",
      "type": "openstack_networking_secgroup_v2",
      "name": "secgroup_blue2",
      "provider": "provider[\"registry.terraform.io/terraform-provider-openstack/openstack\"]",
      "instances": [
        {
          "schema_version": 0,
          "attributes": {
            "all_tags": [],
            "delete_default_rules": null,
            "description": "",
            "id": "d59a2435-fae7-43de-bec0-1c70e3e3db1c",
            "name": "secgroup_blue2",
            "region": "CyberRange",
            "tags": null,
            "tenant_id": "04846fb2e027424d8898953062787b16",
            "timeouts": null
          },
          "sensitive_attributes": [],
          "identity_schema_version": 0,
          "private": "eyJlMmJmYjczMC1lY2FhLTExZTYtOGY4OC0zNDM2M2JjN2M0YzAiOnsiZGVsZXRlIjo2MDAwMDAwMDAwMDB9fQ=="
        }
      ]
    },
    {
      "mode": "managed",
      "type": "openstack_networking_secgroup_v2",
      "name": "secgroup_inscope2",
      "provider": "provider[\"registry.terraform.io/terraform-provider-openstack/openstack\"]",
      "instances": [
        {
          "schema_version": 0,
          "attributes": {
            "all_tags": [],
            "delete_default_rules": null,
            "description": "",
            "id": "8eda86a1-c2d7-4798-8bb6-deb240ac3186",
            "name": "secgroup_inscope2",
            "region": "CyberRange",
            "tags": null,
            "tenant_id": "04846fb2e027424d8898953062787b16",
            "timeouts": null
          },
          "sensitive_attributes": [],
          "identity_schema_version": 0,
          "private": "eyJlMmJmYjczMC1lY2FhLTExZTYtOGY4OC0zNDM2M2JjN2M0YzAiOnsiZGVsZXRlIjo2MDAwMDAwMDAwMDB9fQ=="
        }
      ]
    },
    {
      "mode": "managed",
      "type": "openstack_networking_subnet_v2",
      "name": "subnet_blue2",
      "provider": "provider[\"registry.terraform.io/terraform-provider-openstack/openstack\"]",
      "instances": [
        {
          "schema_version": 0,
          "attributes": {
            "all_tags": [],
            "allocation_pool": [
              {
                "end": "10.20.1.253",
                "start": "10.20.1.1"
              }
            ],
            "allocation_pools": [
              {
                "end": "10.20.1.253",
                "start": "10.20.1.1"
              }
            ],
            "cidr": "10.20.1.0/24",
            "description": "",
            "dns_nameservers": [
              "129.21.3.17",
              "8.8.8.8"
            ],
            "enable_dhcp": false,
            "gateway_ip": "10.20.1.254",
            "host_routes": [],
            "id": "0db1271b-9e3b-4725-9113-dd6135c7a86b",
            "ip_version": 4,
            "ipv6_address_mode": "",
            "ipv6_ra_mode": "",
            "name": "subnet_blue2",
            "network_id": "baa242cf-e90a-4d70-897a-a38dc17c40a4",
            "no_gateway": false,
            "prefix_length": null,
            "region": "CyberRange",
            "service_types": [],
            "subnetpool_id": "",
            "tags": null,
            "tenant_id": "04846fb2e027424d8898953062787b16",
            "timeouts": null,
            "value_specs": null
          },
          "sensitive_attributes": [],
          "identity_schema_version": 0,
          "private": "eyJlMmJmYjczMC1lY2FhLTExZTYtOGY4OC0zNDM2M2JjN2M0YzAiOnsiY3JlYXRlIjo2MDAwMDAwMDAwMDAsImRlbGV0ZSI6NjAwMDAwMDAwMDAwfX0=",
          "dependencies": [
            "openstack_networking_network_v2.network_blue2"
          ]
        }
      ]
    },
    {
      "mode": "managed",
      "type": "openstack_networking_subnet_v2",
      "name": "subnet_core2",
      "provider": "provider[\"registry.terraform.io/terraform-provider-openstack/openstack\"]",
      "instances": [
        {
          "schema_version": 0,
          "attributes": {
            "all_tags": [],
            "allocation_pool": [
              {
                "end": "10.2.1.253",
                "start": "10.2.1.1"
              }
            ],
            "allocation_pools": [
              {
                "end": "10.2.1.253",
                "start": "10.2.1.1"
              }
            ],
            "cidr": "10.2.1.0/24",
            "description": "",
            "dns_nameservers": [
              "129.21.3.17",
              "8.8.8.8"
            ],
            "enable_dhcp": false,
            "gateway_ip": "10.2.1.254",
            "host_routes": [],
            "id": "2d2d3696-e534-46b8-b26f-0274e38872fa",
            "ip_version": 4,
            "ipv6_address_mode": "",
            "ipv6_ra_mode": "",
            "name": "subnet_core2",
            "network_id": "6462787c-ae79-4227-8689-7f868e22e471",
            "no_gateway": false,
            "prefix_length": null,
            "region": "CyberRange",
            "service_types": [],
            "subnetpool_id": "",
            "tags": null,
            "tenant_id": "04846fb2e027424d8898953062787b16",
            "timeouts": null,
            "value_specs": null
          },
          "sensitive_attributes": [],
          "identity_schema_version": 0,
          "private": "eyJlMmJmYjczMC1lY2FhLTExZTYtOGY4OC0zNDM2M2JjN2M0YzAiOnsiY3JlYXRlIjo2MDAwMDAwMDAwMDAsImRlbGV0ZSI6NjAwMDAwMDAwMDAwfX0=",
          "dependencies": [
            "openstack_networking_network_v2.network_core2"
          ]
        }
      ]
    }
  ],
  "check_results": null
}
